{
  "version": 4,
  "terraform_version": "1.4.6",
  "serial": 1514,
  "lineage": "ddcda139-0480-4411-ada8-347943812de3",
  "outputs": {},
  "resources": [
    {
      "mode": "data",
      "type": "archive_file",
      "name": "jinja2_zip",
      "provider": "provider[\"registry.terraform.io/hashicorp/archive\"]",
      "instances": [
        {
          "schema_version": 0,
          "attributes": {
            "exclude_symlink_directories": null,
            "excludes": null,
            "id": "ff184ad0ae40f958eb803db1df22392adbc22623",
            "output_base64sha256": "wqywzAVJNqf9UBDPaHtu6mR2lcK8XKpHFGY8fHoT+JU=",
            "output_base64sha512": "z90E/USnWmZrHe9mSIw8siOMiJi0YIrj2DACPd6aZ10+yDhxMp1EXHpDCI2CpMt5kvD7jRNQUzTPTazpuY+JXA==",
            "output_file_mode": "0666",
            "output_md5": "cb0c5a341a13cea242dc2a036a2d8dda",
            "output_path": "./../backend/lambdas/lambda_deployment_packages/jinja2.zip",
            "output_sha": "ff184ad0ae40f958eb803db1df22392adbc22623",
            "output_sha256": "c2acb0cc054936a7fd5010cf687b6eea647695c2bc5caa4714663c7c7a13f895",
            "output_sha512": "cfdd04fd44a75a666b1def66488c3cb2238c8898b4608ae3d830023dde9a675d3ec83871329d445c7a43088d82a4cb7992f0fb8d13505334cf4dace9b98f895c",
            "output_size": 455687,
            "source": [],
            "source_content": null,
            "source_content_filename": null,
            "source_dir": "./../backend/lambdas/layers/jinja2",
            "source_file": null,
            "type": "zip"
          },
          "sensitive_attributes": []
        }
      ]
    },
    {
      "mode": "data",
      "type": "archive_file",
      "name": "psycopg2_zip",
      "provider": "provider[\"registry.terraform.io/hashicorp/archive\"]",
      "instances": [
        {
          "schema_version": 0,
          "attributes": {
            "exclude_symlink_directories": null,
            "excludes": null,
            "id": "c410c221cb7e3c8251ee4bff9f160c47dd6367a5",
            "output_base64sha256": "Sh36CE6SqSoV4B1itMCBcnkSnVgSY0apOs1uILC57kM=",
            "output_base64sha512": "WzDgXCYNNWn16b2GvQu86A1PJXJUFsFMheGOl8vfmouiGHvmaDSY06+34SE2k5Eklx0N3mZ3HseZPV3sh91QiQ==",
            "output_file_mode": "0666",
            "output_md5": "7f4cd1cdcb23d6c1fbf272221eb5260e",
            "output_path": "./../backend/lambdas/lambda_deployment_packages/psycopg2.zip",
            "output_sha": "c410c221cb7e3c8251ee4bff9f160c47dd6367a5",
            "output_sha256": "4a1dfa084e92a92a15e01d62b4c0817279129d58126346a93acd6e20b0b9ee43",
            "output_sha512": "5b30e05c260d3569f5e9bd86bd0bbce80d4f25725416c14c85e18e97cbdf9a8ba2187be6683498d3afb7e12136939124971d0dde66771ec7993d5dec87dd5089",
            "output_size": 606471,
            "source": [],
            "source_content": null,
            "source_content_filename": null,
            "source_dir": "./../backend/lambdas/layers/psycopg2",
            "source_file": null,
            "type": "zip"
          },
          "sensitive_attributes": []
        }
      ]
    },
    {
      "mode": "data",
      "type": "aws_acm_certificate",
      "name": "poppyland_cert",
      "provider": "provider[\"registry.terraform.io/hashicorp/aws\"]",
      "instances": [
        {
          "schema_version": 0,
          "attributes": {
            "arn": "arn:aws:acm:us-east-1:132507767948:certificate/6edda0a3-7cf2-4588-a19a-b80feb554c1a",
            "certificate": "-----BEGIN CERTIFICATE-----\nMIIF2DCCBMCgAwIBAgIQC3R2TZKnNLb+Yz9xLutXuzANBgkqhkiG9w0BAQsFADA8\nMQswCQYDVQQGEwJVUzEPMA0GA1UEChMGQW1hem9uMRwwGgYDVQQDExNBbWF6b24g\nUlNBIDIwNDggTTAyMB4XDTI0MDIwMjAwMDAwMFoXDTI1MDMwMjIzNTk1OVowGDEW\nMBQGA1UEAxMNcG9wcHlsYW5kLmRldjCCASIwDQYJKoZIhvcNAQEBBQADggEPADCC\nAQoCggEBAPL0XdkbpZkfzY2TSsr97K2BI5NdrTnRbEdj5MS6XClHVMHOXGYq4r3I\n0Rv6sbvU2/0u6iu7lueVT8L/CZw4I8QyayNDQaVa2FEG06HxDHswUOCuRxMdVRAK\nBT/BED3LKs+v0sJmYDUFWz5zUFmiUpSQnEHxJ8dFzIbzNj/79dV9vzqd0+QMY+4r\nyK6jByrQS132nZuZGLBjLRtigEEi+HNCMSsxmWoePUddp6cgW0zlIFmwJ9WK3gg1\n1FPHfW9ciflsvzsxkIHrwmrhtAjDM2Us9kdg0nfIG+p/idv90AZ31vftokqW307j\nBvzv3+fe52+FakgkLvr7Svi068d9/2cCAwEAAaOCAvgwggL0MB8GA1UdIwQYMBaA\nFMAxUs1aUMOCfHRxzsvpnPl664LiMB0GA1UdDgQWBBTQl/HiwARP+GUC4SRnUcPp\nNv2S8jApBgNVHREEIjAggg1wb3BweWxhbmQuZGV2gg8qLnBvcHB5bGFuZC5kZXYw\nEwYDVR0gBAwwCjAIBgZngQwBAgEwDgYDVR0PAQH/BAQDAgWgMB0GA1UdJQQWMBQG\nCCsGAQUFBwMBBggrBgEFBQcDAjA7BgNVHR8ENDAyMDCgLqAshipodHRwOi8vY3Js\nLnIybTAyLmFtYXpvbnRydXN0LmNvbS9yMm0wMi5jcmwwdQYIKwYBBQUHAQEEaTBn\nMC0GCCsGAQUFBzABhiFodHRwOi8vb2NzcC5yMm0wMi5hbWF6b250cnVzdC5jb20w\nNgYIKwYBBQUHMAKGKmh0dHA6Ly9jcnQucjJtMDIuYW1hem9udHJ1c3QuY29tL3Iy\nbTAyLmNlcjAMBgNVHRMBAf8EAjAAMIIBfwYKKwYBBAHWeQIEAgSCAW8EggFrAWkA\ndgBOdaMnXJoQwzhbbNTfP1LrHfDgjhuNacCx+mSxYpo53wAAAY1oV1rqAAAEAwBH\nMEUCIAEPpm1vkRnSodXKO8QXbRrPq4/I2q9RZNNkyZ9dz3AZAiEAkTXUTuclZ1f3\n8EoLRxYEKdm3UgH7DD6XPJAUaYhgs3UAdgB9WR4S4XgqexxhZ3xe/fjQh1wUoE6V\nnrkDL9kOjC55uAAAAY1oV1rUAAAEAwBHMEUCIEgNX2bL89G7fb8weyXtKjRvu1Na\n3UTiRupn7ldJfDVlAiEAn7+6I0bfqmvbjdPfW3f6r2zE6MeeAoebPKvDIDIcr7EA\ndwDm0jFjQHeMwRBBBtdxuc7B0kD2loSG+7qHMh39HjeOUAAAAY1oV1sAAAAEAwBI\nMEYCIQClc8HkDmGhi8b+uhxpqJ3Cux3ckRbTk6A5AZfSaVh69wIhAI7uVxvA78nM\nSyteuSYjrcKhH4VAlF0EOZw/e0TOh6qgMA0GCSqGSIb3DQEBCwUAA4IBAQC08DeK\nHOKQgwGZ3BEkj1paKopSie32qVR4/n0s4oebGM0K2E8/5FS+ISAm3e+oMuEk8z/z\nHAhQU8sv6F46vWfitoBLLCxdd9iZ9BRSRAos5IeXmunW/zOb2AJE2smXJW6BRj7z\nLFubHa16HQy8yhA0g2+5fvXuAcsphwNmTuh1YToSMXzcUVZjkHTktYiMTnbQEMQW\nodlILXchjhJ1BBy0iJ/i5NWcxP7o3ENWdVc2kKfHeY9vRQ6whrC7/yPSmZSgdv2u\nQhNaXAiCBC5nFsMtVxMJkUXK0ixLGYD3I984N5iZz0U9xaVSd1r+OBYsXwi/r61/\nVvVjFZhQukNNTjZ9\n-----END CERTIFICATE-----\n",
            "certificate_chain": "-----BEGIN CERTIFICATE-----\nMIIEXjCCA0agAwIBAgITB3MSSkvL1E7HtTvq8ZSELToPoTANBgkqhkiG9w0BAQsF\nADA5MQswCQYDVQQGEwJVUzEPMA0GA1UEChMGQW1hem9uMRkwFwYDVQQDExBBbWF6\nb24gUm9vdCBDQSAxMB4XDTIyMDgyMzIyMjUzMFoXDTMwMDgyMzIyMjUzMFowPDEL\nMAkGA1UEBhMCVVMxDzANBgNVBAoTBkFtYXpvbjEcMBoGA1UEAxMTQW1hem9uIFJT\nQSAyMDQ4IE0wMjCCASIwDQYJKoZIhvcNAQEBBQADggEPADCCAQoCggEBALtDGMZa\nqHneKei1by6+pUPPLljTB143Si6VpEWPc6mSkFhZb/6qrkZyoHlQLbDYnI2D7hD0\nsdzEqfnuAjIsuXQLG3A8TvX6V3oFNBFVe8NlLJHvBseKY88saLwufxkZVwk74g4n\nWlNMXzla9Y5F3wwRHwMVH443xGz6UtGSZSqQ94eFx5X7Tlqt8whi8qCaKdZ5rNak\n+r9nUThOeClqFd4oXych//Rc7Y0eX1KNWHYSI1Nk31mYgiK3JvH063g+K9tHA63Z\neTgKgndlh+WI+zv7i44HepRZjA1FYwYZ9Vv/9UkC5Yz8/yU65fgjaE+wVHM4e/Yy\nC2osrPWE7gJ+dXMCAwEAAaOCAVowggFWMBIGA1UdEwEB/wQIMAYBAf8CAQAwDgYD\nVR0PAQH/BAQDAgGGMB0GA1UdJQQWMBQGCCsGAQUFBwMBBggrBgEFBQcDAjAdBgNV\nHQ4EFgQUwDFSzVpQw4J8dHHOy+mc+XrrguIwHwYDVR0jBBgwFoAUhBjMhTTsvAyU\nlC4IWZzHshBOCggwewYIKwYBBQUHAQEEbzBtMC8GCCsGAQUFBzABhiNodHRwOi8v\nb2NzcC5yb290Y2ExLmFtYXpvbnRydXN0LmNvbTA6BggrBgEFBQcwAoYuaHR0cDov\nL2NydC5yb290Y2ExLmFtYXpvbnRydXN0LmNvbS9yb290Y2ExLmNlcjA/BgNVHR8E\nODA2MDSgMqAwhi5odHRwOi8vY3JsLnJvb3RjYTEuYW1hem9udHJ1c3QuY29tL3Jv\nb3RjYTEuY3JsMBMGA1UdIAQMMAowCAYGZ4EMAQIBMA0GCSqGSIb3DQEBCwUAA4IB\nAQAtTi6Fs0Azfi+iwm7jrz+CSxHH+uHl7Law3MQSXVtR8RV53PtR6r/6gNpqlzdo\nZq4FKbADi1v9Bun8RY8D51uedRfjsbeodizeBB8nXmeyD33Ep7VATj4ozcd31YFV\nfgRhvTSxNrrTlNpWkUk0m3BMPv8sg381HhA6uEYokE5q9uws/3YkKqRiEz3TsaWm\nJqIRZhMbgAfp7O7FUwFIb7UIspogZSKxPIWJpxiPo3TcBambbVtQOcNRWz5qCQdD\nslI2yayq0n2TXoHyNCLEH8rpsJRVILFsg0jc7BaFrMnF462+ajSehgj12IidNeRN\n4zl+EoNaWdpnWndvSpAEkq2P\n-----END CERTIFICATE-----\n-----BEGIN CERTIFICATE-----\nMIIEkjCCA3qgAwIBAgITBn+USionzfP6wq4rAfkI7rnExjANBgkqhkiG9w0BAQsF\nADCBmDELMAkGA1UEBhMCVVMxEDAOBgNVBAgTB0FyaXpvbmExEzARBgNVBAcTClNj\nb3R0c2RhbGUxJTAjBgNVBAoTHFN0YXJmaWVsZCBUZWNobm9sb2dpZXMsIEluYy4x\nOzA5BgNVBAMTMlN0YXJmaWVsZCBTZXJ2aWNlcyBSb290IENlcnRpZmljYXRlIEF1\ndGhvcml0eSAtIEcyMB4XDTE1MDUyNTEyMDAwMFoXDTM3MTIzMTAxMDAwMFowOTEL\nMAkGA1UEBhMCVVMxDzANBgNVBAoTBkFtYXpvbjEZMBcGA1UEAxMQQW1hem9uIFJv\nb3QgQ0EgMTCCASIwDQYJKoZIhvcNAQEBBQADggEPADCCAQoCggEBALJ4gHHKeNXj\nca9HgFB0fW7Y14h29Jlo91ghYPl0hAEvrAIthtOgQ3pOsqTQNroBvo3bSMgHFzZM\n9O6II8c+6zf1tRn4SWiw3te5djgdYZ6k/oI2peVKVuRF4fn9tBb6dNqcmzU5L/qw\nIFAGbHrQgLKm+a/sRxmPUDgH3KKHOVj4utWp+UhnMJbulHheb4mjUcAwhmahRWa6\nVOujw5H5SNz/0egwLX0tdHA114gk957EWW67c4cX8jJGKLhD+rcdqsq08p8kDi1L\n93FcXmn/6pUCyziKrlA4b9v7LWIbxcceVOF34GfID5yHI9Y/QCB/IIDEgEw+OyQm\njgSubJrIqg0CAwEAAaOCATEwggEtMA8GA1UdEwEB/wQFMAMBAf8wDgYDVR0PAQH/\nBAQDAgGGMB0GA1UdDgQWBBSEGMyFNOy8DJSULghZnMeyEE4KCDAfBgNVHSMEGDAW\ngBScXwDfqgHXMCs4iKK4bUqc8hGRgzB4BggrBgEFBQcBAQRsMGowLgYIKwYBBQUH\nMAGGImh0dHA6Ly9vY3NwLnJvb3RnMi5hbWF6b250cnVzdC5jb20wOAYIKwYBBQUH\nMAKGLGh0dHA6Ly9jcnQucm9vdGcyLmFtYXpvbnRydXN0LmNvbS9yb290ZzIuY2Vy\nMD0GA1UdHwQ2MDQwMqAwoC6GLGh0dHA6Ly9jcmwucm9vdGcyLmFtYXpvbnRydXN0\nLmNvbS9yb290ZzIuY3JsMBEGA1UdIAQKMAgwBgYEVR0gADANBgkqhkiG9w0BAQsF\nAAOCAQEAYjdCXLwQtT6LLOkMm2xF4gcAevnFWAu5CIw+7bMlPLVvUOTNNWqnkzSW\nMiGpSESrnO09tKpzbeR/FoCJbM8oAxiDR3mjEH4wW6w7sGDgd9QIpuEdfF7Au/ma\neyKdpwAJfqxGF4PcnCZXmTA5YpaP7dreqsXMGz7KQ2hsVxa81Q4gLv7/wmpdLqBK\nbRRYh5TmOTFffHPLkIhqhBGWJ6bt2YFGpn6jcgAKUj6DiAdjd4lpFw85hdKrCEVN\n0FE6/V1dN2RMfjCyVSRCnTawXZwXgWHxyvkQAiSr6w10kY17RSlQOYiypok1JR4U\nakcjMS9cmvqtmg5iUaQqqcT5NJ0hGA==\n-----END CERTIFICATE-----\n-----BEGIN CERTIFICATE-----\nMIIEdTCCA12gAwIBAgIJAKcOSkw0grd/MA0GCSqGSIb3DQEBCwUAMGgxCzAJBgNV\nBAYTAlVTMSUwIwYDVQQKExxTdGFyZmllbGQgVGVjaG5vbG9naWVzLCBJbmMuMTIw\nMAYDVQQLEylTdGFyZmllbGQgQ2xhc3MgMiBDZXJ0aWZpY2F0aW9uIEF1dGhvcml0\neTAeFw0wOTA5MDIwMDAwMDBaFw0zNDA2MjgxNzM5MTZaMIGYMQswCQYDVQQGEwJV\nUzEQMA4GA1UECBMHQXJpem9uYTETMBEGA1UEBxMKU2NvdHRzZGFsZTElMCMGA1UE\nChMcU3RhcmZpZWxkIFRlY2hub2xvZ2llcywgSW5jLjE7MDkGA1UEAxMyU3RhcmZp\nZWxkIFNlcnZpY2VzIFJvb3QgQ2VydGlmaWNhdGUgQXV0aG9yaXR5IC0gRzIwggEi\nMA0GCSqGSIb3DQEBAQUAA4IBDwAwggEKAoIBAQDVDDrEKvlO4vW+GZdfjohTsR8/\ny8+fIBNtKTrID30892t2OGPZNmCom15cAICyL1l/9of5JUOG52kbUpqQ4XHj2C0N\nTm/2yEnZtvMaVq4rtnQU68/7JuMauh2WLmo7WJSJR1b/JaCTcFOD2oR0FMNnngRo\nOt+OQFodSk7PQ5E751bWAHDLUu57fa4657wx+UX2wmDPE1kCK4DMNEffud6QZW0C\nzyyRpqbn3oUYSXxmTqM6bam17jQuug0DuDPfR+uxa40l2ZvOgdFFRjKWcIfeAg5J\nQ4W2bHO7ZOphQazJ1FTfhy/HIrImzJ9ZVGif/L4qL8RVHHVAYBeFAlU5i38FAgMB\nAAGjgfAwge0wDwYDVR0TAQH/BAUwAwEB/zAOBgNVHQ8BAf8EBAMCAYYwHQYDVR0O\nBBYEFJxfAN+qAdcwKziIorhtSpzyEZGDMB8GA1UdIwQYMBaAFL9ft9HO3R+G9FtV\nrNzXEMIOqYjnME8GCCsGAQUFBwEBBEMwQTAcBggrBgEFBQcwAYYQaHR0cDovL28u\nc3MyLnVzLzAhBggrBgEFBQcwAoYVaHR0cDovL3guc3MyLnVzL3guY2VyMCYGA1Ud\nHwQfMB0wG6AZoBeGFWh0dHA6Ly9zLnNzMi51cy9yLmNybDARBgNVHSAECjAIMAYG\nBFUdIAAwDQYJKoZIhvcNAQELBQADggEBACMd44pXyn3pF3lM8R5V/cxTbj5HD9/G\nVfKyBDbtgB9TxF00KGu+x1X8Z+rLP3+QsjPNG1gQggL4+C/1E2DUBc7xgQjB3ad1\nl08YuW3e95ORCLp+QCztweq7dp4zBncdDQh/U90bZKuCJ/Fp1U1ervShw3WnWEQt\n8jxwmKy6abaVd38PMV4s/KCHOkdp8Hlf9BRUpJVeEXgSYCfOn8J3/yNTd126/+pZ\n59vPr5KW7ySaNRB6nJHGDn2Z9j8Z3/VyVOEVqQdZe4O/Ui5GjLIAZHYcSNPYeehu\nVsyuLAOQ1xk4meTKCRlb/weWsKh/NEnfVqn3sF/tM+2MR7cwA130A4w=\n-----END CERTIFICATE-----\n",
            "domain": "poppyland.dev",
            "id": "arn:aws:acm:us-east-1:132507767948:certificate/6edda0a3-7cf2-4588-a19a-b80feb554c1a",
            "key_types": null,
            "most_recent": false,
            "status": "ISSUED",
            "statuses": null,
            "tags": {},
            "types": null
          },
          "sensitive_attributes": []
        }
      ]
    },
    {
      "mode": "data",
      "type": "aws_route53_zone",
      "name": "poppyland_zone",
      "provider": "provider[\"registry.terraform.io/hashicorp/aws\"]",
      "instances": [
        {
          "schema_version": 0,
          "attributes": {
            "arn": "arn:aws:route53:::hostedzone/Z06420282IBWLWB0CK5TG",
            "caller_reference": "6759f72e-0bbc-4647-8b8d-98ae3a2a8087",
            "comment": "",
            "id": "Z06420282IBWLWB0CK5TG",
            "linked_service_description": null,
            "linked_service_principal": null,
            "name": "poppyland.dev",
            "name_servers": [
              "ns-974.awsdns-57.net",
              "ns-1846.awsdns-38.co.uk",
              "ns-275.awsdns-34.com",
              "ns-1150.awsdns-15.org"
            ],
            "primary_name_server": "ns-974.awsdns-57.net",
            "private_zone": false,
            "resource_record_set_count": 20,
            "tags": {},
            "vpc_id": null,
            "zone_id": "Z06420282IBWLWB0CK5TG"
          },
          "sensitive_attributes": []
        }
      ]
    },
    {
      "mode": "managed",
      "type": "aws_iam_policy",
      "name": "lambda_email_iam_policy",
      "provider": "provider[\"registry.terraform.io/hashicorp/aws\"]",
      "instances": [
        {
          "schema_version": 0,
          "attributes": {
            "arn": "arn:aws:iam::132507767948:policy/send_new_article_email_lambda_email_iam_policy",
            "description": "",
            "id": "arn:aws:iam::132507767948:policy/send_new_article_email_lambda_email_iam_policy",
            "name": "send_new_article_email_lambda_email_iam_policy",
            "name_prefix": "",
            "path": "/",
            "policy": "{\"Statement\":[{\"Action\":[\"ses:SendEmail\",\"ses:SendRawEmail\"],\"Effect\":\"Allow\",\"Resource\":\"*\"}],\"Version\":\"2012-10-17\"}",
            "policy_id": "ANPAR5WQUCSGPZTWKTU5Z",
            "tags": {},
            "tags_all": {}
          },
          "sensitive_attributes": [],
          "private": "bnVsbA=="
        }
      ]
    },
    {
      "mode": "managed",
      "type": "aws_iam_role_policy_attachment",
      "name": "lambda_attach_email_policy_to_role",
      "provider": "provider[\"registry.terraform.io/hashicorp/aws\"]",
      "instances": [
        {
          "schema_version": 0,
          "attributes": {
            "id": "send_new_article_email_lambda_function_role-20240208021537025500000003",
            "policy_arn": "arn:aws:iam::132507767948:policy/send_new_article_email_lambda_email_iam_policy",
            "role": "send_new_article_email_lambda_function_role"
          },
          "sensitive_attributes": [],
          "private": "bnVsbA==",
          "dependencies": [
            "aws_iam_policy.lambda_email_iam_policy",
            "module.send_email_lambda.aws_iam_role.lambda_role"
          ]
        }
      ]
    },
    {
      "mode": "managed",
      "type": "aws_lambda_layer_version",
      "name": "jinja2_layer",
      "provider": "provider[\"registry.terraform.io/hashicorp/aws\"]",
      "instances": [
        {
          "schema_version": 0,
          "attributes": {
            "arn": "arn:aws:lambda:us-east-1:132507767948:layer:jinja2:1",
            "compatible_architectures": [],
            "compatible_runtimes": [
              "python3.9"
            ],
            "created_date": "2024-02-19T15:25:37.072+0000",
            "description": "",
            "filename": null,
            "id": "arn:aws:lambda:us-east-1:132507767948:layer:jinja2:1",
            "layer_arn": "arn:aws:lambda:us-east-1:132507767948:layer:jinja2",
            "layer_name": "jinja2",
            "license_info": "",
            "s3_bucket": "hannahshobbyroom-lambda-layers",
            "s3_key": "jinja2.zip",
            "s3_object_version": null,
            "signing_job_arn": "",
            "signing_profile_version_arn": "",
            "skip_destroy": false,
            "source_code_hash": "wqywzAVJNqf9UBDPaHtu6mR2lcK8XKpHFGY8fHoT+JU=",
            "source_code_size": 455687,
            "version": "1"
          },
          "sensitive_attributes": [],
          "private": "bnVsbA==",
          "dependencies": [
            "aws_s3_bucket.lambda_layers_bucket"
          ]
        }
      ]
    },
    {
      "mode": "managed",
      "type": "aws_lambda_layer_version",
      "name": "psycopg2_layer",
      "provider": "provider[\"registry.terraform.io/hashicorp/aws\"]",
      "instances": [
        {
          "schema_version": 0,
          "attributes": {
            "arn": "arn:aws:lambda:us-east-1:132507767948:layer:psycopg2:4",
            "compatible_architectures": [],
            "compatible_runtimes": [
              "python3.9"
            ],
            "created_date": "2024-02-07T16:16:12.387+0000",
            "description": "",
            "filename": null,
            "id": "arn:aws:lambda:us-east-1:132507767948:layer:psycopg2:4",
            "layer_arn": "arn:aws:lambda:us-east-1:132507767948:layer:psycopg2",
            "layer_name": "psycopg2",
            "license_info": "",
            "s3_bucket": "hannahshobbyroom-lambda-layers",
            "s3_key": "psycopg2.zip",
            "s3_object_version": null,
            "signing_job_arn": "",
            "signing_profile_version_arn": "",
            "skip_destroy": false,
            "source_code_hash": "un2N0AgCufHVJszpqaah3VCfb2whZujITFc5YnkFHxY=",
            "source_code_size": 605733,
            "version": "4"
          },
          "sensitive_attributes": [],
          "private": "bnVsbA==",
          "dependencies": [
            "aws_s3_bucket.lambda_layers_bucket"
          ]
        }
      ]
    },
    {
      "mode": "managed",
      "type": "aws_s3_bucket",
      "name": "lambda_layers_bucket",
      "provider": "provider[\"registry.terraform.io/hashicorp/aws\"]",
      "instances": [
        {
          "schema_version": 0,
          "attributes": {
            "acceleration_status": "",
            "acl": null,
            "arn": "arn:aws:s3:::hannahshobbyroom-lambda-layers",
            "bucket": "hannahshobbyroom-lambda-layers",
            "bucket_domain_name": "hannahshobbyroom-lambda-layers.s3.amazonaws.com",
            "bucket_prefix": "",
            "bucket_regional_domain_name": "hannahshobbyroom-lambda-layers.s3.us-east-1.amazonaws.com",
            "cors_rule": [],
            "force_destroy": false,
            "grant": [
              {
                "id": "9845abc581465e96dcd021b749bebc2b53c60a27b1ec36bb96818a1061f066c1",
                "permissions": [
                  "FULL_CONTROL"
                ],
                "type": "CanonicalUser",
                "uri": ""
              }
            ],
            "hosted_zone_id": "Z3AQBSTGFYJSTF",
            "id": "hannahshobbyroom-lambda-layers",
            "lifecycle_rule": [],
            "logging": [],
            "object_lock_configuration": [],
            "object_lock_enabled": false,
            "policy": "",
            "region": "us-east-1",
            "replication_configuration": [],
            "request_payer": "BucketOwner",
            "server_side_encryption_configuration": [
              {
                "rule": [
                  {
                    "apply_server_side_encryption_by_default": [
                      {
                        "kms_master_key_id": "",
                        "sse_algorithm": "AES256"
                      }
                    ],
                    "bucket_key_enabled": false
                  }
                ]
              }
            ],
            "tags": {},
            "tags_all": {},
            "timeouts": null,
            "versioning": [
              {
                "enabled": false,
                "mfa_delete": false
              }
            ],
            "website": [],
            "website_domain": null,
            "website_endpoint": null
          },
          "sensitive_attributes": [],
          "private": "eyJlMmJmYjczMC1lY2FhLTExZTYtOGY4OC0zNDM2M2JjN2M0YzAiOnsiY3JlYXRlIjoxMjAwMDAwMDAwMDAwLCJkZWxldGUiOjM2MDAwMDAwMDAwMDAsInJlYWQiOjEyMDAwMDAwMDAwMDAsInVwZGF0ZSI6MTIwMDAwMDAwMDAwMH19"
        }
      ]
    },
    {
      "mode": "managed",
      "type": "aws_ses_email_identity",
      "name": "identity",
      "provider": "provider[\"registry.terraform.io/hashicorp/aws\"]",
      "instances": [
        {
          "schema_version": 0,
          "attributes": {
            "arn": "arn:aws:ses:us-east-1:132507767948:identity/hannah@hannahshobbyroom.com",
            "email": "hannah@hannahshobbyroom.com",
            "id": "hannah@hannahshobbyroom.com"
          },
          "sensitive_attributes": [],
          "private": "bnVsbA=="
        }
      ]
    },
    {
      "module": "module.articles_api",
      "mode": "data",
      "type": "aws_acm_certificate",
      "name": "acm_certificate",
      "provider": "provider[\"registry.terraform.io/hashicorp/aws\"]",
      "instances": [
        {
          "schema_version": 0,
          "attributes": {
            "arn": "arn:aws:acm:us-east-1:132507767948:certificate/6edda0a3-7cf2-4588-a19a-b80feb554c1a",
            "certificate": "-----BEGIN CERTIFICATE-----\nMIIF2DCCBMCgAwIBAgIQC3R2TZKnNLb+Yz9xLutXuzANBgkqhkiG9w0BAQsFADA8\nMQswCQYDVQQGEwJVUzEPMA0GA1UEChMGQW1hem9uMRwwGgYDVQQDExNBbWF6b24g\nUlNBIDIwNDggTTAyMB4XDTI0MDIwMjAwMDAwMFoXDTI1MDMwMjIzNTk1OVowGDEW\nMBQGA1UEAxMNcG9wcHlsYW5kLmRldjCCASIwDQYJKoZIhvcNAQEBBQADggEPADCC\nAQoCggEBAPL0XdkbpZkfzY2TSsr97K2BI5NdrTnRbEdj5MS6XClHVMHOXGYq4r3I\n0Rv6sbvU2/0u6iu7lueVT8L/CZw4I8QyayNDQaVa2FEG06HxDHswUOCuRxMdVRAK\nBT/BED3LKs+v0sJmYDUFWz5zUFmiUpSQnEHxJ8dFzIbzNj/79dV9vzqd0+QMY+4r\nyK6jByrQS132nZuZGLBjLRtigEEi+HNCMSsxmWoePUddp6cgW0zlIFmwJ9WK3gg1\n1FPHfW9ciflsvzsxkIHrwmrhtAjDM2Us9kdg0nfIG+p/idv90AZ31vftokqW307j\nBvzv3+fe52+FakgkLvr7Svi068d9/2cCAwEAAaOCAvgwggL0MB8GA1UdIwQYMBaA\nFMAxUs1aUMOCfHRxzsvpnPl664LiMB0GA1UdDgQWBBTQl/HiwARP+GUC4SRnUcPp\nNv2S8jApBgNVHREEIjAggg1wb3BweWxhbmQuZGV2gg8qLnBvcHB5bGFuZC5kZXYw\nEwYDVR0gBAwwCjAIBgZngQwBAgEwDgYDVR0PAQH/BAQDAgWgMB0GA1UdJQQWMBQG\nCCsGAQUFBwMBBggrBgEFBQcDAjA7BgNVHR8ENDAyMDCgLqAshipodHRwOi8vY3Js\nLnIybTAyLmFtYXpvbnRydXN0LmNvbS9yMm0wMi5jcmwwdQYIKwYBBQUHAQEEaTBn\nMC0GCCsGAQUFBzABhiFodHRwOi8vb2NzcC5yMm0wMi5hbWF6b250cnVzdC5jb20w\nNgYIKwYBBQUHMAKGKmh0dHA6Ly9jcnQucjJtMDIuYW1hem9udHJ1c3QuY29tL3Iy\nbTAyLmNlcjAMBgNVHRMBAf8EAjAAMIIBfwYKKwYBBAHWeQIEAgSCAW8EggFrAWkA\ndgBOdaMnXJoQwzhbbNTfP1LrHfDgjhuNacCx+mSxYpo53wAAAY1oV1rqAAAEAwBH\nMEUCIAEPpm1vkRnSodXKO8QXbRrPq4/I2q9RZNNkyZ9dz3AZAiEAkTXUTuclZ1f3\n8EoLRxYEKdm3UgH7DD6XPJAUaYhgs3UAdgB9WR4S4XgqexxhZ3xe/fjQh1wUoE6V\nnrkDL9kOjC55uAAAAY1oV1rUAAAEAwBHMEUCIEgNX2bL89G7fb8weyXtKjRvu1Na\n3UTiRupn7ldJfDVlAiEAn7+6I0bfqmvbjdPfW3f6r2zE6MeeAoebPKvDIDIcr7EA\ndwDm0jFjQHeMwRBBBtdxuc7B0kD2loSG+7qHMh39HjeOUAAAAY1oV1sAAAAEAwBI\nMEYCIQClc8HkDmGhi8b+uhxpqJ3Cux3ckRbTk6A5AZfSaVh69wIhAI7uVxvA78nM\nSyteuSYjrcKhH4VAlF0EOZw/e0TOh6qgMA0GCSqGSIb3DQEBCwUAA4IBAQC08DeK\nHOKQgwGZ3BEkj1paKopSie32qVR4/n0s4oebGM0K2E8/5FS+ISAm3e+oMuEk8z/z\nHAhQU8sv6F46vWfitoBLLCxdd9iZ9BRSRAos5IeXmunW/zOb2AJE2smXJW6BRj7z\nLFubHa16HQy8yhA0g2+5fvXuAcsphwNmTuh1YToSMXzcUVZjkHTktYiMTnbQEMQW\nodlILXchjhJ1BBy0iJ/i5NWcxP7o3ENWdVc2kKfHeY9vRQ6whrC7/yPSmZSgdv2u\nQhNaXAiCBC5nFsMtVxMJkUXK0ixLGYD3I984N5iZz0U9xaVSd1r+OBYsXwi/r61/\nVvVjFZhQukNNTjZ9\n-----END CERTIFICATE-----\n",
            "certificate_chain": "-----BEGIN CERTIFICATE-----\nMIIEXjCCA0agAwIBAgITB3MSSkvL1E7HtTvq8ZSELToPoTANBgkqhkiG9w0BAQsF\nADA5MQswCQYDVQQGEwJVUzEPMA0GA1UEChMGQW1hem9uMRkwFwYDVQQDExBBbWF6\nb24gUm9vdCBDQSAxMB4XDTIyMDgyMzIyMjUzMFoXDTMwMDgyMzIyMjUzMFowPDEL\nMAkGA1UEBhMCVVMxDzANBgNVBAoTBkFtYXpvbjEcMBoGA1UEAxMTQW1hem9uIFJT\nQSAyMDQ4IE0wMjCCASIwDQYJKoZIhvcNAQEBBQADggEPADCCAQoCggEBALtDGMZa\nqHneKei1by6+pUPPLljTB143Si6VpEWPc6mSkFhZb/6qrkZyoHlQLbDYnI2D7hD0\nsdzEqfnuAjIsuXQLG3A8TvX6V3oFNBFVe8NlLJHvBseKY88saLwufxkZVwk74g4n\nWlNMXzla9Y5F3wwRHwMVH443xGz6UtGSZSqQ94eFx5X7Tlqt8whi8qCaKdZ5rNak\n+r9nUThOeClqFd4oXych//Rc7Y0eX1KNWHYSI1Nk31mYgiK3JvH063g+K9tHA63Z\neTgKgndlh+WI+zv7i44HepRZjA1FYwYZ9Vv/9UkC5Yz8/yU65fgjaE+wVHM4e/Yy\nC2osrPWE7gJ+dXMCAwEAAaOCAVowggFWMBIGA1UdEwEB/wQIMAYBAf8CAQAwDgYD\nVR0PAQH/BAQDAgGGMB0GA1UdJQQWMBQGCCsGAQUFBwMBBggrBgEFBQcDAjAdBgNV\nHQ4EFgQUwDFSzVpQw4J8dHHOy+mc+XrrguIwHwYDVR0jBBgwFoAUhBjMhTTsvAyU\nlC4IWZzHshBOCggwewYIKwYBBQUHAQEEbzBtMC8GCCsGAQUFBzABhiNodHRwOi8v\nb2NzcC5yb290Y2ExLmFtYXpvbnRydXN0LmNvbTA6BggrBgEFBQcwAoYuaHR0cDov\nL2NydC5yb290Y2ExLmFtYXpvbnRydXN0LmNvbS9yb290Y2ExLmNlcjA/BgNVHR8E\nODA2MDSgMqAwhi5odHRwOi8vY3JsLnJvb3RjYTEuYW1hem9udHJ1c3QuY29tL3Jv\nb3RjYTEuY3JsMBMGA1UdIAQMMAowCAYGZ4EMAQIBMA0GCSqGSIb3DQEBCwUAA4IB\nAQAtTi6Fs0Azfi+iwm7jrz+CSxHH+uHl7Law3MQSXVtR8RV53PtR6r/6gNpqlzdo\nZq4FKbADi1v9Bun8RY8D51uedRfjsbeodizeBB8nXmeyD33Ep7VATj4ozcd31YFV\nfgRhvTSxNrrTlNpWkUk0m3BMPv8sg381HhA6uEYokE5q9uws/3YkKqRiEz3TsaWm\nJqIRZhMbgAfp7O7FUwFIb7UIspogZSKxPIWJpxiPo3TcBambbVtQOcNRWz5qCQdD\nslI2yayq0n2TXoHyNCLEH8rpsJRVILFsg0jc7BaFrMnF462+ajSehgj12IidNeRN\n4zl+EoNaWdpnWndvSpAEkq2P\n-----END CERTIFICATE-----\n-----BEGIN CERTIFICATE-----\nMIIEkjCCA3qgAwIBAgITBn+USionzfP6wq4rAfkI7rnExjANBgkqhkiG9w0BAQsF\nADCBmDELMAkGA1UEBhMCVVMxEDAOBgNVBAgTB0FyaXpvbmExEzARBgNVBAcTClNj\nb3R0c2RhbGUxJTAjBgNVBAoTHFN0YXJmaWVsZCBUZWNobm9sb2dpZXMsIEluYy4x\nOzA5BgNVBAMTMlN0YXJmaWVsZCBTZXJ2aWNlcyBSb290IENlcnRpZmljYXRlIEF1\ndGhvcml0eSAtIEcyMB4XDTE1MDUyNTEyMDAwMFoXDTM3MTIzMTAxMDAwMFowOTEL\nMAkGA1UEBhMCVVMxDzANBgNVBAoTBkFtYXpvbjEZMBcGA1UEAxMQQW1hem9uIFJv\nb3QgQ0EgMTCCASIwDQYJKoZIhvcNAQEBBQADggEPADCCAQoCggEBALJ4gHHKeNXj\nca9HgFB0fW7Y14h29Jlo91ghYPl0hAEvrAIthtOgQ3pOsqTQNroBvo3bSMgHFzZM\n9O6II8c+6zf1tRn4SWiw3te5djgdYZ6k/oI2peVKVuRF4fn9tBb6dNqcmzU5L/qw\nIFAGbHrQgLKm+a/sRxmPUDgH3KKHOVj4utWp+UhnMJbulHheb4mjUcAwhmahRWa6\nVOujw5H5SNz/0egwLX0tdHA114gk957EWW67c4cX8jJGKLhD+rcdqsq08p8kDi1L\n93FcXmn/6pUCyziKrlA4b9v7LWIbxcceVOF34GfID5yHI9Y/QCB/IIDEgEw+OyQm\njgSubJrIqg0CAwEAAaOCATEwggEtMA8GA1UdEwEB/wQFMAMBAf8wDgYDVR0PAQH/\nBAQDAgGGMB0GA1UdDgQWBBSEGMyFNOy8DJSULghZnMeyEE4KCDAfBgNVHSMEGDAW\ngBScXwDfqgHXMCs4iKK4bUqc8hGRgzB4BggrBgEFBQcBAQRsMGowLgYIKwYBBQUH\nMAGGImh0dHA6Ly9vY3NwLnJvb3RnMi5hbWF6b250cnVzdC5jb20wOAYIKwYBBQUH\nMAKGLGh0dHA6Ly9jcnQucm9vdGcyLmFtYXpvbnRydXN0LmNvbS9yb290ZzIuY2Vy\nMD0GA1UdHwQ2MDQwMqAwoC6GLGh0dHA6Ly9jcmwucm9vdGcyLmFtYXpvbnRydXN0\nLmNvbS9yb290ZzIuY3JsMBEGA1UdIAQKMAgwBgYEVR0gADANBgkqhkiG9w0BAQsF\nAAOCAQEAYjdCXLwQtT6LLOkMm2xF4gcAevnFWAu5CIw+7bMlPLVvUOTNNWqnkzSW\nMiGpSESrnO09tKpzbeR/FoCJbM8oAxiDR3mjEH4wW6w7sGDgd9QIpuEdfF7Au/ma\neyKdpwAJfqxGF4PcnCZXmTA5YpaP7dreqsXMGz7KQ2hsVxa81Q4gLv7/wmpdLqBK\nbRRYh5TmOTFffHPLkIhqhBGWJ6bt2YFGpn6jcgAKUj6DiAdjd4lpFw85hdKrCEVN\n0FE6/V1dN2RMfjCyVSRCnTawXZwXgWHxyvkQAiSr6w10kY17RSlQOYiypok1JR4U\nakcjMS9cmvqtmg5iUaQqqcT5NJ0hGA==\n-----END CERTIFICATE-----\n-----BEGIN CERTIFICATE-----\nMIIEdTCCA12gAwIBAgIJAKcOSkw0grd/MA0GCSqGSIb3DQEBCwUAMGgxCzAJBgNV\nBAYTAlVTMSUwIwYDVQQKExxTdGFyZmllbGQgVGVjaG5vbG9naWVzLCBJbmMuMTIw\nMAYDVQQLEylTdGFyZmllbGQgQ2xhc3MgMiBDZXJ0aWZpY2F0aW9uIEF1dGhvcml0\neTAeFw0wOTA5MDIwMDAwMDBaFw0zNDA2MjgxNzM5MTZaMIGYMQswCQYDVQQGEwJV\nUzEQMA4GA1UECBMHQXJpem9uYTETMBEGA1UEBxMKU2NvdHRzZGFsZTElMCMGA1UE\nChMcU3RhcmZpZWxkIFRlY2hub2xvZ2llcywgSW5jLjE7MDkGA1UEAxMyU3RhcmZp\nZWxkIFNlcnZpY2VzIFJvb3QgQ2VydGlmaWNhdGUgQXV0aG9yaXR5IC0gRzIwggEi\nMA0GCSqGSIb3DQEBAQUAA4IBDwAwggEKAoIBAQDVDDrEKvlO4vW+GZdfjohTsR8/\ny8+fIBNtKTrID30892t2OGPZNmCom15cAICyL1l/9of5JUOG52kbUpqQ4XHj2C0N\nTm/2yEnZtvMaVq4rtnQU68/7JuMauh2WLmo7WJSJR1b/JaCTcFOD2oR0FMNnngRo\nOt+OQFodSk7PQ5E751bWAHDLUu57fa4657wx+UX2wmDPE1kCK4DMNEffud6QZW0C\nzyyRpqbn3oUYSXxmTqM6bam17jQuug0DuDPfR+uxa40l2ZvOgdFFRjKWcIfeAg5J\nQ4W2bHO7ZOphQazJ1FTfhy/HIrImzJ9ZVGif/L4qL8RVHHVAYBeFAlU5i38FAgMB\nAAGjgfAwge0wDwYDVR0TAQH/BAUwAwEB/zAOBgNVHQ8BAf8EBAMCAYYwHQYDVR0O\nBBYEFJxfAN+qAdcwKziIorhtSpzyEZGDMB8GA1UdIwQYMBaAFL9ft9HO3R+G9FtV\nrNzXEMIOqYjnME8GCCsGAQUFBwEBBEMwQTAcBggrBgEFBQcwAYYQaHR0cDovL28u\nc3MyLnVzLzAhBggrBgEFBQcwAoYVaHR0cDovL3guc3MyLnVzL3guY2VyMCYGA1Ud\nHwQfMB0wG6AZoBeGFWh0dHA6Ly9zLnNzMi51cy9yLmNybDARBgNVHSAECjAIMAYG\nBFUdIAAwDQYJKoZIhvcNAQELBQADggEBACMd44pXyn3pF3lM8R5V/cxTbj5HD9/G\nVfKyBDbtgB9TxF00KGu+x1X8Z+rLP3+QsjPNG1gQggL4+C/1E2DUBc7xgQjB3ad1\nl08YuW3e95ORCLp+QCztweq7dp4zBncdDQh/U90bZKuCJ/Fp1U1ervShw3WnWEQt\n8jxwmKy6abaVd38PMV4s/KCHOkdp8Hlf9BRUpJVeEXgSYCfOn8J3/yNTd126/+pZ\n59vPr5KW7ySaNRB6nJHGDn2Z9j8Z3/VyVOEVqQdZe4O/Ui5GjLIAZHYcSNPYeehu\nVsyuLAOQ1xk4meTKCRlb/weWsKh/NEnfVqn3sF/tM+2MR7cwA130A4w=\n-----END CERTIFICATE-----\n",
            "domain": "poppyland.dev",
            "id": "arn:aws:acm:us-east-1:132507767948:certificate/6edda0a3-7cf2-4588-a19a-b80feb554c1a",
            "key_types": null,
            "most_recent": false,
            "status": "ISSUED",
            "statuses": null,
            "tags": {},
            "types": null
          },
          "sensitive_attributes": []
        }
      ]
    },
    {
      "module": "module.articles_api",
      "mode": "data",
      "type": "aws_route53_zone",
      "name": "poppyland_route53_zone",
      "provider": "provider[\"registry.terraform.io/hashicorp/aws\"]",
      "instances": [
        {
          "schema_version": 0,
          "attributes": {
            "arn": "arn:aws:route53:::hostedzone/Z06420282IBWLWB0CK5TG",
            "caller_reference": "6759f72e-0bbc-4647-8b8d-98ae3a2a8087",
            "comment": "",
            "id": "Z06420282IBWLWB0CK5TG",
            "linked_service_description": null,
            "linked_service_principal": null,
            "name": "poppyland.dev",
            "name_servers": [
              "ns-974.awsdns-57.net",
              "ns-1846.awsdns-38.co.uk",
              "ns-275.awsdns-34.com",
              "ns-1150.awsdns-15.org"
            ],
            "primary_name_server": "ns-974.awsdns-57.net",
            "private_zone": false,
            "resource_record_set_count": 20,
            "tags": {},
            "vpc_id": null,
            "zone_id": "Z06420282IBWLWB0CK5TG"
          },
          "sensitive_attributes": []
        }
      ]
    },
    {
      "module": "module.articles_api",
      "mode": "managed",
      "type": "aws_apigatewayv2_api",
      "name": "api",
      "provider": "provider[\"registry.terraform.io/hashicorp/aws\"]",
      "instances": [
        {
          "schema_version": 0,
          "attributes": {
            "api_endpoint": "https://tvvqx5k627.execute-api.us-east-1.amazonaws.com",
            "api_key_selection_expression": "$request.header.x-api-key",
            "arn": "arn:aws:apigateway:us-east-1::/apis/tvvqx5k627",
            "body": null,
            "cors_configuration": [
              {
                "allow_credentials": false,
                "allow_headers": [
                  "content-type",
                  "origin"
                ],
                "allow_methods": [
                  "GET",
                  "HEAD",
                  "OPTIONS",
                  "POST",
                  "PUT"
                ],
                "allow_origins": [
                  "http://localhost:3000",
                  "https://hannahshobbyroom.com"
                ],
                "expose_headers": [],
                "max_age": 0
              }
            ],
            "credentials_arn": null,
            "description": "API for table: articles",
            "disable_execute_api_endpoint": false,
            "execution_arn": "arn:aws:execute-api:us-east-1:132507767948:tvvqx5k627",
            "fail_on_warnings": null,
            "id": "tvvqx5k627",
            "name": "articlesAPI",
            "protocol_type": "HTTP",
            "route_key": null,
            "route_selection_expression": "$request.method $request.path",
            "tags": {},
            "tags_all": {},
            "target": null,
            "version": ""
          },
          "sensitive_attributes": [],
          "private": "bnVsbA=="
        }
      ]
    },
    {
      "module": "module.articles_api",
      "mode": "managed",
      "type": "aws_apigatewayv2_api_mapping",
      "name": "mapping",
      "provider": "provider[\"registry.terraform.io/hashicorp/aws\"]",
      "instances": [
        {
          "schema_version": 0,
          "attributes": {
            "api_id": "tvvqx5k627",
            "api_mapping_key": "",
            "domain_name": "blog-api.poppyland.dev",
            "id": "zpb4sp",
            "stage": "prod"
          },
          "sensitive_attributes": [],
          "private": "bnVsbA==",
          "dependencies": [
            "module.articles_api.aws_apigatewayv2_api.api",
            "module.articles_api.aws_apigatewayv2_domain_name.api_domain_name",
            "module.articles_api.aws_apigatewayv2_stage.stage",
            "module.articles_api.aws_cloudwatch_log_group.api_log_group",
            "module.articles_api.data.aws_acm_certificate.acm_certificate"
          ]
        }
      ]
    },
    {
      "module": "module.articles_api",
      "mode": "managed",
      "type": "aws_apigatewayv2_domain_name",
      "name": "api_domain_name",
      "provider": "provider[\"registry.terraform.io/hashicorp/aws\"]",
      "instances": [
        {
          "schema_version": 0,
          "attributes": {
            "api_mapping_selection_expression": "$request.basepath",
            "arn": "arn:aws:apigateway:us-east-1::/domainnames/blog-api.poppyland.dev",
            "domain_name": "blog-api.poppyland.dev",
            "domain_name_configuration": [
              {
                "certificate_arn": "arn:aws:acm:us-east-1:132507767948:certificate/6edda0a3-7cf2-4588-a19a-b80feb554c1a",
                "endpoint_type": "REGIONAL",
                "hosted_zone_id": "Z1UJRXOUMOOFQ8",
                "ownership_verification_certificate_arn": "",
                "security_policy": "TLS_1_2",
                "target_domain_name": "d-118o98f3fg.execute-api.us-east-1.amazonaws.com"
              }
            ],
            "id": "blog-api.poppyland.dev",
            "mutual_tls_authentication": [],
            "tags": {},
            "tags_all": {},
            "timeouts": null
          },
          "sensitive_attributes": [],
          "private": "eyJlMmJmYjczMC1lY2FhLTExZTYtOGY4OC0zNDM2M2JjN2M0YzAiOnsiY3JlYXRlIjo2MDAwMDAwMDAwMDAsInVwZGF0ZSI6MzYwMDAwMDAwMDAwMH19",
          "dependencies": [
            "module.articles_api.data.aws_acm_certificate.acm_certificate"
          ]
        }
      ]
    },
    {
      "module": "module.articles_api",
      "mode": "managed",
      "type": "aws_apigatewayv2_integration",
      "name": "delete_email_lambda_integration",
      "provider": "provider[\"registry.terraform.io/hashicorp/aws\"]",
      "instances": [
        {
          "schema_version": 0,
          "attributes": {
            "api_id": "tvvqx5k627",
            "connection_id": "",
            "connection_type": "INTERNET",
            "content_handling_strategy": "",
            "credentials_arn": "",
            "description": "",
            "id": "4lq4iyt",
            "integration_method": "POST",
            "integration_response_selection_expression": "",
            "integration_subtype": "",
            "integration_type": "AWS_PROXY",
            "integration_uri": "arn:aws:apigateway:us-east-1:lambda:path/2015-03-31/functions/arn:aws:lambda:us-east-1:132507767948:function:newsletter_unsubscribe_email/invocations",
            "passthrough_behavior": "",
            "payload_format_version": "1.0",
            "request_parameters": {},
            "request_templates": {},
            "response_parameters": [],
            "template_selection_expression": "",
            "timeout_milliseconds": 30000,
            "tls_config": []
          },
          "sensitive_attributes": [],
          "private": "bnVsbA==",
          "dependencies": [
            "aws_lambda_layer_version.psycopg2_layer",
            "aws_s3_bucket.lambda_layers_bucket",
            "module.articles_api.aws_apigatewayv2_api.api",
            "module.articles_api.module.delete_email_lambda.aws_iam_role.lambda_role",
            "module.articles_api.module.delete_email_lambda.aws_lambda_function.function",
            "module.articles_api.module.delete_email_lambda.data.archive_file.function_code_zip",
            "module.articles_rds_cluster.aws_db_subnet_group.subnet_group",
            "module.articles_rds_cluster.aws_internet_gateway.ig",
            "module.articles_rds_cluster.aws_rds_cluster.cluster",
            "module.articles_rds_cluster.aws_rds_cluster_instance.db",
            "module.articles_rds_cluster.aws_security_group.default",
            "module.articles_rds_cluster.aws_subnet.public_subnet",
            "module.articles_rds_cluster.aws_vpc.vpc",
            "module.articles_rds_cluster.data.aws_ssm_parameter.postgres_password"
          ]
        }
      ]
    },
    {
      "module": "module.articles_api",
      "mode": "managed",
      "type": "aws_apigatewayv2_integration",
      "name": "get_all_lambda_integration",
      "provider": "provider[\"registry.terraform.io/hashicorp/aws\"]",
      "instances": [
        {
          "schema_version": 0,
          "attributes": {
            "api_id": "tvvqx5k627",
            "connection_id": "",
            "connection_type": "INTERNET",
            "content_handling_strategy": "",
            "credentials_arn": "",
            "description": "",
            "id": "91yz3y5",
            "integration_method": "POST",
            "integration_response_selection_expression": "",
            "integration_subtype": "",
            "integration_type": "AWS_PROXY",
            "integration_uri": "arn:aws:apigateway:us-east-1:lambda:path/2015-03-31/functions/arn:aws:lambda:us-east-1:132507767948:function:articles_get_all_rows_rds/invocations",
            "passthrough_behavior": "",
            "payload_format_version": "1.0",
            "request_parameters": {},
            "request_templates": {},
            "response_parameters": [],
            "template_selection_expression": "",
            "timeout_milliseconds": 30000,
            "tls_config": []
          },
          "sensitive_attributes": [],
          "private": "bnVsbA==",
          "dependencies": [
            "aws_lambda_layer_version.psycopg2_layer",
            "aws_s3_bucket.lambda_layers_bucket",
            "module.articles_api.aws_apigatewayv2_api.api",
            "module.articles_api.module.articles_get_all_rows_lambda.aws_iam_role.lambda_role",
            "module.articles_api.module.articles_get_all_rows_lambda.aws_lambda_function.function",
            "module.articles_api.module.articles_get_all_rows_lambda.data.archive_file.function_code_zip",
            "module.articles_rds_cluster.aws_db_subnet_group.subnet_group",
            "module.articles_rds_cluster.aws_internet_gateway.ig",
            "module.articles_rds_cluster.aws_rds_cluster.cluster",
            "module.articles_rds_cluster.aws_rds_cluster_instance.db",
            "module.articles_rds_cluster.aws_security_group.default",
            "module.articles_rds_cluster.aws_subnet.public_subnet",
            "module.articles_rds_cluster.aws_vpc.vpc",
            "module.articles_rds_cluster.data.aws_ssm_parameter.postgres_password"
          ]
        }
      ]
    },
    {
      "module": "module.articles_api",
      "mode": "managed",
      "type": "aws_apigatewayv2_integration",
      "name": "get_email_preferences_lambda_integration",
      "provider": "provider[\"registry.terraform.io/hashicorp/aws\"]",
      "instances": [
        {
          "schema_version": 0,
          "attributes": {
            "api_id": "tvvqx5k627",
            "connection_id": "",
            "connection_type": "INTERNET",
            "content_handling_strategy": "",
            "credentials_arn": "",
            "description": "",
            "id": "hzhfycn",
            "integration_method": "POST",
            "integration_response_selection_expression": "",
            "integration_subtype": "",
            "integration_type": "AWS_PROXY",
            "integration_uri": "arn:aws:apigateway:us-east-1:lambda:path/2015-03-31/functions/arn:aws:lambda:us-east-1:132507767948:function:newsletter_get_email_preferences/invocations",
            "passthrough_behavior": "",
            "payload_format_version": "1.0",
            "request_parameters": {},
            "request_templates": {},
            "response_parameters": [],
            "template_selection_expression": "",
            "timeout_milliseconds": 30000,
            "tls_config": []
          },
          "sensitive_attributes": [],
          "private": "bnVsbA==",
          "dependencies": [
            "aws_lambda_layer_version.psycopg2_layer",
            "aws_s3_bucket.lambda_layers_bucket",
            "module.articles_api.aws_apigatewayv2_api.api",
            "module.articles_api.module.get_email_preferences_lambda.aws_iam_role.lambda_role",
            "module.articles_api.module.get_email_preferences_lambda.aws_lambda_function.function",
            "module.articles_api.module.get_email_preferences_lambda.data.archive_file.function_code_zip",
            "module.articles_rds_cluster.aws_db_subnet_group.subnet_group",
            "module.articles_rds_cluster.aws_internet_gateway.ig",
            "module.articles_rds_cluster.aws_rds_cluster.cluster",
            "module.articles_rds_cluster.aws_rds_cluster_instance.db",
            "module.articles_rds_cluster.aws_security_group.default",
            "module.articles_rds_cluster.aws_subnet.public_subnet",
            "module.articles_rds_cluster.aws_vpc.vpc",
            "module.articles_rds_cluster.data.aws_ssm_parameter.postgres_password"
          ]
        }
      ]
    },
    {
      "module": "module.articles_api",
      "mode": "managed",
      "type": "aws_apigatewayv2_integration",
      "name": "get_item_lambda_integration",
      "provider": "provider[\"registry.terraform.io/hashicorp/aws\"]",
      "instances": [
        {
          "schema_version": 0,
          "attributes": {
            "api_id": "tvvqx5k627",
            "connection_id": "",
            "connection_type": "INTERNET",
            "content_handling_strategy": "",
            "credentials_arn": "",
            "description": "",
            "id": "l2e7as8",
            "integration_method": "POST",
            "integration_response_selection_expression": "",
            "integration_subtype": "",
            "integration_type": "AWS_PROXY",
            "integration_uri": "arn:aws:apigateway:us-east-1:lambda:path/2015-03-31/functions/arn:aws:lambda:us-east-1:132507767948:function:articles_get_row_rds/invocations",
            "passthrough_behavior": "",
            "payload_format_version": "1.0",
            "request_parameters": {},
            "request_templates": {},
            "response_parameters": [],
            "template_selection_expression": "",
            "timeout_milliseconds": 30000,
            "tls_config": []
          },
          "sensitive_attributes": [],
          "private": "bnVsbA==",
          "dependencies": [
            "aws_lambda_layer_version.psycopg2_layer",
            "aws_s3_bucket.lambda_layers_bucket",
            "module.articles_api.aws_apigatewayv2_api.api",
            "module.articles_api.module.articles_get_row_lambda.aws_iam_role.lambda_role",
            "module.articles_api.module.articles_get_row_lambda.aws_lambda_function.function",
            "module.articles_api.module.articles_get_row_lambda.data.archive_file.function_code_zip",
            "module.articles_rds_cluster.aws_db_subnet_group.subnet_group",
            "module.articles_rds_cluster.aws_internet_gateway.ig",
            "module.articles_rds_cluster.aws_rds_cluster.cluster",
            "module.articles_rds_cluster.aws_rds_cluster_instance.db",
            "module.articles_rds_cluster.aws_security_group.default",
            "module.articles_rds_cluster.aws_subnet.public_subnet",
            "module.articles_rds_cluster.aws_vpc.vpc",
            "module.articles_rds_cluster.data.aws_ssm_parameter.postgres_password"
          ]
        }
      ]
    },
    {
      "module": "module.articles_api",
      "mode": "managed",
      "type": "aws_apigatewayv2_integration",
      "name": "like_article_lambda_integration",
      "provider": "provider[\"registry.terraform.io/hashicorp/aws\"]",
      "instances": [
        {
          "schema_version": 0,
          "attributes": {
            "api_id": "tvvqx5k627",
            "connection_id": "",
            "connection_type": "INTERNET",
            "content_handling_strategy": "",
            "credentials_arn": "",
            "description": "",
            "id": "dvplwtg",
            "integration_method": "POST",
            "integration_response_selection_expression": "",
            "integration_subtype": "",
            "integration_type": "AWS_PROXY",
            "integration_uri": "arn:aws:apigateway:us-east-1:lambda:path/2015-03-31/functions/arn:aws:lambda:us-east-1:132507767948:function:article_like_article/invocations",
            "passthrough_behavior": "",
            "payload_format_version": "1.0",
            "request_parameters": {},
            "request_templates": {},
            "response_parameters": [],
            "template_selection_expression": "",
            "timeout_milliseconds": 30000,
            "tls_config": []
          },
          "sensitive_attributes": [],
          "private": "bnVsbA==",
          "dependencies": [
            "aws_lambda_layer_version.psycopg2_layer",
            "aws_s3_bucket.lambda_layers_bucket",
            "module.articles_api.aws_apigatewayv2_api.api",
            "module.articles_api.module.like_article_lambda.aws_iam_role.lambda_role",
            "module.articles_api.module.like_article_lambda.aws_lambda_function.function",
            "module.articles_api.module.like_article_lambda.data.archive_file.function_code_zip",
            "module.articles_rds_cluster.aws_db_subnet_group.subnet_group",
            "module.articles_rds_cluster.aws_internet_gateway.ig",
            "module.articles_rds_cluster.aws_rds_cluster.cluster",
            "module.articles_rds_cluster.aws_rds_cluster_instance.db",
            "module.articles_rds_cluster.aws_security_group.default",
            "module.articles_rds_cluster.aws_subnet.public_subnet",
            "module.articles_rds_cluster.aws_vpc.vpc",
            "module.articles_rds_cluster.data.aws_ssm_parameter.postgres_password"
          ]
        }
      ]
    },
    {
      "module": "module.articles_api",
      "mode": "managed",
      "type": "aws_apigatewayv2_integration",
      "name": "post_comment_lambda_integration",
      "provider": "provider[\"registry.terraform.io/hashicorp/aws\"]",
      "instances": [
        {
          "schema_version": 0,
          "attributes": {
            "api_id": "tvvqx5k627",
            "connection_id": "",
            "connection_type": "INTERNET",
            "content_handling_strategy": "",
            "credentials_arn": "",
            "description": "",
            "id": "7je08d0",
            "integration_method": "POST",
            "integration_response_selection_expression": "",
            "integration_subtype": "",
            "integration_type": "AWS_PROXY",
            "integration_uri": "arn:aws:apigateway:us-east-1:lambda:path/2015-03-31/functions/arn:aws:lambda:us-east-1:132507767948:function:comments_post_comment/invocations",
            "passthrough_behavior": "",
            "payload_format_version": "1.0",
            "request_parameters": {},
            "request_templates": {},
            "response_parameters": [],
            "template_selection_expression": "",
            "timeout_milliseconds": 30000,
            "tls_config": []
          },
          "sensitive_attributes": [],
          "private": "bnVsbA==",
          "dependencies": [
            "aws_lambda_layer_version.psycopg2_layer",
            "aws_s3_bucket.lambda_layers_bucket",
            "module.articles_api.aws_apigatewayv2_api.api",
            "module.articles_api.module.post_comment_lambda.aws_iam_role.lambda_role",
            "module.articles_api.module.post_comment_lambda.aws_lambda_function.function",
            "module.articles_api.module.post_comment_lambda.data.archive_file.function_code_zip",
            "module.articles_rds_cluster.aws_db_subnet_group.subnet_group",
            "module.articles_rds_cluster.aws_internet_gateway.ig",
            "module.articles_rds_cluster.aws_rds_cluster.cluster",
            "module.articles_rds_cluster.aws_rds_cluster_instance.db",
            "module.articles_rds_cluster.aws_security_group.default",
            "module.articles_rds_cluster.aws_subnet.public_subnet",
            "module.articles_rds_cluster.aws_vpc.vpc",
            "module.articles_rds_cluster.data.aws_ssm_parameter.postgres_password"
          ]
        }
      ]
    },
    {
      "module": "module.articles_api",
      "mode": "managed",
      "type": "aws_apigatewayv2_integration",
      "name": "post_email_lambda_integration",
      "provider": "provider[\"registry.terraform.io/hashicorp/aws\"]",
      "instances": [
        {
          "schema_version": 0,
          "attributes": {
            "api_id": "tvvqx5k627",
            "connection_id": "",
            "connection_type": "INTERNET",
            "content_handling_strategy": "",
            "credentials_arn": "",
            "description": "",
            "id": "5kf8ytn",
            "integration_method": "POST",
            "integration_response_selection_expression": "",
            "integration_subtype": "",
            "integration_type": "AWS_PROXY",
            "integration_uri": "arn:aws:apigateway:us-east-1:lambda:path/2015-03-31/functions/arn:aws:lambda:us-east-1:132507767948:function:newsletter_post_email/invocations",
            "passthrough_behavior": "",
            "payload_format_version": "1.0",
            "request_parameters": {},
            "request_templates": {},
            "response_parameters": [],
            "template_selection_expression": "",
            "timeout_milliseconds": 30000,
            "tls_config": []
          },
          "sensitive_attributes": [],
          "private": "bnVsbA==",
          "dependencies": [
            "aws_lambda_layer_version.psycopg2_layer",
            "aws_s3_bucket.lambda_layers_bucket",
            "module.articles_api.aws_apigatewayv2_api.api",
            "module.articles_api.module.post_email_lambda.aws_iam_role.lambda_role",
            "module.articles_api.module.post_email_lambda.aws_lambda_function.function",
            "module.articles_api.module.post_email_lambda.data.archive_file.function_code_zip",
            "module.articles_rds_cluster.aws_db_subnet_group.subnet_group",
            "module.articles_rds_cluster.aws_internet_gateway.ig",
            "module.articles_rds_cluster.aws_rds_cluster.cluster",
            "module.articles_rds_cluster.aws_rds_cluster_instance.db",
            "module.articles_rds_cluster.aws_security_group.default",
            "module.articles_rds_cluster.aws_subnet.public_subnet",
            "module.articles_rds_cluster.aws_vpc.vpc",
            "module.articles_rds_cluster.data.aws_ssm_parameter.postgres_password"
          ]
        }
      ]
    },
    {
      "module": "module.articles_api",
      "mode": "managed",
      "type": "aws_apigatewayv2_integration",
      "name": "update_email_preferences_lambda_integration",
      "provider": "provider[\"registry.terraform.io/hashicorp/aws\"]",
      "instances": [
        {
          "schema_version": 0,
          "attributes": {
            "api_id": "tvvqx5k627",
            "connection_id": "",
            "connection_type": "INTERNET",
            "content_handling_strategy": "",
            "credentials_arn": "",
            "description": "",
            "id": "ku143f6",
            "integration_method": "POST",
            "integration_response_selection_expression": "",
            "integration_subtype": "",
            "integration_type": "AWS_PROXY",
            "integration_uri": "arn:aws:apigateway:us-east-1:lambda:path/2015-03-31/functions/arn:aws:lambda:us-east-1:132507767948:function:newsletter_update_email_preferences/invocations",
            "passthrough_behavior": "",
            "payload_format_version": "1.0",
            "request_parameters": {},
            "request_templates": {},
            "response_parameters": [],
            "template_selection_expression": "",
            "timeout_milliseconds": 30000,
            "tls_config": []
          },
          "sensitive_attributes": [],
          "private": "bnVsbA==",
          "dependencies": [
            "aws_lambda_layer_version.psycopg2_layer",
            "aws_s3_bucket.lambda_layers_bucket",
            "module.articles_api.aws_apigatewayv2_api.api",
            "module.articles_api.module.update_email_preferences_lambda.aws_iam_role.lambda_role",
            "module.articles_api.module.update_email_preferences_lambda.aws_lambda_function.function",
            "module.articles_api.module.update_email_preferences_lambda.data.archive_file.function_code_zip",
            "module.articles_rds_cluster.aws_db_subnet_group.subnet_group",
            "module.articles_rds_cluster.aws_internet_gateway.ig",
            "module.articles_rds_cluster.aws_rds_cluster.cluster",
            "module.articles_rds_cluster.aws_rds_cluster_instance.db",
            "module.articles_rds_cluster.aws_security_group.default",
            "module.articles_rds_cluster.aws_subnet.public_subnet",
            "module.articles_rds_cluster.aws_vpc.vpc",
            "module.articles_rds_cluster.data.aws_ssm_parameter.postgres_password"
          ]
        }
      ]
    },
    {
      "module": "module.articles_api",
      "mode": "managed",
      "type": "aws_apigatewayv2_route",
      "name": "delete_email_route",
      "provider": "provider[\"registry.terraform.io/hashicorp/aws\"]",
      "instances": [
        {
          "schema_version": 0,
          "attributes": {
            "api_id": "tvvqx5k627",
            "api_key_required": false,
            "authorization_scopes": [],
            "authorization_type": "NONE",
            "authorizer_id": "",
            "id": "gqwew6o",
            "model_selection_expression": "",
            "operation_name": "",
            "request_models": {},
            "request_parameter": [],
            "route_key": "GET /newsletter/unsubscribe",
            "route_response_selection_expression": "",
            "target": "integrations/4lq4iyt"
          },
          "sensitive_attributes": [],
          "private": "bnVsbA==",
          "dependencies": [
            "aws_lambda_layer_version.psycopg2_layer",
            "aws_s3_bucket.lambda_layers_bucket",
            "module.articles_api.aws_apigatewayv2_api.api",
            "module.articles_api.aws_apigatewayv2_integration.delete_email_lambda_integration",
            "module.articles_api.module.delete_email_lambda.aws_iam_role.lambda_role",
            "module.articles_api.module.delete_email_lambda.aws_lambda_function.function",
            "module.articles_api.module.delete_email_lambda.data.archive_file.function_code_zip",
            "module.articles_rds_cluster.aws_db_subnet_group.subnet_group",
            "module.articles_rds_cluster.aws_internet_gateway.ig",
            "module.articles_rds_cluster.aws_rds_cluster.cluster",
            "module.articles_rds_cluster.aws_rds_cluster_instance.db",
            "module.articles_rds_cluster.aws_security_group.default",
            "module.articles_rds_cluster.aws_subnet.public_subnet",
            "module.articles_rds_cluster.aws_vpc.vpc",
            "module.articles_rds_cluster.data.aws_ssm_parameter.postgres_password"
          ]
        }
      ]
    },
    {
      "module": "module.articles_api",
      "mode": "managed",
      "type": "aws_apigatewayv2_route",
      "name": "get_all_route",
      "provider": "provider[\"registry.terraform.io/hashicorp/aws\"]",
      "instances": [
        {
          "schema_version": 0,
          "attributes": {
            "api_id": "tvvqx5k627",
            "api_key_required": false,
            "authorization_scopes": [],
            "authorization_type": "NONE",
            "authorizer_id": "",
            "id": "pf3cg04",
            "model_selection_expression": "",
            "operation_name": "",
            "request_models": {},
            "request_parameter": [],
            "route_key": "GET /articles",
            "route_response_selection_expression": "",
            "target": "integrations/91yz3y5"
          },
          "sensitive_attributes": [],
          "private": "bnVsbA==",
          "dependencies": [
            "aws_lambda_layer_version.psycopg2_layer",
            "aws_s3_bucket.lambda_layers_bucket",
            "module.articles_api.aws_apigatewayv2_api.api",
            "module.articles_api.aws_apigatewayv2_integration.get_all_lambda_integration",
            "module.articles_api.module.articles_get_all_rows_lambda.aws_iam_role.lambda_role",
            "module.articles_api.module.articles_get_all_rows_lambda.aws_lambda_function.function",
            "module.articles_api.module.articles_get_all_rows_lambda.data.archive_file.function_code_zip",
            "module.articles_rds_cluster.aws_db_subnet_group.subnet_group",
            "module.articles_rds_cluster.aws_internet_gateway.ig",
            "module.articles_rds_cluster.aws_rds_cluster.cluster",
            "module.articles_rds_cluster.aws_rds_cluster_instance.db",
            "module.articles_rds_cluster.aws_security_group.default",
            "module.articles_rds_cluster.aws_subnet.public_subnet",
            "module.articles_rds_cluster.aws_vpc.vpc",
            "module.articles_rds_cluster.data.aws_ssm_parameter.postgres_password"
          ]
        }
      ]
    },
    {
      "module": "module.articles_api",
      "mode": "managed",
      "type": "aws_apigatewayv2_route",
      "name": "get_email_preferences_route",
      "provider": "provider[\"registry.terraform.io/hashicorp/aws\"]",
      "instances": [
        {
          "schema_version": 0,
          "attributes": {
            "api_id": "tvvqx5k627",
            "api_key_required": false,
            "authorization_scopes": [],
            "authorization_type": "NONE",
            "authorizer_id": "",
            "id": "rx8hlh8",
            "model_selection_expression": "",
            "operation_name": "",
            "request_models": {},
            "request_parameter": [],
            "route_key": "GET /newsletter/{email}/preferences",
            "route_response_selection_expression": "",
            "target": "integrations/hzhfycn"
          },
          "sensitive_attributes": [],
          "private": "bnVsbA==",
          "dependencies": [
            "aws_lambda_layer_version.psycopg2_layer",
            "aws_s3_bucket.lambda_layers_bucket",
            "module.articles_api.aws_apigatewayv2_api.api",
            "module.articles_api.aws_apigatewayv2_integration.get_email_preferences_lambda_integration",
            "module.articles_api.module.get_email_preferences_lambda.aws_iam_role.lambda_role",
            "module.articles_api.module.get_email_preferences_lambda.aws_lambda_function.function",
            "module.articles_api.module.get_email_preferences_lambda.data.archive_file.function_code_zip",
            "module.articles_rds_cluster.aws_db_subnet_group.subnet_group",
            "module.articles_rds_cluster.aws_internet_gateway.ig",
            "module.articles_rds_cluster.aws_rds_cluster.cluster",
            "module.articles_rds_cluster.aws_rds_cluster_instance.db",
            "module.articles_rds_cluster.aws_security_group.default",
            "module.articles_rds_cluster.aws_subnet.public_subnet",
            "module.articles_rds_cluster.aws_vpc.vpc",
            "module.articles_rds_cluster.data.aws_ssm_parameter.postgres_password"
          ]
        }
      ]
    },
    {
      "module": "module.articles_api",
      "mode": "managed",
      "type": "aws_apigatewayv2_route",
      "name": "get_item_route",
      "provider": "provider[\"registry.terraform.io/hashicorp/aws\"]",
      "instances": [
        {
          "schema_version": 0,
          "attributes": {
            "api_id": "tvvqx5k627",
            "api_key_required": false,
            "authorization_scopes": [],
            "authorization_type": "NONE",
            "authorizer_id": "",
            "id": "sqvrasu",
            "model_selection_expression": "",
            "operation_name": "",
            "request_models": {},
            "request_parameter": [],
            "route_key": "GET /articles/{slug}",
            "route_response_selection_expression": "",
            "target": "integrations/l2e7as8"
          },
          "sensitive_attributes": [],
          "private": "bnVsbA==",
          "dependencies": [
            "aws_lambda_layer_version.psycopg2_layer",
            "aws_s3_bucket.lambda_layers_bucket",
            "module.articles_api.aws_apigatewayv2_api.api",
            "module.articles_api.aws_apigatewayv2_integration.get_item_lambda_integration",
            "module.articles_api.module.articles_get_row_lambda.aws_iam_role.lambda_role",
            "module.articles_api.module.articles_get_row_lambda.aws_lambda_function.function",
            "module.articles_api.module.articles_get_row_lambda.data.archive_file.function_code_zip",
            "module.articles_rds_cluster.aws_db_subnet_group.subnet_group",
            "module.articles_rds_cluster.aws_internet_gateway.ig",
            "module.articles_rds_cluster.aws_rds_cluster.cluster",
            "module.articles_rds_cluster.aws_rds_cluster_instance.db",
            "module.articles_rds_cluster.aws_security_group.default",
            "module.articles_rds_cluster.aws_subnet.public_subnet",
            "module.articles_rds_cluster.aws_vpc.vpc",
            "module.articles_rds_cluster.data.aws_ssm_parameter.postgres_password"
          ]
        }
      ]
    },
    {
      "module": "module.articles_api",
      "mode": "managed",
      "type": "aws_apigatewayv2_route",
      "name": "like_article_route",
      "provider": "provider[\"registry.terraform.io/hashicorp/aws\"]",
      "instances": [
        {
          "schema_version": 0,
          "attributes": {
            "api_id": "tvvqx5k627",
            "api_key_required": false,
            "authorization_scopes": [],
            "authorization_type": "NONE",
            "authorizer_id": "",
            "id": "5e11a0k",
            "model_selection_expression": "",
            "operation_name": "",
            "request_models": {},
            "request_parameter": [],
            "route_key": "POST /articles/{slug}/like",
            "route_response_selection_expression": "",
            "target": "integrations/dvplwtg"
          },
          "sensitive_attributes": [],
          "private": "bnVsbA==",
          "dependencies": [
            "aws_lambda_layer_version.psycopg2_layer",
            "aws_s3_bucket.lambda_layers_bucket",
            "module.articles_api.aws_apigatewayv2_api.api",
            "module.articles_api.aws_apigatewayv2_integration.like_article_lambda_integration",
            "module.articles_api.module.like_article_lambda.aws_iam_role.lambda_role",
            "module.articles_api.module.like_article_lambda.aws_lambda_function.function",
            "module.articles_api.module.like_article_lambda.data.archive_file.function_code_zip",
            "module.articles_rds_cluster.aws_db_subnet_group.subnet_group",
            "module.articles_rds_cluster.aws_internet_gateway.ig",
            "module.articles_rds_cluster.aws_rds_cluster.cluster",
            "module.articles_rds_cluster.aws_rds_cluster_instance.db",
            "module.articles_rds_cluster.aws_security_group.default",
            "module.articles_rds_cluster.aws_subnet.public_subnet",
            "module.articles_rds_cluster.aws_vpc.vpc",
            "module.articles_rds_cluster.data.aws_ssm_parameter.postgres_password"
          ]
        }
      ]
    },
    {
      "module": "module.articles_api",
      "mode": "managed",
      "type": "aws_apigatewayv2_route",
      "name": "post_comment_route",
      "provider": "provider[\"registry.terraform.io/hashicorp/aws\"]",
      "instances": [
        {
          "schema_version": 0,
          "attributes": {
            "api_id": "tvvqx5k627",
            "api_key_required": false,
            "authorization_scopes": [],
            "authorization_type": "NONE",
            "authorizer_id": "",
            "id": "itdx7nl",
            "model_selection_expression": "",
            "operation_name": "",
            "request_models": {},
            "request_parameter": [],
            "route_key": "POST /comments",
            "route_response_selection_expression": "",
            "target": "integrations/7je08d0"
          },
          "sensitive_attributes": [],
          "private": "bnVsbA==",
          "dependencies": [
            "aws_lambda_layer_version.psycopg2_layer",
            "aws_s3_bucket.lambda_layers_bucket",
            "module.articles_api.aws_apigatewayv2_api.api",
            "module.articles_api.aws_apigatewayv2_integration.post_comment_lambda_integration",
            "module.articles_api.module.post_comment_lambda.aws_iam_role.lambda_role",
            "module.articles_api.module.post_comment_lambda.aws_lambda_function.function",
            "module.articles_api.module.post_comment_lambda.data.archive_file.function_code_zip",
            "module.articles_rds_cluster.aws_db_subnet_group.subnet_group",
            "module.articles_rds_cluster.aws_internet_gateway.ig",
            "module.articles_rds_cluster.aws_rds_cluster.cluster",
            "module.articles_rds_cluster.aws_rds_cluster_instance.db",
            "module.articles_rds_cluster.aws_security_group.default",
            "module.articles_rds_cluster.aws_subnet.public_subnet",
            "module.articles_rds_cluster.aws_vpc.vpc",
            "module.articles_rds_cluster.data.aws_ssm_parameter.postgres_password"
          ]
        }
      ]
    },
    {
      "module": "module.articles_api",
      "mode": "managed",
      "type": "aws_apigatewayv2_route",
      "name": "post_email_route",
      "provider": "provider[\"registry.terraform.io/hashicorp/aws\"]",
      "instances": [
        {
          "schema_version": 0,
          "attributes": {
            "api_id": "tvvqx5k627",
            "api_key_required": false,
            "authorization_scopes": [],
            "authorization_type": "NONE",
            "authorizer_id": "",
            "id": "0ijxi35",
            "model_selection_expression": "",
            "operation_name": "",
            "request_models": {},
            "request_parameter": [],
            "route_key": "POST /newsletter",
            "route_response_selection_expression": "",
            "target": "integrations/5kf8ytn"
          },
          "sensitive_attributes": [],
          "private": "bnVsbA==",
          "dependencies": [
            "aws_lambda_layer_version.psycopg2_layer",
            "aws_s3_bucket.lambda_layers_bucket",
            "module.articles_api.aws_apigatewayv2_api.api",
            "module.articles_api.aws_apigatewayv2_integration.post_email_lambda_integration",
            "module.articles_api.module.post_email_lambda.aws_iam_role.lambda_role",
            "module.articles_api.module.post_email_lambda.aws_lambda_function.function",
            "module.articles_api.module.post_email_lambda.data.archive_file.function_code_zip",
            "module.articles_rds_cluster.aws_db_subnet_group.subnet_group",
            "module.articles_rds_cluster.aws_internet_gateway.ig",
            "module.articles_rds_cluster.aws_rds_cluster.cluster",
            "module.articles_rds_cluster.aws_rds_cluster_instance.db",
            "module.articles_rds_cluster.aws_security_group.default",
            "module.articles_rds_cluster.aws_subnet.public_subnet",
            "module.articles_rds_cluster.aws_vpc.vpc",
            "module.articles_rds_cluster.data.aws_ssm_parameter.postgres_password"
          ]
        }
      ]
    },
    {
      "module": "module.articles_api",
      "mode": "managed",
      "type": "aws_apigatewayv2_route",
      "name": "update_email_preferences_route",
      "provider": "provider[\"registry.terraform.io/hashicorp/aws\"]",
      "instances": [
        {
          "schema_version": 0,
          "attributes": {
            "api_id": "tvvqx5k627",
            "api_key_required": false,
            "authorization_scopes": [],
            "authorization_type": "NONE",
            "authorizer_id": "",
            "id": "29nrt53",
            "model_selection_expression": "",
            "operation_name": "",
            "request_models": {},
            "request_parameter": [],
            "route_key": "PUT /newsletter/{email}/preferences",
            "route_response_selection_expression": "",
            "target": "integrations/ku143f6"
          },
          "sensitive_attributes": [],
          "private": "bnVsbA==",
          "dependencies": [
            "aws_lambda_layer_version.psycopg2_layer",
            "aws_s3_bucket.lambda_layers_bucket",
            "module.articles_api.aws_apigatewayv2_api.api",
            "module.articles_api.aws_apigatewayv2_integration.update_email_preferences_lambda_integration",
            "module.articles_api.module.update_email_preferences_lambda.aws_iam_role.lambda_role",
            "module.articles_api.module.update_email_preferences_lambda.aws_lambda_function.function",
            "module.articles_api.module.update_email_preferences_lambda.data.archive_file.function_code_zip",
            "module.articles_rds_cluster.aws_db_subnet_group.subnet_group",
            "module.articles_rds_cluster.aws_internet_gateway.ig",
            "module.articles_rds_cluster.aws_rds_cluster.cluster",
            "module.articles_rds_cluster.aws_rds_cluster_instance.db",
            "module.articles_rds_cluster.aws_security_group.default",
            "module.articles_rds_cluster.aws_subnet.public_subnet",
            "module.articles_rds_cluster.aws_vpc.vpc",
            "module.articles_rds_cluster.data.aws_ssm_parameter.postgres_password"
          ]
        }
      ]
    },
    {
      "module": "module.articles_api",
      "mode": "managed",
      "type": "aws_apigatewayv2_stage",
      "name": "stage",
      "provider": "provider[\"registry.terraform.io/hashicorp/aws\"]",
      "instances": [
        {
          "schema_version": 0,
          "attributes": {
            "access_log_settings": [
              {
                "destination_arn": "arn:aws:logs:us-east-1:132507767948:log-group:/aws/apigateway/articlesAPI",
                "format": "{\"requestId\":\"$context.requestId\",\"ip\":\"$context.identity.sourceIp\",\"requestTime\":\"$context.requestTime\",\"httpMethod\":\"$context.httpMethod\",\"routeKey\":\"$context.routeKey\",\"status\":\"$context.status\",\"responseLength\":\"$context.responseLength\"}"
              }
            ],
            "api_id": "tvvqx5k627",
            "arn": "arn:aws:apigateway:us-east-1::/apis/tvvqx5k627/stages/prod",
            "auto_deploy": true,
            "client_certificate_id": "",
            "default_route_settings": [
              {
                "data_trace_enabled": false,
                "detailed_metrics_enabled": false,
                "logging_level": "",
                "throttling_burst_limit": 0,
                "throttling_rate_limit": 0
              }
            ],
            "deployment_id": "dah98k",
            "description": "",
            "execution_arn": "arn:aws:execute-api:us-east-1:132507767948:tvvqx5k627/prod",
            "id": "prod",
            "invoke_url": "https://tvvqx5k627.execute-api.us-east-1.amazonaws.com/prod",
            "name": "prod",
            "route_settings": [],
            "stage_variables": {},
            "tags": {},
            "tags_all": {}
          },
          "sensitive_attributes": [],
          "private": "bnVsbA==",
          "dependencies": [
            "module.articles_api.aws_apigatewayv2_api.api",
            "module.articles_api.aws_cloudwatch_log_group.api_log_group"
          ]
        }
      ]
    },
    {
      "module": "module.articles_api",
      "mode": "managed",
      "type": "aws_cloudwatch_log_group",
      "name": "api_log_group",
      "provider": "provider[\"registry.terraform.io/hashicorp/aws\"]",
      "instances": [
        {
          "schema_version": 0,
          "attributes": {
            "arn": "arn:aws:logs:us-east-1:132507767948:log-group:/aws/apigateway/articlesAPI",
            "id": "/aws/apigateway/articlesAPI",
            "kms_key_id": "",
            "log_group_class": "STANDARD",
            "name": "/aws/apigateway/articlesAPI",
            "name_prefix": "",
            "retention_in_days": 0,
            "skip_destroy": false,
            "tags": {},
            "tags_all": {}
          },
          "sensitive_attributes": [],
          "private": "bnVsbA==",
          "dependencies": [
            "module.articles_api.aws_apigatewayv2_api.api"
          ]
        }
      ]
    },
    {
      "module": "module.articles_api",
      "mode": "managed",
      "type": "aws_lambda_permission",
      "name": "delete_email_lambda_permission",
      "provider": "provider[\"registry.terraform.io/hashicorp/aws\"]",
      "instances": [
        {
          "schema_version": 0,
          "attributes": {
            "action": "lambda:InvokeFunction",
            "event_source_token": null,
            "function_name": "newsletter_unsubscribe_email",
            "function_url_auth_type": null,
            "id": "AllowAPIGatewayInvoke",
            "principal": "apigateway.amazonaws.com",
            "principal_org_id": null,
            "qualifier": "",
            "source_account": null,
            "source_arn": "arn:aws:execute-api:us-east-1:132507767948:tvvqx5k627/*",
            "statement_id": "AllowAPIGatewayInvoke",
            "statement_id_prefix": ""
          },
          "sensitive_attributes": [],
          "private": "bnVsbA==",
          "dependencies": [
            "aws_lambda_layer_version.psycopg2_layer",
            "aws_s3_bucket.lambda_layers_bucket",
            "module.articles_api.aws_apigatewayv2_api.api",
            "module.articles_api.module.delete_email_lambda.aws_iam_role.lambda_role",
            "module.articles_api.module.delete_email_lambda.aws_lambda_function.function",
            "module.articles_api.module.delete_email_lambda.data.archive_file.function_code_zip",
            "module.articles_rds_cluster.aws_db_subnet_group.subnet_group",
            "module.articles_rds_cluster.aws_internet_gateway.ig",
            "module.articles_rds_cluster.aws_rds_cluster.cluster",
            "module.articles_rds_cluster.aws_rds_cluster_instance.db",
            "module.articles_rds_cluster.aws_security_group.default",
            "module.articles_rds_cluster.aws_subnet.public_subnet",
            "module.articles_rds_cluster.aws_vpc.vpc",
            "module.articles_rds_cluster.data.aws_ssm_parameter.postgres_password"
          ]
        }
      ]
    },
    {
      "module": "module.articles_api",
      "mode": "managed",
      "type": "aws_lambda_permission",
      "name": "get_all_rds_lambda_permission",
      "provider": "provider[\"registry.terraform.io/hashicorp/aws\"]",
      "instances": [
        {
          "schema_version": 0,
          "attributes": {
            "action": "lambda:InvokeFunction",
            "event_source_token": null,
            "function_name": "articles_get_all_rows_rds",
            "function_url_auth_type": null,
            "id": "AllowAPIGatewayInvoke",
            "principal": "apigateway.amazonaws.com",
            "principal_org_id": null,
            "qualifier": "",
            "source_account": null,
            "source_arn": "arn:aws:execute-api:us-east-1:132507767948:tvvqx5k627/*",
            "statement_id": "AllowAPIGatewayInvoke",
            "statement_id_prefix": ""
          },
          "sensitive_attributes": [],
          "private": "bnVsbA==",
          "dependencies": [
            "aws_lambda_layer_version.psycopg2_layer",
            "aws_s3_bucket.lambda_layers_bucket",
            "module.articles_api.aws_apigatewayv2_api.api",
            "module.articles_api.module.articles_get_all_rows_lambda.aws_iam_role.lambda_role",
            "module.articles_api.module.articles_get_all_rows_lambda.aws_lambda_function.function",
            "module.articles_api.module.articles_get_all_rows_lambda.data.archive_file.function_code_zip",
            "module.articles_rds_cluster.aws_db_subnet_group.subnet_group",
            "module.articles_rds_cluster.aws_internet_gateway.ig",
            "module.articles_rds_cluster.aws_rds_cluster.cluster",
            "module.articles_rds_cluster.aws_rds_cluster_instance.db",
            "module.articles_rds_cluster.aws_security_group.default",
            "module.articles_rds_cluster.aws_subnet.public_subnet",
            "module.articles_rds_cluster.aws_vpc.vpc",
            "module.articles_rds_cluster.data.aws_ssm_parameter.postgres_password"
          ]
        }
      ]
    },
    {
      "module": "module.articles_api",
      "mode": "managed",
      "type": "aws_lambda_permission",
      "name": "get_email_preferences_lambda_permission",
      "provider": "provider[\"registry.terraform.io/hashicorp/aws\"]",
      "instances": [
        {
          "schema_version": 0,
          "attributes": {
            "action": "lambda:InvokeFunction",
            "event_source_token": null,
            "function_name": "newsletter_get_email_preferences",
            "function_url_auth_type": null,
            "id": "AllowAPIGatewayInvoke",
            "principal": "apigateway.amazonaws.com",
            "principal_org_id": null,
            "qualifier": "",
            "source_account": null,
            "source_arn": "arn:aws:execute-api:us-east-1:132507767948:tvvqx5k627/*",
            "statement_id": "AllowAPIGatewayInvoke",
            "statement_id_prefix": ""
          },
          "sensitive_attributes": [],
          "private": "bnVsbA==",
          "dependencies": [
            "aws_lambda_layer_version.psycopg2_layer",
            "aws_s3_bucket.lambda_layers_bucket",
            "module.articles_api.aws_apigatewayv2_api.api",
            "module.articles_api.module.get_email_preferences_lambda.aws_iam_role.lambda_role",
            "module.articles_api.module.get_email_preferences_lambda.aws_lambda_function.function",
            "module.articles_api.module.get_email_preferences_lambda.data.archive_file.function_code_zip",
            "module.articles_rds_cluster.aws_db_subnet_group.subnet_group",
            "module.articles_rds_cluster.aws_internet_gateway.ig",
            "module.articles_rds_cluster.aws_rds_cluster.cluster",
            "module.articles_rds_cluster.aws_rds_cluster_instance.db",
            "module.articles_rds_cluster.aws_security_group.default",
            "module.articles_rds_cluster.aws_subnet.public_subnet",
            "module.articles_rds_cluster.aws_vpc.vpc",
            "module.articles_rds_cluster.data.aws_ssm_parameter.postgres_password"
          ]
        }
      ]
    },
    {
      "module": "module.articles_api",
      "mode": "managed",
      "type": "aws_lambda_permission",
      "name": "get_item_lambda_permission",
      "provider": "provider[\"registry.terraform.io/hashicorp/aws\"]",
      "instances": [
        {
          "schema_version": 0,
          "attributes": {
            "action": "lambda:InvokeFunction",
            "event_source_token": null,
            "function_name": "articles_get_row_rds",
            "function_url_auth_type": null,
            "id": "AllowAPIGatewayInvoke",
            "principal": "apigateway.amazonaws.com",
            "principal_org_id": null,
            "qualifier": "",
            "source_account": null,
            "source_arn": "arn:aws:execute-api:us-east-1:132507767948:tvvqx5k627/*",
            "statement_id": "AllowAPIGatewayInvoke",
            "statement_id_prefix": ""
          },
          "sensitive_attributes": [],
          "private": "bnVsbA==",
          "dependencies": [
            "aws_lambda_layer_version.psycopg2_layer",
            "aws_s3_bucket.lambda_layers_bucket",
            "module.articles_api.aws_apigatewayv2_api.api",
            "module.articles_api.module.articles_get_row_lambda.aws_iam_role.lambda_role",
            "module.articles_api.module.articles_get_row_lambda.aws_lambda_function.function",
            "module.articles_api.module.articles_get_row_lambda.data.archive_file.function_code_zip",
            "module.articles_rds_cluster.aws_db_subnet_group.subnet_group",
            "module.articles_rds_cluster.aws_internet_gateway.ig",
            "module.articles_rds_cluster.aws_rds_cluster.cluster",
            "module.articles_rds_cluster.aws_rds_cluster_instance.db",
            "module.articles_rds_cluster.aws_security_group.default",
            "module.articles_rds_cluster.aws_subnet.public_subnet",
            "module.articles_rds_cluster.aws_vpc.vpc",
            "module.articles_rds_cluster.data.aws_ssm_parameter.postgres_password"
          ]
        }
      ]
    },
    {
      "module": "module.articles_api",
      "mode": "managed",
      "type": "aws_lambda_permission",
      "name": "like_article_lambda_permission",
      "provider": "provider[\"registry.terraform.io/hashicorp/aws\"]",
      "instances": [
        {
          "schema_version": 0,
          "attributes": {
            "action": "lambda:InvokeFunction",
            "event_source_token": null,
            "function_name": "article_like_article",
            "function_url_auth_type": null,
            "id": "AllowAPIGatewayInvoke",
            "principal": "apigateway.amazonaws.com",
            "principal_org_id": null,
            "qualifier": "",
            "source_account": null,
            "source_arn": "arn:aws:execute-api:us-east-1:132507767948:tvvqx5k627/*",
            "statement_id": "AllowAPIGatewayInvoke",
            "statement_id_prefix": ""
          },
          "sensitive_attributes": [],
          "private": "bnVsbA==",
          "dependencies": [
            "aws_lambda_layer_version.psycopg2_layer",
            "aws_s3_bucket.lambda_layers_bucket",
            "module.articles_api.aws_apigatewayv2_api.api",
            "module.articles_api.module.like_article_lambda.aws_iam_role.lambda_role",
            "module.articles_api.module.like_article_lambda.aws_lambda_function.function",
            "module.articles_api.module.like_article_lambda.data.archive_file.function_code_zip",
            "module.articles_rds_cluster.aws_db_subnet_group.subnet_group",
            "module.articles_rds_cluster.aws_internet_gateway.ig",
            "module.articles_rds_cluster.aws_rds_cluster.cluster",
            "module.articles_rds_cluster.aws_rds_cluster_instance.db",
            "module.articles_rds_cluster.aws_security_group.default",
            "module.articles_rds_cluster.aws_subnet.public_subnet",
            "module.articles_rds_cluster.aws_vpc.vpc",
            "module.articles_rds_cluster.data.aws_ssm_parameter.postgres_password"
          ]
        }
      ]
    },
    {
      "module": "module.articles_api",
      "mode": "managed",
      "type": "aws_lambda_permission",
      "name": "post_comment_lambda_permission",
      "provider": "provider[\"registry.terraform.io/hashicorp/aws\"]",
      "instances": [
        {
          "schema_version": 0,
          "attributes": {
            "action": "lambda:InvokeFunction",
            "event_source_token": null,
            "function_name": "comments_post_comment",
            "function_url_auth_type": null,
            "id": "AllowAPIGatewayInvoke",
            "principal": "apigateway.amazonaws.com",
            "principal_org_id": null,
            "qualifier": "",
            "source_account": null,
            "source_arn": "arn:aws:execute-api:us-east-1:132507767948:tvvqx5k627/*",
            "statement_id": "AllowAPIGatewayInvoke",
            "statement_id_prefix": ""
          },
          "sensitive_attributes": [],
          "private": "bnVsbA==",
          "dependencies": [
            "aws_lambda_layer_version.psycopg2_layer",
            "aws_s3_bucket.lambda_layers_bucket",
            "module.articles_api.aws_apigatewayv2_api.api",
            "module.articles_api.module.post_comment_lambda.aws_iam_role.lambda_role",
            "module.articles_api.module.post_comment_lambda.aws_lambda_function.function",
            "module.articles_api.module.post_comment_lambda.data.archive_file.function_code_zip",
            "module.articles_rds_cluster.aws_db_subnet_group.subnet_group",
            "module.articles_rds_cluster.aws_internet_gateway.ig",
            "module.articles_rds_cluster.aws_rds_cluster.cluster",
            "module.articles_rds_cluster.aws_rds_cluster_instance.db",
            "module.articles_rds_cluster.aws_security_group.default",
            "module.articles_rds_cluster.aws_subnet.public_subnet",
            "module.articles_rds_cluster.aws_vpc.vpc",
            "module.articles_rds_cluster.data.aws_ssm_parameter.postgres_password"
          ]
        }
      ]
    },
    {
      "module": "module.articles_api",
      "mode": "managed",
      "type": "aws_lambda_permission",
      "name": "post_email_lambda_permission",
      "provider": "provider[\"registry.terraform.io/hashicorp/aws\"]",
      "instances": [
        {
          "schema_version": 0,
          "attributes": {
            "action": "lambda:InvokeFunction",
            "event_source_token": null,
            "function_name": "newsletter_post_email",
            "function_url_auth_type": null,
            "id": "AllowAPIGatewayInvoke",
            "principal": "apigateway.amazonaws.com",
            "principal_org_id": null,
            "qualifier": "",
            "source_account": null,
            "source_arn": "arn:aws:execute-api:us-east-1:132507767948:tvvqx5k627/*",
            "statement_id": "AllowAPIGatewayInvoke",
            "statement_id_prefix": ""
          },
          "sensitive_attributes": [],
          "private": "bnVsbA==",
          "dependencies": [
            "aws_lambda_layer_version.psycopg2_layer",
            "aws_s3_bucket.lambda_layers_bucket",
            "module.articles_api.aws_apigatewayv2_api.api",
            "module.articles_api.module.post_email_lambda.aws_iam_role.lambda_role",
            "module.articles_api.module.post_email_lambda.aws_lambda_function.function",
            "module.articles_api.module.post_email_lambda.data.archive_file.function_code_zip",
            "module.articles_rds_cluster.aws_db_subnet_group.subnet_group",
            "module.articles_rds_cluster.aws_internet_gateway.ig",
            "module.articles_rds_cluster.aws_rds_cluster.cluster",
            "module.articles_rds_cluster.aws_rds_cluster_instance.db",
            "module.articles_rds_cluster.aws_security_group.default",
            "module.articles_rds_cluster.aws_subnet.public_subnet",
            "module.articles_rds_cluster.aws_vpc.vpc",
            "module.articles_rds_cluster.data.aws_ssm_parameter.postgres_password"
          ]
        }
      ]
    },
    {
      "module": "module.articles_api",
      "mode": "managed",
      "type": "aws_lambda_permission",
      "name": "update_email_preferences_lambda_permission",
      "provider": "provider[\"registry.terraform.io/hashicorp/aws\"]",
      "instances": [
        {
          "schema_version": 0,
          "attributes": {
            "action": "lambda:InvokeFunction",
            "event_source_token": null,
            "function_name": "newsletter_update_email_preferences",
            "function_url_auth_type": null,
            "id": "AllowAPIGatewayInvoke",
            "principal": "apigateway.amazonaws.com",
            "principal_org_id": null,
            "qualifier": "",
            "source_account": null,
            "source_arn": "arn:aws:execute-api:us-east-1:132507767948:tvvqx5k627/*",
            "statement_id": "AllowAPIGatewayInvoke",
            "statement_id_prefix": ""
          },
          "sensitive_attributes": [],
          "private": "bnVsbA==",
          "dependencies": [
            "aws_lambda_layer_version.psycopg2_layer",
            "aws_s3_bucket.lambda_layers_bucket",
            "module.articles_api.aws_apigatewayv2_api.api",
            "module.articles_api.module.update_email_preferences_lambda.aws_iam_role.lambda_role",
            "module.articles_api.module.update_email_preferences_lambda.aws_lambda_function.function",
            "module.articles_api.module.update_email_preferences_lambda.data.archive_file.function_code_zip",
            "module.articles_rds_cluster.aws_db_subnet_group.subnet_group",
            "module.articles_rds_cluster.aws_internet_gateway.ig",
            "module.articles_rds_cluster.aws_rds_cluster.cluster",
            "module.articles_rds_cluster.aws_rds_cluster_instance.db",
            "module.articles_rds_cluster.aws_security_group.default",
            "module.articles_rds_cluster.aws_subnet.public_subnet",
            "module.articles_rds_cluster.aws_vpc.vpc",
            "module.articles_rds_cluster.data.aws_ssm_parameter.postgres_password"
          ]
        }
      ]
    },
    {
      "module": "module.articles_api",
      "mode": "managed",
      "type": "aws_route53_record",
      "name": "route53_record",
      "provider": "provider[\"registry.terraform.io/hashicorp/aws\"]",
      "instances": [
        {
          "schema_version": 2,
          "attributes": {
            "alias": [
              {
                "evaluate_target_health": false,
                "name": "d-118o98f3fg.execute-api.us-east-1.amazonaws.com",
                "zone_id": "Z1UJRXOUMOOFQ8"
              }
            ],
            "allow_overwrite": null,
            "cidr_routing_policy": [],
            "failover_routing_policy": [],
            "fqdn": "blog-api.poppyland.dev",
            "geolocation_routing_policy": [],
            "health_check_id": "",
            "id": "Z06420282IBWLWB0CK5TG_blog-api.poppyland.dev_A",
            "latency_routing_policy": [],
            "multivalue_answer_routing_policy": false,
            "name": "blog-api.poppyland.dev",
            "records": [],
            "set_identifier": "",
            "ttl": 0,
            "type": "A",
            "weighted_routing_policy": [],
            "zone_id": "Z06420282IBWLWB0CK5TG"
          },
          "sensitive_attributes": [],
          "private": "eyJzY2hlbWFfdmVyc2lvbiI6IjIifQ==",
          "dependencies": [
            "module.articles_api.aws_apigatewayv2_domain_name.api_domain_name",
            "module.articles_api.data.aws_acm_certificate.acm_certificate",
            "module.articles_api.data.aws_route53_zone.poppyland_route53_zone"
          ]
        }
      ]
    },
    {
      "module": "module.articles_api.module.articles_get_all_rows_lambda",
      "mode": "data",
      "type": "archive_file",
      "name": "function_code_zip",
      "provider": "provider[\"registry.terraform.io/hashicorp/archive\"]",
      "instances": [
        {
          "schema_version": 0,
          "attributes": {
            "exclude_symlink_directories": null,
            "excludes": null,
            "id": "21e4524c94c267c3f9f9721efe6a2df981721d20",
            "output_base64sha256": "EB9fqyb/0A9tG5b2Kv6GBIAwLrFpu8cnHjMu1xzLnJ0=",
            "output_base64sha512": "FmiaQZHBp3LwSIsDs6lEw7+pxjFP6TiGQVqDBl3NWiR9HWF4f2oTCxfGy3OKTwjH52MBQTtW6ZRJ7MRbb50Bfw==",
            "output_file_mode": "0666",
            "output_md5": "b48057131ab7f79106a599eaac6a8181",
            "output_path": "modules/lambda/../../../backend/lambdas/lambda_deployment_packages/get_all_rows_rds.zip",
            "output_sha": "21e4524c94c267c3f9f9721efe6a2df981721d20",
            "output_sha256": "101f5fab26ffd00f6d1b96f62afe860480302eb169bbc7271e332ed71ccb9c9d",
            "output_sha512": "16689a4191c1a772f0488b03b3a944c3bfa9c6314fe93886415a83065dcd5a247d1d61787f6a130b17c6cb738a4f08c7e76301413b56e99449ecc45b6f9d017f",
            "output_size": 1017,
            "source": [],
            "source_content": null,
            "source_content_filename": null,
            "source_dir": "modules/lambda/../../../backend/lambdas/get_all_rows_rds",
            "source_file": null,
            "type": "zip"
          },
          "sensitive_attributes": []
        }
      ]
    },
    {
      "module": "module.articles_api.module.articles_get_all_rows_lambda",
      "mode": "managed",
      "type": "aws_iam_policy",
      "name": "lambda_logs_iam_policy",
      "provider": "provider[\"registry.terraform.io/hashicorp/aws\"]",
      "instances": [
        {
          "schema_version": 0,
          "attributes": {
            "arn": "arn:aws:iam::132507767948:policy/get_all_rows_rds_lambda_logs_iam_policy",
            "description": "",
            "id": "arn:aws:iam::132507767948:policy/get_all_rows_rds_lambda_logs_iam_policy",
            "name": "get_all_rows_rds_lambda_logs_iam_policy",
            "name_prefix": "",
            "path": "/",
            "policy": "{\"Statement\":[{\"Action\":[\"logs:CreateLogGroup\",\"logs:CreateLogStream\",\"logs:PutLogEvents\"],\"Effect\":\"Allow\",\"Resource\":\"arn:aws:logs:*:*:*\"}],\"Version\":\"2012-10-17\"}",
            "policy_id": "ANPAR5WQUCSGDBSMKLHH4",
            "tags": {},
            "tags_all": {}
          },
          "sensitive_attributes": [],
          "private": "bnVsbA=="
        }
      ]
    },
    {
      "module": "module.articles_api.module.articles_get_all_rows_lambda",
      "mode": "managed",
      "type": "aws_iam_policy",
      "name": "lambda_rds_iam_policy",
      "provider": "provider[\"registry.terraform.io/hashicorp/aws\"]",
      "instances": [
        {
          "schema_version": 0,
          "attributes": {
            "arn": "arn:aws:iam::132507767948:policy/get_all_rows_rds_lambda_rds_iam_policy",
            "description": "",
            "id": "arn:aws:iam::132507767948:policy/get_all_rows_rds_lambda_rds_iam_policy",
            "name": "get_all_rows_rds_lambda_rds_iam_policy",
            "name_prefix": "",
            "path": "/",
            "policy": "{\"Statement\":[{\"Action\":[\"rds-db:connect\"],\"Effect\":\"Allow\",\"Resource\":\"arn:aws:rds:us-east-1:132507767948:db:hannahshobbyroom\"}],\"Version\":\"2012-10-17\"}",
            "policy_id": "ANPAR5WQUCSGM2F6LUQ2X",
            "tags": {},
            "tags_all": {}
          },
          "sensitive_attributes": [],
          "private": "bnVsbA=="
        }
      ]
    },
    {
      "module": "module.articles_api.module.articles_get_all_rows_lambda",
      "mode": "managed",
      "type": "aws_iam_role",
      "name": "lambda_role",
      "provider": "provider[\"registry.terraform.io/hashicorp/aws\"]",
      "instances": [
        {
          "schema_version": 0,
          "attributes": {
            "arn": "arn:aws:iam::132507767948:role/get_all_rows_rds_lambda_function_role",
            "assume_role_policy": "{\"Statement\":[{\"Action\":\"sts:AssumeRole\",\"Effect\":\"Allow\",\"Principal\":{\"Service\":\"lambda.amazonaws.com\"},\"Sid\":\"\"}],\"Version\":\"2012-10-17\"}",
            "create_date": "2024-02-07T14:19:00Z",
            "description": "",
            "force_detach_policies": false,
            "id": "get_all_rows_rds_lambda_function_role",
            "inline_policy": [],
            "managed_policy_arns": [
              "arn:aws:iam::132507767948:policy/get_all_rows_rds_lambda_logs_iam_policy",
              "arn:aws:iam::132507767948:policy/get_all_rows_rds_lambda_rds_iam_policy"
            ],
            "max_session_duration": 3600,
            "name": "get_all_rows_rds_lambda_function_role",
            "name_prefix": "",
            "path": "/",
            "permissions_boundary": "",
            "tags": {},
            "tags_all": {},
            "unique_id": "AROAR5WQUCSGMXXJBT3RF"
          },
          "sensitive_attributes": [],
          "private": "bnVsbA=="
        }
      ]
    },
    {
      "module": "module.articles_api.module.articles_get_all_rows_lambda",
      "mode": "managed",
      "type": "aws_iam_role_policy_attachment",
      "name": "lambda_attach_logs_policy_to_role",
      "provider": "provider[\"registry.terraform.io/hashicorp/aws\"]",
      "instances": [
        {
          "schema_version": 0,
          "attributes": {
            "id": "get_all_rows_rds_lambda_function_role-20240214165125769800000003",
            "policy_arn": "arn:aws:iam::132507767948:policy/get_all_rows_rds_lambda_logs_iam_policy",
            "role": "get_all_rows_rds_lambda_function_role"
          },
          "sensitive_attributes": [],
          "private": "bnVsbA==",
          "dependencies": [
            "module.articles_api.module.articles_get_all_rows_lambda.aws_iam_policy.lambda_logs_iam_policy",
            "module.articles_api.module.articles_get_all_rows_lambda.aws_iam_role.lambda_role"
          ]
        }
      ]
    },
    {
      "module": "module.articles_api.module.articles_get_all_rows_lambda",
      "mode": "managed",
      "type": "aws_iam_role_policy_attachment",
      "name": "lambda_attach_rds_policy_to_role",
      "provider": "provider[\"registry.terraform.io/hashicorp/aws\"]",
      "instances": [
        {
          "schema_version": 0,
          "attributes": {
            "id": "get_all_rows_rds_lambda_function_role-20240207142043062400000003",
            "policy_arn": "arn:aws:iam::132507767948:policy/get_all_rows_rds_lambda_rds_iam_policy",
            "role": "get_all_rows_rds_lambda_function_role"
          },
          "sensitive_attributes": [],
          "private": "bnVsbA==",
          "dependencies": [
            "module.articles_api.module.articles_get_all_rows_lambda.aws_iam_policy.lambda_rds_iam_policy",
            "module.articles_api.module.articles_get_all_rows_lambda.aws_iam_role.lambda_role"
          ]
        }
      ]
    },
    {
      "module": "module.articles_api.module.articles_get_all_rows_lambda",
      "mode": "managed",
      "type": "aws_lambda_function",
      "name": "function",
      "provider": "provider[\"registry.terraform.io/hashicorp/aws\"]",
      "instances": [
        {
          "schema_version": 0,
          "attributes": {
            "architectures": [
              "x86_64"
            ],
            "arn": "arn:aws:lambda:us-east-1:132507767948:function:articles_get_all_rows_rds",
            "code_signing_config_arn": "",
            "dead_letter_config": [],
            "description": "",
            "environment": [
              {
                "variables": {
                  "POSTGRES_DB_NAME": "hannahshobbyroom",
                  "POSTGRES_HOST": "hannahshobbyroom.cvwpg9lwovqd.us-east-1.rds.amazonaws.com",
                  "POSTGRES_PASSWORD": "D6PT(utIU\u003cXLAl1D?Kegw.7Dc$}R#`1w",
                  "POSTGRES_PORT": "5432",
                  "POSTGRES_USERNAME": "postgres",
                  "TABLE_NAME": "articles"
                }
              }
            ],
            "ephemeral_storage": [
              {
                "size": 512
              }
            ],
            "file_system_config": [],
            "filename": "modules/lambda/../../../backend/lambdas/lambda_deployment_packages/get_all_rows_rds.zip",
            "function_name": "articles_get_all_rows_rds",
            "handler": "get_all_rows_rds.lambda_handler",
            "id": "articles_get_all_rows_rds",
            "image_config": [],
            "image_uri": "",
            "invoke_arn": "arn:aws:apigateway:us-east-1:lambda:path/2015-03-31/functions/arn:aws:lambda:us-east-1:132507767948:function:articles_get_all_rows_rds/invocations",
            "kms_key_arn": "",
            "last_modified": "2024-05-31T15:36:26.000+0000",
            "layers": [
              "arn:aws:lambda:us-east-1:132507767948:layer:psycopg2:4"
            ],
            "logging_config": [
              {
                "application_log_level": "",
                "log_format": "Text",
                "log_group": "/aws/lambda/articles_get_all_rows_rds",
                "system_log_level": ""
              }
            ],
            "memory_size": 128,
            "package_type": "Zip",
            "publish": false,
            "qualified_arn": "arn:aws:lambda:us-east-1:132507767948:function:articles_get_all_rows_rds:$LATEST",
            "qualified_invoke_arn": "arn:aws:apigateway:us-east-1:lambda:path/2015-03-31/functions/arn:aws:lambda:us-east-1:132507767948:function:articles_get_all_rows_rds:$LATEST/invocations",
            "replace_security_groups_on_destroy": null,
            "replacement_security_group_ids": null,
            "reserved_concurrent_executions": -1,
            "role": "arn:aws:iam::132507767948:role/get_all_rows_rds_lambda_function_role",
            "runtime": "python3.9",
            "s3_bucket": null,
            "s3_key": null,
            "s3_object_version": null,
            "signing_job_arn": "",
            "signing_profile_version_arn": "",
            "skip_destroy": false,
            "snap_start": [],
            "source_code_hash": "EB9fqyb/0A9tG5b2Kv6GBIAwLrFpu8cnHjMu1xzLnJ0=",
            "source_code_size": 1017,
            "tags": {},
            "tags_all": {},
            "timeout": 3,
            "timeouts": null,
            "tracing_config": [
              {
                "mode": "PassThrough"
              }
            ],
            "version": "$LATEST",
            "vpc_config": []
          },
          "sensitive_attributes": [
            [
              {
                "type": "get_attr",
                "value": "environment"
              },
              {
                "type": "index",
                "value": {
                  "value": 0,
                  "type": "number"
                }
              },
              {
                "type": "get_attr",
                "value": "variables"
              },
              {
                "type": "index",
                "value": {
                  "value": "POSTGRES_PASSWORD",
                  "type": "string"
                }
              }
            ]
          ],
          "private": "eyJlMmJmYjczMC1lY2FhLTExZTYtOGY4OC0zNDM2M2JjN2M0YzAiOnsiY3JlYXRlIjo2MDAwMDAwMDAwMDAsImRlbGV0ZSI6NjAwMDAwMDAwMDAwLCJ1cGRhdGUiOjYwMDAwMDAwMDAwMH19",
          "dependencies": [
            "aws_lambda_layer_version.psycopg2_layer",
            "module.articles_api.module.articles_get_all_rows_lambda.aws_iam_role.lambda_role",
            "module.articles_api.module.articles_get_all_rows_lambda.data.archive_file.function_code_zip",
            "module.articles_rds_cluster.aws_db_subnet_group.subnet_group",
            "module.articles_rds_cluster.aws_internet_gateway.ig",
            "module.articles_rds_cluster.aws_rds_cluster.cluster",
            "module.articles_rds_cluster.aws_rds_cluster_instance.db",
            "module.articles_rds_cluster.aws_security_group.default",
            "module.articles_rds_cluster.aws_vpc.vpc",
            "module.articles_rds_cluster.data.aws_ssm_parameter.postgres_password"
          ]
        }
      ]
    },
    {
      "module": "module.articles_api.module.articles_get_row_lambda",
      "mode": "data",
      "type": "archive_file",
      "name": "function_code_zip",
      "provider": "provider[\"registry.terraform.io/hashicorp/archive\"]",
      "instances": [
        {
          "schema_version": 0,
          "attributes": {
            "exclude_symlink_directories": null,
            "excludes": null,
            "id": "8937203932e0c6e98cafaa4a3356680e1433c738",
            "output_base64sha256": "HqqoBTsppVFhT+Cgi7ia7dqEkwU9z5WQ8qTp34HEU5Y=",
            "output_base64sha512": "uD7qa7rGg/cGCQbjSBeFRR4RamMSH9B74wILcyPbZzG4giirzzKlEARIA02pSorADPo8i+gG22mc6XBhMySwjg==",
            "output_file_mode": "0666",
            "output_md5": "f6d273dd568d9b89738075a7abd93d9b",
            "output_path": "modules/lambda/../../../backend/lambdas/lambda_deployment_packages/get_row_rds.zip",
            "output_sha": "8937203932e0c6e98cafaa4a3356680e1433c738",
            "output_sha256": "1eaaa8053b29a551614fe0a08bb89aedda8493053dcf9590f2a4e9df81c45396",
            "output_sha512": "b83eea6bbac683f7060906e3481785451e116a63121fd07be3020b7323db6731b88228abcf32a5100448034da94a8ac00cfa3c8be806db699ce970613324b08e",
            "output_size": 777,
            "source": [],
            "source_content": null,
            "source_content_filename": null,
            "source_dir": "modules/lambda/../../../backend/lambdas/get_row_rds",
            "source_file": null,
            "type": "zip"
          },
          "sensitive_attributes": []
        }
      ]
    },
    {
      "module": "module.articles_api.module.articles_get_row_lambda",
      "mode": "managed",
      "type": "aws_iam_policy",
      "name": "lambda_logs_iam_policy",
      "provider": "provider[\"registry.terraform.io/hashicorp/aws\"]",
      "instances": [
        {
          "schema_version": 0,
          "attributes": {
            "arn": "arn:aws:iam::132507767948:policy/get_row_rds_lambda_logs_iam_policy",
            "description": "",
            "id": "arn:aws:iam::132507767948:policy/get_row_rds_lambda_logs_iam_policy",
            "name": "get_row_rds_lambda_logs_iam_policy",
            "name_prefix": "",
            "path": "/",
            "policy": "{\"Statement\":[{\"Action\":[\"logs:CreateLogGroup\",\"logs:CreateLogStream\",\"logs:PutLogEvents\"],\"Effect\":\"Allow\",\"Resource\":\"arn:aws:logs:*:*:*\"}],\"Version\":\"2012-10-17\"}",
            "policy_id": "ANPAR5WQUCSGJIEI2767S",
            "tags": {},
            "tags_all": {}
          },
          "sensitive_attributes": [],
          "private": "bnVsbA=="
        }
      ]
    },
    {
      "module": "module.articles_api.module.articles_get_row_lambda",
      "mode": "managed",
      "type": "aws_iam_policy",
      "name": "lambda_rds_iam_policy",
      "provider": "provider[\"registry.terraform.io/hashicorp/aws\"]",
      "instances": [
        {
          "schema_version": 0,
          "attributes": {
            "arn": "arn:aws:iam::132507767948:policy/get_row_rds_lambda_rds_iam_policy",
            "description": "",
            "id": "arn:aws:iam::132507767948:policy/get_row_rds_lambda_rds_iam_policy",
            "name": "get_row_rds_lambda_rds_iam_policy",
            "name_prefix": "",
            "path": "/",
            "policy": "{\"Statement\":[{\"Action\":[\"rds-db:connect\"],\"Effect\":\"Allow\",\"Resource\":\"arn:aws:rds:us-east-1:132507767948:db:hannahshobbyroom\"}],\"Version\":\"2012-10-17\"}",
            "policy_id": "ANPAR5WQUCSGLY3CV4GGX",
            "tags": {},
            "tags_all": {}
          },
          "sensitive_attributes": [],
          "private": "bnVsbA=="
        }
      ]
    },
    {
      "module": "module.articles_api.module.articles_get_row_lambda",
      "mode": "managed",
      "type": "aws_iam_role",
      "name": "lambda_role",
      "provider": "provider[\"registry.terraform.io/hashicorp/aws\"]",
      "instances": [
        {
          "schema_version": 0,
          "attributes": {
            "arn": "arn:aws:iam::132507767948:role/get_row_rds_lambda_function_role",
            "assume_role_policy": "{\"Statement\":[{\"Action\":\"sts:AssumeRole\",\"Effect\":\"Allow\",\"Principal\":{\"Service\":\"lambda.amazonaws.com\"},\"Sid\":\"\"}],\"Version\":\"2012-10-17\"}",
            "create_date": "2024-02-07T17:16:36Z",
            "description": "",
            "force_detach_policies": false,
            "id": "get_row_rds_lambda_function_role",
            "inline_policy": [],
            "managed_policy_arns": [
              "arn:aws:iam::132507767948:policy/get_row_rds_lambda_logs_iam_policy",
              "arn:aws:iam::132507767948:policy/get_row_rds_lambda_rds_iam_policy"
            ],
            "max_session_duration": 3600,
            "name": "get_row_rds_lambda_function_role",
            "name_prefix": "",
            "path": "/",
            "permissions_boundary": "",
            "tags": {},
            "tags_all": {},
            "unique_id": "AROAR5WQUCSGEEGMS6U3K"
          },
          "sensitive_attributes": [],
          "private": "bnVsbA=="
        }
      ]
    },
    {
      "module": "module.articles_api.module.articles_get_row_lambda",
      "mode": "managed",
      "type": "aws_iam_role_policy_attachment",
      "name": "lambda_attach_logs_policy_to_role",
      "provider": "provider[\"registry.terraform.io/hashicorp/aws\"]",
      "instances": [
        {
          "schema_version": 0,
          "attributes": {
            "id": "get_row_rds_lambda_function_role-20240214165125765700000002",
            "policy_arn": "arn:aws:iam::132507767948:policy/get_row_rds_lambda_logs_iam_policy",
            "role": "get_row_rds_lambda_function_role"
          },
          "sensitive_attributes": [],
          "private": "bnVsbA==",
          "dependencies": [
            "module.articles_api.module.articles_get_row_lambda.aws_iam_policy.lambda_logs_iam_policy",
            "module.articles_api.module.articles_get_row_lambda.aws_iam_role.lambda_role"
          ]
        }
      ]
    },
    {
      "module": "module.articles_api.module.articles_get_row_lambda",
      "mode": "managed",
      "type": "aws_iam_role_policy_attachment",
      "name": "lambda_attach_rds_policy_to_role",
      "provider": "provider[\"registry.terraform.io/hashicorp/aws\"]",
      "instances": [
        {
          "schema_version": 0,
          "attributes": {
            "id": "get_row_rds_lambda_function_role-20240207171637722500000002",
            "policy_arn": "arn:aws:iam::132507767948:policy/get_row_rds_lambda_rds_iam_policy",
            "role": "get_row_rds_lambda_function_role"
          },
          "sensitive_attributes": [],
          "private": "bnVsbA==",
          "dependencies": [
            "module.articles_api.module.articles_get_row_lambda.aws_iam_policy.lambda_rds_iam_policy",
            "module.articles_api.module.articles_get_row_lambda.aws_iam_role.lambda_role"
          ]
        }
      ]
    },
    {
      "module": "module.articles_api.module.articles_get_row_lambda",
      "mode": "managed",
      "type": "aws_lambda_function",
      "name": "function",
      "provider": "provider[\"registry.terraform.io/hashicorp/aws\"]",
      "instances": [
        {
          "schema_version": 0,
          "attributes": {
            "architectures": [
              "x86_64"
            ],
            "arn": "arn:aws:lambda:us-east-1:132507767948:function:articles_get_row_rds",
            "code_signing_config_arn": "",
            "dead_letter_config": [],
            "description": "",
            "environment": [
              {
                "variables": {
                  "POSTGRES_DB_NAME": "hannahshobbyroom",
                  "POSTGRES_HOST": "hannahshobbyroom.cvwpg9lwovqd.us-east-1.rds.amazonaws.com",
                  "POSTGRES_PASSWORD": "D6PT(utIU\u003cXLAl1D?Kegw.7Dc$}R#`1w",
                  "POSTGRES_PORT": "5432",
                  "POSTGRES_USERNAME": "postgres",
                  "TABLE_NAME": "articles"
                }
              }
            ],
            "ephemeral_storage": [
              {
                "size": 512
              }
            ],
            "file_system_config": [],
            "filename": "modules/lambda/../../../backend/lambdas/lambda_deployment_packages/get_row_rds.zip",
            "function_name": "articles_get_row_rds",
            "handler": "get_row_rds.lambda_handler",
            "id": "articles_get_row_rds",
            "image_config": [],
            "image_uri": "",
            "invoke_arn": "arn:aws:apigateway:us-east-1:lambda:path/2015-03-31/functions/arn:aws:lambda:us-east-1:132507767948:function:articles_get_row_rds/invocations",
            "kms_key_arn": "",
            "last_modified": "2024-05-31T15:36:16.000+0000",
            "layers": [
              "arn:aws:lambda:us-east-1:132507767948:layer:psycopg2:4"
            ],
            "logging_config": [
              {
                "application_log_level": "",
                "log_format": "Text",
                "log_group": "/aws/lambda/articles_get_row_rds",
                "system_log_level": ""
              }
            ],
            "memory_size": 128,
            "package_type": "Zip",
            "publish": false,
            "qualified_arn": "arn:aws:lambda:us-east-1:132507767948:function:articles_get_row_rds:$LATEST",
            "qualified_invoke_arn": "arn:aws:apigateway:us-east-1:lambda:path/2015-03-31/functions/arn:aws:lambda:us-east-1:132507767948:function:articles_get_row_rds:$LATEST/invocations",
            "replace_security_groups_on_destroy": null,
            "replacement_security_group_ids": null,
            "reserved_concurrent_executions": -1,
            "role": "arn:aws:iam::132507767948:role/get_row_rds_lambda_function_role",
            "runtime": "python3.9",
            "s3_bucket": null,
            "s3_key": null,
            "s3_object_version": null,
            "signing_job_arn": "",
            "signing_profile_version_arn": "",
            "skip_destroy": false,
            "snap_start": [],
            "source_code_hash": "HqqoBTsppVFhT+Cgi7ia7dqEkwU9z5WQ8qTp34HEU5Y=",
            "source_code_size": 777,
            "tags": {},
            "tags_all": {},
            "timeout": 3,
            "timeouts": null,
            "tracing_config": [
              {
                "mode": "PassThrough"
              }
            ],
            "version": "$LATEST",
            "vpc_config": []
          },
          "sensitive_attributes": [
            [
              {
                "type": "get_attr",
                "value": "environment"
              },
              {
                "type": "index",
                "value": {
                  "value": 0,
                  "type": "number"
                }
              },
              {
                "type": "get_attr",
                "value": "variables"
              },
              {
                "type": "index",
                "value": {
                  "value": "POSTGRES_PASSWORD",
                  "type": "string"
                }
              }
            ]
          ],
          "private": "eyJlMmJmYjczMC1lY2FhLTExZTYtOGY4OC0zNDM2M2JjN2M0YzAiOnsiY3JlYXRlIjo2MDAwMDAwMDAwMDAsImRlbGV0ZSI6NjAwMDAwMDAwMDAwLCJ1cGRhdGUiOjYwMDAwMDAwMDAwMH19",
          "dependencies": [
            "aws_lambda_layer_version.psycopg2_layer",
            "module.articles_api.module.articles_get_row_lambda.aws_iam_role.lambda_role",
            "module.articles_api.module.articles_get_row_lambda.data.archive_file.function_code_zip",
            "module.articles_rds_cluster.aws_db_subnet_group.subnet_group",
            "module.articles_rds_cluster.aws_internet_gateway.ig",
            "module.articles_rds_cluster.aws_rds_cluster.cluster",
            "module.articles_rds_cluster.aws_rds_cluster_instance.db",
            "module.articles_rds_cluster.aws_security_group.default",
            "module.articles_rds_cluster.aws_vpc.vpc",
            "module.articles_rds_cluster.data.aws_ssm_parameter.postgres_password"
          ]
        }
      ]
    },
    {
      "module": "module.articles_api.module.delete_email_lambda",
      "mode": "data",
      "type": "archive_file",
      "name": "function_code_zip",
      "provider": "provider[\"registry.terraform.io/hashicorp/archive\"]",
      "instances": [
        {
          "schema_version": 0,
          "attributes": {
            "exclude_symlink_directories": null,
            "excludes": null,
            "id": "a8a062a0d84b2ffa4a26911b0998fa01cdb7d1cf",
            "output_base64sha256": "GHz1hsg1AvAls9nnnlm+m0EfJFijbQ30MPJLj3l03nU=",
            "output_base64sha512": "4n5ej0xNkOrdgeV8dSgbMh8aX5ISqG9X0o9hQSZUwIpaMV0vGy13NRfd4hA/p3uiJZyjkToeFq7P+TWJyGdTUg==",
            "output_file_mode": "0666",
            "output_md5": "8020baf718165cf634bc562e8ecebae5",
            "output_path": "modules/lambda/../../../backend/lambdas/lambda_deployment_packages/unsubscribe_email.zip",
            "output_sha": "a8a062a0d84b2ffa4a26911b0998fa01cdb7d1cf",
            "output_sha256": "187cf586c83502f025b3d9e79e59be9b411f2458a36d0df430f24b8f7974de75",
            "output_sha512": "e27e5e8f4c4d90eadd81e57c75281b321f1a5f9212a86f57d28f61412654c08a5a315d2f1b2d773517dde2103fa77ba2259ca3913a1e16aecff93589c8675352",
            "output_size": 737,
            "source": [],
            "source_content": null,
            "source_content_filename": null,
            "source_dir": "modules/lambda/../../../backend/lambdas/unsubscribe_email",
            "source_file": null,
            "type": "zip"
          },
          "sensitive_attributes": []
        }
      ]
    },
    {
      "module": "module.articles_api.module.delete_email_lambda",
      "mode": "managed",
      "type": "aws_iam_policy",
      "name": "lambda_logs_iam_policy",
      "provider": "provider[\"registry.terraform.io/hashicorp/aws\"]",
      "instances": [
        {
          "schema_version": 0,
          "attributes": {
            "arn": "arn:aws:iam::132507767948:policy/unsubscribe_email_lambda_logs_iam_policy",
            "description": "",
            "id": "arn:aws:iam::132507767948:policy/unsubscribe_email_lambda_logs_iam_policy",
            "name": "unsubscribe_email_lambda_logs_iam_policy",
            "name_prefix": "",
            "path": "/",
            "policy": "{\"Statement\":[{\"Action\":[\"logs:CreateLogGroup\",\"logs:CreateLogStream\",\"logs:PutLogEvents\"],\"Effect\":\"Allow\",\"Resource\":\"arn:aws:logs:*:*:*\"}],\"Version\":\"2012-10-17\"}",
            "policy_id": "ANPAR5WQUCSGBEMAPRSOC",
            "tags": {},
            "tags_all": {}
          },
          "sensitive_attributes": [],
          "private": "bnVsbA=="
        }
      ]
    },
    {
      "module": "module.articles_api.module.delete_email_lambda",
      "mode": "managed",
      "type": "aws_iam_policy",
      "name": "lambda_rds_iam_policy",
      "provider": "provider[\"registry.terraform.io/hashicorp/aws\"]",
      "instances": [
        {
          "schema_version": 0,
          "attributes": {
            "arn": "arn:aws:iam::132507767948:policy/unsubscribe_email_lambda_rds_iam_policy",
            "description": "",
            "id": "arn:aws:iam::132507767948:policy/unsubscribe_email_lambda_rds_iam_policy",
            "name": "unsubscribe_email_lambda_rds_iam_policy",
            "name_prefix": "",
            "path": "/",
            "policy": "{\"Statement\":[{\"Action\":[\"rds-db:connect\"],\"Effect\":\"Allow\",\"Resource\":\"arn:aws:rds:us-east-1:132507767948:db:hannahshobbyroom\"}],\"Version\":\"2012-10-17\"}",
            "policy_id": "ANPAR5WQUCSGG7AXJCTZJ",
            "tags": {},
            "tags_all": {}
          },
          "sensitive_attributes": [],
          "private": "bnVsbA=="
        }
      ]
    },
    {
      "module": "module.articles_api.module.delete_email_lambda",
      "mode": "managed",
      "type": "aws_iam_role",
      "name": "lambda_role",
      "provider": "provider[\"registry.terraform.io/hashicorp/aws\"]",
      "instances": [
        {
          "schema_version": 0,
          "attributes": {
            "arn": "arn:aws:iam::132507767948:role/unsubscribe_email_lambda_function_role",
            "assume_role_policy": "{\"Statement\":[{\"Action\":\"sts:AssumeRole\",\"Effect\":\"Allow\",\"Principal\":{\"Service\":\"lambda.amazonaws.com\"},\"Sid\":\"\"}],\"Version\":\"2012-10-17\"}",
            "create_date": "2024-02-10T17:44:46Z",
            "description": "",
            "force_detach_policies": false,
            "id": "unsubscribe_email_lambda_function_role",
            "inline_policy": [],
            "managed_policy_arns": [
              "arn:aws:iam::132507767948:policy/unsubscribe_email_lambda_logs_iam_policy",
              "arn:aws:iam::132507767948:policy/unsubscribe_email_lambda_rds_iam_policy"
            ],
            "max_session_duration": 3600,
            "name": "unsubscribe_email_lambda_function_role",
            "name_prefix": "",
            "path": "/",
            "permissions_boundary": "",
            "tags": {},
            "tags_all": {},
            "unique_id": "AROAR5WQUCSGE3MDFT36U"
          },
          "sensitive_attributes": [],
          "private": "bnVsbA=="
        }
      ]
    },
    {
      "module": "module.articles_api.module.delete_email_lambda",
      "mode": "managed",
      "type": "aws_iam_role_policy_attachment",
      "name": "lambda_attach_logs_policy_to_role",
      "provider": "provider[\"registry.terraform.io/hashicorp/aws\"]",
      "instances": [
        {
          "schema_version": 0,
          "attributes": {
            "id": "unsubscribe_email_lambda_function_role-20240214165125763900000001",
            "policy_arn": "arn:aws:iam::132507767948:policy/unsubscribe_email_lambda_logs_iam_policy",
            "role": "unsubscribe_email_lambda_function_role"
          },
          "sensitive_attributes": [],
          "private": "bnVsbA==",
          "dependencies": [
            "module.articles_api.module.delete_email_lambda.aws_iam_policy.lambda_logs_iam_policy",
            "module.articles_api.module.delete_email_lambda.aws_iam_role.lambda_role"
          ]
        }
      ]
    },
    {
      "module": "module.articles_api.module.delete_email_lambda",
      "mode": "managed",
      "type": "aws_iam_role_policy_attachment",
      "name": "lambda_attach_rds_policy_to_role",
      "provider": "provider[\"registry.terraform.io/hashicorp/aws\"]",
      "instances": [
        {
          "schema_version": 0,
          "attributes": {
            "id": "unsubscribe_email_lambda_function_role-20240210174446379000000001",
            "policy_arn": "arn:aws:iam::132507767948:policy/unsubscribe_email_lambda_rds_iam_policy",
            "role": "unsubscribe_email_lambda_function_role"
          },
          "sensitive_attributes": [],
          "private": "bnVsbA==",
          "dependencies": [
            "module.articles_api.module.delete_email_lambda.aws_iam_policy.lambda_rds_iam_policy",
            "module.articles_api.module.delete_email_lambda.aws_iam_role.lambda_role"
          ]
        }
      ]
    },
    {
      "module": "module.articles_api.module.delete_email_lambda",
      "mode": "managed",
      "type": "aws_lambda_function",
      "name": "function",
      "provider": "provider[\"registry.terraform.io/hashicorp/aws\"]",
      "instances": [
        {
          "schema_version": 0,
          "attributes": {
            "architectures": [
              "x86_64"
            ],
            "arn": "arn:aws:lambda:us-east-1:132507767948:function:newsletter_unsubscribe_email",
            "code_signing_config_arn": "",
            "dead_letter_config": [],
            "description": "",
            "environment": [
              {
                "variables": {
                  "POSTGRES_DB_NAME": "hannahshobbyroom",
                  "POSTGRES_HOST": "hannahshobbyroom.cvwpg9lwovqd.us-east-1.rds.amazonaws.com",
                  "POSTGRES_PASSWORD": "D6PT(utIU\u003cXLAl1D?Kegw.7Dc$}R#`1w",
                  "POSTGRES_PORT": "5432",
                  "POSTGRES_USERNAME": "postgres",
                  "TABLE_NAME": "newsletter"
                }
              }
            ],
            "ephemeral_storage": [
              {
                "size": 512
              }
            ],
            "file_system_config": [],
            "filename": "modules/lambda/../../../backend/lambdas/lambda_deployment_packages/unsubscribe_email.zip",
            "function_name": "newsletter_unsubscribe_email",
            "handler": "unsubscribe_email.lambda_handler",
            "id": "newsletter_unsubscribe_email",
            "image_config": [],
            "image_uri": "",
            "invoke_arn": "arn:aws:apigateway:us-east-1:lambda:path/2015-03-31/functions/arn:aws:lambda:us-east-1:132507767948:function:newsletter_unsubscribe_email/invocations",
            "kms_key_arn": "",
            "last_modified": "2024-05-31T15:36:44.000+0000",
            "layers": [
              "arn:aws:lambda:us-east-1:132507767948:layer:psycopg2:4"
            ],
            "logging_config": [
              {
                "application_log_level": "",
                "log_format": "Text",
                "log_group": "/aws/lambda/newsletter_unsubscribe_email",
                "system_log_level": ""
              }
            ],
            "memory_size": 128,
            "package_type": "Zip",
            "publish": false,
            "qualified_arn": "arn:aws:lambda:us-east-1:132507767948:function:newsletter_unsubscribe_email:$LATEST",
            "qualified_invoke_arn": "arn:aws:apigateway:us-east-1:lambda:path/2015-03-31/functions/arn:aws:lambda:us-east-1:132507767948:function:newsletter_unsubscribe_email:$LATEST/invocations",
            "replace_security_groups_on_destroy": null,
            "replacement_security_group_ids": null,
            "reserved_concurrent_executions": -1,
            "role": "arn:aws:iam::132507767948:role/unsubscribe_email_lambda_function_role",
            "runtime": "python3.9",
            "s3_bucket": null,
            "s3_key": null,
            "s3_object_version": null,
            "signing_job_arn": "",
            "signing_profile_version_arn": "",
            "skip_destroy": false,
            "snap_start": [],
            "source_code_hash": "GHz1hsg1AvAls9nnnlm+m0EfJFijbQ30MPJLj3l03nU=",
            "source_code_size": 737,
            "tags": {},
            "tags_all": {},
            "timeout": 3,
            "timeouts": null,
            "tracing_config": [
              {
                "mode": "PassThrough"
              }
            ],
            "version": "$LATEST",
            "vpc_config": []
          },
          "sensitive_attributes": [
            [
              {
                "type": "get_attr",
                "value": "environment"
              },
              {
                "type": "index",
                "value": {
                  "value": 0,
                  "type": "number"
                }
              },
              {
                "type": "get_attr",
                "value": "variables"
              },
              {
                "type": "index",
                "value": {
                  "value": "POSTGRES_PASSWORD",
                  "type": "string"
                }
              }
            ]
          ],
          "private": "eyJlMmJmYjczMC1lY2FhLTExZTYtOGY4OC0zNDM2M2JjN2M0YzAiOnsiY3JlYXRlIjo2MDAwMDAwMDAwMDAsImRlbGV0ZSI6NjAwMDAwMDAwMDAwLCJ1cGRhdGUiOjYwMDAwMDAwMDAwMH19",
          "dependencies": [
            "aws_lambda_layer_version.psycopg2_layer",
            "module.articles_api.module.delete_email_lambda.aws_iam_role.lambda_role",
            "module.articles_api.module.delete_email_lambda.data.archive_file.function_code_zip",
            "module.articles_rds_cluster.aws_db_subnet_group.subnet_group",
            "module.articles_rds_cluster.aws_internet_gateway.ig",
            "module.articles_rds_cluster.aws_rds_cluster.cluster",
            "module.articles_rds_cluster.aws_rds_cluster_instance.db",
            "module.articles_rds_cluster.aws_security_group.default",
            "module.articles_rds_cluster.aws_vpc.vpc",
            "module.articles_rds_cluster.data.aws_ssm_parameter.postgres_password"
          ]
        }
      ]
    },
    {
      "module": "module.articles_api.module.get_email_preferences_lambda",
      "mode": "data",
      "type": "archive_file",
      "name": "function_code_zip",
      "provider": "provider[\"registry.terraform.io/hashicorp/archive\"]",
      "instances": [
        {
          "schema_version": 0,
          "attributes": {
            "exclude_symlink_directories": null,
            "excludes": null,
            "id": "2d57a77407a627f4026b3090d9baa6cfb2f9e6de",
            "output_base64sha256": "+MiKpbHOT8kXCYSIizmLCEBrw5Krr1Z4JLk1wwO5PTY=",
            "output_base64sha512": "pJkl1IBJjRgo5JI0I1lrGPXDaDlMvKv7bans0zXT7s5RAxqO/N/104PnqRKu0US9xpkyfhfrf41cvNTEbSqeTA==",
            "output_file_mode": "0666",
            "output_md5": "0b0f5482174f6f6446a5551e6c83cc8c",
            "output_path": "modules/lambda/../../../backend/lambdas/lambda_deployment_packages/get_email_preferences.zip",
            "output_sha": "2d57a77407a627f4026b3090d9baa6cfb2f9e6de",
            "output_sha256": "f8c88aa5b1ce4fc9170984888b398b08406bc392abaf567824b935c303b93d36",
            "output_sha512": "a49925d480498d1828e4923423596b18f5c368394cbcabfb6da9ecd335d3eece51031a8efcdff5d383e7a912aed144bdc699327e17eb7f8d5cbcd4c46d2a9e4c",
            "output_size": 860,
            "source": [],
            "source_content": null,
            "source_content_filename": null,
            "source_dir": "modules/lambda/../../../backend/lambdas/get_email_preferences",
            "source_file": null,
            "type": "zip"
          },
          "sensitive_attributes": []
        }
      ]
    },
    {
      "module": "module.articles_api.module.get_email_preferences_lambda",
      "mode": "managed",
      "type": "aws_iam_policy",
      "name": "lambda_logs_iam_policy",
      "provider": "provider[\"registry.terraform.io/hashicorp/aws\"]",
      "instances": [
        {
          "schema_version": 0,
          "attributes": {
            "arn": "arn:aws:iam::132507767948:policy/get_email_preferences_lambda_logs_iam_policy",
            "description": "",
            "id": "arn:aws:iam::132507767948:policy/get_email_preferences_lambda_logs_iam_policy",
            "name": "get_email_preferences_lambda_logs_iam_policy",
            "name_prefix": "",
            "path": "/",
            "policy": "{\"Statement\":[{\"Action\":[\"logs:CreateLogGroup\",\"logs:CreateLogStream\",\"logs:PutLogEvents\"],\"Effect\":\"Allow\",\"Resource\":\"arn:aws:logs:*:*:*\"}],\"Version\":\"2012-10-17\"}",
            "policy_id": "ANPAR5WQUCSGBB6AGDDX2",
            "tags": {},
            "tags_all": {}
          },
          "sensitive_attributes": [],
          "private": "bnVsbA=="
        }
      ]
    },
    {
      "module": "module.articles_api.module.get_email_preferences_lambda",
      "mode": "managed",
      "type": "aws_iam_policy",
      "name": "lambda_rds_iam_policy",
      "provider": "provider[\"registry.terraform.io/hashicorp/aws\"]",
      "instances": [
        {
          "schema_version": 0,
          "attributes": {
            "arn": "arn:aws:iam::132507767948:policy/get_email_preferences_lambda_rds_iam_policy",
            "description": "",
            "id": "arn:aws:iam::132507767948:policy/get_email_preferences_lambda_rds_iam_policy",
            "name": "get_email_preferences_lambda_rds_iam_policy",
            "name_prefix": "",
            "path": "/",
            "policy": "{\"Statement\":[{\"Action\":[\"rds-db:connect\"],\"Effect\":\"Allow\",\"Resource\":\"arn:aws:rds:us-east-1:132507767948:db:hannahshobbyroom\"}],\"Version\":\"2012-10-17\"}",
            "policy_id": "ANPAR5WQUCSGGMVFED5AI",
            "tags": {},
            "tags_all": {}
          },
          "sensitive_attributes": [],
          "private": "bnVsbA=="
        }
      ]
    },
    {
      "module": "module.articles_api.module.get_email_preferences_lambda",
      "mode": "managed",
      "type": "aws_iam_role",
      "name": "lambda_role",
      "provider": "provider[\"registry.terraform.io/hashicorp/aws\"]",
      "instances": [
        {
          "schema_version": 0,
          "attributes": {
            "arn": "arn:aws:iam::132507767948:role/get_email_preferences_lambda_function_role",
            "assume_role_policy": "{\"Statement\":[{\"Action\":\"sts:AssumeRole\",\"Effect\":\"Allow\",\"Principal\":{\"Service\":\"lambda.amazonaws.com\"},\"Sid\":\"\"}],\"Version\":\"2012-10-17\"}",
            "create_date": "2024-04-08T13:11:08Z",
            "description": "",
            "force_detach_policies": false,
            "id": "get_email_preferences_lambda_function_role",
            "inline_policy": [],
            "managed_policy_arns": [
              "arn:aws:iam::132507767948:policy/get_email_preferences_lambda_logs_iam_policy",
              "arn:aws:iam::132507767948:policy/get_email_preferences_lambda_rds_iam_policy"
            ],
            "max_session_duration": 3600,
            "name": "get_email_preferences_lambda_function_role",
            "name_prefix": "",
            "path": "/",
            "permissions_boundary": "",
            "tags": {},
            "tags_all": {},
            "unique_id": "AROAR5WQUCSGJHOJUW4FT"
          },
          "sensitive_attributes": [],
          "private": "bnVsbA=="
        }
      ]
    },
    {
      "module": "module.articles_api.module.get_email_preferences_lambda",
      "mode": "managed",
      "type": "aws_iam_role_policy_attachment",
      "name": "lambda_attach_logs_policy_to_role",
      "provider": "provider[\"registry.terraform.io/hashicorp/aws\"]",
      "instances": [
        {
          "schema_version": 0,
          "attributes": {
            "id": "get_email_preferences_lambda_function_role-20240408131109306000000004",
            "policy_arn": "arn:aws:iam::132507767948:policy/get_email_preferences_lambda_logs_iam_policy",
            "role": "get_email_preferences_lambda_function_role"
          },
          "sensitive_attributes": [],
          "private": "bnVsbA==",
          "dependencies": [
            "module.articles_api.module.get_email_preferences_lambda.aws_iam_policy.lambda_logs_iam_policy",
            "module.articles_api.module.get_email_preferences_lambda.aws_iam_role.lambda_role"
          ]
        }
      ]
    },
    {
      "module": "module.articles_api.module.get_email_preferences_lambda",
      "mode": "managed",
      "type": "aws_iam_role_policy_attachment",
      "name": "lambda_attach_rds_policy_to_role",
      "provider": "provider[\"registry.terraform.io/hashicorp/aws\"]",
      "instances": [
        {
          "schema_version": 0,
          "attributes": {
            "id": "get_email_preferences_lambda_function_role-20240408131109289500000003",
            "policy_arn": "arn:aws:iam::132507767948:policy/get_email_preferences_lambda_rds_iam_policy",
            "role": "get_email_preferences_lambda_function_role"
          },
          "sensitive_attributes": [],
          "private": "bnVsbA==",
          "dependencies": [
            "module.articles_api.module.get_email_preferences_lambda.aws_iam_policy.lambda_rds_iam_policy",
            "module.articles_api.module.get_email_preferences_lambda.aws_iam_role.lambda_role"
          ]
        }
      ]
    },
    {
      "module": "module.articles_api.module.get_email_preferences_lambda",
      "mode": "managed",
      "type": "aws_lambda_function",
      "name": "function",
      "provider": "provider[\"registry.terraform.io/hashicorp/aws\"]",
      "instances": [
        {
          "schema_version": 0,
          "attributes": {
            "architectures": [
              "x86_64"
            ],
            "arn": "arn:aws:lambda:us-east-1:132507767948:function:newsletter_get_email_preferences",
            "code_signing_config_arn": "",
            "dead_letter_config": [],
            "description": "",
            "environment": [
              {
                "variables": {
                  "POSTGRES_DB_NAME": "hannahshobbyroom",
                  "POSTGRES_HOST": "hannahshobbyroom.cvwpg9lwovqd.us-east-1.rds.amazonaws.com",
                  "POSTGRES_PASSWORD": "D6PT(utIU\u003cXLAl1D?Kegw.7Dc$}R#`1w",
                  "POSTGRES_PORT": "5432",
                  "POSTGRES_USERNAME": "postgres",
                  "TABLE_NAME": "newsletter"
                }
              }
            ],
            "ephemeral_storage": [
              {
                "size": 512
              }
            ],
            "file_system_config": [],
            "filename": "modules/lambda/../../../backend/lambdas/lambda_deployment_packages/get_email_preferences.zip",
            "function_name": "newsletter_get_email_preferences",
            "handler": "get_email_preferences.lambda_handler",
            "id": "newsletter_get_email_preferences",
            "image_config": [],
            "image_uri": "",
            "invoke_arn": "arn:aws:apigateway:us-east-1:lambda:path/2015-03-31/functions/arn:aws:lambda:us-east-1:132507767948:function:newsletter_get_email_preferences/invocations",
            "kms_key_arn": "",
            "last_modified": "2024-05-31T15:37:10.000+0000",
            "layers": [
              "arn:aws:lambda:us-east-1:132507767948:layer:psycopg2:4"
            ],
            "logging_config": [
              {
                "application_log_level": "",
                "log_format": "Text",
                "log_group": "/aws/lambda/newsletter_get_email_preferences",
                "system_log_level": ""
              }
            ],
            "memory_size": 128,
            "package_type": "Zip",
            "publish": false,
            "qualified_arn": "arn:aws:lambda:us-east-1:132507767948:function:newsletter_get_email_preferences:$LATEST",
            "qualified_invoke_arn": "arn:aws:apigateway:us-east-1:lambda:path/2015-03-31/functions/arn:aws:lambda:us-east-1:132507767948:function:newsletter_get_email_preferences:$LATEST/invocations",
            "replace_security_groups_on_destroy": null,
            "replacement_security_group_ids": null,
            "reserved_concurrent_executions": -1,
            "role": "arn:aws:iam::132507767948:role/get_email_preferences_lambda_function_role",
            "runtime": "python3.9",
            "s3_bucket": null,
            "s3_key": null,
            "s3_object_version": null,
            "signing_job_arn": "",
            "signing_profile_version_arn": "",
            "skip_destroy": false,
            "snap_start": [],
            "source_code_hash": "+MiKpbHOT8kXCYSIizmLCEBrw5Krr1Z4JLk1wwO5PTY=",
            "source_code_size": 860,
            "tags": {},
            "tags_all": {},
            "timeout": 3,
            "timeouts": null,
            "tracing_config": [
              {
                "mode": "PassThrough"
              }
            ],
            "version": "$LATEST",
            "vpc_config": []
          },
          "sensitive_attributes": [
            [
              {
                "type": "get_attr",
                "value": "environment"
              },
              {
                "type": "index",
                "value": {
                  "value": 0,
                  "type": "number"
                }
              },
              {
                "type": "get_attr",
                "value": "variables"
              },
              {
                "type": "index",
                "value": {
                  "value": "POSTGRES_PASSWORD",
                  "type": "string"
                }
              }
            ]
          ],
          "private": "eyJlMmJmYjczMC1lY2FhLTExZTYtOGY4OC0zNDM2M2JjN2M0YzAiOnsiY3JlYXRlIjo2MDAwMDAwMDAwMDAsImRlbGV0ZSI6NjAwMDAwMDAwMDAwLCJ1cGRhdGUiOjYwMDAwMDAwMDAwMH19",
          "dependencies": [
            "aws_lambda_layer_version.psycopg2_layer",
            "module.articles_api.module.get_email_preferences_lambda.aws_iam_role.lambda_role",
            "module.articles_api.module.get_email_preferences_lambda.data.archive_file.function_code_zip",
            "module.articles_rds_cluster.aws_db_subnet_group.subnet_group",
            "module.articles_rds_cluster.aws_internet_gateway.ig",
            "module.articles_rds_cluster.aws_rds_cluster.cluster",
            "module.articles_rds_cluster.aws_rds_cluster_instance.db",
            "module.articles_rds_cluster.aws_security_group.default",
            "module.articles_rds_cluster.aws_vpc.vpc",
            "module.articles_rds_cluster.data.aws_ssm_parameter.postgres_password"
          ]
        }
      ]
    },
    {
      "module": "module.articles_api.module.like_article_lambda",
      "mode": "data",
      "type": "archive_file",
      "name": "function_code_zip",
      "provider": "provider[\"registry.terraform.io/hashicorp/archive\"]",
      "instances": [
        {
          "schema_version": 0,
          "attributes": {
            "exclude_symlink_directories": null,
            "excludes": null,
            "id": "bf2b8bbfda3d4e0cec775ba1f352f824ae6d0041",
            "output_base64sha256": "0wVJZT52XcaZbju6yqD7X/Aaiqz78+ZeF9uy3CCU2TQ=",
            "output_base64sha512": "n0QcdjM2PDlh2rdVqsZvsxbIvJXNYyLajztpaNcFjdhkjkHzZTfXpw4aX4fZk8N1g5OsxAqW2nsRu0/U1g8sUg==",
            "output_file_mode": "0666",
            "output_md5": "df818c359958b413c78dcd69969c776a",
            "output_path": "modules/lambda/../../../backend/lambdas/lambda_deployment_packages/like_article.zip",
            "output_sha": "bf2b8bbfda3d4e0cec775ba1f352f824ae6d0041",
            "output_sha256": "d30549653e765dc6996e3bbacaa0fb5ff01a8aacfbf3e65e17dbb2dc2094d934",
            "output_sha512": "9f441c7633363c3961dab755aac66fb316c8bc95cd6322da8f3b6968d7058dd8648e41f36537d7a70e1a5f87d993c3758393acc40a96da7b11bb4fd4d60f2c52",
            "output_size": 901,
            "source": [],
            "source_content": null,
            "source_content_filename": null,
            "source_dir": "modules/lambda/../../../backend/lambdas/like_article",
            "source_file": null,
            "type": "zip"
          },
          "sensitive_attributes": []
        }
      ]
    },
    {
      "module": "module.articles_api.module.like_article_lambda",
      "mode": "managed",
      "type": "aws_iam_policy",
      "name": "lambda_logs_iam_policy",
      "provider": "provider[\"registry.terraform.io/hashicorp/aws\"]",
      "instances": [
        {
          "schema_version": 0,
          "attributes": {
            "arn": "arn:aws:iam::132507767948:policy/like_article_lambda_logs_iam_policy",
            "description": "",
            "id": "arn:aws:iam::132507767948:policy/like_article_lambda_logs_iam_policy",
            "name": "like_article_lambda_logs_iam_policy",
            "name_prefix": "",
            "path": "/",
            "policy": "{\"Statement\":[{\"Action\":[\"logs:CreateLogGroup\",\"logs:CreateLogStream\",\"logs:PutLogEvents\"],\"Effect\":\"Allow\",\"Resource\":\"arn:aws:logs:*:*:*\"}],\"Version\":\"2012-10-17\"}",
            "policy_id": "ANPAR5WQUCSGMCP4U2ZB2",
            "tags": {},
            "tags_all": {}
          },
          "sensitive_attributes": [],
          "private": "bnVsbA=="
        }
      ]
    },
    {
      "module": "module.articles_api.module.like_article_lambda",
      "mode": "managed",
      "type": "aws_iam_policy",
      "name": "lambda_rds_iam_policy",
      "provider": "provider[\"registry.terraform.io/hashicorp/aws\"]",
      "instances": [
        {
          "schema_version": 0,
          "attributes": {
            "arn": "arn:aws:iam::132507767948:policy/like_article_lambda_rds_iam_policy",
            "description": "",
            "id": "arn:aws:iam::132507767948:policy/like_article_lambda_rds_iam_policy",
            "name": "like_article_lambda_rds_iam_policy",
            "name_prefix": "",
            "path": "/",
            "policy": "{\"Statement\":[{\"Action\":[\"rds-db:connect\"],\"Effect\":\"Allow\",\"Resource\":\"arn:aws:rds:us-east-1:132507767948:db:hannahshobbyroom\"}],\"Version\":\"2012-10-17\"}",
            "policy_id": "ANPAR5WQUCSGBIXF4DCAY",
            "tags": {},
            "tags_all": {}
          },
          "sensitive_attributes": [],
          "private": "bnVsbA=="
        }
      ]
    },
    {
      "module": "module.articles_api.module.like_article_lambda",
      "mode": "managed",
      "type": "aws_iam_role",
      "name": "lambda_role",
      "provider": "provider[\"registry.terraform.io/hashicorp/aws\"]",
      "instances": [
        {
          "schema_version": 0,
          "attributes": {
            "arn": "arn:aws:iam::132507767948:role/like_article_lambda_function_role",
            "assume_role_policy": "{\"Statement\":[{\"Action\":\"sts:AssumeRole\",\"Effect\":\"Allow\",\"Principal\":{\"Service\":\"lambda.amazonaws.com\"},\"Sid\":\"\"}],\"Version\":\"2012-10-17\"}",
            "create_date": "2024-04-07T20:26:06Z",
            "description": "",
            "force_detach_policies": false,
            "id": "like_article_lambda_function_role",
            "inline_policy": [],
            "managed_policy_arns": [
              "arn:aws:iam::132507767948:policy/like_article_lambda_logs_iam_policy",
              "arn:aws:iam::132507767948:policy/like_article_lambda_rds_iam_policy"
            ],
            "max_session_duration": 3600,
            "name": "like_article_lambda_function_role",
            "name_prefix": "",
            "path": "/",
            "permissions_boundary": "",
            "tags": {},
            "tags_all": {},
            "unique_id": "AROAR5WQUCSGPAQT42KEZ"
          },
          "sensitive_attributes": [],
          "private": "bnVsbA=="
        }
      ]
    },
    {
      "module": "module.articles_api.module.like_article_lambda",
      "mode": "managed",
      "type": "aws_iam_role_policy_attachment",
      "name": "lambda_attach_logs_policy_to_role",
      "provider": "provider[\"registry.terraform.io/hashicorp/aws\"]",
      "instances": [
        {
          "schema_version": 0,
          "attributes": {
            "id": "like_article_lambda_function_role-20240407202606632800000002",
            "policy_arn": "arn:aws:iam::132507767948:policy/like_article_lambda_logs_iam_policy",
            "role": "like_article_lambda_function_role"
          },
          "sensitive_attributes": [],
          "private": "bnVsbA==",
          "dependencies": [
            "module.articles_api.module.like_article_lambda.aws_iam_policy.lambda_logs_iam_policy",
            "module.articles_api.module.like_article_lambda.aws_iam_role.lambda_role"
          ]
        }
      ]
    },
    {
      "module": "module.articles_api.module.like_article_lambda",
      "mode": "managed",
      "type": "aws_iam_role_policy_attachment",
      "name": "lambda_attach_rds_policy_to_role",
      "provider": "provider[\"registry.terraform.io/hashicorp/aws\"]",
      "instances": [
        {
          "schema_version": 0,
          "attributes": {
            "id": "like_article_lambda_function_role-20240407202606587600000001",
            "policy_arn": "arn:aws:iam::132507767948:policy/like_article_lambda_rds_iam_policy",
            "role": "like_article_lambda_function_role"
          },
          "sensitive_attributes": [],
          "private": "bnVsbA==",
          "dependencies": [
            "module.articles_api.module.like_article_lambda.aws_iam_policy.lambda_rds_iam_policy",
            "module.articles_api.module.like_article_lambda.aws_iam_role.lambda_role"
          ]
        }
      ]
    },
    {
      "module": "module.articles_api.module.like_article_lambda",
      "mode": "managed",
      "type": "aws_lambda_function",
      "name": "function",
      "provider": "provider[\"registry.terraform.io/hashicorp/aws\"]",
      "instances": [
        {
          "schema_version": 0,
          "attributes": {
            "architectures": [
              "x86_64"
            ],
            "arn": "arn:aws:lambda:us-east-1:132507767948:function:article_like_article",
            "code_signing_config_arn": "",
            "dead_letter_config": [],
            "description": "",
            "environment": [
              {
                "variables": {
                  "POSTGRES_DB_NAME": "hannahshobbyroom",
                  "POSTGRES_HOST": "hannahshobbyroom.cvwpg9lwovqd.us-east-1.rds.amazonaws.com",
                  "POSTGRES_PASSWORD": "D6PT(utIU\u003cXLAl1D?Kegw.7Dc$}R#`1w",
                  "POSTGRES_PORT": "5432",
                  "POSTGRES_USERNAME": "postgres",
                  "TABLE_NAME": "article"
                }
              }
            ],
            "ephemeral_storage": [
              {
                "size": 512
              }
            ],
            "file_system_config": [],
            "filename": "modules/lambda/../../../backend/lambdas/lambda_deployment_packages/like_article.zip",
            "function_name": "article_like_article",
            "handler": "like_article.lambda_handler",
            "id": "article_like_article",
            "image_config": [],
            "image_uri": "",
            "invoke_arn": "arn:aws:apigateway:us-east-1:lambda:path/2015-03-31/functions/arn:aws:lambda:us-east-1:132507767948:function:article_like_article/invocations",
            "kms_key_arn": "",
            "last_modified": "2024-05-31T15:36:34.000+0000",
            "layers": [
              "arn:aws:lambda:us-east-1:132507767948:layer:psycopg2:4"
            ],
            "logging_config": [
              {
                "application_log_level": "",
                "log_format": "Text",
                "log_group": "/aws/lambda/article_like_article",
                "system_log_level": ""
              }
            ],
            "memory_size": 128,
            "package_type": "Zip",
            "publish": false,
            "qualified_arn": "arn:aws:lambda:us-east-1:132507767948:function:article_like_article:$LATEST",
            "qualified_invoke_arn": "arn:aws:apigateway:us-east-1:lambda:path/2015-03-31/functions/arn:aws:lambda:us-east-1:132507767948:function:article_like_article:$LATEST/invocations",
            "replace_security_groups_on_destroy": null,
            "replacement_security_group_ids": null,
            "reserved_concurrent_executions": -1,
            "role": "arn:aws:iam::132507767948:role/like_article_lambda_function_role",
            "runtime": "python3.9",
            "s3_bucket": null,
            "s3_key": null,
            "s3_object_version": null,
            "signing_job_arn": "",
            "signing_profile_version_arn": "",
            "skip_destroy": false,
            "snap_start": [],
            "source_code_hash": "0wVJZT52XcaZbju6yqD7X/Aaiqz78+ZeF9uy3CCU2TQ=",
            "source_code_size": 901,
            "tags": {},
            "tags_all": {},
            "timeout": 3,
            "timeouts": null,
            "tracing_config": [
              {
                "mode": "PassThrough"
              }
            ],
            "version": "$LATEST",
            "vpc_config": []
          },
          "sensitive_attributes": [
            [
              {
                "type": "get_attr",
                "value": "environment"
              },
              {
                "type": "index",
                "value": {
                  "value": 0,
                  "type": "number"
                }
              },
              {
                "type": "get_attr",
                "value": "variables"
              },
              {
                "type": "index",
                "value": {
                  "value": "POSTGRES_PASSWORD",
                  "type": "string"
                }
              }
            ]
          ],
          "private": "eyJlMmJmYjczMC1lY2FhLTExZTYtOGY4OC0zNDM2M2JjN2M0YzAiOnsiY3JlYXRlIjo2MDAwMDAwMDAwMDAsImRlbGV0ZSI6NjAwMDAwMDAwMDAwLCJ1cGRhdGUiOjYwMDAwMDAwMDAwMH19",
          "dependencies": [
            "aws_lambda_layer_version.psycopg2_layer",
            "module.articles_api.module.like_article_lambda.aws_iam_role.lambda_role",
            "module.articles_api.module.like_article_lambda.data.archive_file.function_code_zip",
            "module.articles_rds_cluster.aws_db_subnet_group.subnet_group",
            "module.articles_rds_cluster.aws_internet_gateway.ig",
            "module.articles_rds_cluster.aws_rds_cluster.cluster",
            "module.articles_rds_cluster.aws_rds_cluster_instance.db",
            "module.articles_rds_cluster.aws_security_group.default",
            "module.articles_rds_cluster.aws_vpc.vpc",
            "module.articles_rds_cluster.data.aws_ssm_parameter.postgres_password"
          ]
        }
      ]
    },
    {
      "module": "module.articles_api.module.post_comment_lambda",
      "mode": "data",
      "type": "archive_file",
      "name": "function_code_zip",
      "provider": "provider[\"registry.terraform.io/hashicorp/archive\"]",
      "instances": [
        {
          "schema_version": 0,
          "attributes": {
            "exclude_symlink_directories": null,
            "excludes": null,
            "id": "1e5a246bd1337c6fc14c66242cbcaffdeeb21546",
            "output_base64sha256": "rKs5aylBOIesJQEvITZo6l9TL5+r/CSwluV8C3ngj6k=",
            "output_base64sha512": "m2pGfIj0n7HSVJj8i49bojWl+A1WxnG+hzMzlxZ9EO4d3/BoMxsJPvUx3QWSrqt4y6lwSzEsQtJrqScKn7nZeQ==",
            "output_file_mode": "0666",
            "output_md5": "bc4b084809d26ce31d4fee0b3941279a",
            "output_path": "modules/lambda/../../../backend/lambdas/lambda_deployment_packages/post_comment.zip",
            "output_sha": "1e5a246bd1337c6fc14c66242cbcaffdeeb21546",
            "output_sha256": "acab396b29413887ac25012f213668ea5f532f9fabfc24b096e57c0b79e08fa9",
            "output_sha512": "9b6a467c88f49fb1d25498fc8b8f5ba235a5f80d56c671be87333397167d10ee1ddff068331b093ef531dd0592aeab78cba9704b312c42d26ba9270a9fb9d979",
            "output_size": 934,
            "source": [],
            "source_content": null,
            "source_content_filename": null,
            "source_dir": "modules/lambda/../../../backend/lambdas/post_comment",
            "source_file": null,
            "type": "zip"
          },
          "sensitive_attributes": []
        }
      ]
    },
    {
      "module": "module.articles_api.module.post_comment_lambda",
      "mode": "managed",
      "type": "aws_iam_policy",
      "name": "lambda_logs_iam_policy",
      "provider": "provider[\"registry.terraform.io/hashicorp/aws\"]",
      "instances": [
        {
          "schema_version": 0,
          "attributes": {
            "arn": "arn:aws:iam::132507767948:policy/post_comment_lambda_logs_iam_policy",
            "description": "",
            "id": "arn:aws:iam::132507767948:policy/post_comment_lambda_logs_iam_policy",
            "name": "post_comment_lambda_logs_iam_policy",
            "name_prefix": "",
            "path": "/",
            "policy": "{\"Statement\":[{\"Action\":[\"logs:CreateLogGroup\",\"logs:CreateLogStream\",\"logs:PutLogEvents\"],\"Effect\":\"Allow\",\"Resource\":\"arn:aws:logs:*:*:*\"}],\"Version\":\"2012-10-17\"}",
            "policy_id": "ANPAR5WQUCSGLJ6YYLD5F",
            "tags": {},
            "tags_all": {}
          },
          "sensitive_attributes": [],
          "private": "bnVsbA=="
        }
      ]
    },
    {
      "module": "module.articles_api.module.post_comment_lambda",
      "mode": "managed",
      "type": "aws_iam_policy",
      "name": "lambda_rds_iam_policy",
      "provider": "provider[\"registry.terraform.io/hashicorp/aws\"]",
      "instances": [
        {
          "schema_version": 0,
          "attributes": {
            "arn": "arn:aws:iam::132507767948:policy/post_comment_lambda_rds_iam_policy",
            "description": "",
            "id": "arn:aws:iam::132507767948:policy/post_comment_lambda_rds_iam_policy",
            "name": "post_comment_lambda_rds_iam_policy",
            "name_prefix": "",
            "path": "/",
            "policy": "{\"Statement\":[{\"Action\":[\"rds-db:connect\"],\"Effect\":\"Allow\",\"Resource\":\"arn:aws:rds:us-east-1:132507767948:db:hannahshobbyroom\"}],\"Version\":\"2012-10-17\"}",
            "policy_id": "ANPAR5WQUCSGJDXYUZ2WK",
            "tags": {},
            "tags_all": {}
          },
          "sensitive_attributes": [],
          "private": "bnVsbA=="
        }
      ]
    },
    {
      "module": "module.articles_api.module.post_comment_lambda",
      "mode": "managed",
      "type": "aws_iam_role",
      "name": "lambda_role",
      "provider": "provider[\"registry.terraform.io/hashicorp/aws\"]",
      "instances": [
        {
          "schema_version": 0,
          "attributes": {
            "arn": "arn:aws:iam::132507767948:role/post_comment_lambda_function_role",
            "assume_role_policy": "{\"Statement\":[{\"Action\":\"sts:AssumeRole\",\"Effect\":\"Allow\",\"Principal\":{\"Service\":\"lambda.amazonaws.com\"},\"Sid\":\"\"}],\"Version\":\"2012-10-17\"}",
            "create_date": "2024-02-17T20:19:15Z",
            "description": "",
            "force_detach_policies": false,
            "id": "post_comment_lambda_function_role",
            "inline_policy": [],
            "managed_policy_arns": [
              "arn:aws:iam::132507767948:policy/post_comment_lambda_logs_iam_policy",
              "arn:aws:iam::132507767948:policy/post_comment_lambda_rds_iam_policy"
            ],
            "max_session_duration": 3600,
            "name": "post_comment_lambda_function_role",
            "name_prefix": "",
            "path": "/",
            "permissions_boundary": "",
            "tags": {},
            "tags_all": {},
            "unique_id": "AROAR5WQUCSGFF6OK7SUS"
          },
          "sensitive_attributes": [],
          "private": "bnVsbA=="
        }
      ]
    },
    {
      "module": "module.articles_api.module.post_comment_lambda",
      "mode": "managed",
      "type": "aws_iam_role_policy_attachment",
      "name": "lambda_attach_logs_policy_to_role",
      "provider": "provider[\"registry.terraform.io/hashicorp/aws\"]",
      "instances": [
        {
          "schema_version": 0,
          "attributes": {
            "id": "post_comment_lambda_function_role-20240217201915945100000002",
            "policy_arn": "arn:aws:iam::132507767948:policy/post_comment_lambda_logs_iam_policy",
            "role": "post_comment_lambda_function_role"
          },
          "sensitive_attributes": [],
          "private": "bnVsbA==",
          "dependencies": [
            "module.articles_api.module.post_comment_lambda.aws_iam_policy.lambda_logs_iam_policy",
            "module.articles_api.module.post_comment_lambda.aws_iam_role.lambda_role"
          ]
        }
      ]
    },
    {
      "module": "module.articles_api.module.post_comment_lambda",
      "mode": "managed",
      "type": "aws_iam_role_policy_attachment",
      "name": "lambda_attach_rds_policy_to_role",
      "provider": "provider[\"registry.terraform.io/hashicorp/aws\"]",
      "instances": [
        {
          "schema_version": 0,
          "attributes": {
            "id": "post_comment_lambda_function_role-20240217201915943100000001",
            "policy_arn": "arn:aws:iam::132507767948:policy/post_comment_lambda_rds_iam_policy",
            "role": "post_comment_lambda_function_role"
          },
          "sensitive_attributes": [],
          "private": "bnVsbA==",
          "dependencies": [
            "module.articles_api.module.post_comment_lambda.aws_iam_policy.lambda_rds_iam_policy",
            "module.articles_api.module.post_comment_lambda.aws_iam_role.lambda_role"
          ]
        }
      ]
    },
    {
      "module": "module.articles_api.module.post_comment_lambda",
      "mode": "managed",
      "type": "aws_lambda_function",
      "name": "function",
      "provider": "provider[\"registry.terraform.io/hashicorp/aws\"]",
      "instances": [
        {
          "schema_version": 0,
          "attributes": {
            "architectures": [
              "x86_64"
            ],
            "arn": "arn:aws:lambda:us-east-1:132507767948:function:comments_post_comment",
            "code_signing_config_arn": "",
            "dead_letter_config": [],
            "description": "",
            "environment": [
              {
                "variables": {
                  "POSTGRES_DB_NAME": "hannahshobbyroom",
                  "POSTGRES_HOST": "hannahshobbyroom.cvwpg9lwovqd.us-east-1.rds.amazonaws.com",
                  "POSTGRES_PASSWORD": "D6PT(utIU\u003cXLAl1D?Kegw.7Dc$}R#`1w",
                  "POSTGRES_PORT": "5432",
                  "POSTGRES_USERNAME": "postgres",
                  "TABLE_NAME": "comments"
                }
              }
            ],
            "ephemeral_storage": [
              {
                "size": 512
              }
            ],
            "file_system_config": [],
            "filename": "modules/lambda/../../../backend/lambdas/lambda_deployment_packages/post_comment.zip",
            "function_name": "comments_post_comment",
            "handler": "post_comment.lambda_handler",
            "id": "comments_post_comment",
            "image_config": [],
            "image_uri": "",
            "invoke_arn": "arn:aws:apigateway:us-east-1:lambda:path/2015-03-31/functions/arn:aws:lambda:us-east-1:132507767948:function:comments_post_comment/invocations",
            "kms_key_arn": "",
            "last_modified": "2024-05-31T15:36:07.000+0000",
            "layers": [
              "arn:aws:lambda:us-east-1:132507767948:layer:psycopg2:4"
            ],
            "logging_config": [
              {
                "application_log_level": "",
                "log_format": "Text",
                "log_group": "/aws/lambda/comments_post_comment",
                "system_log_level": ""
              }
            ],
            "memory_size": 128,
            "package_type": "Zip",
            "publish": false,
            "qualified_arn": "arn:aws:lambda:us-east-1:132507767948:function:comments_post_comment:$LATEST",
            "qualified_invoke_arn": "arn:aws:apigateway:us-east-1:lambda:path/2015-03-31/functions/arn:aws:lambda:us-east-1:132507767948:function:comments_post_comment:$LATEST/invocations",
            "replace_security_groups_on_destroy": null,
            "replacement_security_group_ids": null,
            "reserved_concurrent_executions": -1,
            "role": "arn:aws:iam::132507767948:role/post_comment_lambda_function_role",
            "runtime": "python3.9",
            "s3_bucket": null,
            "s3_key": null,
            "s3_object_version": null,
            "signing_job_arn": "",
            "signing_profile_version_arn": "",
            "skip_destroy": false,
            "snap_start": [],
            "source_code_hash": "rKs5aylBOIesJQEvITZo6l9TL5+r/CSwluV8C3ngj6k=",
            "source_code_size": 934,
            "tags": {},
            "tags_all": {},
            "timeout": 3,
            "timeouts": null,
            "tracing_config": [
              {
                "mode": "PassThrough"
              }
            ],
            "version": "$LATEST",
            "vpc_config": []
          },
          "sensitive_attributes": [
            [
              {
                "type": "get_attr",
                "value": "environment"
              },
              {
                "type": "index",
                "value": {
                  "value": 0,
                  "type": "number"
                }
              },
              {
                "type": "get_attr",
                "value": "variables"
              },
              {
                "type": "index",
                "value": {
                  "value": "POSTGRES_PASSWORD",
                  "type": "string"
                }
              }
            ]
          ],
          "private": "eyJlMmJmYjczMC1lY2FhLTExZTYtOGY4OC0zNDM2M2JjN2M0YzAiOnsiY3JlYXRlIjo2MDAwMDAwMDAwMDAsImRlbGV0ZSI6NjAwMDAwMDAwMDAwLCJ1cGRhdGUiOjYwMDAwMDAwMDAwMH19",
          "dependencies": [
            "aws_lambda_layer_version.psycopg2_layer",
            "module.articles_api.module.post_comment_lambda.aws_iam_role.lambda_role",
            "module.articles_api.module.post_comment_lambda.data.archive_file.function_code_zip",
            "module.articles_rds_cluster.aws_db_subnet_group.subnet_group",
            "module.articles_rds_cluster.aws_internet_gateway.ig",
            "module.articles_rds_cluster.aws_rds_cluster.cluster",
            "module.articles_rds_cluster.aws_rds_cluster_instance.db",
            "module.articles_rds_cluster.aws_security_group.default",
            "module.articles_rds_cluster.aws_vpc.vpc",
            "module.articles_rds_cluster.data.aws_ssm_parameter.postgres_password"
          ]
        }
      ]
    },
    {
      "module": "module.articles_api.module.post_email_lambda",
      "mode": "data",
      "type": "archive_file",
      "name": "function_code_zip",
      "provider": "provider[\"registry.terraform.io/hashicorp/archive\"]",
      "instances": [
        {
          "schema_version": 0,
          "attributes": {
            "exclude_symlink_directories": null,
            "excludes": null,
            "id": "519ad19fee6827f6fbff0e5293505b30f5ad6719",
            "output_base64sha256": "ZcXKBihvrtbfOwf3Q6jzuP1Y8Z8VzNIdfbJKZZG4oWo=",
            "output_base64sha512": "dMiO/uER+75riee9CCy7GhdSoao568XNiIUqmVIS+aK10xUl6yRyvRrY2zvUAmFV00gkh3yr+XpduiFYsYby0Q==",
            "output_file_mode": "0666",
            "output_md5": "53e78869d0db4f9ec7089b85186e85be",
            "output_path": "modules/lambda/../../../backend/lambdas/lambda_deployment_packages/post_email.zip",
            "output_sha": "519ad19fee6827f6fbff0e5293505b30f5ad6719",
            "output_sha256": "65c5ca06286faed6df3b07f743a8f3b8fd58f19f15ccd21d7db24a6591b8a16a",
            "output_sha512": "74c88efee111fbbe6b89e7bd082cbb1a1752a1aa39ebc5cd88852a995212f9a2b5d31525eb2472bd1ad8db3bd4026155d34824877cabf97a5dba2158b186f2d1",
            "output_size": 785,
            "source": [],
            "source_content": null,
            "source_content_filename": null,
            "source_dir": "modules/lambda/../../../backend/lambdas/post_email",
            "source_file": null,
            "type": "zip"
          },
          "sensitive_attributes": []
        }
      ]
    },
    {
      "module": "module.articles_api.module.post_email_lambda",
      "mode": "managed",
      "type": "aws_iam_policy",
      "name": "lambda_logs_iam_policy",
      "provider": "provider[\"registry.terraform.io/hashicorp/aws\"]",
      "instances": [
        {
          "schema_version": 0,
          "attributes": {
            "arn": "arn:aws:iam::132507767948:policy/post_email_lambda_logs_iam_policy",
            "description": "",
            "id": "arn:aws:iam::132507767948:policy/post_email_lambda_logs_iam_policy",
            "name": "post_email_lambda_logs_iam_policy",
            "name_prefix": "",
            "path": "/",
            "policy": "{\"Statement\":[{\"Action\":[\"logs:CreateLogGroup\",\"logs:CreateLogStream\",\"logs:PutLogEvents\"],\"Effect\":\"Allow\",\"Resource\":\"arn:aws:logs:*:*:*\"}],\"Version\":\"2012-10-17\"}",
            "policy_id": "ANPAR5WQUCSGESLUAZEV3",
            "tags": {},
            "tags_all": {}
          },
          "sensitive_attributes": [],
          "private": "bnVsbA=="
        }
      ]
    },
    {
      "module": "module.articles_api.module.post_email_lambda",
      "mode": "managed",
      "type": "aws_iam_policy",
      "name": "lambda_rds_iam_policy",
      "provider": "provider[\"registry.terraform.io/hashicorp/aws\"]",
      "instances": [
        {
          "schema_version": 0,
          "attributes": {
            "arn": "arn:aws:iam::132507767948:policy/post_email_lambda_rds_iam_policy",
            "description": "",
            "id": "arn:aws:iam::132507767948:policy/post_email_lambda_rds_iam_policy",
            "name": "post_email_lambda_rds_iam_policy",
            "name_prefix": "",
            "path": "/",
            "policy": "{\"Statement\":[{\"Action\":[\"rds-db:connect\"],\"Effect\":\"Allow\",\"Resource\":\"arn:aws:rds:us-east-1:132507767948:db:hannahshobbyroom\"}],\"Version\":\"2012-10-17\"}",
            "policy_id": "ANPAR5WQUCSGANO75PBTS",
            "tags": {},
            "tags_all": {}
          },
          "sensitive_attributes": [],
          "private": "bnVsbA=="
        }
      ]
    },
    {
      "module": "module.articles_api.module.post_email_lambda",
      "mode": "managed",
      "type": "aws_iam_role",
      "name": "lambda_role",
      "provider": "provider[\"registry.terraform.io/hashicorp/aws\"]",
      "instances": [
        {
          "schema_version": 0,
          "attributes": {
            "arn": "arn:aws:iam::132507767948:role/post_email_lambda_function_role",
            "assume_role_policy": "{\"Statement\":[{\"Action\":\"sts:AssumeRole\",\"Effect\":\"Allow\",\"Principal\":{\"Service\":\"lambda.amazonaws.com\"},\"Sid\":\"\"}],\"Version\":\"2012-10-17\"}",
            "create_date": "2024-02-10T14:19:34Z",
            "description": "",
            "force_detach_policies": false,
            "id": "post_email_lambda_function_role",
            "inline_policy": [],
            "managed_policy_arns": [
              "arn:aws:iam::132507767948:policy/post_email_lambda_logs_iam_policy",
              "arn:aws:iam::132507767948:policy/post_email_lambda_rds_iam_policy"
            ],
            "max_session_duration": 3600,
            "name": "post_email_lambda_function_role",
            "name_prefix": "",
            "path": "/",
            "permissions_boundary": "",
            "tags": {},
            "tags_all": {},
            "unique_id": "AROAR5WQUCSGENC7MEROM"
          },
          "sensitive_attributes": [],
          "private": "bnVsbA=="
        }
      ]
    },
    {
      "module": "module.articles_api.module.post_email_lambda",
      "mode": "managed",
      "type": "aws_iam_role_policy_attachment",
      "name": "lambda_attach_logs_policy_to_role",
      "provider": "provider[\"registry.terraform.io/hashicorp/aws\"]",
      "instances": [
        {
          "schema_version": 0,
          "attributes": {
            "id": "post_email_lambda_function_role-20240214165125778100000005",
            "policy_arn": "arn:aws:iam::132507767948:policy/post_email_lambda_logs_iam_policy",
            "role": "post_email_lambda_function_role"
          },
          "sensitive_attributes": [],
          "private": "bnVsbA==",
          "dependencies": [
            "module.articles_api.module.post_email_lambda.aws_iam_policy.lambda_logs_iam_policy",
            "module.articles_api.module.post_email_lambda.aws_iam_role.lambda_role"
          ]
        }
      ]
    },
    {
      "module": "module.articles_api.module.post_email_lambda",
      "mode": "managed",
      "type": "aws_iam_role_policy_attachment",
      "name": "lambda_attach_rds_policy_to_role",
      "provider": "provider[\"registry.terraform.io/hashicorp/aws\"]",
      "instances": [
        {
          "schema_version": 0,
          "attributes": {
            "id": "post_email_lambda_function_role-20240210141935179000000001",
            "policy_arn": "arn:aws:iam::132507767948:policy/post_email_lambda_rds_iam_policy",
            "role": "post_email_lambda_function_role"
          },
          "sensitive_attributes": [],
          "private": "bnVsbA==",
          "dependencies": [
            "module.articles_api.module.post_email_lambda.aws_iam_policy.lambda_rds_iam_policy",
            "module.articles_api.module.post_email_lambda.aws_iam_role.lambda_role"
          ]
        }
      ]
    },
    {
      "module": "module.articles_api.module.post_email_lambda",
      "mode": "managed",
      "type": "aws_lambda_function",
      "name": "function",
      "provider": "provider[\"registry.terraform.io/hashicorp/aws\"]",
      "instances": [
        {
          "schema_version": 0,
          "attributes": {
            "architectures": [
              "x86_64"
            ],
            "arn": "arn:aws:lambda:us-east-1:132507767948:function:newsletter_post_email",
            "code_signing_config_arn": "",
            "dead_letter_config": [],
            "description": "",
            "environment": [
              {
                "variables": {
                  "POSTGRES_DB_NAME": "hannahshobbyroom",
                  "POSTGRES_HOST": "hannahshobbyroom.cvwpg9lwovqd.us-east-1.rds.amazonaws.com",
                  "POSTGRES_PASSWORD": "D6PT(utIU\u003cXLAl1D?Kegw.7Dc$}R#`1w",
                  "POSTGRES_PORT": "5432",
                  "POSTGRES_USERNAME": "postgres",
                  "TABLE_NAME": "newsletter"
                }
              }
            ],
            "ephemeral_storage": [
              {
                "size": 512
              }
            ],
            "file_system_config": [],
            "filename": "modules/lambda/../../../backend/lambdas/lambda_deployment_packages/post_email.zip",
            "function_name": "newsletter_post_email",
            "handler": "post_email.lambda_handler",
            "id": "newsletter_post_email",
            "image_config": [],
            "image_uri": "",
            "invoke_arn": "arn:aws:apigateway:us-east-1:lambda:path/2015-03-31/functions/arn:aws:lambda:us-east-1:132507767948:function:newsletter_post_email/invocations",
            "kms_key_arn": "",
            "last_modified": "2024-05-31T15:37:20.000+0000",
            "layers": [
              "arn:aws:lambda:us-east-1:132507767948:layer:psycopg2:4"
            ],
            "logging_config": [
              {
                "application_log_level": "",
                "log_format": "Text",
                "log_group": "/aws/lambda/newsletter_post_email",
                "system_log_level": ""
              }
            ],
            "memory_size": 128,
            "package_type": "Zip",
            "publish": false,
            "qualified_arn": "arn:aws:lambda:us-east-1:132507767948:function:newsletter_post_email:$LATEST",
            "qualified_invoke_arn": "arn:aws:apigateway:us-east-1:lambda:path/2015-03-31/functions/arn:aws:lambda:us-east-1:132507767948:function:newsletter_post_email:$LATEST/invocations",
            "replace_security_groups_on_destroy": null,
            "replacement_security_group_ids": null,
            "reserved_concurrent_executions": -1,
            "role": "arn:aws:iam::132507767948:role/post_email_lambda_function_role",
            "runtime": "python3.9",
            "s3_bucket": null,
            "s3_key": null,
            "s3_object_version": null,
            "signing_job_arn": "",
            "signing_profile_version_arn": "",
            "skip_destroy": false,
            "snap_start": [],
            "source_code_hash": "ZcXKBihvrtbfOwf3Q6jzuP1Y8Z8VzNIdfbJKZZG4oWo=",
            "source_code_size": 785,
            "tags": {},
            "tags_all": {},
            "timeout": 3,
            "timeouts": null,
            "tracing_config": [
              {
                "mode": "PassThrough"
              }
            ],
            "version": "$LATEST",
            "vpc_config": []
          },
          "sensitive_attributes": [
            [
              {
                "type": "get_attr",
                "value": "environment"
              },
              {
                "type": "index",
                "value": {
                  "value": 0,
                  "type": "number"
                }
              },
              {
                "type": "get_attr",
                "value": "variables"
              },
              {
                "type": "index",
                "value": {
                  "value": "POSTGRES_PASSWORD",
                  "type": "string"
                }
              }
            ]
          ],
          "private": "eyJlMmJmYjczMC1lY2FhLTExZTYtOGY4OC0zNDM2M2JjN2M0YzAiOnsiY3JlYXRlIjo2MDAwMDAwMDAwMDAsImRlbGV0ZSI6NjAwMDAwMDAwMDAwLCJ1cGRhdGUiOjYwMDAwMDAwMDAwMH19",
          "dependencies": [
            "aws_lambda_layer_version.psycopg2_layer",
            "module.articles_api.module.post_email_lambda.aws_iam_role.lambda_role",
            "module.articles_api.module.post_email_lambda.data.archive_file.function_code_zip",
            "module.articles_rds_cluster.aws_db_subnet_group.subnet_group",
            "module.articles_rds_cluster.aws_internet_gateway.ig",
            "module.articles_rds_cluster.aws_rds_cluster.cluster",
            "module.articles_rds_cluster.aws_rds_cluster_instance.db",
            "module.articles_rds_cluster.aws_security_group.default",
            "module.articles_rds_cluster.aws_vpc.vpc",
            "module.articles_rds_cluster.data.aws_ssm_parameter.postgres_password"
          ]
        }
      ]
    },
    {
      "module": "module.articles_api.module.update_email_preferences_lambda",
      "mode": "data",
      "type": "archive_file",
      "name": "function_code_zip",
      "provider": "provider[\"registry.terraform.io/hashicorp/archive\"]",
      "instances": [
        {
          "schema_version": 0,
          "attributes": {
            "exclude_symlink_directories": null,
            "excludes": null,
            "id": "c36f4a03dd2b2679d24b5a1bbe61ffa456d76667",
            "output_base64sha256": "OcqItyRwUU4fNU557YjSGbfvNSLAHlJhyrwy0W1EH7M=",
            "output_base64sha512": "X2f3k+m6KsFj8AidjlIEXd9SHQE3cWozi6k5GGWAD7fEXn9Y5zgAjD9o4Wt+0uh9AcYFUcWvuvgl5mMMrqL29A==",
            "output_file_mode": "0666",
            "output_md5": "7f00c6b08c9ca821623c0791da046b13",
            "output_path": "modules/lambda/../../../backend/lambdas/lambda_deployment_packages/update_email_preferences.zip",
            "output_sha": "c36f4a03dd2b2679d24b5a1bbe61ffa456d76667",
            "output_sha256": "39ca88b72470514e1f354e79ed88d219b7ef3522c01e5261cabc32d16d441fb3",
            "output_sha512": "5f67f793e9ba2ac163f0089d8e52045ddf521d0137716a338ba9391865800fb7c45e7f58e738008c3f68e16b7ed2e87d01c60551c5afbaf825e6630caea2f6f4",
            "output_size": 910,
            "source": [],
            "source_content": null,
            "source_content_filename": null,
            "source_dir": "modules/lambda/../../../backend/lambdas/update_email_preferences",
            "source_file": null,
            "type": "zip"
          },
          "sensitive_attributes": []
        }
      ]
    },
    {
      "module": "module.articles_api.module.update_email_preferences_lambda",
      "mode": "managed",
      "type": "aws_iam_policy",
      "name": "lambda_logs_iam_policy",
      "provider": "provider[\"registry.terraform.io/hashicorp/aws\"]",
      "instances": [
        {
          "schema_version": 0,
          "attributes": {
            "arn": "arn:aws:iam::132507767948:policy/update_email_preferences_lambda_logs_iam_policy",
            "description": "",
            "id": "arn:aws:iam::132507767948:policy/update_email_preferences_lambda_logs_iam_policy",
            "name": "update_email_preferences_lambda_logs_iam_policy",
            "name_prefix": "",
            "path": "/",
            "policy": "{\"Statement\":[{\"Action\":[\"logs:CreateLogGroup\",\"logs:CreateLogStream\",\"logs:PutLogEvents\"],\"Effect\":\"Allow\",\"Resource\":\"arn:aws:logs:*:*:*\"}],\"Version\":\"2012-10-17\"}",
            "policy_id": "ANPAR5WQUCSGIFMOLY4YA",
            "tags": {},
            "tags_all": {}
          },
          "sensitive_attributes": [],
          "private": "bnVsbA=="
        }
      ]
    },
    {
      "module": "module.articles_api.module.update_email_preferences_lambda",
      "mode": "managed",
      "type": "aws_iam_policy",
      "name": "lambda_rds_iam_policy",
      "provider": "provider[\"registry.terraform.io/hashicorp/aws\"]",
      "instances": [
        {
          "schema_version": 0,
          "attributes": {
            "arn": "arn:aws:iam::132507767948:policy/update_email_preferences_lambda_rds_iam_policy",
            "description": "",
            "id": "arn:aws:iam::132507767948:policy/update_email_preferences_lambda_rds_iam_policy",
            "name": "update_email_preferences_lambda_rds_iam_policy",
            "name_prefix": "",
            "path": "/",
            "policy": "{\"Statement\":[{\"Action\":[\"rds-db:connect\"],\"Effect\":\"Allow\",\"Resource\":\"arn:aws:rds:us-east-1:132507767948:db:hannahshobbyroom\"}],\"Version\":\"2012-10-17\"}",
            "policy_id": "ANPAR5WQUCSGNCYSFSMKC",
            "tags": {},
            "tags_all": {}
          },
          "sensitive_attributes": [],
          "private": "bnVsbA=="
        }
      ]
    },
    {
      "module": "module.articles_api.module.update_email_preferences_lambda",
      "mode": "managed",
      "type": "aws_iam_role",
      "name": "lambda_role",
      "provider": "provider[\"registry.terraform.io/hashicorp/aws\"]",
      "instances": [
        {
          "schema_version": 0,
          "attributes": {
            "arn": "arn:aws:iam::132507767948:role/update_email_preferences_lambda_function_role",
            "assume_role_policy": "{\"Statement\":[{\"Action\":\"sts:AssumeRole\",\"Effect\":\"Allow\",\"Principal\":{\"Service\":\"lambda.amazonaws.com\"},\"Sid\":\"\"}],\"Version\":\"2012-10-17\"}",
            "create_date": "2024-04-08T13:11:08Z",
            "description": "",
            "force_detach_policies": false,
            "id": "update_email_preferences_lambda_function_role",
            "inline_policy": [],
            "managed_policy_arns": [
              "arn:aws:iam::132507767948:policy/update_email_preferences_lambda_logs_iam_policy",
              "arn:aws:iam::132507767948:policy/update_email_preferences_lambda_rds_iam_policy"
            ],
            "max_session_duration": 3600,
            "name": "update_email_preferences_lambda_function_role",
            "name_prefix": "",
            "path": "/",
            "permissions_boundary": "",
            "tags": {},
            "tags_all": {},
            "unique_id": "AROAR5WQUCSGDEZIDMQJK"
          },
          "sensitive_attributes": [],
          "private": "bnVsbA=="
        }
      ]
    },
    {
      "module": "module.articles_api.module.update_email_preferences_lambda",
      "mode": "managed",
      "type": "aws_iam_role_policy_attachment",
      "name": "lambda_attach_logs_policy_to_role",
      "provider": "provider[\"registry.terraform.io/hashicorp/aws\"]",
      "instances": [
        {
          "schema_version": 0,
          "attributes": {
            "id": "update_email_preferences_lambda_function_role-20240408131108888500000002",
            "policy_arn": "arn:aws:iam::132507767948:policy/update_email_preferences_lambda_logs_iam_policy",
            "role": "update_email_preferences_lambda_function_role"
          },
          "sensitive_attributes": [],
          "private": "bnVsbA==",
          "dependencies": [
            "module.articles_api.module.update_email_preferences_lambda.aws_iam_policy.lambda_logs_iam_policy",
            "module.articles_api.module.update_email_preferences_lambda.aws_iam_role.lambda_role"
          ]
        }
      ]
    },
    {
      "module": "module.articles_api.module.update_email_preferences_lambda",
      "mode": "managed",
      "type": "aws_iam_role_policy_attachment",
      "name": "lambda_attach_rds_policy_to_role",
      "provider": "provider[\"registry.terraform.io/hashicorp/aws\"]",
      "instances": [
        {
          "schema_version": 0,
          "attributes": {
            "id": "update_email_preferences_lambda_function_role-20240408131108886500000001",
            "policy_arn": "arn:aws:iam::132507767948:policy/update_email_preferences_lambda_rds_iam_policy",
            "role": "update_email_preferences_lambda_function_role"
          },
          "sensitive_attributes": [],
          "private": "bnVsbA==",
          "dependencies": [
            "module.articles_api.module.update_email_preferences_lambda.aws_iam_policy.lambda_rds_iam_policy",
            "module.articles_api.module.update_email_preferences_lambda.aws_iam_role.lambda_role"
          ]
        }
      ]
    },
    {
      "module": "module.articles_api.module.update_email_preferences_lambda",
      "mode": "managed",
      "type": "aws_lambda_function",
      "name": "function",
      "provider": "provider[\"registry.terraform.io/hashicorp/aws\"]",
      "instances": [
        {
          "schema_version": 0,
          "attributes": {
            "architectures": [
              "x86_64"
            ],
            "arn": "arn:aws:lambda:us-east-1:132507767948:function:newsletter_update_email_preferences",
            "code_signing_config_arn": "",
            "dead_letter_config": [],
            "description": "",
            "environment": [
              {
                "variables": {
                  "POSTGRES_DB_NAME": "hannahshobbyroom",
                  "POSTGRES_HOST": "hannahshobbyroom.cvwpg9lwovqd.us-east-1.rds.amazonaws.com",
                  "POSTGRES_PASSWORD": "D6PT(utIU\u003cXLAl1D?Kegw.7Dc$}R#`1w",
                  "POSTGRES_PORT": "5432",
                  "POSTGRES_USERNAME": "postgres",
                  "TABLE_NAME": "newsletter"
                }
              }
            ],
            "ephemeral_storage": [
              {
                "size": 512
              }
            ],
            "file_system_config": [],
            "filename": "modules/lambda/../../../backend/lambdas/lambda_deployment_packages/update_email_preferences.zip",
            "function_name": "newsletter_update_email_preferences",
            "handler": "update_email_preferences.lambda_handler",
            "id": "newsletter_update_email_preferences",
            "image_config": [],
            "image_uri": "",
            "invoke_arn": "arn:aws:apigateway:us-east-1:lambda:path/2015-03-31/functions/arn:aws:lambda:us-east-1:132507767948:function:newsletter_update_email_preferences/invocations",
            "kms_key_arn": "",
            "last_modified": "2024-05-31T15:36:53.000+0000",
            "layers": [
              "arn:aws:lambda:us-east-1:132507767948:layer:psycopg2:4"
            ],
            "logging_config": [
              {
                "application_log_level": "",
                "log_format": "Text",
                "log_group": "/aws/lambda/newsletter_update_email_preferences",
                "system_log_level": ""
              }
            ],
            "memory_size": 128,
            "package_type": "Zip",
            "publish": false,
            "qualified_arn": "arn:aws:lambda:us-east-1:132507767948:function:newsletter_update_email_preferences:$LATEST",
            "qualified_invoke_arn": "arn:aws:apigateway:us-east-1:lambda:path/2015-03-31/functions/arn:aws:lambda:us-east-1:132507767948:function:newsletter_update_email_preferences:$LATEST/invocations",
            "replace_security_groups_on_destroy": null,
            "replacement_security_group_ids": null,
            "reserved_concurrent_executions": -1,
            "role": "arn:aws:iam::132507767948:role/update_email_preferences_lambda_function_role",
            "runtime": "python3.9",
            "s3_bucket": null,
            "s3_key": null,
            "s3_object_version": null,
            "signing_job_arn": "",
            "signing_profile_version_arn": "",
            "skip_destroy": false,
            "snap_start": [],
            "source_code_hash": "OcqItyRwUU4fNU557YjSGbfvNSLAHlJhyrwy0W1EH7M=",
            "source_code_size": 910,
            "tags": {},
            "tags_all": {},
            "timeout": 3,
            "timeouts": null,
            "tracing_config": [
              {
                "mode": "PassThrough"
              }
            ],
            "version": "$LATEST",
            "vpc_config": []
          },
          "sensitive_attributes": [
            [
              {
                "type": "get_attr",
                "value": "environment"
              },
              {
                "type": "index",
                "value": {
                  "value": 0,
                  "type": "number"
                }
              },
              {
                "type": "get_attr",
                "value": "variables"
              },
              {
                "type": "index",
                "value": {
                  "value": "POSTGRES_PASSWORD",
                  "type": "string"
                }
              }
            ]
          ],
          "private": "eyJlMmJmYjczMC1lY2FhLTExZTYtOGY4OC0zNDM2M2JjN2M0YzAiOnsiY3JlYXRlIjo2MDAwMDAwMDAwMDAsImRlbGV0ZSI6NjAwMDAwMDAwMDAwLCJ1cGRhdGUiOjYwMDAwMDAwMDAwMH19",
          "dependencies": [
            "aws_lambda_layer_version.psycopg2_layer",
            "module.articles_api.module.update_email_preferences_lambda.aws_iam_role.lambda_role",
            "module.articles_api.module.update_email_preferences_lambda.data.archive_file.function_code_zip",
            "module.articles_rds_cluster.aws_db_subnet_group.subnet_group",
            "module.articles_rds_cluster.aws_internet_gateway.ig",
            "module.articles_rds_cluster.aws_rds_cluster.cluster",
            "module.articles_rds_cluster.aws_rds_cluster_instance.db",
            "module.articles_rds_cluster.aws_security_group.default",
            "module.articles_rds_cluster.aws_vpc.vpc",
            "module.articles_rds_cluster.data.aws_ssm_parameter.postgres_password"
          ]
        }
      ]
    },
    {
      "module": "module.articles_rds_cluster",
      "mode": "data",
      "type": "aws_ssm_parameter",
      "name": "postgres_password",
      "provider": "provider[\"registry.terraform.io/hashicorp/aws\"]",
      "instances": [
        {
          "schema_version": 0,
          "attributes": {
            "arn": "arn:aws:ssm:us-east-1:132507767948:parameter/hannahshobbyroom/postgresql/password",
            "id": "/hannahshobbyroom/postgresql/password",
            "insecure_value": "",
            "name": "/hannahshobbyroom/postgresql/password",
            "type": "SecureString",
            "value": "D6PT(utIU\u003cXLAl1D?Kegw.7Dc$}R#`1w",
            "version": 4,
            "with_decryption": true
          },
          "sensitive_attributes": []
        }
      ]
    },
    {
      "module": "module.articles_rds_cluster",
      "mode": "managed",
      "type": "aws_db_subnet_group",
      "name": "subnet_group",
      "provider": "provider[\"registry.terraform.io/hashicorp/aws\"]",
      "instances": [
        {
          "schema_version": 0,
          "attributes": {
            "arn": "arn:aws:rds:us-east-1:132507767948:subgrp:hannahshobbyroom_subnet_group",
            "description": "Managed by Terraform",
            "id": "hannahshobbyroom_subnet_group",
            "name": "hannahshobbyroom_subnet_group",
            "name_prefix": "",
            "subnet_ids": [
              "subnet-03afaf7f3b4a22ef4",
              "subnet-089bf97707aebb94e",
              "subnet-0ea294f301a7ffd35"
            ],
            "supported_network_types": [
              "IPV4"
            ],
            "tags": {},
            "tags_all": {},
            "vpc_id": "vpc-0aeadc7122f3c5af9"
          },
          "sensitive_attributes": [],
          "private": "bnVsbA==",
          "dependencies": [
            "module.articles_rds_cluster.aws_subnet.public_subnet",
            "module.articles_rds_cluster.aws_vpc.vpc"
          ]
        }
      ]
    },
    {
      "module": "module.articles_rds_cluster",
      "mode": "managed",
      "type": "aws_internet_gateway",
      "name": "ig",
      "provider": "provider[\"registry.terraform.io/hashicorp/aws\"]",
      "instances": [
        {
          "schema_version": 0,
          "attributes": {
            "arn": "arn:aws:ec2:us-east-1:132507767948:internet-gateway/igw-06bbc03f1eede7709",
            "id": "igw-06bbc03f1eede7709",
            "owner_id": "132507767948",
            "tags": {},
            "tags_all": {},
            "timeouts": null,
            "vpc_id": "vpc-0aeadc7122f3c5af9"
          },
          "sensitive_attributes": [],
          "private": "eyJlMmJmYjczMC1lY2FhLTExZTYtOGY4OC0zNDM2M2JjN2M0YzAiOnsiY3JlYXRlIjoxMjAwMDAwMDAwMDAwLCJkZWxldGUiOjEyMDAwMDAwMDAwMDAsInVwZGF0ZSI6MTIwMDAwMDAwMDAwMH19",
          "dependencies": [
            "module.articles_rds_cluster.aws_vpc.vpc"
          ]
        }
      ]
    },
    {
      "module": "module.articles_rds_cluster",
      "mode": "managed",
      "type": "aws_kms_key",
      "name": "postgres_kms_key",
      "provider": "provider[\"registry.terraform.io/hashicorp/aws\"]",
      "instances": [
        {
          "schema_version": 0,
          "attributes": {
            "arn": "arn:aws:kms:us-east-1:132507767948:key/046a4018-df5e-4007-b410-df43de684e76",
            "bypass_policy_lockout_safety_check": false,
            "custom_key_store_id": "",
            "customer_master_key_spec": "SYMMETRIC_DEFAULT",
            "deletion_window_in_days": null,
            "description": "The KMS key for the posgres db pw",
            "enable_key_rotation": false,
            "id": "046a4018-df5e-4007-b410-df43de684e76",
            "is_enabled": true,
            "key_id": "046a4018-df5e-4007-b410-df43de684e76",
            "key_usage": "ENCRYPT_DECRYPT",
            "multi_region": false,
            "policy": "{\"Id\":\"key-default-1\",\"Statement\":[{\"Action\":\"kms:*\",\"Effect\":\"Allow\",\"Principal\":{\"AWS\":\"arn:aws:iam::132507767948:root\"},\"Resource\":\"*\",\"Sid\":\"Enable IAM User Permissions\"}],\"Version\":\"2012-10-17\"}",
            "tags": {},
            "tags_all": {},
            "timeouts": null,
            "xks_key_id": ""
          },
          "sensitive_attributes": [],
          "private": "bnVsbA=="
        }
      ]
    },
    {
      "module": "module.articles_rds_cluster",
      "mode": "managed",
      "type": "aws_rds_cluster",
      "name": "cluster",
      "provider": "provider[\"registry.terraform.io/hashicorp/aws\"]",
      "instances": [
        {
          "schema_version": 1,
          "attributes": {
            "allocated_storage": 1,
            "allow_major_version_upgrade": null,
            "apply_immediately": true,
            "arn": "arn:aws:rds:us-east-1:132507767948:cluster:hannahshobbyroom",
            "availability_zones": [
              "us-east-1a",
              "us-east-1b",
              "us-east-1c"
            ],
            "backtrack_window": 0,
            "backup_retention_period": 5,
            "cluster_identifier": "hannahshobbyroom",
            "cluster_identifier_prefix": "",
            "cluster_members": [
              "hannahshobbyroom"
            ],
            "cluster_resource_id": "cluster-3F6YMQPLXZHIXBTR2EPZ7LVIEU",
            "copy_tags_to_snapshot": false,
            "database_name": "hannahshobbyroom",
            "db_cluster_instance_class": "",
            "db_cluster_parameter_group_name": "default.aurora-postgresql15",
            "db_instance_parameter_group_name": null,
            "db_subnet_group_name": "hannahshobbyroom_subnet_group",
            "db_system_id": "",
            "delete_automated_backups": true,
            "deletion_protection": false,
            "enable_global_write_forwarding": false,
            "enable_http_endpoint": true,
            "enabled_cloudwatch_logs_exports": [],
            "endpoint": "hannahshobbyroom.cluster-cvwpg9lwovqd.us-east-1.rds.amazonaws.com",
            "engine": "aurora-postgresql",
            "engine_mode": "provisioned",
            "engine_version": "15.4",
            "engine_version_actual": "15.4",
            "final_snapshot_identifier": null,
            "global_cluster_identifier": "",
            "hosted_zone_id": "Z2R2ITUGPM61AM",
            "iam_database_authentication_enabled": false,
            "iam_roles": [],
            "id": "hannahshobbyroom",
            "iops": 0,
            "kms_key_id": "",
            "manage_master_user_password": null,
            "master_password": "D6PT(utIU\u003cXLAl1D?Kegw.7Dc$}R#`1w",
            "master_user_secret": [],
            "master_user_secret_kms_key_id": null,
            "master_username": "postgres",
            "network_type": "IPV4",
            "port": 5432,
            "preferred_backup_window": "07:00-09:00",
            "preferred_maintenance_window": "fri:06:11-fri:06:41",
            "reader_endpoint": "hannahshobbyroom.cluster-ro-cvwpg9lwovqd.us-east-1.rds.amazonaws.com",
            "replication_source_identifier": "",
            "restore_to_point_in_time": [],
            "s3_import": [],
            "scaling_configuration": [],
            "serverlessv2_scaling_configuration": [
              {
                "max_capacity": 1,
                "min_capacity": 0.5
              }
            ],
            "skip_final_snapshot": true,
            "snapshot_identifier": null,
            "source_region": null,
            "storage_encrypted": false,
            "storage_type": "",
            "tags": {},
            "tags_all": {},
            "timeouts": null,
            "vpc_security_group_ids": [
              "sg-0c48e80094ced8172"
            ]
          },
          "sensitive_attributes": [
            [
              {
                "type": "get_attr",
                "value": "master_password"
              }
            ]
          ],
          "private": "eyJlMmJmYjczMC1lY2FhLTExZTYtOGY4OC0zNDM2M2JjN2M0YzAiOnsiY3JlYXRlIjo3MjAwMDAwMDAwMDAwLCJkZWxldGUiOjcyMDAwMDAwMDAwMDAsInVwZGF0ZSI6NzIwMDAwMDAwMDAwMH0sInNjaGVtYV92ZXJzaW9uIjoiMSJ9",
          "dependencies": [
            "module.articles_rds_cluster.aws_db_subnet_group.subnet_group",
            "module.articles_rds_cluster.aws_internet_gateway.ig",
            "module.articles_rds_cluster.aws_security_group.default",
            "module.articles_rds_cluster.aws_vpc.vpc",
            "module.articles_rds_cluster.data.aws_ssm_parameter.postgres_password"
          ]
        }
      ]
    },
    {
      "module": "module.articles_rds_cluster",
      "mode": "managed",
      "type": "aws_rds_cluster_instance",
      "name": "db",
      "provider": "provider[\"registry.terraform.io/hashicorp/aws\"]",
      "instances": [
        {
          "schema_version": 0,
          "attributes": {
            "apply_immediately": null,
            "arn": "arn:aws:rds:us-east-1:132507767948:db:hannahshobbyroom",
            "auto_minor_version_upgrade": true,
            "availability_zone": "us-east-1c",
            "ca_cert_identifier": "rds-ca-rsa2048-g1",
            "cluster_identifier": "hannahshobbyroom",
            "copy_tags_to_snapshot": false,
            "custom_iam_instance_profile": "",
            "db_parameter_group_name": "default.aurora-postgresql15",
            "db_subnet_group_name": "hannahshobbyroom_subnet_group",
            "dbi_resource_id": "db-FSKWJEMDONGK43LOWMQFR2IDYE",
            "endpoint": "hannahshobbyroom.cvwpg9lwovqd.us-east-1.rds.amazonaws.com",
            "engine": "aurora-postgresql",
            "engine_version": "15.4",
            "engine_version_actual": "15.4",
            "id": "hannahshobbyroom",
            "identifier": "hannahshobbyroom",
            "identifier_prefix": "",
            "instance_class": "db.serverless",
            "kms_key_id": "",
            "monitoring_interval": 0,
            "monitoring_role_arn": "",
            "network_type": "IPV4",
            "performance_insights_enabled": false,
            "performance_insights_kms_key_id": "",
            "performance_insights_retention_period": 0,
            "port": 5432,
            "preferred_backup_window": "07:00-09:00",
            "preferred_maintenance_window": "sat:04:13-sat:04:43",
            "promotion_tier": 0,
            "publicly_accessible": true,
            "storage_encrypted": false,
            "tags": {},
            "tags_all": {},
            "timeouts": null,
            "writer": true
          },
          "sensitive_attributes": [],
          "private": "eyJlMmJmYjczMC1lY2FhLTExZTYtOGY4OC0zNDM2M2JjN2M0YzAiOnsiY3JlYXRlIjo1NDAwMDAwMDAwMDAwLCJkZWxldGUiOjU0MDAwMDAwMDAwMDAsInVwZGF0ZSI6NTQwMDAwMDAwMDAwMH19",
          "dependencies": [
            "module.articles_rds_cluster.aws_db_subnet_group.subnet_group",
            "module.articles_rds_cluster.aws_internet_gateway.ig",
            "module.articles_rds_cluster.aws_rds_cluster.cluster",
            "module.articles_rds_cluster.aws_security_group.default",
            "module.articles_rds_cluster.aws_subnet.public_subnet",
            "module.articles_rds_cluster.aws_vpc.vpc",
            "module.articles_rds_cluster.data.aws_ssm_parameter.postgres_password"
          ]
        }
      ]
    },
    {
      "module": "module.articles_rds_cluster",
      "mode": "managed",
      "type": "aws_route",
      "name": "public_internet_gateway",
      "provider": "provider[\"registry.terraform.io/hashicorp/aws\"]",
      "instances": [
        {
          "schema_version": 0,
          "attributes": {
            "carrier_gateway_id": "",
            "core_network_arn": "",
            "destination_cidr_block": "0.0.0.0/0",
            "destination_ipv6_cidr_block": "",
            "destination_prefix_list_id": "",
            "egress_only_gateway_id": "",
            "gateway_id": "igw-06bbc03f1eede7709",
            "id": "r-rtb-0f4579992bc03891d1080289494",
            "instance_id": "",
            "instance_owner_id": "",
            "local_gateway_id": "",
            "nat_gateway_id": "",
            "network_interface_id": "",
            "origin": "CreateRoute",
            "route_table_id": "rtb-0f4579992bc03891d",
            "state": "active",
            "timeouts": null,
            "transit_gateway_id": "",
            "vpc_endpoint_id": "",
            "vpc_peering_connection_id": ""
          },
          "sensitive_attributes": [],
          "private": "eyJlMmJmYjczMC1lY2FhLTExZTYtOGY4OC0zNDM2M2JjN2M0YzAiOnsiY3JlYXRlIjozMDAwMDAwMDAwMDAsImRlbGV0ZSI6MzAwMDAwMDAwMDAwLCJ1cGRhdGUiOjEyMDAwMDAwMDAwMH19",
          "dependencies": [
            "module.articles_rds_cluster.aws_internet_gateway.ig",
            "module.articles_rds_cluster.aws_route_table.public",
            "module.articles_rds_cluster.aws_vpc.vpc"
          ]
        }
      ]
    },
    {
      "module": "module.articles_rds_cluster",
      "mode": "managed",
      "type": "aws_route_table",
      "name": "public",
      "provider": "provider[\"registry.terraform.io/hashicorp/aws\"]",
      "instances": [
        {
          "schema_version": 0,
          "attributes": {
            "arn": "arn:aws:ec2:us-east-1:132507767948:route-table/rtb-0f4579992bc03891d",
            "id": "rtb-0f4579992bc03891d",
            "owner_id": "132507767948",
            "propagating_vgws": [],
            "route": [
              {
                "carrier_gateway_id": "",
                "cidr_block": "0.0.0.0/0",
                "core_network_arn": "",
                "destination_prefix_list_id": "",
                "egress_only_gateway_id": "",
                "gateway_id": "igw-06bbc03f1eede7709",
                "ipv6_cidr_block": "",
                "local_gateway_id": "",
                "nat_gateway_id": "",
                "network_interface_id": "",
                "transit_gateway_id": "",
                "vpc_endpoint_id": "",
                "vpc_peering_connection_id": ""
              }
            ],
            "tags": {},
            "tags_all": {},
            "timeouts": null,
            "vpc_id": "vpc-0aeadc7122f3c5af9"
          },
          "sensitive_attributes": [],
          "private": "eyJlMmJmYjczMC1lY2FhLTExZTYtOGY4OC0zNDM2M2JjN2M0YzAiOnsiY3JlYXRlIjozMDAwMDAwMDAwMDAsImRlbGV0ZSI6MzAwMDAwMDAwMDAwLCJ1cGRhdGUiOjEyMDAwMDAwMDAwMH19",
          "dependencies": [
            "module.articles_rds_cluster.aws_vpc.vpc"
          ]
        }
      ]
    },
    {
      "module": "module.articles_rds_cluster",
      "mode": "managed",
      "type": "aws_route_table_association",
      "name": "public",
      "provider": "provider[\"registry.terraform.io/hashicorp/aws\"]",
      "instances": [
        {
          "index_key": 0,
          "schema_version": 0,
          "attributes": {
            "gateway_id": "",
            "id": "rtbassoc-006911e40570ea437",
            "route_table_id": "rtb-0f4579992bc03891d",
            "subnet_id": "subnet-089bf97707aebb94e",
            "timeouts": null
          },
          "sensitive_attributes": [],
          "private": "eyJlMmJmYjczMC1lY2FhLTExZTYtOGY4OC0zNDM2M2JjN2M0YzAiOnsiY3JlYXRlIjozMDAwMDAwMDAwMDAsImRlbGV0ZSI6MzAwMDAwMDAwMDAwLCJ1cGRhdGUiOjEyMDAwMDAwMDAwMH19",
          "dependencies": [
            "module.articles_rds_cluster.aws_route_table.public",
            "module.articles_rds_cluster.aws_subnet.public_subnet",
            "module.articles_rds_cluster.aws_vpc.vpc"
          ]
        },
        {
          "index_key": 1,
          "schema_version": 0,
          "attributes": {
            "gateway_id": "",
            "id": "rtbassoc-0155f5aa25da3b647",
            "route_table_id": "rtb-0f4579992bc03891d",
            "subnet_id": "subnet-03afaf7f3b4a22ef4",
            "timeouts": null
          },
          "sensitive_attributes": [],
          "private": "eyJlMmJmYjczMC1lY2FhLTExZTYtOGY4OC0zNDM2M2JjN2M0YzAiOnsiY3JlYXRlIjozMDAwMDAwMDAwMDAsImRlbGV0ZSI6MzAwMDAwMDAwMDAwLCJ1cGRhdGUiOjEyMDAwMDAwMDAwMH19",
          "dependencies": [
            "module.articles_rds_cluster.aws_route_table.public",
            "module.articles_rds_cluster.aws_subnet.public_subnet",
            "module.articles_rds_cluster.aws_vpc.vpc"
          ]
        },
        {
          "index_key": 2,
          "schema_version": 0,
          "attributes": {
            "gateway_id": "",
            "id": "rtbassoc-06a7977eacb5aafcc",
            "route_table_id": "rtb-0f4579992bc03891d",
            "subnet_id": "subnet-0ea294f301a7ffd35",
            "timeouts": null
          },
          "sensitive_attributes": [],
          "private": "eyJlMmJmYjczMC1lY2FhLTExZTYtOGY4OC0zNDM2M2JjN2M0YzAiOnsiY3JlYXRlIjozMDAwMDAwMDAwMDAsImRlbGV0ZSI6MzAwMDAwMDAwMDAwLCJ1cGRhdGUiOjEyMDAwMDAwMDAwMH19",
          "dependencies": [
            "module.articles_rds_cluster.aws_route_table.public",
            "module.articles_rds_cluster.aws_subnet.public_subnet",
            "module.articles_rds_cluster.aws_vpc.vpc"
          ]
        }
      ]
    },
    {
      "module": "module.articles_rds_cluster",
      "mode": "managed",
      "type": "aws_security_group",
      "name": "default",
      "provider": "provider[\"registry.terraform.io/hashicorp/aws\"]",
      "instances": [
        {
          "schema_version": 1,
          "attributes": {
            "arn": "arn:aws:ec2:us-east-1:132507767948:security-group/sg-0c48e80094ced8172",
            "description": "Default security group to allow inbound/outbound from the VPC",
            "egress": [
              {
                "cidr_blocks": [
                  "0.0.0.0/0"
                ],
                "description": "",
                "from_port": 0,
                "ipv6_cidr_blocks": [],
                "prefix_list_ids": [],
                "protocol": "-1",
                "security_groups": [],
                "self": false,
                "to_port": 0
              }
            ],
            "id": "sg-0c48e80094ced8172",
            "ingress": [
              {
                "cidr_blocks": [
                  "0.0.0.0/0"
                ],
                "description": "",
                "from_port": 5432,
                "ipv6_cidr_blocks": [],
                "prefix_list_ids": [],
                "protocol": "tcp",
                "security_groups": [],
                "self": false,
                "to_port": 5432
              },
              {
                "cidr_blocks": [],
                "description": "",
                "from_port": 0,
                "ipv6_cidr_blocks": [],
                "prefix_list_ids": [],
                "protocol": "-1",
                "security_groups": [],
                "self": true,
                "to_port": 0
              }
            ],
            "name": "hannahshobbyroom-default-sg",
            "name_prefix": "",
            "owner_id": "132507767948",
            "revoke_rules_on_delete": false,
            "tags": {},
            "tags_all": {},
            "timeouts": null,
            "vpc_id": "vpc-0aeadc7122f3c5af9"
          },
          "sensitive_attributes": [],
          "private": "eyJlMmJmYjczMC1lY2FhLTExZTYtOGY4OC0zNDM2M2JjN2M0YzAiOnsiY3JlYXRlIjo2MDAwMDAwMDAwMDAsImRlbGV0ZSI6OTAwMDAwMDAwMDAwfSwic2NoZW1hX3ZlcnNpb24iOiIxIn0=",
          "dependencies": [
            "module.articles_rds_cluster.aws_vpc.vpc"
          ]
        }
      ]
    },
    {
      "module": "module.articles_rds_cluster",
      "mode": "managed",
      "type": "aws_subnet",
      "name": "public_subnet",
      "provider": "provider[\"registry.terraform.io/hashicorp/aws\"]",
      "instances": [
        {
          "index_key": 0,
          "schema_version": 1,
          "attributes": {
            "arn": "arn:aws:ec2:us-east-1:132507767948:subnet/subnet-089bf97707aebb94e",
            "assign_ipv6_address_on_creation": false,
            "availability_zone": "us-east-1a",
            "availability_zone_id": "use1-az1",
            "cidr_block": "10.0.1.0/24",
            "customer_owned_ipv4_pool": "",
            "enable_dns64": false,
            "enable_lni_at_device_index": 0,
            "enable_resource_name_dns_a_record_on_launch": false,
            "enable_resource_name_dns_aaaa_record_on_launch": false,
            "id": "subnet-089bf97707aebb94e",
            "ipv6_cidr_block": "",
            "ipv6_cidr_block_association_id": "",
            "ipv6_native": false,
            "map_customer_owned_ip_on_launch": false,
            "map_public_ip_on_launch": true,
            "outpost_arn": "",
            "owner_id": "132507767948",
            "private_dns_hostname_type_on_launch": "ip-name",
            "tags": {},
            "tags_all": {},
            "timeouts": null,
            "vpc_id": "vpc-0aeadc7122f3c5af9"
          },
          "sensitive_attributes": [],
          "private": "eyJlMmJmYjczMC1lY2FhLTExZTYtOGY4OC0zNDM2M2JjN2M0YzAiOnsiY3JlYXRlIjo2MDAwMDAwMDAwMDAsImRlbGV0ZSI6MTIwMDAwMDAwMDAwMH0sInNjaGVtYV92ZXJzaW9uIjoiMSJ9",
          "dependencies": [
            "module.articles_rds_cluster.aws_vpc.vpc"
          ]
        },
        {
          "index_key": 1,
          "schema_version": 1,
          "attributes": {
            "arn": "arn:aws:ec2:us-east-1:132507767948:subnet/subnet-03afaf7f3b4a22ef4",
            "assign_ipv6_address_on_creation": false,
            "availability_zone": "us-east-1b",
            "availability_zone_id": "use1-az2",
            "cidr_block": "10.0.85.0/24",
            "customer_owned_ipv4_pool": "",
            "enable_dns64": false,
            "enable_lni_at_device_index": 0,
            "enable_resource_name_dns_a_record_on_launch": false,
            "enable_resource_name_dns_aaaa_record_on_launch": false,
            "id": "subnet-03afaf7f3b4a22ef4",
            "ipv6_cidr_block": "",
            "ipv6_cidr_block_association_id": "",
            "ipv6_native": false,
            "map_customer_owned_ip_on_launch": false,
            "map_public_ip_on_launch": true,
            "outpost_arn": "",
            "owner_id": "132507767948",
            "private_dns_hostname_type_on_launch": "ip-name",
            "tags": {},
            "tags_all": {},
            "timeouts": null,
            "vpc_id": "vpc-0aeadc7122f3c5af9"
          },
          "sensitive_attributes": [],
          "private": "eyJlMmJmYjczMC1lY2FhLTExZTYtOGY4OC0zNDM2M2JjN2M0YzAiOnsiY3JlYXRlIjo2MDAwMDAwMDAwMDAsImRlbGV0ZSI6MTIwMDAwMDAwMDAwMH0sInNjaGVtYV92ZXJzaW9uIjoiMSJ9",
          "dependencies": [
            "module.articles_rds_cluster.aws_vpc.vpc"
          ]
        },
        {
          "index_key": 2,
          "schema_version": 1,
          "attributes": {
            "arn": "arn:aws:ec2:us-east-1:132507767948:subnet/subnet-0ea294f301a7ffd35",
            "assign_ipv6_address_on_creation": false,
            "availability_zone": "us-east-1c",
            "availability_zone_id": "use1-az4",
            "cidr_block": "10.0.170.0/24",
            "customer_owned_ipv4_pool": "",
            "enable_dns64": false,
            "enable_lni_at_device_index": 0,
            "enable_resource_name_dns_a_record_on_launch": false,
            "enable_resource_name_dns_aaaa_record_on_launch": false,
            "id": "subnet-0ea294f301a7ffd35",
            "ipv6_cidr_block": "",
            "ipv6_cidr_block_association_id": "",
            "ipv6_native": false,
            "map_customer_owned_ip_on_launch": false,
            "map_public_ip_on_launch": true,
            "outpost_arn": "",
            "owner_id": "132507767948",
            "private_dns_hostname_type_on_launch": "ip-name",
            "tags": {},
            "tags_all": {},
            "timeouts": null,
            "vpc_id": "vpc-0aeadc7122f3c5af9"
          },
          "sensitive_attributes": [],
          "private": "eyJlMmJmYjczMC1lY2FhLTExZTYtOGY4OC0zNDM2M2JjN2M0YzAiOnsiY3JlYXRlIjo2MDAwMDAwMDAwMDAsImRlbGV0ZSI6MTIwMDAwMDAwMDAwMH0sInNjaGVtYV92ZXJzaW9uIjoiMSJ9",
          "dependencies": [
            "module.articles_rds_cluster.aws_vpc.vpc"
          ]
        }
      ]
    },
    {
      "module": "module.articles_rds_cluster",
      "mode": "managed",
      "type": "aws_vpc",
      "name": "vpc",
      "provider": "provider[\"registry.terraform.io/hashicorp/aws\"]",
      "instances": [
        {
          "schema_version": 1,
          "attributes": {
            "arn": "arn:aws:ec2:us-east-1:132507767948:vpc/vpc-0aeadc7122f3c5af9",
            "assign_generated_ipv6_cidr_block": false,
            "cidr_block": "10.0.0.0/16",
            "default_network_acl_id": "acl-0193555bf6be7f0da",
            "default_route_table_id": "rtb-0e000be2b8a1da2f0",
            "default_security_group_id": "sg-0ab845857becc83dc",
            "dhcp_options_id": "dopt-d6c216ac",
            "enable_dns_hostnames": true,
            "enable_dns_support": true,
            "enable_network_address_usage_metrics": false,
            "id": "vpc-0aeadc7122f3c5af9",
            "instance_tenancy": "default",
            "ipv4_ipam_pool_id": null,
            "ipv4_netmask_length": null,
            "ipv6_association_id": "",
            "ipv6_cidr_block": "",
            "ipv6_cidr_block_network_border_group": "",
            "ipv6_ipam_pool_id": "",
            "ipv6_netmask_length": 0,
            "main_route_table_id": "rtb-0e000be2b8a1da2f0",
            "owner_id": "132507767948",
            "tags": {},
            "tags_all": {}
          },
          "sensitive_attributes": [],
          "private": "eyJzY2hlbWFfdmVyc2lvbiI6IjEifQ=="
        }
      ]
    },
    {
      "module": "module.bounce_handler",
      "mode": "managed",
      "type": "aws_ses_identity_notification_topic",
      "name": "notification",
      "provider": "provider[\"registry.terraform.io/hashicorp/aws\"]",
      "instances": [
        {
          "schema_version": 0,
          "attributes": {
            "id": "hannah@hannahshobbyroom.com|Bounce",
            "identity": "hannah@hannahshobbyroom.com",
            "include_original_headers": false,
            "notification_type": "Bounce",
            "topic_arn": "arn:aws:sns:us-east-1:132507767948:hannahshobbyroom_bounce_handler_topic"
          },
          "sensitive_attributes": [],
          "private": "bnVsbA==",
          "dependencies": [
            "aws_ses_email_identity.identity",
            "module.bounce_handler.aws_sns_topic.topic"
          ]
        }
      ]
    },
    {
      "module": "module.bounce_handler",
      "mode": "managed",
      "type": "aws_sns_topic",
      "name": "topic",
      "provider": "provider[\"registry.terraform.io/hashicorp/aws\"]",
      "instances": [
        {
          "schema_version": 0,
          "attributes": {
            "application_failure_feedback_role_arn": "",
            "application_success_feedback_role_arn": "",
            "application_success_feedback_sample_rate": 0,
            "archive_policy": "",
            "arn": "arn:aws:sns:us-east-1:132507767948:hannahshobbyroom_bounce_handler_topic",
            "beginning_archive_time": "",
            "content_based_deduplication": false,
            "delivery_policy": "",
            "display_name": "",
            "fifo_topic": false,
            "firehose_failure_feedback_role_arn": "",
            "firehose_success_feedback_role_arn": "",
            "firehose_success_feedback_sample_rate": 0,
            "http_failure_feedback_role_arn": "",
            "http_success_feedback_role_arn": "",
            "http_success_feedback_sample_rate": 0,
            "id": "arn:aws:sns:us-east-1:132507767948:hannahshobbyroom_bounce_handler_topic",
            "kms_master_key_id": "",
            "lambda_failure_feedback_role_arn": "",
            "lambda_success_feedback_role_arn": "",
            "lambda_success_feedback_sample_rate": 0,
            "name": "hannahshobbyroom_bounce_handler_topic",
            "name_prefix": "",
            "owner": "132507767948",
            "policy": "{\"Id\":\"__default_policy_ID\",\"Statement\":[{\"Action\":[\"SNS:GetTopicAttributes\",\"SNS:SetTopicAttributes\",\"SNS:AddPermission\",\"SNS:RemovePermission\",\"SNS:DeleteTopic\",\"SNS:Subscribe\",\"SNS:ListSubscriptionsByTopic\",\"SNS:Publish\"],\"Condition\":{\"StringEquals\":{\"AWS:SourceOwner\":\"132507767948\"}},\"Effect\":\"Allow\",\"Principal\":{\"AWS\":\"*\"},\"Resource\":\"arn:aws:sns:us-east-1:132507767948:hannahshobbyroom_bounce_handler_topic\",\"Sid\":\"__default_statement_ID\"}],\"Version\":\"2008-10-17\"}",
            "signature_version": 0,
            "sqs_failure_feedback_role_arn": "",
            "sqs_success_feedback_role_arn": "",
            "sqs_success_feedback_sample_rate": 0,
            "tags": {},
            "tags_all": {},
            "tracing_config": ""
          },
          "sensitive_attributes": [],
          "private": "bnVsbA=="
        }
      ]
    },
    {
      "module": "module.bounce_handler",
      "mode": "managed",
      "type": "aws_sns_topic_subscription",
      "name": "subscription",
      "provider": "provider[\"registry.terraform.io/hashicorp/aws\"]",
      "instances": [
        {
          "schema_version": 0,
          "attributes": {
            "arn": "arn:aws:sns:us-east-1:132507767948:hannahshobbyroom_bounce_handler_topic:96983960-18f4-479c-b60e-f32b21794e88",
            "confirmation_timeout_in_minutes": 1,
            "confirmation_was_authenticated": true,
            "delivery_policy": "",
            "endpoint": "arn:aws:sqs:us-east-1:132507767948:hannahshobbyroom_bounce_handler_queue",
            "endpoint_auto_confirms": false,
            "filter_policy": "",
            "filter_policy_scope": "",
            "id": "arn:aws:sns:us-east-1:132507767948:hannahshobbyroom_bounce_handler_topic:96983960-18f4-479c-b60e-f32b21794e88",
            "owner_id": "132507767948",
            "pending_confirmation": false,
            "protocol": "sqs",
            "raw_message_delivery": false,
            "redrive_policy": "",
            "replay_policy": "",
            "subscription_role_arn": "",
            "topic_arn": "arn:aws:sns:us-east-1:132507767948:hannahshobbyroom_bounce_handler_topic"
          },
          "sensitive_attributes": [],
          "private": "bnVsbA==",
          "dependencies": [
            "module.bounce_handler.aws_sns_topic.topic",
            "module.bounce_handler.aws_sqs_queue.queue"
          ]
        }
      ]
    },
    {
      "module": "module.bounce_handler",
      "mode": "managed",
      "type": "aws_sqs_queue",
      "name": "queue",
      "provider": "provider[\"registry.terraform.io/hashicorp/aws\"]",
      "instances": [
        {
          "schema_version": 0,
          "attributes": {
            "arn": "arn:aws:sqs:us-east-1:132507767948:hannahshobbyroom_bounce_handler_queue",
            "content_based_deduplication": false,
            "deduplication_scope": "",
            "delay_seconds": 0,
            "fifo_queue": false,
            "fifo_throughput_limit": "",
            "id": "https://sqs.us-east-1.amazonaws.com/132507767948/hannahshobbyroom_bounce_handler_queue",
            "kms_data_key_reuse_period_seconds": 300,
            "kms_master_key_id": "",
            "max_message_size": 262144,
            "message_retention_seconds": 345600,
            "name": "hannahshobbyroom_bounce_handler_queue",
            "name_prefix": "",
            "policy": "",
            "receive_wait_time_seconds": 0,
            "redrive_allow_policy": "",
            "redrive_policy": "",
            "sqs_managed_sse_enabled": true,
            "tags": {},
            "tags_all": {},
            "url": "https://sqs.us-east-1.amazonaws.com/132507767948/hannahshobbyroom_bounce_handler_queue",
            "visibility_timeout_seconds": 30
          },
          "sensitive_attributes": [],
          "private": "bnVsbA=="
        }
      ]
    },
    {
      "module": "module.complaint_handler",
      "mode": "managed",
      "type": "aws_ses_identity_notification_topic",
      "name": "notification",
      "provider": "provider[\"registry.terraform.io/hashicorp/aws\"]",
      "instances": [
        {
          "schema_version": 0,
          "attributes": {
            "id": "hannah@hannahshobbyroom.com|Complaint",
            "identity": "hannah@hannahshobbyroom.com",
            "include_original_headers": false,
            "notification_type": "Complaint",
            "topic_arn": "arn:aws:sns:us-east-1:132507767948:hannahshobbyroom_complaint_handler_topic"
          },
          "sensitive_attributes": [],
          "private": "bnVsbA==",
          "dependencies": [
            "aws_ses_email_identity.identity",
            "module.complaint_handler.aws_sns_topic.topic"
          ]
        }
      ]
    },
    {
      "module": "module.complaint_handler",
      "mode": "managed",
      "type": "aws_sns_topic",
      "name": "topic",
      "provider": "provider[\"registry.terraform.io/hashicorp/aws\"]",
      "instances": [
        {
          "schema_version": 0,
          "attributes": {
            "application_failure_feedback_role_arn": "",
            "application_success_feedback_role_arn": "",
            "application_success_feedback_sample_rate": 0,
            "archive_policy": "",
            "arn": "arn:aws:sns:us-east-1:132507767948:hannahshobbyroom_complaint_handler_topic",
            "beginning_archive_time": "",
            "content_based_deduplication": false,
            "delivery_policy": "",
            "display_name": "",
            "fifo_topic": false,
            "firehose_failure_feedback_role_arn": "",
            "firehose_success_feedback_role_arn": "",
            "firehose_success_feedback_sample_rate": 0,
            "http_failure_feedback_role_arn": "",
            "http_success_feedback_role_arn": "",
            "http_success_feedback_sample_rate": 0,
            "id": "arn:aws:sns:us-east-1:132507767948:hannahshobbyroom_complaint_handler_topic",
            "kms_master_key_id": "",
            "lambda_failure_feedback_role_arn": "",
            "lambda_success_feedback_role_arn": "",
            "lambda_success_feedback_sample_rate": 0,
            "name": "hannahshobbyroom_complaint_handler_topic",
            "name_prefix": "",
            "owner": "132507767948",
            "policy": "{\"Id\":\"__default_policy_ID\",\"Statement\":[{\"Action\":[\"SNS:GetTopicAttributes\",\"SNS:SetTopicAttributes\",\"SNS:AddPermission\",\"SNS:RemovePermission\",\"SNS:DeleteTopic\",\"SNS:Subscribe\",\"SNS:ListSubscriptionsByTopic\",\"SNS:Publish\"],\"Condition\":{\"StringEquals\":{\"AWS:SourceOwner\":\"132507767948\"}},\"Effect\":\"Allow\",\"Principal\":{\"AWS\":\"*\"},\"Resource\":\"arn:aws:sns:us-east-1:132507767948:hannahshobbyroom_complaint_handler_topic\",\"Sid\":\"__default_statement_ID\"}],\"Version\":\"2008-10-17\"}",
            "signature_version": 0,
            "sqs_failure_feedback_role_arn": "",
            "sqs_success_feedback_role_arn": "",
            "sqs_success_feedback_sample_rate": 0,
            "tags": {},
            "tags_all": {},
            "tracing_config": ""
          },
          "sensitive_attributes": [],
          "private": "bnVsbA=="
        }
      ]
    },
    {
      "module": "module.complaint_handler",
      "mode": "managed",
      "type": "aws_sns_topic_subscription",
      "name": "subscription",
      "provider": "provider[\"registry.terraform.io/hashicorp/aws\"]",
      "instances": [
        {
          "schema_version": 0,
          "attributes": {
            "arn": "arn:aws:sns:us-east-1:132507767948:hannahshobbyroom_complaint_handler_topic:95569d63-3a0c-4927-8923-6d557019838e",
            "confirmation_timeout_in_minutes": 1,
            "confirmation_was_authenticated": true,
            "delivery_policy": "",
            "endpoint": "arn:aws:sqs:us-east-1:132507767948:hannahshobbyroom_complaint_handler_queue",
            "endpoint_auto_confirms": false,
            "filter_policy": "",
            "filter_policy_scope": "",
            "id": "arn:aws:sns:us-east-1:132507767948:hannahshobbyroom_complaint_handler_topic:95569d63-3a0c-4927-8923-6d557019838e",
            "owner_id": "132507767948",
            "pending_confirmation": false,
            "protocol": "sqs",
            "raw_message_delivery": false,
            "redrive_policy": "",
            "replay_policy": "",
            "subscription_role_arn": "",
            "topic_arn": "arn:aws:sns:us-east-1:132507767948:hannahshobbyroom_complaint_handler_topic"
          },
          "sensitive_attributes": [],
          "private": "bnVsbA==",
          "dependencies": [
            "module.complaint_handler.aws_sns_topic.topic",
            "module.complaint_handler.aws_sqs_queue.queue"
          ]
        }
      ]
    },
    {
      "module": "module.complaint_handler",
      "mode": "managed",
      "type": "aws_sqs_queue",
      "name": "queue",
      "provider": "provider[\"registry.terraform.io/hashicorp/aws\"]",
      "instances": [
        {
          "schema_version": 0,
          "attributes": {
            "arn": "arn:aws:sqs:us-east-1:132507767948:hannahshobbyroom_complaint_handler_queue",
            "content_based_deduplication": false,
            "deduplication_scope": "",
            "delay_seconds": 0,
            "fifo_queue": false,
            "fifo_throughput_limit": "",
            "id": "https://sqs.us-east-1.amazonaws.com/132507767948/hannahshobbyroom_complaint_handler_queue",
            "kms_data_key_reuse_period_seconds": 300,
            "kms_master_key_id": "",
            "max_message_size": 262144,
            "message_retention_seconds": 345600,
            "name": "hannahshobbyroom_complaint_handler_queue",
            "name_prefix": "",
            "policy": "",
            "receive_wait_time_seconds": 0,
            "redrive_allow_policy": "",
            "redrive_policy": "",
            "sqs_managed_sse_enabled": true,
            "tags": {},
            "tags_all": {},
            "url": "https://sqs.us-east-1.amazonaws.com/132507767948/hannahshobbyroom_complaint_handler_queue",
            "visibility_timeout_seconds": 30
          },
          "sensitive_attributes": [],
          "private": "bnVsbA=="
        }
      ]
    },
    {
      "module": "module.dns",
      "mode": "managed",
      "type": "aws_acm_certificate",
      "name": "cert",
      "provider": "provider[\"registry.terraform.io/hashicorp/aws\"]",
      "instances": [
        {
          "schema_version": 0,
          "attributes": {
            "arn": "arn:aws:acm:us-east-1:132507767948:certificate/8185e42d-a756-49fb-8ff0-bb09e3a99240",
            "certificate_authority_arn": "",
            "certificate_body": null,
            "certificate_chain": null,
            "domain_name": "hannahshobbyroom.com",
            "domain_validation_options": [
              {
                "domain_name": "hannahshobbyroom.com",
                "resource_record_name": "_b9f74916a3e59624bd8d2f867219ea44.hannahshobbyroom.com.",
                "resource_record_type": "CNAME",
                "resource_record_value": "_e7db7b77b2f3366c770735ebad24c905.mhbtsbpdnt.acm-validations.aws."
              }
            ],
            "early_renewal_duration": "",
            "id": "arn:aws:acm:us-east-1:132507767948:certificate/8185e42d-a756-49fb-8ff0-bb09e3a99240",
            "key_algorithm": "RSA_2048",
            "not_after": "2025-03-06T23:59:59Z",
            "not_before": "2024-02-06T00:00:00Z",
            "options": [
              {
                "certificate_transparency_logging_preference": "ENABLED"
              }
            ],
            "pending_renewal": false,
            "private_key": null,
            "renewal_eligibility": "ELIGIBLE",
            "renewal_summary": [],
            "status": "ISSUED",
            "subject_alternative_names": [
              "hannahshobbyroom.com"
            ],
            "tags": {
              "Environment": "Production",
              "Name": "hannahshobbyroom.com"
            },
            "tags_all": {
              "Environment": "Production",
              "Name": "hannahshobbyroom.com"
            },
            "type": "AMAZON_ISSUED",
            "validation_emails": [],
            "validation_method": "DNS",
            "validation_option": []
          },
          "sensitive_attributes": [],
          "private": "bnVsbA=="
        }
      ]
    },
    {
      "module": "module.dns",
      "mode": "managed",
      "type": "aws_route53_record",
      "name": "cert_cname",
      "provider": "provider[\"registry.terraform.io/hashicorp/aws\"]",
      "instances": [
        {
          "index_key": "hannahshobbyroom.com",
          "schema_version": 2,
          "attributes": {
            "alias": [],
            "allow_overwrite": null,
            "cidr_routing_policy": [],
            "failover_routing_policy": [],
            "fqdn": "_b9f74916a3e59624bd8d2f867219ea44.hannahshobbyroom.com",
            "geolocation_routing_policy": [],
            "health_check_id": "",
            "id": "Z08345751CYIM0TDADGUS__b9f74916a3e59624bd8d2f867219ea44.hannahshobbyroom.com._CNAME",
            "latency_routing_policy": [],
            "multivalue_answer_routing_policy": false,
            "name": "_b9f74916a3e59624bd8d2f867219ea44.hannahshobbyroom.com",
            "records": [
              "_e7db7b77b2f3366c770735ebad24c905.mhbtsbpdnt.acm-validations.aws."
            ],
            "set_identifier": "",
            "ttl": 30,
            "type": "CNAME",
            "weighted_routing_policy": [],
            "zone_id": "Z08345751CYIM0TDADGUS"
          },
          "sensitive_attributes": [],
          "private": "eyJzY2hlbWFfdmVyc2lvbiI6IjIifQ==",
          "dependencies": [
            "module.dns.aws_acm_certificate.cert",
            "module.dns.aws_route53_zone.zone"
          ]
        }
      ]
    },
    {
      "module": "module.dns",
      "mode": "managed",
      "type": "aws_route53_zone",
      "name": "zone",
      "provider": "provider[\"registry.terraform.io/hashicorp/aws\"]",
      "instances": [
        {
          "schema_version": 0,
          "attributes": {
            "arn": "arn:aws:route53:::hostedzone/Z08345751CYIM0TDADGUS",
            "comment": "Managed by Terraform",
            "delegation_set_id": "",
            "force_destroy": false,
            "id": "Z08345751CYIM0TDADGUS",
            "name": "hannahshobbyroom.com",
            "name_servers": [
              "ns-1184.awsdns-20.org",
              "ns-1691.awsdns-19.co.uk",
              "ns-249.awsdns-31.com",
              "ns-813.awsdns-37.net"
            ],
            "primary_name_server": "ns-813.awsdns-37.net",
            "tags": {},
            "tags_all": {},
            "vpc": [],
            "zone_id": "Z08345751CYIM0TDADGUS"
          },
          "sensitive_attributes": [],
          "private": "bnVsbA=="
        }
      ]
    },
    {
      "module": "module.frontend_bucket",
      "mode": "data",
      "type": "aws_iam_policy_document",
      "name": "s3_cloudfront_access",
      "provider": "provider[\"registry.terraform.io/hashicorp/aws\"]",
      "instances": [
        {
          "schema_version": 0,
          "attributes": {
            "id": "507141917",
            "json": "{\n  \"Version\": \"2012-10-17\",\n  \"Statement\": [\n    {\n      \"Effect\": \"Allow\",\n      \"Action\": \"s3:GetObject\",\n      \"Resource\": \"arn:aws:s3:::poppyland-blog-frontend/*\",\n      \"Principal\": {\n        \"Service\": \"cloudfront.amazonaws.com\"\n      },\n      \"Condition\": {\n        \"StringEquals\": {\n          \"AWS:SourceArn\": \"arn:aws:cloudfront::132507767948:distribution/E2U5RN0983NUOG\"\n        }\n      }\n    }\n  ]\n}",
            "override_policy_documents": null,
            "policy_id": null,
            "source_policy_documents": null,
            "statement": [
              {
                "actions": [
                  "s3:GetObject"
                ],
                "condition": [
                  {
                    "test": "StringEquals",
                    "values": [
                      "arn:aws:cloudfront::132507767948:distribution/E2U5RN0983NUOG"
                    ],
                    "variable": "AWS:SourceArn"
                  }
                ],
                "effect": "Allow",
                "not_actions": [],
                "not_principals": [],
                "not_resources": [],
                "principals": [
                  {
                    "identifiers": [
                      "cloudfront.amazonaws.com"
                    ],
                    "type": "Service"
                  }
                ],
                "resources": [
                  "arn:aws:s3:::poppyland-blog-frontend/*"
                ],
                "sid": ""
              }
            ],
            "version": "2012-10-17"
          },
          "sensitive_attributes": []
        }
      ]
    },
    {
      "module": "module.frontend_bucket",
      "mode": "managed",
      "type": "aws_cloudfront_distribution",
      "name": "s3_distribution",
      "provider": "provider[\"registry.terraform.io/hashicorp/aws\"]",
      "instances": [
        {
          "schema_version": 1,
          "attributes": {
            "aliases": [
              "hannahshobbyroom.com"
            ],
            "arn": "arn:aws:cloudfront::132507767948:distribution/E2U5RN0983NUOG",
            "caller_reference": "terraform-20240130045440517800000001",
            "comment": null,
            "continuous_deployment_policy_id": "",
            "custom_error_response": [
              {
                "error_caching_min_ttl": 0,
                "error_code": 403,
                "response_code": 200,
                "response_page_path": "/index.html"
              }
            ],
            "default_cache_behavior": [
              {
                "allowed_methods": [
                  "GET",
                  "HEAD",
                  "OPTIONS"
                ],
                "cache_policy_id": "",
                "cached_methods": [
                  "GET",
                  "HEAD"
                ],
                "compress": false,
                "default_ttl": 3600,
                "field_level_encryption_id": "",
                "forwarded_values": [
                  {
                    "cookies": [
                      {
                        "forward": "none",
                        "whitelisted_names": []
                      }
                    ],
                    "headers": [],
                    "query_string": false,
                    "query_string_cache_keys": []
                  }
                ],
                "function_association": [],
                "lambda_function_association": [],
                "max_ttl": 86400,
                "min_ttl": 0,
                "origin_request_policy_id": "",
                "realtime_log_config_arn": "",
                "response_headers_policy_id": "",
                "smooth_streaming": false,
                "target_origin_id": "poppyland-blog-frontend-origin",
                "trusted_key_groups": [],
                "trusted_signers": [],
                "viewer_protocol_policy": "redirect-to-https"
              }
            ],
            "default_root_object": "index.html",
            "domain_name": "d2aj3aqosc6cbo.cloudfront.net",
            "enabled": true,
            "etag": "E29W4XO35GEXAW",
            "hosted_zone_id": "Z2FDTNDATAQYW2",
            "http_version": "http2",
            "id": "E2U5RN0983NUOG",
            "in_progress_validation_batches": 0,
            "is_ipv6_enabled": true,
            "last_modified_time": "2024-02-08 01:21:13.722 +0000 UTC",
            "logging_config": [],
            "ordered_cache_behavior": [],
            "origin": [
              {
                "connection_attempts": 3,
                "connection_timeout": 10,
                "custom_header": [],
                "custom_origin_config": [],
                "domain_name": "poppyland-blog-frontend.s3.us-east-1.amazonaws.com",
                "origin_access_control_id": "E43I1AJTW36K4",
                "origin_id": "poppyland-blog-frontend-origin",
                "origin_path": "",
                "origin_shield": [],
                "s3_origin_config": []
              }
            ],
            "origin_group": [],
            "price_class": "PriceClass_All",
            "restrictions": [
              {
                "geo_restriction": [
                  {
                    "locations": [],
                    "restriction_type": "none"
                  }
                ]
              }
            ],
            "retain_on_delete": false,
            "staging": false,
            "status": "Deployed",
            "tags": {
              "Environment": "Production",
              "Name": "PoppylandBlog"
            },
            "tags_all": {
              "Environment": "Production",
              "Name": "PoppylandBlog"
            },
            "trusted_key_groups": [
              {
                "enabled": false,
                "items": []
              }
            ],
            "trusted_signers": [
              {
                "enabled": false,
                "items": []
              }
            ],
            "viewer_certificate": [
              {
                "acm_certificate_arn": "arn:aws:acm:us-east-1:132507767948:certificate/8185e42d-a756-49fb-8ff0-bb09e3a99240",
                "cloudfront_default_certificate": false,
                "iam_certificate_id": "",
                "minimum_protocol_version": "TLSv1",
                "ssl_support_method": "sni-only"
              }
            ],
            "wait_for_deployment": true,
            "web_acl_id": ""
          },
          "sensitive_attributes": [],
          "private": "eyJzY2hlbWFfdmVyc2lvbiI6IjEifQ==",
          "dependencies": [
            "module.dns.aws_acm_certificate.cert",
            "module.frontend_bucket.aws_cloudfront_origin_access_control.oai",
            "module.frontend_bucket.aws_s3_bucket.s3_bucket"
          ]
        }
      ]
    },
    {
      "module": "module.frontend_bucket",
      "mode": "managed",
      "type": "aws_cloudfront_origin_access_control",
      "name": "oai",
      "provider": "provider[\"registry.terraform.io/hashicorp/aws\"]",
      "instances": [
        {
          "schema_version": 0,
          "attributes": {
            "description": "Managed by Terraform",
            "etag": "ETVPDKIKX0DER",
            "id": "E43I1AJTW36K4",
            "name": "poppyland-blog-frontend-oai",
            "origin_access_control_origin_type": "s3",
            "signing_behavior": "always",
            "signing_protocol": "sigv4"
          },
          "sensitive_attributes": [],
          "private": "bnVsbA=="
        }
      ]
    },
    {
      "module": "module.frontend_bucket",
      "mode": "managed",
      "type": "aws_route53_record",
      "name": "route53_record",
      "provider": "provider[\"registry.terraform.io/hashicorp/aws\"]",
      "instances": [
        {
          "schema_version": 2,
          "attributes": {
            "alias": [
              {
                "evaluate_target_health": false,
                "name": "d2aj3aqosc6cbo.cloudfront.net",
                "zone_id": "Z2FDTNDATAQYW2"
              }
            ],
            "allow_overwrite": null,
            "cidr_routing_policy": [],
            "failover_routing_policy": [],
            "fqdn": "hannahshobbyroom.com",
            "geolocation_routing_policy": [],
            "health_check_id": "",
            "id": "Z08345751CYIM0TDADGUS_hannahshobbyroom.com_A",
            "latency_routing_policy": [],
            "multivalue_answer_routing_policy": false,
            "name": "hannahshobbyroom.com",
            "records": [],
            "set_identifier": "",
            "ttl": 0,
            "type": "A",
            "weighted_routing_policy": [],
            "zone_id": "Z08345751CYIM0TDADGUS"
          },
          "sensitive_attributes": [],
          "private": "eyJzY2hlbWFfdmVyc2lvbiI6IjIifQ==",
          "dependencies": [
            "module.dns.aws_acm_certificate.cert",
            "module.dns.aws_route53_zone.zone",
            "module.frontend_bucket.aws_cloudfront_distribution.s3_distribution",
            "module.frontend_bucket.aws_cloudfront_origin_access_control.oai",
            "module.frontend_bucket.aws_s3_bucket.s3_bucket"
          ]
        }
      ]
    },
    {
      "module": "module.frontend_bucket",
      "mode": "managed",
      "type": "aws_s3_bucket",
      "name": "s3_bucket",
      "provider": "provider[\"registry.terraform.io/hashicorp/aws\"]",
      "instances": [
        {
          "schema_version": 0,
          "attributes": {
            "acceleration_status": "",
            "acl": null,
            "arn": "arn:aws:s3:::poppyland-blog-frontend",
            "bucket": "poppyland-blog-frontend",
            "bucket_domain_name": "poppyland-blog-frontend.s3.amazonaws.com",
            "bucket_prefix": "",
            "bucket_regional_domain_name": "poppyland-blog-frontend.s3.us-east-1.amazonaws.com",
            "cors_rule": [],
            "force_destroy": false,
            "grant": [
              {
                "id": "9845abc581465e96dcd021b749bebc2b53c60a27b1ec36bb96818a1061f066c1",
                "permissions": [
                  "FULL_CONTROL"
                ],
                "type": "CanonicalUser",
                "uri": ""
              }
            ],
            "hosted_zone_id": "Z3AQBSTGFYJSTF",
            "id": "poppyland-blog-frontend",
            "lifecycle_rule": [],
            "logging": [],
            "object_lock_configuration": [],
            "object_lock_enabled": false,
            "policy": "{\"Statement\":[{\"Action\":\"s3:GetObject\",\"Condition\":{\"StringEquals\":{\"AWS:SourceArn\":\"arn:aws:cloudfront::132507767948:distribution/E2U5RN0983NUOG\"}},\"Effect\":\"Allow\",\"Principal\":{\"Service\":\"cloudfront.amazonaws.com\"},\"Resource\":\"arn:aws:s3:::poppyland-blog-frontend/*\",\"Sid\":\"\"}],\"Version\":\"2012-10-17\"}",
            "region": "us-east-1",
            "replication_configuration": [],
            "request_payer": "BucketOwner",
            "server_side_encryption_configuration": [
              {
                "rule": [
                  {
                    "apply_server_side_encryption_by_default": [
                      {
                        "kms_master_key_id": "",
                        "sse_algorithm": "AES256"
                      }
                    ],
                    "bucket_key_enabled": false
                  }
                ]
              }
            ],
            "tags": {
              "Environment": "Production",
              "Name": "PoppylandBlog"
            },
            "tags_all": {
              "Environment": "Production",
              "Name": "PoppylandBlog"
            },
            "timeouts": null,
            "versioning": [
              {
                "enabled": false,
                "mfa_delete": false
              }
            ],
            "website": [],
            "website_domain": null,
            "website_endpoint": null
          },
          "sensitive_attributes": [],
          "private": "eyJlMmJmYjczMC1lY2FhLTExZTYtOGY4OC0zNDM2M2JjN2M0YzAiOnsiY3JlYXRlIjoxMjAwMDAwMDAwMDAwLCJkZWxldGUiOjM2MDAwMDAwMDAwMDAsInJlYWQiOjEyMDAwMDAwMDAwMDAsInVwZGF0ZSI6MTIwMDAwMDAwMDAwMH19"
        }
      ]
    },
    {
      "module": "module.frontend_bucket",
      "mode": "managed",
      "type": "aws_s3_bucket_acl",
      "name": "bucket_acl",
      "provider": "provider[\"registry.terraform.io/hashicorp/aws\"]",
      "instances": [
        {
          "schema_version": 0,
          "attributes": {
            "access_control_policy": [
              {
                "grant": [
                  {
                    "grantee": [
                      {
                        "display_name": "hannah",
                        "email_address": "",
                        "id": "9845abc581465e96dcd021b749bebc2b53c60a27b1ec36bb96818a1061f066c1",
                        "type": "CanonicalUser",
                        "uri": ""
                      }
                    ],
                    "permission": "FULL_CONTROL"
                  }
                ],
                "owner": [
                  {
                    "display_name": "hannah",
                    "id": "9845abc581465e96dcd021b749bebc2b53c60a27b1ec36bb96818a1061f066c1"
                  }
                ]
              }
            ],
            "acl": "private",
            "bucket": "poppyland-blog-frontend",
            "expected_bucket_owner": "",
            "id": "poppyland-blog-frontend,private"
          },
          "sensitive_attributes": [],
          "private": "bnVsbA==",
          "dependencies": [
            "module.frontend_bucket.aws_s3_bucket.s3_bucket",
            "module.frontend_bucket.aws_s3_bucket_ownership_controls.bucket_ownership_controls"
          ]
        }
      ]
    },
    {
      "module": "module.frontend_bucket",
      "mode": "managed",
      "type": "aws_s3_bucket_ownership_controls",
      "name": "bucket_ownership_controls",
      "provider": "provider[\"registry.terraform.io/hashicorp/aws\"]",
      "instances": [
        {
          "schema_version": 0,
          "attributes": {
            "bucket": "poppyland-blog-frontend",
            "id": "poppyland-blog-frontend",
            "rule": [
              {
                "object_ownership": "BucketOwnerPreferred"
              }
            ]
          },
          "sensitive_attributes": [],
          "private": "bnVsbA==",
          "dependencies": [
            "module.frontend_bucket.aws_s3_bucket.s3_bucket"
          ]
        }
      ]
    },
    {
      "module": "module.frontend_bucket",
      "mode": "managed",
      "type": "aws_s3_bucket_policy",
      "name": "s3_bucket_policy",
      "provider": "provider[\"registry.terraform.io/hashicorp/aws\"]",
      "instances": [
        {
          "schema_version": 0,
          "attributes": {
            "bucket": "poppyland-blog-frontend",
            "id": "poppyland-blog-frontend",
            "policy": "{\"Statement\":[{\"Action\":\"s3:GetObject\",\"Condition\":{\"StringEquals\":{\"AWS:SourceArn\":\"arn:aws:cloudfront::132507767948:distribution/E2U5RN0983NUOG\"}},\"Effect\":\"Allow\",\"Principal\":{\"Service\":\"cloudfront.amazonaws.com\"},\"Resource\":\"arn:aws:s3:::poppyland-blog-frontend/*\",\"Sid\":\"\"}],\"Version\":\"2012-10-17\"}"
          },
          "sensitive_attributes": [],
          "private": "bnVsbA==",
          "dependencies": [
            "module.dns.aws_acm_certificate.cert",
            "module.frontend_bucket.aws_cloudfront_distribution.s3_distribution",
            "module.frontend_bucket.aws_cloudfront_origin_access_control.oai",
            "module.frontend_bucket.aws_s3_bucket.s3_bucket",
            "module.frontend_bucket.data.aws_iam_policy_document.s3_cloudfront_access"
          ]
        }
      ]
    },
    {
      "module": "module.images_s3_bucket",
      "mode": "data",
      "type": "aws_iam_policy_document",
      "name": "s3_cloudfront_access",
      "provider": "provider[\"registry.terraform.io/hashicorp/aws\"]",
      "instances": [
        {
          "schema_version": 0,
          "attributes": {
            "id": "3052238609",
            "json": "{\n  \"Version\": \"2012-10-17\",\n  \"Statement\": [\n    {\n      \"Effect\": \"Allow\",\n      \"Action\": \"s3:GetObject\",\n      \"Resource\": \"arn:aws:s3:::poppyland-blog-images/*\",\n      \"Principal\": {\n        \"Service\": \"cloudfront.amazonaws.com\"\n      },\n      \"Condition\": {\n        \"StringEquals\": {\n          \"AWS:SourceArn\": \"arn:aws:cloudfront::132507767948:distribution/ER3735WW6A9FJ\"\n        }\n      }\n    }\n  ]\n}",
            "override_policy_documents": null,
            "policy_id": null,
            "source_policy_documents": null,
            "statement": [
              {
                "actions": [
                  "s3:GetObject"
                ],
                "condition": [
                  {
                    "test": "StringEquals",
                    "values": [
                      "arn:aws:cloudfront::132507767948:distribution/ER3735WW6A9FJ"
                    ],
                    "variable": "AWS:SourceArn"
                  }
                ],
                "effect": "Allow",
                "not_actions": [],
                "not_principals": [],
                "not_resources": [],
                "principals": [
                  {
                    "identifiers": [
                      "cloudfront.amazonaws.com"
                    ],
                    "type": "Service"
                  }
                ],
                "resources": [
                  "arn:aws:s3:::poppyland-blog-images/*"
                ],
                "sid": ""
              }
            ],
            "version": "2012-10-17"
          },
          "sensitive_attributes": []
        }
      ]
    },
    {
      "module": "module.images_s3_bucket",
      "mode": "managed",
      "type": "aws_cloudfront_distribution",
      "name": "s3_distribution",
      "provider": "provider[\"registry.terraform.io/hashicorp/aws\"]",
      "instances": [
        {
          "schema_version": 1,
          "attributes": {
            "aliases": [
              "blog-images.poppyland.dev"
            ],
            "arn": "arn:aws:cloudfront::132507767948:distribution/ER3735WW6A9FJ",
            "caller_reference": "terraform-20240129004425550000000001",
            "comment": null,
            "continuous_deployment_policy_id": "",
            "custom_error_response": [
              {
                "error_caching_min_ttl": 0,
                "error_code": 403,
                "response_code": 200,
                "response_page_path": "/index.html"
              }
            ],
            "default_cache_behavior": [
              {
                "allowed_methods": [
                  "GET",
                  "HEAD",
                  "OPTIONS"
                ],
                "cache_policy_id": "",
                "cached_methods": [
                  "GET",
                  "HEAD"
                ],
                "compress": false,
                "default_ttl": 3600,
                "field_level_encryption_id": "",
                "forwarded_values": [
                  {
                    "cookies": [
                      {
                        "forward": "none",
                        "whitelisted_names": []
                      }
                    ],
                    "headers": [],
                    "query_string": false,
                    "query_string_cache_keys": []
                  }
                ],
                "function_association": [],
                "lambda_function_association": [],
                "max_ttl": 86400,
                "min_ttl": 0,
                "origin_request_policy_id": "",
                "realtime_log_config_arn": "",
                "response_headers_policy_id": "",
                "smooth_streaming": false,
                "target_origin_id": "poppyland-blog-images-origin",
                "trusted_key_groups": [],
                "trusted_signers": [],
                "viewer_protocol_policy": "redirect-to-https"
              }
            ],
            "default_root_object": "index.html",
            "domain_name": "d2e5fdx6yri3lj.cloudfront.net",
            "enabled": true,
            "etag": "E2864RE8Q5P2EB",
            "hosted_zone_id": "Z2FDTNDATAQYW2",
            "http_version": "http2",
            "id": "ER3735WW6A9FJ",
            "in_progress_validation_batches": 0,
            "is_ipv6_enabled": true,
            "last_modified_time": "2024-02-08 01:21:13.787 +0000 UTC",
            "logging_config": [],
            "ordered_cache_behavior": [],
            "origin": [
              {
                "connection_attempts": 3,
                "connection_timeout": 10,
                "custom_header": [],
                "custom_origin_config": [],
                "domain_name": "poppyland-blog-images.s3.us-east-1.amazonaws.com",
                "origin_access_control_id": "E3C88ALSK31ZB7",
                "origin_id": "poppyland-blog-images-origin",
                "origin_path": "",
                "origin_shield": [],
                "s3_origin_config": []
              }
            ],
            "origin_group": [],
            "price_class": "PriceClass_All",
            "restrictions": [
              {
                "geo_restriction": [
                  {
                    "locations": [],
                    "restriction_type": "none"
                  }
                ]
              }
            ],
            "retain_on_delete": false,
            "staging": false,
            "status": "Deployed",
            "tags": {
              "Environment": "Production",
              "Name": "PoppylandBlog"
            },
            "tags_all": {
              "Environment": "Production",
              "Name": "PoppylandBlog"
            },
            "trusted_key_groups": [
              {
                "enabled": false,
                "items": []
              }
            ],
            "trusted_signers": [
              {
                "enabled": false,
                "items": []
              }
            ],
            "viewer_certificate": [
              {
                "acm_certificate_arn": "arn:aws:acm:us-east-1:132507767948:certificate/6edda0a3-7cf2-4588-a19a-b80feb554c1a",
                "cloudfront_default_certificate": false,
                "iam_certificate_id": "",
                "minimum_protocol_version": "TLSv1",
                "ssl_support_method": "sni-only"
              }
            ],
            "wait_for_deployment": true,
            "web_acl_id": ""
          },
          "sensitive_attributes": [],
          "private": "eyJzY2hlbWFfdmVyc2lvbiI6IjEifQ==",
          "dependencies": [
            "data.aws_acm_certificate.poppyland_cert",
            "module.images_s3_bucket.aws_cloudfront_origin_access_control.oai",
            "module.images_s3_bucket.aws_s3_bucket.s3_bucket"
          ]
        }
      ]
    },
    {
      "module": "module.images_s3_bucket",
      "mode": "managed",
      "type": "aws_cloudfront_origin_access_control",
      "name": "oai",
      "provider": "provider[\"registry.terraform.io/hashicorp/aws\"]",
      "instances": [
        {
          "schema_version": 0,
          "attributes": {
            "description": "Managed by Terraform",
            "etag": "ETVPDKIKX0DER",
            "id": "E3C88ALSK31ZB7",
            "name": "poppyland-blog-images-oai",
            "origin_access_control_origin_type": "s3",
            "signing_behavior": "always",
            "signing_protocol": "sigv4"
          },
          "sensitive_attributes": [],
          "private": "bnVsbA=="
        }
      ]
    },
    {
      "module": "module.images_s3_bucket",
      "mode": "managed",
      "type": "aws_route53_record",
      "name": "route53_record",
      "provider": "provider[\"registry.terraform.io/hashicorp/aws\"]",
      "instances": [
        {
          "schema_version": 2,
          "attributes": {
            "alias": [
              {
                "evaluate_target_health": false,
                "name": "d2e5fdx6yri3lj.cloudfront.net",
                "zone_id": "Z2FDTNDATAQYW2"
              }
            ],
            "allow_overwrite": null,
            "cidr_routing_policy": [],
            "failover_routing_policy": [],
            "fqdn": "blog-images.poppyland.dev",
            "geolocation_routing_policy": [],
            "health_check_id": "",
            "id": "Z06420282IBWLWB0CK5TG_blog-images.poppyland.dev_A",
            "latency_routing_policy": [],
            "multivalue_answer_routing_policy": false,
            "name": "blog-images.poppyland.dev",
            "records": [],
            "set_identifier": "",
            "ttl": 0,
            "type": "A",
            "weighted_routing_policy": [],
            "zone_id": "Z06420282IBWLWB0CK5TG"
          },
          "sensitive_attributes": [],
          "private": "eyJzY2hlbWFfdmVyc2lvbiI6IjIifQ==",
          "dependencies": [
            "data.aws_acm_certificate.poppyland_cert",
            "data.aws_route53_zone.poppyland_zone",
            "module.images_s3_bucket.aws_cloudfront_distribution.s3_distribution",
            "module.images_s3_bucket.aws_cloudfront_origin_access_control.oai",
            "module.images_s3_bucket.aws_s3_bucket.s3_bucket"
          ]
        }
      ]
    },
    {
      "module": "module.images_s3_bucket",
      "mode": "managed",
      "type": "aws_s3_bucket",
      "name": "s3_bucket",
      "provider": "provider[\"registry.terraform.io/hashicorp/aws\"]",
      "instances": [
        {
          "schema_version": 0,
          "attributes": {
            "acceleration_status": "",
            "acl": null,
            "arn": "arn:aws:s3:::poppyland-blog-images",
            "bucket": "poppyland-blog-images",
            "bucket_domain_name": "poppyland-blog-images.s3.amazonaws.com",
            "bucket_prefix": "",
            "bucket_regional_domain_name": "poppyland-blog-images.s3.us-east-1.amazonaws.com",
            "cors_rule": [],
            "force_destroy": false,
            "grant": [
              {
                "id": "9845abc581465e96dcd021b749bebc2b53c60a27b1ec36bb96818a1061f066c1",
                "permissions": [
                  "FULL_CONTROL"
                ],
                "type": "CanonicalUser",
                "uri": ""
              }
            ],
            "hosted_zone_id": "Z3AQBSTGFYJSTF",
            "id": "poppyland-blog-images",
            "lifecycle_rule": [],
            "logging": [],
            "object_lock_configuration": [],
            "object_lock_enabled": false,
            "policy": "{\"Statement\":[{\"Action\":\"s3:GetObject\",\"Condition\":{\"StringEquals\":{\"AWS:SourceArn\":\"arn:aws:cloudfront::132507767948:distribution/ER3735WW6A9FJ\"}},\"Effect\":\"Allow\",\"Principal\":{\"Service\":\"cloudfront.amazonaws.com\"},\"Resource\":\"arn:aws:s3:::poppyland-blog-images/*\",\"Sid\":\"\"}],\"Version\":\"2012-10-17\"}",
            "region": "us-east-1",
            "replication_configuration": [],
            "request_payer": "BucketOwner",
            "server_side_encryption_configuration": [
              {
                "rule": [
                  {
                    "apply_server_side_encryption_by_default": [
                      {
                        "kms_master_key_id": "",
                        "sse_algorithm": "AES256"
                      }
                    ],
                    "bucket_key_enabled": false
                  }
                ]
              }
            ],
            "tags": {
              "Environment": "Production",
              "Name": "PoppylandBlog"
            },
            "tags_all": {
              "Environment": "Production",
              "Name": "PoppylandBlog"
            },
            "timeouts": null,
            "versioning": [
              {
                "enabled": false,
                "mfa_delete": false
              }
            ],
            "website": [],
            "website_domain": null,
            "website_endpoint": null
          },
          "sensitive_attributes": [],
          "private": "eyJlMmJmYjczMC1lY2FhLTExZTYtOGY4OC0zNDM2M2JjN2M0YzAiOnsiY3JlYXRlIjoxMjAwMDAwMDAwMDAwLCJkZWxldGUiOjM2MDAwMDAwMDAwMDAsInJlYWQiOjEyMDAwMDAwMDAwMDAsInVwZGF0ZSI6MTIwMDAwMDAwMDAwMH19"
        }
      ]
    },
    {
      "module": "module.images_s3_bucket",
      "mode": "managed",
      "type": "aws_s3_bucket_acl",
      "name": "bucket_acl",
      "provider": "provider[\"registry.terraform.io/hashicorp/aws\"]",
      "instances": [
        {
          "schema_version": 0,
          "attributes": {
            "access_control_policy": [
              {
                "grant": [
                  {
                    "grantee": [
                      {
                        "display_name": "hannah",
                        "email_address": "",
                        "id": "9845abc581465e96dcd021b749bebc2b53c60a27b1ec36bb96818a1061f066c1",
                        "type": "CanonicalUser",
                        "uri": ""
                      }
                    ],
                    "permission": "FULL_CONTROL"
                  }
                ],
                "owner": [
                  {
                    "display_name": "hannah",
                    "id": "9845abc581465e96dcd021b749bebc2b53c60a27b1ec36bb96818a1061f066c1"
                  }
                ]
              }
            ],
            "acl": "private",
            "bucket": "poppyland-blog-images",
            "expected_bucket_owner": "",
            "id": "poppyland-blog-images,private"
          },
          "sensitive_attributes": [],
          "private": "bnVsbA==",
          "dependencies": [
            "module.images_s3_bucket.aws_s3_bucket.s3_bucket",
            "module.images_s3_bucket.aws_s3_bucket_ownership_controls.bucket_ownership_controls"
          ]
        }
      ]
    },
    {
      "module": "module.images_s3_bucket",
      "mode": "managed",
      "type": "aws_s3_bucket_ownership_controls",
      "name": "bucket_ownership_controls",
      "provider": "provider[\"registry.terraform.io/hashicorp/aws\"]",
      "instances": [
        {
          "schema_version": 0,
          "attributes": {
            "bucket": "poppyland-blog-images",
            "id": "poppyland-blog-images",
            "rule": [
              {
                "object_ownership": "BucketOwnerPreferred"
              }
            ]
          },
          "sensitive_attributes": [],
          "private": "bnVsbA==",
          "dependencies": [
            "module.images_s3_bucket.aws_s3_bucket.s3_bucket"
          ]
        }
      ]
    },
    {
      "module": "module.images_s3_bucket",
      "mode": "managed",
      "type": "aws_s3_bucket_policy",
      "name": "s3_bucket_policy",
      "provider": "provider[\"registry.terraform.io/hashicorp/aws\"]",
      "instances": [
        {
          "schema_version": 0,
          "attributes": {
            "bucket": "poppyland-blog-images",
            "id": "poppyland-blog-images",
            "policy": "{\"Statement\":[{\"Action\":\"s3:GetObject\",\"Condition\":{\"StringEquals\":{\"AWS:SourceArn\":\"arn:aws:cloudfront::132507767948:distribution/ER3735WW6A9FJ\"}},\"Effect\":\"Allow\",\"Principal\":{\"Service\":\"cloudfront.amazonaws.com\"},\"Resource\":\"arn:aws:s3:::poppyland-blog-images/*\",\"Sid\":\"\"}],\"Version\":\"2012-10-17\"}"
          },
          "sensitive_attributes": [],
          "private": "bnVsbA==",
          "dependencies": [
            "data.aws_acm_certificate.poppyland_cert",
            "module.images_s3_bucket.aws_cloudfront_distribution.s3_distribution",
            "module.images_s3_bucket.aws_cloudfront_origin_access_control.oai",
            "module.images_s3_bucket.aws_s3_bucket.s3_bucket",
            "module.images_s3_bucket.data.aws_iam_policy_document.s3_cloudfront_access"
          ]
        }
      ]
    },
    {
      "module": "module.redirect_bucket",
      "mode": "data",
      "type": "aws_iam_policy_document",
      "name": "s3_cloudfront_access",
      "provider": "provider[\"registry.terraform.io/hashicorp/aws\"]",
      "instances": [
        {
          "schema_version": 0,
          "attributes": {
            "id": "155779773",
            "json": "{\n  \"Version\": \"2012-10-17\",\n  \"Statement\": [\n    {\n      \"Effect\": \"Allow\",\n      \"Action\": \"s3:GetObject\",\n      \"Resource\": \"arn:aws:s3:::poppyland-blog-redirect-frontend/*\",\n      \"Principal\": {\n        \"Service\": \"cloudfront.amazonaws.com\"\n      },\n      \"Condition\": {\n        \"StringEquals\": {\n          \"AWS:SourceArn\": \"arn:aws:cloudfront::132507767948:distribution/E3GUO8ORP11DSI\"\n        }\n      }\n    }\n  ]\n}",
            "override_policy_documents": null,
            "policy_id": null,
            "source_policy_documents": null,
            "statement": [
              {
                "actions": [
                  "s3:GetObject"
                ],
                "condition": [
                  {
                    "test": "StringEquals",
                    "values": [
                      "arn:aws:cloudfront::132507767948:distribution/E3GUO8ORP11DSI"
                    ],
                    "variable": "AWS:SourceArn"
                  }
                ],
                "effect": "Allow",
                "not_actions": [],
                "not_principals": [],
                "not_resources": [],
                "principals": [
                  {
                    "identifiers": [
                      "cloudfront.amazonaws.com"
                    ],
                    "type": "Service"
                  }
                ],
                "resources": [
                  "arn:aws:s3:::poppyland-blog-redirect-frontend/*"
                ],
                "sid": ""
              }
            ],
            "version": "2012-10-17"
          },
          "sensitive_attributes": []
        }
      ]
    },
    {
      "module": "module.redirect_bucket",
      "mode": "managed",
      "type": "aws_cloudfront_distribution",
      "name": "s3_distribution",
      "provider": "provider[\"registry.terraform.io/hashicorp/aws\"]",
      "instances": [
        {
          "schema_version": 1,
          "attributes": {
            "aliases": [
              "blog.poppyland.dev"
            ],
            "arn": "arn:aws:cloudfront::132507767948:distribution/E3GUO8ORP11DSI",
            "caller_reference": "terraform-20240206133658573500000001",
            "comment": null,
            "continuous_deployment_policy_id": "",
            "custom_error_response": [
              {
                "error_caching_min_ttl": 0,
                "error_code": 403,
                "response_code": 200,
                "response_page_path": "/index.html"
              }
            ],
            "default_cache_behavior": [
              {
                "allowed_methods": [
                  "GET",
                  "HEAD",
                  "OPTIONS"
                ],
                "cache_policy_id": "",
                "cached_methods": [
                  "GET",
                  "HEAD"
                ],
                "compress": false,
                "default_ttl": 3600,
                "field_level_encryption_id": "",
                "forwarded_values": [
                  {
                    "cookies": [
                      {
                        "forward": "none",
                        "whitelisted_names": []
                      }
                    ],
                    "headers": [],
                    "query_string": false,
                    "query_string_cache_keys": []
                  }
                ],
                "function_association": [],
                "lambda_function_association": [],
                "max_ttl": 86400,
                "min_ttl": 0,
                "origin_request_policy_id": "",
                "realtime_log_config_arn": "",
                "response_headers_policy_id": "",
                "smooth_streaming": false,
                "target_origin_id": "poppyland-blog-redirect-frontend-origin",
                "trusted_key_groups": [],
                "trusted_signers": [],
                "viewer_protocol_policy": "redirect-to-https"
              }
            ],
            "default_root_object": "index.html",
            "domain_name": "d2uij9y6b1go17.cloudfront.net",
            "enabled": true,
            "etag": "ET0NEV1KH49SK",
            "hosted_zone_id": "Z2FDTNDATAQYW2",
            "http_version": "http2",
            "id": "E3GUO8ORP11DSI",
            "in_progress_validation_batches": 0,
            "is_ipv6_enabled": true,
            "last_modified_time": "2024-02-08 01:21:13.73 +0000 UTC",
            "logging_config": [],
            "ordered_cache_behavior": [],
            "origin": [
              {
                "connection_attempts": 3,
                "connection_timeout": 10,
                "custom_header": [],
                "custom_origin_config": [],
                "domain_name": "poppyland-blog-redirect-frontend.s3.us-east-1.amazonaws.com",
                "origin_access_control_id": "E2S36VZXNOTTO3",
                "origin_id": "poppyland-blog-redirect-frontend-origin",
                "origin_path": "",
                "origin_shield": [],
                "s3_origin_config": []
              }
            ],
            "origin_group": [],
            "price_class": "PriceClass_All",
            "restrictions": [
              {
                "geo_restriction": [
                  {
                    "locations": [],
                    "restriction_type": "none"
                  }
                ]
              }
            ],
            "retain_on_delete": false,
            "staging": false,
            "status": "Deployed",
            "tags": {
              "Environment": "Production",
              "Name": "PoppylandBlog"
            },
            "tags_all": {
              "Environment": "Production",
              "Name": "PoppylandBlog"
            },
            "trusted_key_groups": [
              {
                "enabled": false,
                "items": []
              }
            ],
            "trusted_signers": [
              {
                "enabled": false,
                "items": []
              }
            ],
            "viewer_certificate": [
              {
                "acm_certificate_arn": "arn:aws:acm:us-east-1:132507767948:certificate/6edda0a3-7cf2-4588-a19a-b80feb554c1a",
                "cloudfront_default_certificate": false,
                "iam_certificate_id": "",
                "minimum_protocol_version": "TLSv1",
                "ssl_support_method": "sni-only"
              }
            ],
            "wait_for_deployment": true,
            "web_acl_id": ""
          },
          "sensitive_attributes": [],
          "private": "eyJzY2hlbWFfdmVyc2lvbiI6IjEifQ==",
          "dependencies": [
            "data.aws_acm_certificate.poppyland_cert",
            "module.redirect_bucket.aws_cloudfront_origin_access_control.oai",
            "module.redirect_bucket.aws_s3_bucket.s3_bucket"
          ]
        }
      ]
    },
    {
      "module": "module.redirect_bucket",
      "mode": "managed",
      "type": "aws_cloudfront_origin_access_control",
      "name": "oai",
      "provider": "provider[\"registry.terraform.io/hashicorp/aws\"]",
      "instances": [
        {
          "schema_version": 0,
          "attributes": {
            "description": "Managed by Terraform",
            "etag": "ETVPDKIKX0DER",
            "id": "E2S36VZXNOTTO3",
            "name": "poppyland-blog-redirect-frontend-oai",
            "origin_access_control_origin_type": "s3",
            "signing_behavior": "always",
            "signing_protocol": "sigv4"
          },
          "sensitive_attributes": [],
          "private": "bnVsbA=="
        }
      ]
    },
    {
      "module": "module.redirect_bucket",
      "mode": "managed",
      "type": "aws_route53_record",
      "name": "route53_record",
      "provider": "provider[\"registry.terraform.io/hashicorp/aws\"]",
      "instances": [
        {
          "schema_version": 2,
          "attributes": {
            "alias": [
              {
                "evaluate_target_health": false,
                "name": "d2uij9y6b1go17.cloudfront.net",
                "zone_id": "Z2FDTNDATAQYW2"
              }
            ],
            "allow_overwrite": null,
            "cidr_routing_policy": [],
            "failover_routing_policy": [],
            "fqdn": "blog.poppyland.dev",
            "geolocation_routing_policy": [],
            "health_check_id": "",
            "id": "Z06420282IBWLWB0CK5TG_blog.poppyland.dev_A",
            "latency_routing_policy": [],
            "multivalue_answer_routing_policy": false,
            "name": "blog.poppyland.dev",
            "records": [],
            "set_identifier": "",
            "ttl": 0,
            "type": "A",
            "weighted_routing_policy": [],
            "zone_id": "Z06420282IBWLWB0CK5TG"
          },
          "sensitive_attributes": [],
          "private": "eyJzY2hlbWFfdmVyc2lvbiI6IjIifQ==",
          "dependencies": [
            "data.aws_acm_certificate.poppyland_cert",
            "data.aws_route53_zone.poppyland_zone",
            "module.redirect_bucket.aws_cloudfront_distribution.s3_distribution",
            "module.redirect_bucket.aws_cloudfront_origin_access_control.oai",
            "module.redirect_bucket.aws_s3_bucket.s3_bucket"
          ]
        }
      ]
    },
    {
      "module": "module.redirect_bucket",
      "mode": "managed",
      "type": "aws_s3_bucket",
      "name": "s3_bucket",
      "provider": "provider[\"registry.terraform.io/hashicorp/aws\"]",
      "instances": [
        {
          "schema_version": 0,
          "attributes": {
            "acceleration_status": "",
            "acl": null,
            "arn": "arn:aws:s3:::poppyland-blog-redirect-frontend",
            "bucket": "poppyland-blog-redirect-frontend",
            "bucket_domain_name": "poppyland-blog-redirect-frontend.s3.amazonaws.com",
            "bucket_prefix": "",
            "bucket_regional_domain_name": "poppyland-blog-redirect-frontend.s3.us-east-1.amazonaws.com",
            "cors_rule": [],
            "force_destroy": false,
            "grant": [
              {
                "id": "9845abc581465e96dcd021b749bebc2b53c60a27b1ec36bb96818a1061f066c1",
                "permissions": [
                  "FULL_CONTROL"
                ],
                "type": "CanonicalUser",
                "uri": ""
              }
            ],
            "hosted_zone_id": "Z3AQBSTGFYJSTF",
            "id": "poppyland-blog-redirect-frontend",
            "lifecycle_rule": [],
            "logging": [],
            "object_lock_configuration": [],
            "object_lock_enabled": false,
            "policy": "{\"Statement\":[{\"Action\":\"s3:GetObject\",\"Condition\":{\"StringEquals\":{\"AWS:SourceArn\":\"arn:aws:cloudfront::132507767948:distribution/E3GUO8ORP11DSI\"}},\"Effect\":\"Allow\",\"Principal\":{\"Service\":\"cloudfront.amazonaws.com\"},\"Resource\":\"arn:aws:s3:::poppyland-blog-redirect-frontend/*\",\"Sid\":\"\"}],\"Version\":\"2012-10-17\"}",
            "region": "us-east-1",
            "replication_configuration": [],
            "request_payer": "BucketOwner",
            "server_side_encryption_configuration": [
              {
                "rule": [
                  {
                    "apply_server_side_encryption_by_default": [
                      {
                        "kms_master_key_id": "",
                        "sse_algorithm": "AES256"
                      }
                    ],
                    "bucket_key_enabled": false
                  }
                ]
              }
            ],
            "tags": {
              "Environment": "Production",
              "Name": "PoppylandBlog"
            },
            "tags_all": {
              "Environment": "Production",
              "Name": "PoppylandBlog"
            },
            "timeouts": null,
            "versioning": [
              {
                "enabled": false,
                "mfa_delete": false
              }
            ],
            "website": [],
            "website_domain": null,
            "website_endpoint": null
          },
          "sensitive_attributes": [],
          "private": "eyJlMmJmYjczMC1lY2FhLTExZTYtOGY4OC0zNDM2M2JjN2M0YzAiOnsiY3JlYXRlIjoxMjAwMDAwMDAwMDAwLCJkZWxldGUiOjM2MDAwMDAwMDAwMDAsInJlYWQiOjEyMDAwMDAwMDAwMDAsInVwZGF0ZSI6MTIwMDAwMDAwMDAwMH19"
        }
      ]
    },
    {
      "module": "module.redirect_bucket",
      "mode": "managed",
      "type": "aws_s3_bucket_acl",
      "name": "bucket_acl",
      "provider": "provider[\"registry.terraform.io/hashicorp/aws\"]",
      "instances": [
        {
          "schema_version": 0,
          "attributes": {
            "access_control_policy": [
              {
                "grant": [
                  {
                    "grantee": [
                      {
                        "display_name": "hannah",
                        "email_address": "",
                        "id": "9845abc581465e96dcd021b749bebc2b53c60a27b1ec36bb96818a1061f066c1",
                        "type": "CanonicalUser",
                        "uri": ""
                      }
                    ],
                    "permission": "FULL_CONTROL"
                  }
                ],
                "owner": [
                  {
                    "display_name": "hannah",
                    "id": "9845abc581465e96dcd021b749bebc2b53c60a27b1ec36bb96818a1061f066c1"
                  }
                ]
              }
            ],
            "acl": "private",
            "bucket": "poppyland-blog-redirect-frontend",
            "expected_bucket_owner": "",
            "id": "poppyland-blog-redirect-frontend,private"
          },
          "sensitive_attributes": [],
          "private": "bnVsbA==",
          "dependencies": [
            "module.redirect_bucket.aws_s3_bucket.s3_bucket",
            "module.redirect_bucket.aws_s3_bucket_ownership_controls.bucket_ownership_controls"
          ]
        }
      ]
    },
    {
      "module": "module.redirect_bucket",
      "mode": "managed",
      "type": "aws_s3_bucket_ownership_controls",
      "name": "bucket_ownership_controls",
      "provider": "provider[\"registry.terraform.io/hashicorp/aws\"]",
      "instances": [
        {
          "schema_version": 0,
          "attributes": {
            "bucket": "poppyland-blog-redirect-frontend",
            "id": "poppyland-blog-redirect-frontend",
            "rule": [
              {
                "object_ownership": "BucketOwnerPreferred"
              }
            ]
          },
          "sensitive_attributes": [],
          "private": "bnVsbA==",
          "dependencies": [
            "module.redirect_bucket.aws_s3_bucket.s3_bucket"
          ]
        }
      ]
    },
    {
      "module": "module.redirect_bucket",
      "mode": "managed",
      "type": "aws_s3_bucket_policy",
      "name": "s3_bucket_policy",
      "provider": "provider[\"registry.terraform.io/hashicorp/aws\"]",
      "instances": [
        {
          "schema_version": 0,
          "attributes": {
            "bucket": "poppyland-blog-redirect-frontend",
            "id": "poppyland-blog-redirect-frontend",
            "policy": "{\"Statement\":[{\"Action\":\"s3:GetObject\",\"Condition\":{\"StringEquals\":{\"AWS:SourceArn\":\"arn:aws:cloudfront::132507767948:distribution/E3GUO8ORP11DSI\"}},\"Effect\":\"Allow\",\"Principal\":{\"Service\":\"cloudfront.amazonaws.com\"},\"Resource\":\"arn:aws:s3:::poppyland-blog-redirect-frontend/*\",\"Sid\":\"\"}],\"Version\":\"2012-10-17\"}"
          },
          "sensitive_attributes": [],
          "private": "bnVsbA==",
          "dependencies": [
            "data.aws_acm_certificate.poppyland_cert",
            "module.redirect_bucket.aws_cloudfront_distribution.s3_distribution",
            "module.redirect_bucket.aws_cloudfront_origin_access_control.oai",
            "module.redirect_bucket.aws_s3_bucket.s3_bucket",
            "module.redirect_bucket.data.aws_iam_policy_document.s3_cloudfront_access"
          ]
        }
      ]
    },
    {
      "module": "module.send_email_lambda",
      "mode": "data",
      "type": "archive_file",
      "name": "function_code_zip",
      "provider": "provider[\"registry.terraform.io/hashicorp/archive\"]",
      "instances": [
        {
          "schema_version": 0,
          "attributes": {
            "exclude_symlink_directories": null,
            "excludes": null,
            "id": "d9f89cec0cc505d9e91e054b4bc3e989a4010a8d",
            "output_base64sha256": "/bGtHGAFxTmA7J070jqk84Da2nJr7V35z11ItoFthSk=",
            "output_base64sha512": "xHY2S7/L3prOgvv9P7CspDU7A6B0VTHEtvrPuNTs2SeMBVSkPZWR8DpYJU0m3wCnEpiYh3ZirGbZ/2fV57yjzg==",
            "output_file_mode": "0666",
            "output_md5": "08a2a606f6d5bf788be478ef753294ea",
            "output_path": "modules/lambda/../../../backend/lambdas/lambda_deployment_packages/send_new_article_email.zip",
            "output_sha": "d9f89cec0cc505d9e91e054b4bc3e989a4010a8d",
            "output_sha256": "fdb1ad1c6005c53980ec9d3bd23aa4f380dada726bed5df9cf5d48b6816d8529",
            "output_sha512": "c476364bbfcbde9ace82fbfd3fb0aca4353b03a0745531c4b6facfb8d4ecd9278c0554a43d9591f03a58254d26df00a7129898877662ac66d9ff67d5e7bca3ce",
            "output_size": 2140,
            "source": [],
            "source_content": null,
            "source_content_filename": null,
            "source_dir": "modules/lambda/../../../backend/lambdas/send_new_article_email",
            "source_file": null,
            "type": "zip"
          },
          "sensitive_attributes": []
        }
      ]
    },
    {
      "module": "module.send_email_lambda",
      "mode": "managed",
      "type": "aws_iam_policy",
      "name": "lambda_logs_iam_policy",
      "provider": "provider[\"registry.terraform.io/hashicorp/aws\"]",
      "instances": [
        {
          "schema_version": 0,
          "attributes": {
            "arn": "arn:aws:iam::132507767948:policy/send_new_article_email_lambda_logs_iam_policy",
            "description": "",
            "id": "arn:aws:iam::132507767948:policy/send_new_article_email_lambda_logs_iam_policy",
            "name": "send_new_article_email_lambda_logs_iam_policy",
            "name_prefix": "",
            "path": "/",
            "policy": "{\"Statement\":[{\"Action\":[\"logs:CreateLogGroup\",\"logs:CreateLogStream\",\"logs:PutLogEvents\"],\"Effect\":\"Allow\",\"Resource\":\"arn:aws:logs:*:*:*\"}],\"Version\":\"2012-10-17\"}",
            "policy_id": "ANPAR5WQUCSGK5W6TQG26",
            "tags": {},
            "tags_all": {}
          },
          "sensitive_attributes": [],
          "private": "bnVsbA=="
        }
      ]
    },
    {
      "module": "module.send_email_lambda",
      "mode": "managed",
      "type": "aws_iam_policy",
      "name": "lambda_rds_iam_policy",
      "provider": "provider[\"registry.terraform.io/hashicorp/aws\"]",
      "instances": [
        {
          "schema_version": 0,
          "attributes": {
            "arn": "arn:aws:iam::132507767948:policy/send_new_article_email_lambda_rds_iam_policy",
            "description": "",
            "id": "arn:aws:iam::132507767948:policy/send_new_article_email_lambda_rds_iam_policy",
            "name": "send_new_article_email_lambda_rds_iam_policy",
            "name_prefix": "",
            "path": "/",
            "policy": "{\"Statement\":[{\"Action\":[\"rds-db:connect\"],\"Effect\":\"Allow\",\"Resource\":\"arn:aws:rds:us-east-1:132507767948:db:hannahshobbyroom\"}],\"Version\":\"2012-10-17\"}",
            "policy_id": "ANPAR5WQUCSGCL57SHGDJ",
            "tags": {},
            "tags_all": {}
          },
          "sensitive_attributes": [],
          "private": "bnVsbA=="
        }
      ]
    },
    {
      "module": "module.send_email_lambda",
      "mode": "managed",
      "type": "aws_iam_role",
      "name": "lambda_role",
      "provider": "provider[\"registry.terraform.io/hashicorp/aws\"]",
      "instances": [
        {
          "schema_version": 0,
          "attributes": {
            "arn": "arn:aws:iam::132507767948:role/send_new_article_email_lambda_function_role",
            "assume_role_policy": "{\"Statement\":[{\"Action\":\"sts:AssumeRole\",\"Effect\":\"Allow\",\"Principal\":{\"Service\":\"lambda.amazonaws.com\"},\"Sid\":\"\"}],\"Version\":\"2012-10-17\"}",
            "create_date": "2024-02-08T02:15:36Z",
            "description": "",
            "force_detach_policies": false,
            "id": "send_new_article_email_lambda_function_role",
            "inline_policy": [],
            "managed_policy_arns": [
              "arn:aws:iam::132507767948:policy/send_new_article_email_lambda_email_iam_policy",
              "arn:aws:iam::132507767948:policy/send_new_article_email_lambda_logs_iam_policy",
              "arn:aws:iam::132507767948:policy/send_new_article_email_lambda_rds_iam_policy"
            ],
            "max_session_duration": 3600,
            "name": "send_new_article_email_lambda_function_role",
            "name_prefix": "",
            "path": "/",
            "permissions_boundary": "",
            "tags": {},
            "tags_all": {},
            "unique_id": "AROAR5WQUCSGBNTAF6KJM"
          },
          "sensitive_attributes": [],
          "private": "bnVsbA=="
        }
      ]
    },
    {
      "module": "module.send_email_lambda",
      "mode": "managed",
      "type": "aws_iam_role_policy_attachment",
      "name": "lambda_attach_logs_policy_to_role",
      "provider": "provider[\"registry.terraform.io/hashicorp/aws\"]",
      "instances": [
        {
          "schema_version": 0,
          "attributes": {
            "id": "send_new_article_email_lambda_function_role-20240214165125778000000004",
            "policy_arn": "arn:aws:iam::132507767948:policy/send_new_article_email_lambda_logs_iam_policy",
            "role": "send_new_article_email_lambda_function_role"
          },
          "sensitive_attributes": [],
          "private": "bnVsbA==",
          "dependencies": [
            "module.send_email_lambda.aws_iam_policy.lambda_logs_iam_policy",
            "module.send_email_lambda.aws_iam_role.lambda_role"
          ]
        }
      ]
    },
    {
      "module": "module.send_email_lambda",
      "mode": "managed",
      "type": "aws_iam_role_policy_attachment",
      "name": "lambda_attach_rds_policy_to_role",
      "provider": "provider[\"registry.terraform.io/hashicorp/aws\"]",
      "instances": [
        {
          "schema_version": 0,
          "attributes": {
            "id": "send_new_article_email_lambda_function_role-20240208021537002400000001",
            "policy_arn": "arn:aws:iam::132507767948:policy/send_new_article_email_lambda_rds_iam_policy",
            "role": "send_new_article_email_lambda_function_role"
          },
          "sensitive_attributes": [],
          "private": "bnVsbA==",
          "dependencies": [
            "module.send_email_lambda.aws_iam_policy.lambda_rds_iam_policy",
            "module.send_email_lambda.aws_iam_role.lambda_role"
          ]
        }
      ]
    },
    {
      "module": "module.send_email_lambda",
      "mode": "managed",
      "type": "aws_lambda_function",
      "name": "function",
      "provider": "provider[\"registry.terraform.io/hashicorp/aws\"]",
      "instances": [
        {
          "schema_version": 0,
          "attributes": {
            "architectures": [
              "x86_64"
            ],
            "arn": "arn:aws:lambda:us-east-1:132507767948:function:newsletter_send_new_article_email",
            "code_signing_config_arn": "",
            "dead_letter_config": [],
            "description": "",
            "environment": [
              {
                "variables": {
                  "POSTGRES_DB_NAME": "hannahshobbyroom",
                  "POSTGRES_HOST": "hannahshobbyroom.cvwpg9lwovqd.us-east-1.rds.amazonaws.com",
                  "POSTGRES_PASSWORD": "D6PT(utIU\u003cXLAl1D?Kegw.7Dc$}R#`1w",
                  "POSTGRES_PORT": "5432",
                  "POSTGRES_USERNAME": "postgres",
                  "TABLE_NAME": "newsletter"
                }
              }
            ],
            "ephemeral_storage": [
              {
                "size": 512
              }
            ],
            "file_system_config": [],
            "filename": "modules/lambda/../../../backend/lambdas/lambda_deployment_packages/send_new_article_email.zip",
            "function_name": "newsletter_send_new_article_email",
            "handler": "send_new_article_email.lambda_handler",
            "id": "newsletter_send_new_article_email",
            "image_config": [],
            "image_uri": "",
            "invoke_arn": "arn:aws:apigateway:us-east-1:lambda:path/2015-03-31/functions/arn:aws:lambda:us-east-1:132507767948:function:newsletter_send_new_article_email/invocations",
            "kms_key_arn": "",
            "last_modified": "2024-05-31T15:37:00.000+0000",
            "layers": [
              "arn:aws:lambda:us-east-1:132507767948:layer:psycopg2:4",
              "arn:aws:lambda:us-east-1:132507767948:layer:jinja2:1"
            ],
            "logging_config": [
              {
                "application_log_level": "",
                "log_format": "Text",
                "log_group": "/aws/lambda/newsletter_send_new_article_email",
                "system_log_level": ""
              }
            ],
            "memory_size": 128,
            "package_type": "Zip",
            "publish": false,
            "qualified_arn": "arn:aws:lambda:us-east-1:132507767948:function:newsletter_send_new_article_email:$LATEST",
            "qualified_invoke_arn": "arn:aws:apigateway:us-east-1:lambda:path/2015-03-31/functions/arn:aws:lambda:us-east-1:132507767948:function:newsletter_send_new_article_email:$LATEST/invocations",
            "replace_security_groups_on_destroy": null,
            "replacement_security_group_ids": null,
            "reserved_concurrent_executions": -1,
            "role": "arn:aws:iam::132507767948:role/send_new_article_email_lambda_function_role",
            "runtime": "python3.9",
            "s3_bucket": null,
            "s3_key": null,
            "s3_object_version": null,
            "signing_job_arn": "",
            "signing_profile_version_arn": "",
            "skip_destroy": false,
            "snap_start": [],
            "source_code_hash": "/bGtHGAFxTmA7J070jqk84Da2nJr7V35z11ItoFthSk=",
            "source_code_size": 2140,
            "tags": {},
            "tags_all": {},
            "timeout": 3,
            "timeouts": null,
            "tracing_config": [
              {
                "mode": "PassThrough"
              }
            ],
            "version": "$LATEST",
            "vpc_config": []
          },
          "sensitive_attributes": [
            [
              {
                "type": "get_attr",
                "value": "environment"
              },
              {
                "type": "index",
                "value": {
                  "value": 0,
                  "type": "number"
                }
              },
              {
                "type": "get_attr",
                "value": "variables"
              },
              {
                "type": "index",
                "value": {
                  "value": "POSTGRES_PASSWORD",
                  "type": "string"
                }
              }
            ]
          ],
          "private": "eyJlMmJmYjczMC1lY2FhLTExZTYtOGY4OC0zNDM2M2JjN2M0YzAiOnsiY3JlYXRlIjo2MDAwMDAwMDAwMDAsImRlbGV0ZSI6NjAwMDAwMDAwMDAwLCJ1cGRhdGUiOjYwMDAwMDAwMDAwMH19",
          "dependencies": [
            "aws_lambda_layer_version.jinja2_layer",
            "aws_lambda_layer_version.psycopg2_layer",
            "module.articles_rds_cluster.aws_db_subnet_group.subnet_group",
            "module.articles_rds_cluster.aws_internet_gateway.ig",
            "module.articles_rds_cluster.aws_rds_cluster.cluster",
            "module.articles_rds_cluster.aws_rds_cluster_instance.db",
            "module.articles_rds_cluster.aws_security_group.default",
            "module.articles_rds_cluster.aws_vpc.vpc",
            "module.articles_rds_cluster.data.aws_ssm_parameter.postgres_password",
            "module.send_email_lambda.aws_iam_role.lambda_role",
            "module.send_email_lambda.data.archive_file.function_code_zip"
          ]
        }
      ]
    }
  ],
  "check_results": null
}
