{
  "version": 4,
  "terraform_version": "1.4.6",
  "serial": 329,
  "lineage": "ddcda139-0480-4411-ada8-347943812de3",
  "outputs": {},
  "resources": [
    {
      "module": "module.articles_api",
      "mode": "data",
      "type": "aws_acm_certificate",
      "name": "acm_certificate",
      "provider": "provider[\"registry.terraform.io/hashicorp/aws\"]",
      "instances": [
        {
          "schema_version": 0,
          "attributes": {
            "arn": "arn:aws:acm:us-east-1:132507767948:certificate/6edda0a3-7cf2-4588-a19a-b80feb554c1a",
            "certificate": "-----BEGIN CERTIFICATE-----\nMIIF1zCCBL+gAwIBAgIQCCTT8B6G5oIbE9FM2epcbTANBgkqhkiG9w0BAQsFADA8\nMQswCQYDVQQGEwJVUzEPMA0GA1UEChMGQW1hem9uMRwwGgYDVQQDExNBbWF6b24g\nUlNBIDIwNDggTTAxMB4XDTIzMDMwNDAwMDAwMFoXDTI0MDQwMTIzNTk1OVowGDEW\nMBQGA1UEAxMNcG9wcHlsYW5kLmRldjCCASIwDQYJKoZIhvcNAQEBBQADggEPADCC\nAQoCggEBAN2/9JxFBRUkdcdJijOoSoAbjcb+5FUlTdJdSBz5a2xLUBKSBN5VB5p5\ncqmz8ICOgy2oUIrMYXJRycAScTLfW0jtW5pWKHFDVLeqp1F1PuvaHG1NBvZN4ksI\nnaA1xHCmorhRz868tMkt4pPlvP4qqz4QyPNDDfTGGt7NgCTIfli76+y0NfQzDxCN\nH2IAlHE3Ce/EWO6VdUcSro0HV7M0KYxd9Phv1wI95zeMWcC7qSmN6Z5x0kVBFWtp\nW0Wa9SsrIthJAkutedJNDP+G303PRm2KIpXrKWkoetP4KBffj6+XWOIyj3QZofMm\nZsYBuNnApacs3IkgpMpPrW1j/kdJtQECAwEAAaOCAvcwggLzMB8GA1UdIwQYMBaA\nFIG4DmOKiRIY5fo7O1CVn+blkBOFMB0GA1UdDgQWBBQM6UvvUosXZ3mYWDlyTnry\nsbYQmDApBgNVHREEIjAggg1wb3BweWxhbmQuZGV2gg8qLnBvcHB5bGFuZC5kZXYw\nDgYDVR0PAQH/BAQDAgWgMB0GA1UdJQQWMBQGCCsGAQUFBwMBBggrBgEFBQcDAjA7\nBgNVHR8ENDAyMDCgLqAshipodHRwOi8vY3JsLnIybTAxLmFtYXpvbnRydXN0LmNv\nbS9yMm0wMS5jcmwwEwYDVR0gBAwwCjAIBgZngQwBAgEwdQYIKwYBBQUHAQEEaTBn\nMC0GCCsGAQUFBzABhiFodHRwOi8vb2NzcC5yMm0wMS5hbWF6b250cnVzdC5jb20w\nNgYIKwYBBQUHMAKGKmh0dHA6Ly9jcnQucjJtMDEuYW1hem9udHJ1c3QuY29tL3Iy\nbTAxLmNlcjAMBgNVHRMBAf8EAjAAMIIBfgYKKwYBBAHWeQIEAgSCAW4EggFqAWgA\ndgB2/4g/Crb7lVHCYcz1h7o0tKTNuyncaEIKn+ZnTFo6dAAAAYaqswnFAAAEAwBH\nMEUCIQDJBre48NsTYX0domRFxwFTf6HWQk7KbOLavcOrT+YMawIgExyFnFzCtH/d\nCdTZa6qSiJdO3ISJWl/F8inIAnMBBqQAdgBz2Z6JG0yWeKAgfUed5rLGHNBRXnEZ\nKoxrgBB6wXdytQAAAYaqswnaAAAEAwBHMEUCIQCrLoFSefCfg18N14f0xCWhe/p0\n3TcambRKQgBMyDrh8QIgaceBHBJD3OsK1MgLxr1w+1/HSGqC/qSmGOSO4paVKnEA\ndgBIsONr2qZHNA/lagL6nTDrHFIBy1bdLIHZu7+rOdiEcwAAAYaqswmdAAAEAwBH\nMEUCIHL+itam3kvPUtvYZMw5nV6ge0G7HR+mSV4uNGiVGG6oAiEA8125MWMt0YeU\nkN41RZnh1PoLf0PRTLKlV/N/c4TBqHwwDQYJKoZIhvcNAQELBQADggEBANrPl5mF\n72eTrixg8XJRyE2oKPa0Kq7CVXA6JOoLgMJdG7O3KHrIg19M34QfEmaKXw+6TAiX\nEhpia7qlnLnt8ScUFqIQqHA5Dloj5sIcpncq7RGtEYgPr5QVnQIH8js0XAV0LbON\nsge8OuG4vcOtKRXVAaTHmFxBj/fL2PZNi8O0tvoyp0oZylKHwuyJJfbpXvCA1LGj\nXk33EwPdohAWcf0KDOzGBonTiQjiA7V1Alwso3PDP6TbeAClmyAm/WcpPL/kOcZj\n6iMgPwSGpQzGGnmUK/2KLZy+7PKfIbjZICJNihIURpxAjCIGNdvh7y8fwp9hQwwz\n6X3uoF89LXYXvRU=\n-----END CERTIFICATE-----\n",
            "certificate_chain": "-----BEGIN CERTIFICATE-----\nMIIEXjCCA0agAwIBAgITB3MSOAudZoijOx7Zv5zNpo4ODzANBgkqhkiG9w0BAQsF\nADA5MQswCQYDVQQGEwJVUzEPMA0GA1UEChMGQW1hem9uMRkwFwYDVQQDExBBbWF6\nb24gUm9vdCBDQSAxMB4XDTIyMDgyMzIyMjEyOFoXDTMwMDgyMzIyMjEyOFowPDEL\nMAkGA1UEBhMCVVMxDzANBgNVBAoTBkFtYXpvbjEcMBoGA1UEAxMTQW1hem9uIFJT\nQSAyMDQ4IE0wMTCCASIwDQYJKoZIhvcNAQEBBQADggEPADCCAQoCggEBAOtxLKnL\nH4gokjIwr4pXD3i3NyWVVYesZ1yX0yLI2qIUZ2t88Gfa4gMqs1YSXca1R/lnCKeT\nepWSGA+0+fkQNpp/L4C2T7oTTsddUx7g3ZYzByDTlrwS5HRQQqEFE3O1T5tEJP4t\nf+28IoXsNiEzl3UGzicYgtzj2cWCB41eJgEmJmcf2T8TzzK6a614ZPyq/w4CPAff\nnAV4coz96nW3AyiE2uhuB4zQUIXvgVSycW7sbWLvj5TDXunEpNCRwC4kkZjK7rol\njtT2cbb7W2s4Bkg3R42G3PLqBvt2N32e/0JOTViCk8/iccJ4sXqrS1uUN4iB5Nmv\nJK74csVl+0u0UecCAwEAAaOCAVowggFWMBIGA1UdEwEB/wQIMAYBAf8CAQAwDgYD\nVR0PAQH/BAQDAgGGMB0GA1UdJQQWMBQGCCsGAQUFBwMBBggrBgEFBQcDAjAdBgNV\nHQ4EFgQUgbgOY4qJEhjl+js7UJWf5uWQE4UwHwYDVR0jBBgwFoAUhBjMhTTsvAyU\nlC4IWZzHshBOCggwewYIKwYBBQUHAQEEbzBtMC8GCCsGAQUFBzABhiNodHRwOi8v\nb2NzcC5yb290Y2ExLmFtYXpvbnRydXN0LmNvbTA6BggrBgEFBQcwAoYuaHR0cDov\nL2NydC5yb290Y2ExLmFtYXpvbnRydXN0LmNvbS9yb290Y2ExLmNlcjA/BgNVHR8E\nODA2MDSgMqAwhi5odHRwOi8vY3JsLnJvb3RjYTEuYW1hem9udHJ1c3QuY29tL3Jv\nb3RjYTEuY3JsMBMGA1UdIAQMMAowCAYGZ4EMAQIBMA0GCSqGSIb3DQEBCwUAA4IB\nAQCtAN4CBSMuBjJitGuxlBbkEUDeK/pZwTXv4KqPK0G50fOHOQAd8j21p0cMBgbG\nkfMHVwLU7b0XwZCav0h1ogdPMN1KakK1DT0VwA/+hFvGPJnMV1Kx2G4S1ZaSk0uU\n5QfoiYIIano01J5k4T2HapKQmmOhS/iPtuo00wW+IMLeBuKMn3OLn005hcrOGTad\nhcmeyfhQP7Z+iKHvyoQGi1C0ClymHETx/chhQGDyYSWqB/THwnN15AwLQo0E5V9E\nSJlbe4mBlqeInUsNYugExNf+tOiybcrswBy8OFsd34XOW3rjSUtsuafd9AWySa3h\nxRRrwszrzX/WWGm6wyB+f7C4\n-----END CERTIFICATE-----\n-----BEGIN CERTIFICATE-----\nMIIEkjCCA3qgAwIBAgITBn+USionzfP6wq4rAfkI7rnExjANBgkqhkiG9w0BAQsF\nADCBmDELMAkGA1UEBhMCVVMxEDAOBgNVBAgTB0FyaXpvbmExEzARBgNVBAcTClNj\nb3R0c2RhbGUxJTAjBgNVBAoTHFN0YXJmaWVsZCBUZWNobm9sb2dpZXMsIEluYy4x\nOzA5BgNVBAMTMlN0YXJmaWVsZCBTZXJ2aWNlcyBSb290IENlcnRpZmljYXRlIEF1\ndGhvcml0eSAtIEcyMB4XDTE1MDUyNTEyMDAwMFoXDTM3MTIzMTAxMDAwMFowOTEL\nMAkGA1UEBhMCVVMxDzANBgNVBAoTBkFtYXpvbjEZMBcGA1UEAxMQQW1hem9uIFJv\nb3QgQ0EgMTCCASIwDQYJKoZIhvcNAQEBBQADggEPADCCAQoCggEBALJ4gHHKeNXj\nca9HgFB0fW7Y14h29Jlo91ghYPl0hAEvrAIthtOgQ3pOsqTQNroBvo3bSMgHFzZM\n9O6II8c+6zf1tRn4SWiw3te5djgdYZ6k/oI2peVKVuRF4fn9tBb6dNqcmzU5L/qw\nIFAGbHrQgLKm+a/sRxmPUDgH3KKHOVj4utWp+UhnMJbulHheb4mjUcAwhmahRWa6\nVOujw5H5SNz/0egwLX0tdHA114gk957EWW67c4cX8jJGKLhD+rcdqsq08p8kDi1L\n93FcXmn/6pUCyziKrlA4b9v7LWIbxcceVOF34GfID5yHI9Y/QCB/IIDEgEw+OyQm\njgSubJrIqg0CAwEAAaOCATEwggEtMA8GA1UdEwEB/wQFMAMBAf8wDgYDVR0PAQH/\nBAQDAgGGMB0GA1UdDgQWBBSEGMyFNOy8DJSULghZnMeyEE4KCDAfBgNVHSMEGDAW\ngBScXwDfqgHXMCs4iKK4bUqc8hGRgzB4BggrBgEFBQcBAQRsMGowLgYIKwYBBQUH\nMAGGImh0dHA6Ly9vY3NwLnJvb3RnMi5hbWF6b250cnVzdC5jb20wOAYIKwYBBQUH\nMAKGLGh0dHA6Ly9jcnQucm9vdGcyLmFtYXpvbnRydXN0LmNvbS9yb290ZzIuY2Vy\nMD0GA1UdHwQ2MDQwMqAwoC6GLGh0dHA6Ly9jcmwucm9vdGcyLmFtYXpvbnRydXN0\nLmNvbS9yb290ZzIuY3JsMBEGA1UdIAQKMAgwBgYEVR0gADANBgkqhkiG9w0BAQsF\nAAOCAQEAYjdCXLwQtT6LLOkMm2xF4gcAevnFWAu5CIw+7bMlPLVvUOTNNWqnkzSW\nMiGpSESrnO09tKpzbeR/FoCJbM8oAxiDR3mjEH4wW6w7sGDgd9QIpuEdfF7Au/ma\neyKdpwAJfqxGF4PcnCZXmTA5YpaP7dreqsXMGz7KQ2hsVxa81Q4gLv7/wmpdLqBK\nbRRYh5TmOTFffHPLkIhqhBGWJ6bt2YFGpn6jcgAKUj6DiAdjd4lpFw85hdKrCEVN\n0FE6/V1dN2RMfjCyVSRCnTawXZwXgWHxyvkQAiSr6w10kY17RSlQOYiypok1JR4U\nakcjMS9cmvqtmg5iUaQqqcT5NJ0hGA==\n-----END CERTIFICATE-----\n-----BEGIN CERTIFICATE-----\nMIIEdTCCA12gAwIBAgIJAKcOSkw0grd/MA0GCSqGSIb3DQEBCwUAMGgxCzAJBgNV\nBAYTAlVTMSUwIwYDVQQKExxTdGFyZmllbGQgVGVjaG5vbG9naWVzLCBJbmMuMTIw\nMAYDVQQLEylTdGFyZmllbGQgQ2xhc3MgMiBDZXJ0aWZpY2F0aW9uIEF1dGhvcml0\neTAeFw0wOTA5MDIwMDAwMDBaFw0zNDA2MjgxNzM5MTZaMIGYMQswCQYDVQQGEwJV\nUzEQMA4GA1UECBMHQXJpem9uYTETMBEGA1UEBxMKU2NvdHRzZGFsZTElMCMGA1UE\nChMcU3RhcmZpZWxkIFRlY2hub2xvZ2llcywgSW5jLjE7MDkGA1UEAxMyU3RhcmZp\nZWxkIFNlcnZpY2VzIFJvb3QgQ2VydGlmaWNhdGUgQXV0aG9yaXR5IC0gRzIwggEi\nMA0GCSqGSIb3DQEBAQUAA4IBDwAwggEKAoIBAQDVDDrEKvlO4vW+GZdfjohTsR8/\ny8+fIBNtKTrID30892t2OGPZNmCom15cAICyL1l/9of5JUOG52kbUpqQ4XHj2C0N\nTm/2yEnZtvMaVq4rtnQU68/7JuMauh2WLmo7WJSJR1b/JaCTcFOD2oR0FMNnngRo\nOt+OQFodSk7PQ5E751bWAHDLUu57fa4657wx+UX2wmDPE1kCK4DMNEffud6QZW0C\nzyyRpqbn3oUYSXxmTqM6bam17jQuug0DuDPfR+uxa40l2ZvOgdFFRjKWcIfeAg5J\nQ4W2bHO7ZOphQazJ1FTfhy/HIrImzJ9ZVGif/L4qL8RVHHVAYBeFAlU5i38FAgMB\nAAGjgfAwge0wDwYDVR0TAQH/BAUwAwEB/zAOBgNVHQ8BAf8EBAMCAYYwHQYDVR0O\nBBYEFJxfAN+qAdcwKziIorhtSpzyEZGDMB8GA1UdIwQYMBaAFL9ft9HO3R+G9FtV\nrNzXEMIOqYjnME8GCCsGAQUFBwEBBEMwQTAcBggrBgEFBQcwAYYQaHR0cDovL28u\nc3MyLnVzLzAhBggrBgEFBQcwAoYVaHR0cDovL3guc3MyLnVzL3guY2VyMCYGA1Ud\nHwQfMB0wG6AZoBeGFWh0dHA6Ly9zLnNzMi51cy9yLmNybDARBgNVHSAECjAIMAYG\nBFUdIAAwDQYJKoZIhvcNAQELBQADggEBACMd44pXyn3pF3lM8R5V/cxTbj5HD9/G\nVfKyBDbtgB9TxF00KGu+x1X8Z+rLP3+QsjPNG1gQggL4+C/1E2DUBc7xgQjB3ad1\nl08YuW3e95ORCLp+QCztweq7dp4zBncdDQh/U90bZKuCJ/Fp1U1ervShw3WnWEQt\n8jxwmKy6abaVd38PMV4s/KCHOkdp8Hlf9BRUpJVeEXgSYCfOn8J3/yNTd126/+pZ\n59vPr5KW7ySaNRB6nJHGDn2Z9j8Z3/VyVOEVqQdZe4O/Ui5GjLIAZHYcSNPYeehu\nVsyuLAOQ1xk4meTKCRlb/weWsKh/NEnfVqn3sF/tM+2MR7cwA130A4w=\n-----END CERTIFICATE-----\n",
            "domain": "poppyland.dev",
            "id": "arn:aws:acm:us-east-1:132507767948:certificate/6edda0a3-7cf2-4588-a19a-b80feb554c1a",
            "key_types": null,
            "most_recent": false,
            "status": "ISSUED",
            "statuses": null,
            "tags": {},
            "types": null
          },
          "sensitive_attributes": []
        }
      ]
    },
    {
      "module": "module.articles_api",
      "mode": "data",
      "type": "aws_route53_zone",
      "name": "poppyland_route53_zone",
      "provider": "provider[\"registry.terraform.io/hashicorp/aws\"]",
      "instances": [
        {
          "schema_version": 0,
          "attributes": {
            "arn": "arn:aws:route53:::hostedzone/Z06420282IBWLWB0CK5TG",
            "caller_reference": "6759f72e-0bbc-4647-8b8d-98ae3a2a8087",
            "comment": "",
            "id": "Z06420282IBWLWB0CK5TG",
            "linked_service_description": null,
            "linked_service_principal": null,
            "name": "poppyland.dev",
            "name_servers": [
              "ns-974.awsdns-57.net",
              "ns-1846.awsdns-38.co.uk",
              "ns-275.awsdns-34.com",
              "ns-1150.awsdns-15.org"
            ],
            "primary_name_server": "ns-974.awsdns-57.net",
            "private_zone": false,
            "resource_record_set_count": 20,
            "tags": {},
            "vpc_id": null,
            "zone_id": "Z06420282IBWLWB0CK5TG"
          },
          "sensitive_attributes": []
        }
      ]
    },
    {
      "module": "module.articles_api",
      "mode": "managed",
      "type": "aws_apigatewayv2_api",
      "name": "api",
      "provider": "provider[\"registry.terraform.io/hashicorp/aws\"]",
      "instances": [
        {
          "schema_version": 0,
          "attributes": {
            "api_endpoint": "https://tvvqx5k627.execute-api.us-east-1.amazonaws.com",
            "api_key_selection_expression": "$request.header.x-api-key",
            "arn": "arn:aws:apigateway:us-east-1::/apis/tvvqx5k627",
            "body": null,
            "cors_configuration": [],
            "credentials_arn": null,
            "description": "API for table: PoppylandBlogArticles",
            "disable_execute_api_endpoint": false,
            "execution_arn": "arn:aws:execute-api:us-east-1:132507767948:tvvqx5k627",
            "fail_on_warnings": null,
            "id": "tvvqx5k627",
            "name": "PoppylandBlogArticlesAPI",
            "protocol_type": "HTTP",
            "route_key": null,
            "route_selection_expression": "$request.method $request.path",
            "tags": {},
            "tags_all": {},
            "target": null,
            "version": ""
          },
          "sensitive_attributes": [],
          "private": "bnVsbA=="
        }
      ]
    },
    {
      "module": "module.articles_api",
      "mode": "managed",
      "type": "aws_apigatewayv2_api_mapping",
      "name": "mapping",
      "provider": "provider[\"registry.terraform.io/hashicorp/aws\"]",
      "instances": [
        {
          "schema_version": 0,
          "attributes": {
            "api_id": "tvvqx5k627",
            "api_mapping_key": "",
            "domain_name": "blog-api.poppyland.dev",
            "id": "zpb4sp",
            "stage": "prod"
          },
          "sensitive_attributes": [],
          "private": "bnVsbA==",
          "dependencies": [
            "module.articles_api.aws_apigatewayv2_api.api",
            "module.articles_api.aws_apigatewayv2_domain_name.api_domain_name",
            "module.articles_api.aws_apigatewayv2_stage.stage"
          ]
        }
      ]
    },
    {
      "module": "module.articles_api",
      "mode": "managed",
      "type": "aws_apigatewayv2_domain_name",
      "name": "api_domain_name",
      "provider": "provider[\"registry.terraform.io/hashicorp/aws\"]",
      "instances": [
        {
          "schema_version": 0,
          "attributes": {
            "api_mapping_selection_expression": "$request.basepath",
            "arn": "arn:aws:apigateway:us-east-1::/domainnames/blog-api.poppyland.dev",
            "domain_name": "blog-api.poppyland.dev",
            "domain_name_configuration": [
              {
                "certificate_arn": "arn:aws:acm:us-east-1:132507767948:certificate/6edda0a3-7cf2-4588-a19a-b80feb554c1a",
                "endpoint_type": "REGIONAL",
                "hosted_zone_id": "Z1UJRXOUMOOFQ8",
                "ownership_verification_certificate_arn": "",
                "security_policy": "TLS_1_2",
                "target_domain_name": "d-118o98f3fg.execute-api.us-east-1.amazonaws.com"
              }
            ],
            "id": "blog-api.poppyland.dev",
            "mutual_tls_authentication": [],
            "tags": {},
            "tags_all": {},
            "timeouts": null
          },
          "sensitive_attributes": [],
          "private": "eyJlMmJmYjczMC1lY2FhLTExZTYtOGY4OC0zNDM2M2JjN2M0YzAiOnsiY3JlYXRlIjo2MDAwMDAwMDAwMDAsInVwZGF0ZSI6MzYwMDAwMDAwMDAwMH19",
          "dependencies": [
            "module.articles_api.data.aws_acm_certificate.acm_certificate"
          ]
        }
      ]
    },
    {
      "module": "module.articles_api",
      "mode": "managed",
      "type": "aws_apigatewayv2_integration",
      "name": "get_all_lambda_integration",
      "provider": "provider[\"registry.terraform.io/hashicorp/aws\"]",
      "instances": [
        {
          "schema_version": 0,
          "attributes": {
            "api_id": "tvvqx5k627",
            "connection_id": "",
            "connection_type": "INTERNET",
            "content_handling_strategy": "",
            "credentials_arn": "",
            "description": "",
            "id": "91yz3y5",
            "integration_method": "POST",
            "integration_response_selection_expression": "",
            "integration_subtype": "",
            "integration_type": "AWS_PROXY",
            "integration_uri": "arn:aws:apigateway:us-east-1:lambda:path/2015-03-31/functions/arn:aws:lambda:us-east-1:132507767948:function:PoppylandBlogArticles_get_all_rows_dynamodb/invocations",
            "passthrough_behavior": "",
            "payload_format_version": "1.0",
            "request_parameters": {},
            "request_templates": {},
            "response_parameters": [],
            "template_selection_expression": "",
            "timeout_milliseconds": 30000,
            "tls_config": []
          },
          "sensitive_attributes": [],
          "private": "bnVsbA==",
          "dependencies": [
            "module.articles_api.aws_apigatewayv2_api.api",
            "module.articles_api.module.get_all_rows_lambda.aws_iam_policy.lambda_iam_policy",
            "module.articles_api.module.get_all_rows_lambda.aws_iam_role.lambda_role",
            "module.articles_api.module.get_all_rows_lambda.aws_iam_role_policy_attachment.lambda_attach_policy_to_role",
            "module.articles_api.module.get_all_rows_lambda.aws_lambda_function.function",
            "module.articles_api.module.get_all_rows_lambda.data.archive_file.function_code_zip"
          ]
        }
      ]
    },
    {
      "module": "module.articles_api",
      "mode": "managed",
      "type": "aws_apigatewayv2_integration",
      "name": "get_item_lambda_integration",
      "provider": "provider[\"registry.terraform.io/hashicorp/aws\"]",
      "instances": [
        {
          "schema_version": 0,
          "attributes": {
            "api_id": "tvvqx5k627",
            "connection_id": "",
            "connection_type": "INTERNET",
            "content_handling_strategy": "",
            "credentials_arn": "",
            "description": "",
            "id": "l2e7as8",
            "integration_method": "POST",
            "integration_response_selection_expression": "",
            "integration_subtype": "",
            "integration_type": "AWS_PROXY",
            "integration_uri": "arn:aws:apigateway:us-east-1:lambda:path/2015-03-31/functions/arn:aws:lambda:us-east-1:132507767948:function:PoppylandBlogArticles_get_item_dynamodb/invocations",
            "passthrough_behavior": "",
            "payload_format_version": "1.0",
            "request_parameters": {},
            "request_templates": {},
            "response_parameters": [],
            "template_selection_expression": "",
            "timeout_milliseconds": 30000,
            "tls_config": []
          },
          "sensitive_attributes": [],
          "private": "bnVsbA==",
          "dependencies": [
            "module.articles_api.aws_apigatewayv2_api.api",
            "module.articles_api.module.get_item_lambda.aws_iam_policy.lambda_iam_policy",
            "module.articles_api.module.get_item_lambda.aws_iam_role.lambda_role",
            "module.articles_api.module.get_item_lambda.aws_iam_role_policy_attachment.lambda_attach_policy_to_role",
            "module.articles_api.module.get_item_lambda.aws_lambda_function.function",
            "module.articles_api.module.get_item_lambda.data.archive_file.function_code_zip"
          ]
        }
      ]
    },
    {
      "module": "module.articles_api",
      "mode": "managed",
      "type": "aws_apigatewayv2_route",
      "name": "get_all_route",
      "provider": "provider[\"registry.terraform.io/hashicorp/aws\"]",
      "instances": [
        {
          "schema_version": 0,
          "attributes": {
            "api_id": "tvvqx5k627",
            "api_key_required": false,
            "authorization_scopes": [],
            "authorization_type": "NONE",
            "authorizer_id": "",
            "id": "pf3cg04",
            "model_selection_expression": "",
            "operation_name": "",
            "request_models": {},
            "request_parameter": [],
            "route_key": "GET /articles",
            "route_response_selection_expression": "",
            "target": "integrations/91yz3y5"
          },
          "sensitive_attributes": [],
          "private": "bnVsbA==",
          "dependencies": [
            "module.articles_api.aws_apigatewayv2_api.api",
            "module.articles_api.aws_apigatewayv2_integration.get_all_lambda_integration",
            "module.articles_api.module.get_all_rows_lambda.aws_iam_policy.lambda_iam_policy",
            "module.articles_api.module.get_all_rows_lambda.aws_iam_role.lambda_role",
            "module.articles_api.module.get_all_rows_lambda.aws_iam_role_policy_attachment.lambda_attach_policy_to_role",
            "module.articles_api.module.get_all_rows_lambda.aws_lambda_function.function",
            "module.articles_api.module.get_all_rows_lambda.data.archive_file.function_code_zip"
          ]
        }
      ]
    },
    {
      "module": "module.articles_api",
      "mode": "managed",
      "type": "aws_apigatewayv2_route",
      "name": "get_item_route",
      "provider": "provider[\"registry.terraform.io/hashicorp/aws\"]",
      "instances": [
        {
          "schema_version": 0,
          "attributes": {
            "api_id": "tvvqx5k627",
            "api_key_required": false,
            "authorization_scopes": [],
            "authorization_type": "NONE",
            "authorizer_id": "",
            "id": "sqvrasu",
            "model_selection_expression": "",
            "operation_name": "",
            "request_models": {},
            "request_parameter": [],
            "route_key": "GET /articles/{slug}",
            "route_response_selection_expression": "",
            "target": "integrations/l2e7as8"
          },
          "sensitive_attributes": [],
          "private": "bnVsbA==",
          "dependencies": [
            "module.articles_api.aws_apigatewayv2_api.api",
            "module.articles_api.aws_apigatewayv2_integration.get_item_lambda_integration",
            "module.articles_api.module.get_item_lambda.aws_iam_policy.lambda_iam_policy",
            "module.articles_api.module.get_item_lambda.aws_iam_role.lambda_role",
            "module.articles_api.module.get_item_lambda.aws_iam_role_policy_attachment.lambda_attach_policy_to_role",
            "module.articles_api.module.get_item_lambda.aws_lambda_function.function",
            "module.articles_api.module.get_item_lambda.data.archive_file.function_code_zip"
          ]
        }
      ]
    },
    {
      "module": "module.articles_api",
      "mode": "managed",
      "type": "aws_apigatewayv2_stage",
      "name": "stage",
      "provider": "provider[\"registry.terraform.io/hashicorp/aws\"]",
      "instances": [
        {
          "schema_version": 0,
          "attributes": {
            "access_log_settings": [
              {
                "destination_arn": "arn:aws:logs:us-east-1:132507767948:log-group:/aws/apigateway/PoppylandBlogArticlesAPI",
                "format": "{\"requestId\":\"$context.requestId\",\"ip\":\"$context.identity.sourceIp\",\"requestTime\":\"$context.requestTime\",\"httpMethod\":\"$context.httpMethod\",\"routeKey\":\"$context.routeKey\",\"status\":\"$context.status\",\"responseLength\":\"$context.responseLength\"}"
              }
            ],
            "api_id": "tvvqx5k627",
            "arn": "arn:aws:apigateway:us-east-1::/apis/tvvqx5k627/stages/prod",
            "auto_deploy": true,
            "client_certificate_id": "",
            "default_route_settings": [
              {
                "data_trace_enabled": false,
                "detailed_metrics_enabled": false,
                "logging_level": "",
                "throttling_burst_limit": 0,
                "throttling_rate_limit": 0
              }
            ],
            "deployment_id": "5yjmxw",
            "description": "",
            "execution_arn": "arn:aws:execute-api:us-east-1:132507767948:tvvqx5k627/prod",
            "id": "prod",
            "invoke_url": "https://tvvqx5k627.execute-api.us-east-1.amazonaws.com/prod",
            "name": "prod",
            "route_settings": [],
            "stage_variables": {},
            "tags": {},
            "tags_all": {}
          },
          "sensitive_attributes": [],
          "private": "bnVsbA==",
          "dependencies": [
            "module.articles_api.aws_apigatewayv2_api.api",
            "module.articles_api.aws_cloudwatch_log_group.api_log_group"
          ]
        }
      ]
    },
    {
      "module": "module.articles_api",
      "mode": "managed",
      "type": "aws_cloudwatch_log_group",
      "name": "api_log_group",
      "provider": "provider[\"registry.terraform.io/hashicorp/aws\"]",
      "instances": [
        {
          "schema_version": 0,
          "attributes": {
            "arn": "arn:aws:logs:us-east-1:132507767948:log-group:/aws/apigateway/PoppylandBlogArticlesAPI",
            "id": "/aws/apigateway/PoppylandBlogArticlesAPI",
            "kms_key_id": "",
            "name": "/aws/apigateway/PoppylandBlogArticlesAPI",
            "name_prefix": "",
            "retention_in_days": 0,
            "skip_destroy": false,
            "tags": {},
            "tags_all": {}
          },
          "sensitive_attributes": [],
          "private": "bnVsbA==",
          "dependencies": [
            "module.articles_api.aws_apigatewayv2_api.api"
          ]
        }
      ]
    },
    {
      "module": "module.articles_api",
      "mode": "managed",
      "type": "aws_lambda_permission",
      "name": "get_all_lambda_permission",
      "provider": "provider[\"registry.terraform.io/hashicorp/aws\"]",
      "instances": [
        {
          "schema_version": 0,
          "attributes": {
            "action": "lambda:InvokeFunction",
            "event_source_token": null,
            "function_name": "PoppylandBlogArticles_get_all_rows_dynamodb",
            "function_url_auth_type": null,
            "id": "AllowAPIGatewayInvoke",
            "principal": "apigateway.amazonaws.com",
            "principal_org_id": null,
            "qualifier": "",
            "source_account": null,
            "source_arn": "arn:aws:execute-api:us-east-1:132507767948:tvvqx5k627/*",
            "statement_id": "AllowAPIGatewayInvoke",
            "statement_id_prefix": ""
          },
          "sensitive_attributes": [],
          "private": "bnVsbA==",
          "dependencies": [
            "module.articles_api.aws_apigatewayv2_api.api",
            "module.articles_api.module.get_all_rows_lambda.aws_iam_policy.lambda_iam_policy",
            "module.articles_api.module.get_all_rows_lambda.aws_iam_role.lambda_role",
            "module.articles_api.module.get_all_rows_lambda.aws_iam_role_policy_attachment.lambda_attach_policy_to_role",
            "module.articles_api.module.get_all_rows_lambda.aws_lambda_function.function",
            "module.articles_api.module.get_all_rows_lambda.data.archive_file.function_code_zip"
          ]
        }
      ]
    },
    {
      "module": "module.articles_api",
      "mode": "managed",
      "type": "aws_lambda_permission",
      "name": "get_item_lambda_permission",
      "provider": "provider[\"registry.terraform.io/hashicorp/aws\"]",
      "instances": [
        {
          "schema_version": 0,
          "attributes": {
            "action": "lambda:InvokeFunction",
            "event_source_token": null,
            "function_name": "PoppylandBlogArticles_get_item_dynamodb",
            "function_url_auth_type": null,
            "id": "AllowAPIGatewayInvoke",
            "principal": "apigateway.amazonaws.com",
            "principal_org_id": null,
            "qualifier": "",
            "source_account": null,
            "source_arn": "arn:aws:execute-api:us-east-1:132507767948:tvvqx5k627/*",
            "statement_id": "AllowAPIGatewayInvoke",
            "statement_id_prefix": ""
          },
          "sensitive_attributes": [],
          "private": "bnVsbA==",
          "dependencies": [
            "module.articles_api.aws_apigatewayv2_api.api",
            "module.articles_api.module.get_item_lambda.aws_iam_policy.lambda_iam_policy",
            "module.articles_api.module.get_item_lambda.aws_iam_role.lambda_role",
            "module.articles_api.module.get_item_lambda.aws_iam_role_policy_attachment.lambda_attach_policy_to_role",
            "module.articles_api.module.get_item_lambda.aws_lambda_function.function",
            "module.articles_api.module.get_item_lambda.data.archive_file.function_code_zip"
          ]
        }
      ]
    },
    {
      "module": "module.articles_api",
      "mode": "managed",
      "type": "aws_route53_record",
      "name": "route53_record",
      "provider": "provider[\"registry.terraform.io/hashicorp/aws\"]",
      "instances": [
        {
          "schema_version": 2,
          "attributes": {
            "alias": [
              {
                "evaluate_target_health": false,
                "name": "d-118o98f3fg.execute-api.us-east-1.amazonaws.com",
                "zone_id": "Z1UJRXOUMOOFQ8"
              }
            ],
            "allow_overwrite": null,
            "cidr_routing_policy": [],
            "failover_routing_policy": [],
            "fqdn": "blog-api.poppyland.dev",
            "geolocation_routing_policy": [],
            "health_check_id": "",
            "id": "Z06420282IBWLWB0CK5TG_blog-api.poppyland.dev_A",
            "latency_routing_policy": [],
            "multivalue_answer_routing_policy": false,
            "name": "blog-api.poppyland.dev",
            "records": [],
            "set_identifier": "",
            "ttl": 0,
            "type": "A",
            "weighted_routing_policy": [],
            "zone_id": "Z06420282IBWLWB0CK5TG"
          },
          "sensitive_attributes": [],
          "private": "eyJzY2hlbWFfdmVyc2lvbiI6IjIifQ==",
          "dependencies": [
            "module.articles_api.aws_apigatewayv2_domain_name.api_domain_name",
            "module.articles_api.data.aws_acm_certificate.acm_certificate",
            "module.articles_api.data.aws_route53_zone.poppyland_route53_zone"
          ]
        }
      ]
    },
    {
      "module": "module.articles_api.module.get_all_rows_lambda",
      "mode": "data",
      "type": "archive_file",
      "name": "function_code_zip",
      "provider": "provider[\"registry.terraform.io/hashicorp/archive\"]",
      "instances": [
        {
          "schema_version": 0,
          "attributes": {
            "exclude_symlink_directories": null,
            "excludes": null,
            "id": "861a9ea864ed3d96d685ba322cd5605c925c1ecb",
            "output_base64sha256": "lAJ3U6kcO7Yyvlmb9eijPELuGP7pku0g4zi6fv8H5OA=",
            "output_base64sha512": "YWiQXoVn77vfCs+5MK+YYVaBIt2Z5aB6zaaY8DRvCRHpxUyZSJKfdJ/7bbRQ/2SCswHBnQZ5GaVJIwEEzjprkQ==",
            "output_file_mode": "0666",
            "output_md5": "df5d0195630d98deb724fd659cfe7dc0",
            "output_path": "modules/lambda/../../../backend/lambda_deployment_packages/get_all_rows_dynamodb.zip",
            "output_sha": "861a9ea864ed3d96d685ba322cd5605c925c1ecb",
            "output_sha256": "94027753a91c3bb632be599bf5e8a33c42ee18fee992ed20e338ba7eff07e4e0",
            "output_sha512": "6168905e8567efbbdf0acfb930af9861568122dd99e5a07acda698f0346f0911e9c54c9948929f749ffb6db450ff6482b301c19d067919a549230104ce3a6b91",
            "output_size": 631,
            "source": [],
            "source_content": null,
            "source_content_filename": null,
            "source_dir": null,
            "source_file": "modules/lambda/../../../backend/get_all_rows_dynamodb.py",
            "type": "zip"
          },
          "sensitive_attributes": []
        }
      ]
    },
    {
      "module": "module.articles_api.module.get_all_rows_lambda",
      "mode": "managed",
      "type": "aws_iam_policy",
      "name": "lambda_iam_policy",
      "provider": "provider[\"registry.terraform.io/hashicorp/aws\"]",
      "instances": [
        {
          "schema_version": 0,
          "attributes": {
            "arn": "arn:aws:iam::132507767948:policy/get_all_rows_dynamodb_lambda_iam_policy",
            "description": "",
            "id": "arn:aws:iam::132507767948:policy/get_all_rows_dynamodb_lambda_iam_policy",
            "name": "get_all_rows_dynamodb_lambda_iam_policy",
            "name_prefix": "",
            "path": "/",
            "policy": "{\"Statement\":[{\"Action\":[\"logs:CreateLogGroup\",\"logs:CreateLogStream\",\"logs:PutLogEvents\"],\"Effect\":\"Allow\",\"Resource\":\"arn:aws:logs:*:*:*\"},{\"Action\":[\"dynamodb:BatchGetItem\",\"dynamodb:GetItem\",\"dynamodb:Query\",\"dynamodb:Scan\"],\"Effect\":\"Allow\",\"Resource\":\"arn:aws:dynamodb:us-east-1:132507767948:table/PoppylandBlogArticles\"}],\"Version\":\"2012-10-17\"}",
            "policy_id": "ANPAR5WQUCSGAVYWOVWFK",
            "tags": {},
            "tags_all": {}
          },
          "sensitive_attributes": [],
          "private": "bnVsbA=="
        }
      ]
    },
    {
      "module": "module.articles_api.module.get_all_rows_lambda",
      "mode": "managed",
      "type": "aws_iam_role",
      "name": "lambda_role",
      "provider": "provider[\"registry.terraform.io/hashicorp/aws\"]",
      "instances": [
        {
          "schema_version": 0,
          "attributes": {
            "arn": "arn:aws:iam::132507767948:role/get_all_rows_dynamodb_lambda_function_role",
            "assume_role_policy": "{\"Statement\":[{\"Action\":\"sts:AssumeRole\",\"Effect\":\"Allow\",\"Principal\":{\"Service\":\"lambda.amazonaws.com\"},\"Sid\":\"\"}],\"Version\":\"2012-10-17\"}",
            "create_date": "2024-01-29T19:05:44Z",
            "description": "",
            "force_detach_policies": false,
            "id": "get_all_rows_dynamodb_lambda_function_role",
            "inline_policy": [],
            "managed_policy_arns": [
              "arn:aws:iam::132507767948:policy/get_all_rows_dynamodb_lambda_iam_policy"
            ],
            "max_session_duration": 3600,
            "name": "get_all_rows_dynamodb_lambda_function_role",
            "name_prefix": "",
            "path": "/",
            "permissions_boundary": null,
            "role_last_used": [
              {
                "last_used_date": "2024-01-30T12:48:54Z",
                "region": "us-east-1"
              }
            ],
            "tags": {},
            "tags_all": {},
            "unique_id": "AROAR5WQUCSGIPY5RNF2E"
          },
          "sensitive_attributes": [],
          "private": "bnVsbA=="
        }
      ]
    },
    {
      "module": "module.articles_api.module.get_all_rows_lambda",
      "mode": "managed",
      "type": "aws_iam_role_policy_attachment",
      "name": "lambda_attach_policy_to_role",
      "provider": "provider[\"registry.terraform.io/hashicorp/aws\"]",
      "instances": [
        {
          "schema_version": 0,
          "attributes": {
            "id": "get_all_rows_dynamodb_lambda_function_role-20240129190544816300000001",
            "policy_arn": "arn:aws:iam::132507767948:policy/get_all_rows_dynamodb_lambda_iam_policy",
            "role": "get_all_rows_dynamodb_lambda_function_role"
          },
          "sensitive_attributes": [],
          "private": "bnVsbA==",
          "dependencies": [
            "module.articles_api.module.get_all_rows_lambda.aws_iam_policy.lambda_iam_policy",
            "module.articles_api.module.get_all_rows_lambda.aws_iam_role.lambda_role"
          ]
        }
      ]
    },
    {
      "module": "module.articles_api.module.get_all_rows_lambda",
      "mode": "managed",
      "type": "aws_lambda_function",
      "name": "function",
      "provider": "provider[\"registry.terraform.io/hashicorp/aws\"]",
      "instances": [
        {
          "schema_version": 0,
          "attributes": {
            "architectures": [
              "x86_64"
            ],
            "arn": "arn:aws:lambda:us-east-1:132507767948:function:PoppylandBlogArticles_get_all_rows_dynamodb",
            "code_signing_config_arn": "",
            "dead_letter_config": [],
            "description": "",
            "environment": [
              {
                "variables": {
                  "PARTITION_KEY": "Slug",
                  "SEARCH_KEY": "Category",
                  "SORT_KEY": "CreatedAt",
                  "TABLE_NAME": "PoppylandBlogArticles"
                }
              }
            ],
            "ephemeral_storage": [
              {
                "size": 512
              }
            ],
            "file_system_config": [],
            "filename": "modules/lambda/../../../backend/lambda_deployment_packages/get_all_rows_dynamodb.zip",
            "function_name": "PoppylandBlogArticles_get_all_rows_dynamodb",
            "handler": "get_all_rows_dynamodb.lambda_handler",
            "id": "PoppylandBlogArticles_get_all_rows_dynamodb",
            "image_config": [],
            "image_uri": "",
            "invoke_arn": "arn:aws:apigateway:us-east-1:lambda:path/2015-03-31/functions/arn:aws:lambda:us-east-1:132507767948:function:PoppylandBlogArticles_get_all_rows_dynamodb/invocations",
            "kms_key_arn": "",
            "last_modified": "2024-01-30T13:16:03.000+0000",
            "layers": [],
            "memory_size": 128,
            "package_type": "Zip",
            "publish": false,
            "qualified_arn": "arn:aws:lambda:us-east-1:132507767948:function:PoppylandBlogArticles_get_all_rows_dynamodb:$LATEST",
            "qualified_invoke_arn": "arn:aws:apigateway:us-east-1:lambda:path/2015-03-31/functions/arn:aws:lambda:us-east-1:132507767948:function:PoppylandBlogArticles_get_all_rows_dynamodb:$LATEST/invocations",
            "replace_security_groups_on_destroy": null,
            "replacement_security_group_ids": null,
            "reserved_concurrent_executions": -1,
            "role": "arn:aws:iam::132507767948:role/get_all_rows_dynamodb_lambda_function_role",
            "runtime": "python3.10",
            "s3_bucket": null,
            "s3_key": null,
            "s3_object_version": null,
            "signing_job_arn": "",
            "signing_profile_version_arn": "",
            "skip_destroy": false,
            "snap_start": [],
            "source_code_hash": "lAJ3U6kcO7Yyvlmb9eijPELuGP7pku0g4zi6fv8H5OA=",
            "source_code_size": 631,
            "tags": {},
            "tags_all": {},
            "timeout": 3,
            "timeouts": null,
            "tracing_config": [
              {
                "mode": "PassThrough"
              }
            ],
            "version": "$LATEST",
            "vpc_config": []
          },
          "sensitive_attributes": [],
          "private": "eyJlMmJmYjczMC1lY2FhLTExZTYtOGY4OC0zNDM2M2JjN2M0YzAiOnsiY3JlYXRlIjo2MDAwMDAwMDAwMDAsImRlbGV0ZSI6NjAwMDAwMDAwMDAwLCJ1cGRhdGUiOjYwMDAwMDAwMDAwMH19",
          "dependencies": [
            "module.articles_api.module.get_all_rows_lambda.aws_iam_role.lambda_role",
            "module.articles_api.module.get_all_rows_lambda.aws_iam_role_policy_attachment.lambda_attach_policy_to_role",
            "module.articles_api.module.get_all_rows_lambda.data.archive_file.function_code_zip"
          ]
        }
      ]
    },
    {
      "module": "module.articles_api.module.get_item_lambda",
      "mode": "data",
      "type": "archive_file",
      "name": "function_code_zip",
      "provider": "provider[\"registry.terraform.io/hashicorp/archive\"]",
      "instances": [
        {
          "schema_version": 0,
          "attributes": {
            "exclude_symlink_directories": null,
            "excludes": null,
            "id": "0e0cc28d09fa73cb893832c839a43b50271243a0",
            "output_base64sha256": "OEJpsa+ncpCRZc2HoiTu2RL9UOXfYrplDoZNotigJU4=",
            "output_base64sha512": "SePBai58a8QwqlYzdjjV9ErRRUqv29AS+i17aX6hTxNpXCc35UbDYaw+9qJU6gCbHQlEgOgC/uXmGNZIz5p/Nw==",
            "output_file_mode": "0666",
            "output_md5": "9a8a563fe9a42e83af6e965d9a8903df",
            "output_path": "modules/lambda/../../../backend/lambda_deployment_packages/get_item_dynamodb.zip",
            "output_sha": "0e0cc28d09fa73cb893832c839a43b50271243a0",
            "output_sha256": "384269b1afa772909165cd87a224eed912fd50e5df62ba650e864da2d8a0254e",
            "output_sha512": "49e3c16a2e7c6bc430aa56337638d5f44ad1454aafdbd012fa2d7b697ea14f13695c2737e546c361ac3ef6a254ea009b1d094480e802fee5e618d648cf9a7f37",
            "output_size": 666,
            "source": [],
            "source_content": null,
            "source_content_filename": null,
            "source_dir": null,
            "source_file": "modules/lambda/../../../backend/get_item_dynamodb.py",
            "type": "zip"
          },
          "sensitive_attributes": []
        }
      ]
    },
    {
      "module": "module.articles_api.module.get_item_lambda",
      "mode": "managed",
      "type": "aws_iam_policy",
      "name": "lambda_iam_policy",
      "provider": "provider[\"registry.terraform.io/hashicorp/aws\"]",
      "instances": [
        {
          "schema_version": 0,
          "attributes": {
            "arn": "arn:aws:iam::132507767948:policy/get_item_dynamodb_lambda_iam_policy",
            "description": "",
            "id": "arn:aws:iam::132507767948:policy/get_item_dynamodb_lambda_iam_policy",
            "name": "get_item_dynamodb_lambda_iam_policy",
            "name_prefix": "",
            "path": "/",
            "policy": "{\"Statement\":[{\"Action\":[\"logs:CreateLogGroup\",\"logs:CreateLogStream\",\"logs:PutLogEvents\"],\"Effect\":\"Allow\",\"Resource\":\"arn:aws:logs:*:*:*\"},{\"Action\":[\"dynamodb:BatchGetItem\",\"dynamodb:GetItem\",\"dynamodb:Query\",\"dynamodb:Scan\"],\"Effect\":\"Allow\",\"Resource\":\"arn:aws:dynamodb:us-east-1:132507767948:table/PoppylandBlogArticles\"}],\"Version\":\"2012-10-17\"}",
            "policy_id": "ANPAR5WQUCSGJCC6HL3PI",
            "tags": {},
            "tags_all": {}
          },
          "sensitive_attributes": [],
          "private": "bnVsbA=="
        }
      ]
    },
    {
      "module": "module.articles_api.module.get_item_lambda",
      "mode": "managed",
      "type": "aws_iam_role",
      "name": "lambda_role",
      "provider": "provider[\"registry.terraform.io/hashicorp/aws\"]",
      "instances": [
        {
          "schema_version": 0,
          "attributes": {
            "arn": "arn:aws:iam::132507767948:role/get_item_dynamodb_lambda_function_role",
            "assume_role_policy": "{\"Statement\":[{\"Action\":\"sts:AssumeRole\",\"Effect\":\"Allow\",\"Principal\":{\"Service\":\"lambda.amazonaws.com\"},\"Sid\":\"\"}],\"Version\":\"2012-10-17\"}",
            "create_date": "2024-01-29T21:49:49Z",
            "description": "",
            "force_detach_policies": false,
            "id": "get_item_dynamodb_lambda_function_role",
            "inline_policy": [],
            "managed_policy_arns": [
              "arn:aws:iam::132507767948:policy/get_item_dynamodb_lambda_iam_policy"
            ],
            "max_session_duration": 3600,
            "name": "get_item_dynamodb_lambda_function_role",
            "name_prefix": "",
            "path": "/",
            "permissions_boundary": null,
            "role_last_used": [
              {
                "last_used_date": "2024-01-30T01:17:33Z",
                "region": "us-east-1"
              }
            ],
            "tags": {},
            "tags_all": {},
            "unique_id": "AROAR5WQUCSGLTCJGNG3O"
          },
          "sensitive_attributes": [],
          "private": "bnVsbA=="
        }
      ]
    },
    {
      "module": "module.articles_api.module.get_item_lambda",
      "mode": "managed",
      "type": "aws_iam_role_policy_attachment",
      "name": "lambda_attach_policy_to_role",
      "provider": "provider[\"registry.terraform.io/hashicorp/aws\"]",
      "instances": [
        {
          "schema_version": 0,
          "attributes": {
            "id": "get_item_dynamodb_lambda_function_role-20240129214949649300000001",
            "policy_arn": "arn:aws:iam::132507767948:policy/get_item_dynamodb_lambda_iam_policy",
            "role": "get_item_dynamodb_lambda_function_role"
          },
          "sensitive_attributes": [],
          "private": "bnVsbA==",
          "dependencies": [
            "module.articles_api.module.get_item_lambda.aws_iam_policy.lambda_iam_policy",
            "module.articles_api.module.get_item_lambda.aws_iam_role.lambda_role"
          ]
        }
      ]
    },
    {
      "module": "module.articles_api.module.get_item_lambda",
      "mode": "managed",
      "type": "aws_lambda_function",
      "name": "function",
      "provider": "provider[\"registry.terraform.io/hashicorp/aws\"]",
      "instances": [
        {
          "schema_version": 0,
          "attributes": {
            "architectures": [
              "x86_64"
            ],
            "arn": "arn:aws:lambda:us-east-1:132507767948:function:PoppylandBlogArticles_get_item_dynamodb",
            "code_signing_config_arn": "",
            "dead_letter_config": [],
            "description": "",
            "environment": [
              {
                "variables": {
                  "PARTITION_KEY": "Slug",
                  "SEARCH_KEY": "Category",
                  "SORT_KEY": "CreatedAt",
                  "TABLE_NAME": "PoppylandBlogArticles"
                }
              }
            ],
            "ephemeral_storage": [
              {
                "size": 512
              }
            ],
            "file_system_config": [],
            "filename": "modules/lambda/../../../backend/lambda_deployment_packages/get_item_dynamodb.zip",
            "function_name": "PoppylandBlogArticles_get_item_dynamodb",
            "handler": "get_item_dynamodb.lambda_handler",
            "id": "PoppylandBlogArticles_get_item_dynamodb",
            "image_config": [],
            "image_uri": "",
            "invoke_arn": "arn:aws:apigateway:us-east-1:lambda:path/2015-03-31/functions/arn:aws:lambda:us-east-1:132507767948:function:PoppylandBlogArticles_get_item_dynamodb/invocations",
            "kms_key_arn": "",
            "last_modified": "2024-01-30T13:15:58.000+0000",
            "layers": [],
            "memory_size": 128,
            "package_type": "Zip",
            "publish": false,
            "qualified_arn": "arn:aws:lambda:us-east-1:132507767948:function:PoppylandBlogArticles_get_item_dynamodb:$LATEST",
            "qualified_invoke_arn": "arn:aws:apigateway:us-east-1:lambda:path/2015-03-31/functions/arn:aws:lambda:us-east-1:132507767948:function:PoppylandBlogArticles_get_item_dynamodb:$LATEST/invocations",
            "replace_security_groups_on_destroy": null,
            "replacement_security_group_ids": null,
            "reserved_concurrent_executions": -1,
            "role": "arn:aws:iam::132507767948:role/get_item_dynamodb_lambda_function_role",
            "runtime": "python3.10",
            "s3_bucket": null,
            "s3_key": null,
            "s3_object_version": null,
            "signing_job_arn": "",
            "signing_profile_version_arn": "",
            "skip_destroy": false,
            "snap_start": [],
            "source_code_hash": "OEJpsa+ncpCRZc2HoiTu2RL9UOXfYrplDoZNotigJU4=",
            "source_code_size": 666,
            "tags": {},
            "tags_all": {},
            "timeout": 3,
            "timeouts": null,
            "tracing_config": [
              {
                "mode": "PassThrough"
              }
            ],
            "version": "$LATEST",
            "vpc_config": []
          },
          "sensitive_attributes": [],
          "private": "eyJlMmJmYjczMC1lY2FhLTExZTYtOGY4OC0zNDM2M2JjN2M0YzAiOnsiY3JlYXRlIjo2MDAwMDAwMDAwMDAsImRlbGV0ZSI6NjAwMDAwMDAwMDAwLCJ1cGRhdGUiOjYwMDAwMDAwMDAwMH19",
          "dependencies": [
            "module.articles_api.module.get_item_lambda.aws_iam_role.lambda_role",
            "module.articles_api.module.get_item_lambda.aws_iam_role_policy_attachment.lambda_attach_policy_to_role",
            "module.articles_api.module.get_item_lambda.data.archive_file.function_code_zip"
          ]
        }
      ]
    },
    {
      "module": "module.articles_table",
      "mode": "managed",
      "type": "aws_dynamodb_table",
      "name": "table",
      "provider": "provider[\"registry.terraform.io/hashicorp/aws\"]",
      "instances": [
        {
          "schema_version": 1,
          "attributes": {
            "arn": "arn:aws:dynamodb:us-east-1:132507767948:table/PoppylandBlogArticles",
            "attribute": [
              {
                "name": "Category",
                "type": "S"
              },
              {
                "name": "CreatedAt",
                "type": "S"
              },
              {
                "name": "Slug",
                "type": "S"
              }
            ],
            "billing_mode": "PAY_PER_REQUEST",
            "deletion_protection_enabled": false,
            "global_secondary_index": [
              {
                "hash_key": "Category",
                "name": "CategoryIndex",
                "non_key_attributes": [],
                "projection_type": "ALL",
                "range_key": "CreatedAt",
                "read_capacity": 0,
                "write_capacity": 0
              }
            ],
            "hash_key": "Slug",
            "id": "PoppylandBlogArticles",
            "local_secondary_index": [],
            "name": "PoppylandBlogArticles",
            "point_in_time_recovery": [
              {
                "enabled": false
              }
            ],
            "range_key": "CreatedAt",
            "read_capacity": 0,
            "replica": [],
            "restore_date_time": null,
            "restore_source_name": null,
            "restore_to_latest_time": null,
            "server_side_encryption": [],
            "stream_arn": "",
            "stream_enabled": false,
            "stream_label": "",
            "stream_view_type": "",
            "table_class": "STANDARD",
            "tags": {
              "Environment": "Production",
              "Name": "PoppylandBlog"
            },
            "tags_all": {
              "Environment": "Production",
              "Name": "PoppylandBlog"
            },
            "timeouts": null,
            "ttl": [
              {
                "attribute_name": "",
                "enabled": false
              }
            ],
            "write_capacity": 0
          },
          "sensitive_attributes": [],
          "private": "eyJlMmJmYjczMC1lY2FhLTExZTYtOGY4OC0zNDM2M2JjN2M0YzAiOnsiY3JlYXRlIjoxODAwMDAwMDAwMDAwLCJkZWxldGUiOjYwMDAwMDAwMDAwMCwidXBkYXRlIjozNjAwMDAwMDAwMDAwfSwic2NoZW1hX3ZlcnNpb24iOiIxIn0="
        }
      ]
    },
    {
      "module": "module.frontend_bucket",
      "mode": "data",
      "type": "aws_acm_certificate",
      "name": "acm_certificate",
      "provider": "provider[\"registry.terraform.io/hashicorp/aws\"]",
      "instances": [
        {
          "schema_version": 0,
          "attributes": {
            "arn": "arn:aws:acm:us-east-1:132507767948:certificate/6edda0a3-7cf2-4588-a19a-b80feb554c1a",
            "certificate": "-----BEGIN CERTIFICATE-----\nMIIF1zCCBL+gAwIBAgIQCCTT8B6G5oIbE9FM2epcbTANBgkqhkiG9w0BAQsFADA8\nMQswCQYDVQQGEwJVUzEPMA0GA1UEChMGQW1hem9uMRwwGgYDVQQDExNBbWF6b24g\nUlNBIDIwNDggTTAxMB4XDTIzMDMwNDAwMDAwMFoXDTI0MDQwMTIzNTk1OVowGDEW\nMBQGA1UEAxMNcG9wcHlsYW5kLmRldjCCASIwDQYJKoZIhvcNAQEBBQADggEPADCC\nAQoCggEBAN2/9JxFBRUkdcdJijOoSoAbjcb+5FUlTdJdSBz5a2xLUBKSBN5VB5p5\ncqmz8ICOgy2oUIrMYXJRycAScTLfW0jtW5pWKHFDVLeqp1F1PuvaHG1NBvZN4ksI\nnaA1xHCmorhRz868tMkt4pPlvP4qqz4QyPNDDfTGGt7NgCTIfli76+y0NfQzDxCN\nH2IAlHE3Ce/EWO6VdUcSro0HV7M0KYxd9Phv1wI95zeMWcC7qSmN6Z5x0kVBFWtp\nW0Wa9SsrIthJAkutedJNDP+G303PRm2KIpXrKWkoetP4KBffj6+XWOIyj3QZofMm\nZsYBuNnApacs3IkgpMpPrW1j/kdJtQECAwEAAaOCAvcwggLzMB8GA1UdIwQYMBaA\nFIG4DmOKiRIY5fo7O1CVn+blkBOFMB0GA1UdDgQWBBQM6UvvUosXZ3mYWDlyTnry\nsbYQmDApBgNVHREEIjAggg1wb3BweWxhbmQuZGV2gg8qLnBvcHB5bGFuZC5kZXYw\nDgYDVR0PAQH/BAQDAgWgMB0GA1UdJQQWMBQGCCsGAQUFBwMBBggrBgEFBQcDAjA7\nBgNVHR8ENDAyMDCgLqAshipodHRwOi8vY3JsLnIybTAxLmFtYXpvbnRydXN0LmNv\nbS9yMm0wMS5jcmwwEwYDVR0gBAwwCjAIBgZngQwBAgEwdQYIKwYBBQUHAQEEaTBn\nMC0GCCsGAQUFBzABhiFodHRwOi8vb2NzcC5yMm0wMS5hbWF6b250cnVzdC5jb20w\nNgYIKwYBBQUHMAKGKmh0dHA6Ly9jcnQucjJtMDEuYW1hem9udHJ1c3QuY29tL3Iy\nbTAxLmNlcjAMBgNVHRMBAf8EAjAAMIIBfgYKKwYBBAHWeQIEAgSCAW4EggFqAWgA\ndgB2/4g/Crb7lVHCYcz1h7o0tKTNuyncaEIKn+ZnTFo6dAAAAYaqswnFAAAEAwBH\nMEUCIQDJBre48NsTYX0domRFxwFTf6HWQk7KbOLavcOrT+YMawIgExyFnFzCtH/d\nCdTZa6qSiJdO3ISJWl/F8inIAnMBBqQAdgBz2Z6JG0yWeKAgfUed5rLGHNBRXnEZ\nKoxrgBB6wXdytQAAAYaqswnaAAAEAwBHMEUCIQCrLoFSefCfg18N14f0xCWhe/p0\n3TcambRKQgBMyDrh8QIgaceBHBJD3OsK1MgLxr1w+1/HSGqC/qSmGOSO4paVKnEA\ndgBIsONr2qZHNA/lagL6nTDrHFIBy1bdLIHZu7+rOdiEcwAAAYaqswmdAAAEAwBH\nMEUCIHL+itam3kvPUtvYZMw5nV6ge0G7HR+mSV4uNGiVGG6oAiEA8125MWMt0YeU\nkN41RZnh1PoLf0PRTLKlV/N/c4TBqHwwDQYJKoZIhvcNAQELBQADggEBANrPl5mF\n72eTrixg8XJRyE2oKPa0Kq7CVXA6JOoLgMJdG7O3KHrIg19M34QfEmaKXw+6TAiX\nEhpia7qlnLnt8ScUFqIQqHA5Dloj5sIcpncq7RGtEYgPr5QVnQIH8js0XAV0LbON\nsge8OuG4vcOtKRXVAaTHmFxBj/fL2PZNi8O0tvoyp0oZylKHwuyJJfbpXvCA1LGj\nXk33EwPdohAWcf0KDOzGBonTiQjiA7V1Alwso3PDP6TbeAClmyAm/WcpPL/kOcZj\n6iMgPwSGpQzGGnmUK/2KLZy+7PKfIbjZICJNihIURpxAjCIGNdvh7y8fwp9hQwwz\n6X3uoF89LXYXvRU=\n-----END CERTIFICATE-----\n",
            "certificate_chain": "-----BEGIN CERTIFICATE-----\nMIIEXjCCA0agAwIBAgITB3MSOAudZoijOx7Zv5zNpo4ODzANBgkqhkiG9w0BAQsF\nADA5MQswCQYDVQQGEwJVUzEPMA0GA1UEChMGQW1hem9uMRkwFwYDVQQDExBBbWF6\nb24gUm9vdCBDQSAxMB4XDTIyMDgyMzIyMjEyOFoXDTMwMDgyMzIyMjEyOFowPDEL\nMAkGA1UEBhMCVVMxDzANBgNVBAoTBkFtYXpvbjEcMBoGA1UEAxMTQW1hem9uIFJT\nQSAyMDQ4IE0wMTCCASIwDQYJKoZIhvcNAQEBBQADggEPADCCAQoCggEBAOtxLKnL\nH4gokjIwr4pXD3i3NyWVVYesZ1yX0yLI2qIUZ2t88Gfa4gMqs1YSXca1R/lnCKeT\nepWSGA+0+fkQNpp/L4C2T7oTTsddUx7g3ZYzByDTlrwS5HRQQqEFE3O1T5tEJP4t\nf+28IoXsNiEzl3UGzicYgtzj2cWCB41eJgEmJmcf2T8TzzK6a614ZPyq/w4CPAff\nnAV4coz96nW3AyiE2uhuB4zQUIXvgVSycW7sbWLvj5TDXunEpNCRwC4kkZjK7rol\njtT2cbb7W2s4Bkg3R42G3PLqBvt2N32e/0JOTViCk8/iccJ4sXqrS1uUN4iB5Nmv\nJK74csVl+0u0UecCAwEAAaOCAVowggFWMBIGA1UdEwEB/wQIMAYBAf8CAQAwDgYD\nVR0PAQH/BAQDAgGGMB0GA1UdJQQWMBQGCCsGAQUFBwMBBggrBgEFBQcDAjAdBgNV\nHQ4EFgQUgbgOY4qJEhjl+js7UJWf5uWQE4UwHwYDVR0jBBgwFoAUhBjMhTTsvAyU\nlC4IWZzHshBOCggwewYIKwYBBQUHAQEEbzBtMC8GCCsGAQUFBzABhiNodHRwOi8v\nb2NzcC5yb290Y2ExLmFtYXpvbnRydXN0LmNvbTA6BggrBgEFBQcwAoYuaHR0cDov\nL2NydC5yb290Y2ExLmFtYXpvbnRydXN0LmNvbS9yb290Y2ExLmNlcjA/BgNVHR8E\nODA2MDSgMqAwhi5odHRwOi8vY3JsLnJvb3RjYTEuYW1hem9udHJ1c3QuY29tL3Jv\nb3RjYTEuY3JsMBMGA1UdIAQMMAowCAYGZ4EMAQIBMA0GCSqGSIb3DQEBCwUAA4IB\nAQCtAN4CBSMuBjJitGuxlBbkEUDeK/pZwTXv4KqPK0G50fOHOQAd8j21p0cMBgbG\nkfMHVwLU7b0XwZCav0h1ogdPMN1KakK1DT0VwA/+hFvGPJnMV1Kx2G4S1ZaSk0uU\n5QfoiYIIano01J5k4T2HapKQmmOhS/iPtuo00wW+IMLeBuKMn3OLn005hcrOGTad\nhcmeyfhQP7Z+iKHvyoQGi1C0ClymHETx/chhQGDyYSWqB/THwnN15AwLQo0E5V9E\nSJlbe4mBlqeInUsNYugExNf+tOiybcrswBy8OFsd34XOW3rjSUtsuafd9AWySa3h\nxRRrwszrzX/WWGm6wyB+f7C4\n-----END CERTIFICATE-----\n-----BEGIN CERTIFICATE-----\nMIIEkjCCA3qgAwIBAgITBn+USionzfP6wq4rAfkI7rnExjANBgkqhkiG9w0BAQsF\nADCBmDELMAkGA1UEBhMCVVMxEDAOBgNVBAgTB0FyaXpvbmExEzARBgNVBAcTClNj\nb3R0c2RhbGUxJTAjBgNVBAoTHFN0YXJmaWVsZCBUZWNobm9sb2dpZXMsIEluYy4x\nOzA5BgNVBAMTMlN0YXJmaWVsZCBTZXJ2aWNlcyBSb290IENlcnRpZmljYXRlIEF1\ndGhvcml0eSAtIEcyMB4XDTE1MDUyNTEyMDAwMFoXDTM3MTIzMTAxMDAwMFowOTEL\nMAkGA1UEBhMCVVMxDzANBgNVBAoTBkFtYXpvbjEZMBcGA1UEAxMQQW1hem9uIFJv\nb3QgQ0EgMTCCASIwDQYJKoZIhvcNAQEBBQADggEPADCCAQoCggEBALJ4gHHKeNXj\nca9HgFB0fW7Y14h29Jlo91ghYPl0hAEvrAIthtOgQ3pOsqTQNroBvo3bSMgHFzZM\n9O6II8c+6zf1tRn4SWiw3te5djgdYZ6k/oI2peVKVuRF4fn9tBb6dNqcmzU5L/qw\nIFAGbHrQgLKm+a/sRxmPUDgH3KKHOVj4utWp+UhnMJbulHheb4mjUcAwhmahRWa6\nVOujw5H5SNz/0egwLX0tdHA114gk957EWW67c4cX8jJGKLhD+rcdqsq08p8kDi1L\n93FcXmn/6pUCyziKrlA4b9v7LWIbxcceVOF34GfID5yHI9Y/QCB/IIDEgEw+OyQm\njgSubJrIqg0CAwEAAaOCATEwggEtMA8GA1UdEwEB/wQFMAMBAf8wDgYDVR0PAQH/\nBAQDAgGGMB0GA1UdDgQWBBSEGMyFNOy8DJSULghZnMeyEE4KCDAfBgNVHSMEGDAW\ngBScXwDfqgHXMCs4iKK4bUqc8hGRgzB4BggrBgEFBQcBAQRsMGowLgYIKwYBBQUH\nMAGGImh0dHA6Ly9vY3NwLnJvb3RnMi5hbWF6b250cnVzdC5jb20wOAYIKwYBBQUH\nMAKGLGh0dHA6Ly9jcnQucm9vdGcyLmFtYXpvbnRydXN0LmNvbS9yb290ZzIuY2Vy\nMD0GA1UdHwQ2MDQwMqAwoC6GLGh0dHA6Ly9jcmwucm9vdGcyLmFtYXpvbnRydXN0\nLmNvbS9yb290ZzIuY3JsMBEGA1UdIAQKMAgwBgYEVR0gADANBgkqhkiG9w0BAQsF\nAAOCAQEAYjdCXLwQtT6LLOkMm2xF4gcAevnFWAu5CIw+7bMlPLVvUOTNNWqnkzSW\nMiGpSESrnO09tKpzbeR/FoCJbM8oAxiDR3mjEH4wW6w7sGDgd9QIpuEdfF7Au/ma\neyKdpwAJfqxGF4PcnCZXmTA5YpaP7dreqsXMGz7KQ2hsVxa81Q4gLv7/wmpdLqBK\nbRRYh5TmOTFffHPLkIhqhBGWJ6bt2YFGpn6jcgAKUj6DiAdjd4lpFw85hdKrCEVN\n0FE6/V1dN2RMfjCyVSRCnTawXZwXgWHxyvkQAiSr6w10kY17RSlQOYiypok1JR4U\nakcjMS9cmvqtmg5iUaQqqcT5NJ0hGA==\n-----END CERTIFICATE-----\n-----BEGIN CERTIFICATE-----\nMIIEdTCCA12gAwIBAgIJAKcOSkw0grd/MA0GCSqGSIb3DQEBCwUAMGgxCzAJBgNV\nBAYTAlVTMSUwIwYDVQQKExxTdGFyZmllbGQgVGVjaG5vbG9naWVzLCBJbmMuMTIw\nMAYDVQQLEylTdGFyZmllbGQgQ2xhc3MgMiBDZXJ0aWZpY2F0aW9uIEF1dGhvcml0\neTAeFw0wOTA5MDIwMDAwMDBaFw0zNDA2MjgxNzM5MTZaMIGYMQswCQYDVQQGEwJV\nUzEQMA4GA1UECBMHQXJpem9uYTETMBEGA1UEBxMKU2NvdHRzZGFsZTElMCMGA1UE\nChMcU3RhcmZpZWxkIFRlY2hub2xvZ2llcywgSW5jLjE7MDkGA1UEAxMyU3RhcmZp\nZWxkIFNlcnZpY2VzIFJvb3QgQ2VydGlmaWNhdGUgQXV0aG9yaXR5IC0gRzIwggEi\nMA0GCSqGSIb3DQEBAQUAA4IBDwAwggEKAoIBAQDVDDrEKvlO4vW+GZdfjohTsR8/\ny8+fIBNtKTrID30892t2OGPZNmCom15cAICyL1l/9of5JUOG52kbUpqQ4XHj2C0N\nTm/2yEnZtvMaVq4rtnQU68/7JuMauh2WLmo7WJSJR1b/JaCTcFOD2oR0FMNnngRo\nOt+OQFodSk7PQ5E751bWAHDLUu57fa4657wx+UX2wmDPE1kCK4DMNEffud6QZW0C\nzyyRpqbn3oUYSXxmTqM6bam17jQuug0DuDPfR+uxa40l2ZvOgdFFRjKWcIfeAg5J\nQ4W2bHO7ZOphQazJ1FTfhy/HIrImzJ9ZVGif/L4qL8RVHHVAYBeFAlU5i38FAgMB\nAAGjgfAwge0wDwYDVR0TAQH/BAUwAwEB/zAOBgNVHQ8BAf8EBAMCAYYwHQYDVR0O\nBBYEFJxfAN+qAdcwKziIorhtSpzyEZGDMB8GA1UdIwQYMBaAFL9ft9HO3R+G9FtV\nrNzXEMIOqYjnME8GCCsGAQUFBwEBBEMwQTAcBggrBgEFBQcwAYYQaHR0cDovL28u\nc3MyLnVzLzAhBggrBgEFBQcwAoYVaHR0cDovL3guc3MyLnVzL3guY2VyMCYGA1Ud\nHwQfMB0wG6AZoBeGFWh0dHA6Ly9zLnNzMi51cy9yLmNybDARBgNVHSAECjAIMAYG\nBFUdIAAwDQYJKoZIhvcNAQELBQADggEBACMd44pXyn3pF3lM8R5V/cxTbj5HD9/G\nVfKyBDbtgB9TxF00KGu+x1X8Z+rLP3+QsjPNG1gQggL4+C/1E2DUBc7xgQjB3ad1\nl08YuW3e95ORCLp+QCztweq7dp4zBncdDQh/U90bZKuCJ/Fp1U1ervShw3WnWEQt\n8jxwmKy6abaVd38PMV4s/KCHOkdp8Hlf9BRUpJVeEXgSYCfOn8J3/yNTd126/+pZ\n59vPr5KW7ySaNRB6nJHGDn2Z9j8Z3/VyVOEVqQdZe4O/Ui5GjLIAZHYcSNPYeehu\nVsyuLAOQ1xk4meTKCRlb/weWsKh/NEnfVqn3sF/tM+2MR7cwA130A4w=\n-----END CERTIFICATE-----\n",
            "domain": "poppyland.dev",
            "id": "arn:aws:acm:us-east-1:132507767948:certificate/6edda0a3-7cf2-4588-a19a-b80feb554c1a",
            "key_types": null,
            "most_recent": false,
            "status": "ISSUED",
            "statuses": null,
            "tags": {},
            "types": null
          },
          "sensitive_attributes": []
        }
      ]
    },
    {
      "module": "module.frontend_bucket",
      "mode": "data",
      "type": "aws_iam_policy_document",
      "name": "s3_cloudfront_access",
      "provider": "provider[\"registry.terraform.io/hashicorp/aws\"]",
      "instances": [
        {
          "schema_version": 0,
          "attributes": {
            "id": "2337789009",
            "json": "{\n  \"Version\": \"2012-10-17\",\n  \"Statement\": [\n    {\n      \"Sid\": \"\",\n      \"Effect\": \"Allow\",\n      \"Action\": \"s3:GetObject\",\n      \"Resource\": \"arn:aws:s3:::poppyland-blog-frontend/*\",\n      \"Principal\": {\n        \"Service\": \"cloudfront.amazonaws.com\"\n      },\n      \"Condition\": {\n        \"StringEquals\": {\n          \"AWS:SourceArn\": \"arn:aws:cloudfront::132507767948:distribution/E2U5RN0983NUOG\"\n        }\n      }\n    }\n  ]\n}",
            "override_json": null,
            "override_policy_documents": null,
            "policy_id": null,
            "source_json": null,
            "source_policy_documents": null,
            "statement": [
              {
                "actions": [
                  "s3:GetObject"
                ],
                "condition": [
                  {
                    "test": "StringEquals",
                    "values": [
                      "arn:aws:cloudfront::132507767948:distribution/E2U5RN0983NUOG"
                    ],
                    "variable": "AWS:SourceArn"
                  }
                ],
                "effect": "Allow",
                "not_actions": [],
                "not_principals": [],
                "not_resources": [],
                "principals": [
                  {
                    "identifiers": [
                      "cloudfront.amazonaws.com"
                    ],
                    "type": "Service"
                  }
                ],
                "resources": [
                  "arn:aws:s3:::poppyland-blog-frontend/*"
                ],
                "sid": ""
              }
            ],
            "version": "2012-10-17"
          },
          "sensitive_attributes": []
        }
      ]
    },
    {
      "module": "module.frontend_bucket",
      "mode": "data",
      "type": "aws_route53_zone",
      "name": "poppyland_route53_zone",
      "provider": "provider[\"registry.terraform.io/hashicorp/aws\"]",
      "instances": [
        {
          "schema_version": 0,
          "attributes": {
            "arn": "arn:aws:route53:::hostedzone/Z06420282IBWLWB0CK5TG",
            "caller_reference": "6759f72e-0bbc-4647-8b8d-98ae3a2a8087",
            "comment": "",
            "id": "Z06420282IBWLWB0CK5TG",
            "linked_service_description": null,
            "linked_service_principal": null,
            "name": "poppyland.dev",
            "name_servers": [
              "ns-974.awsdns-57.net",
              "ns-1846.awsdns-38.co.uk",
              "ns-275.awsdns-34.com",
              "ns-1150.awsdns-15.org"
            ],
            "primary_name_server": "ns-974.awsdns-57.net",
            "private_zone": false,
            "resource_record_set_count": 20,
            "tags": {},
            "vpc_id": null,
            "zone_id": "Z06420282IBWLWB0CK5TG"
          },
          "sensitive_attributes": []
        }
      ]
    },
    {
      "module": "module.frontend_bucket",
      "mode": "managed",
      "type": "aws_cloudfront_distribution",
      "name": "s3_distribution",
      "provider": "provider[\"registry.terraform.io/hashicorp/aws\"]",
      "instances": [
        {
          "schema_version": 1,
          "attributes": {
            "aliases": [
              "blog.poppyland.dev"
            ],
            "arn": "arn:aws:cloudfront::132507767948:distribution/E2U5RN0983NUOG",
            "caller_reference": "terraform-20240130045440517800000001",
            "comment": null,
            "custom_error_response": [],
            "default_cache_behavior": [
              {
                "allowed_methods": [
                  "GET",
                  "HEAD",
                  "OPTIONS"
                ],
                "cache_policy_id": "",
                "cached_methods": [
                  "GET",
                  "HEAD"
                ],
                "compress": false,
                "default_ttl": 3600,
                "field_level_encryption_id": "",
                "forwarded_values": [
                  {
                    "cookies": [
                      {
                        "forward": "none",
                        "whitelisted_names": []
                      }
                    ],
                    "headers": [],
                    "query_string": false,
                    "query_string_cache_keys": []
                  }
                ],
                "function_association": [],
                "lambda_function_association": [],
                "max_ttl": 86400,
                "min_ttl": 0,
                "origin_request_policy_id": "",
                "realtime_log_config_arn": "",
                "response_headers_policy_id": "",
                "smooth_streaming": false,
                "target_origin_id": "poppyland-blog-frontend-origin",
                "trusted_key_groups": [],
                "trusted_signers": [],
                "viewer_protocol_policy": "redirect-to-https"
              }
            ],
            "default_root_object": "index.html",
            "domain_name": "d2aj3aqosc6cbo.cloudfront.net",
            "enabled": true,
            "etag": "E38MM3JPS8CUOB",
            "hosted_zone_id": "Z2FDTNDATAQYW2",
            "http_version": "http2",
            "id": "E2U5RN0983NUOG",
            "in_progress_validation_batches": 0,
            "is_ipv6_enabled": true,
            "last_modified_time": "2024-01-30 13:08:42.555 +0000 UTC",
            "logging_config": [],
            "ordered_cache_behavior": [],
            "origin": [
              {
                "connection_attempts": 3,
                "connection_timeout": 10,
                "custom_header": [],
                "custom_origin_config": [],
                "domain_name": "poppyland-blog-frontend.s3.amazonaws.com",
                "origin_access_control_id": "E43I1AJTW36K4",
                "origin_id": "poppyland-blog-frontend-origin",
                "origin_path": "",
                "origin_shield": [],
                "s3_origin_config": []
              }
            ],
            "origin_group": [],
            "price_class": "PriceClass_All",
            "restrictions": [
              {
                "geo_restriction": [
                  {
                    "locations": [],
                    "restriction_type": "none"
                  }
                ]
              }
            ],
            "retain_on_delete": false,
            "status": "Deployed",
            "tags": {
              "Environment": "Production",
              "Name": "PoppylandBlog"
            },
            "tags_all": {
              "Environment": "Production",
              "Name": "PoppylandBlog"
            },
            "trusted_key_groups": [
              {
                "enabled": false,
                "items": []
              }
            ],
            "trusted_signers": [
              {
                "enabled": false,
                "items": []
              }
            ],
            "viewer_certificate": [
              {
                "acm_certificate_arn": "arn:aws:acm:us-east-1:132507767948:certificate/6edda0a3-7cf2-4588-a19a-b80feb554c1a",
                "cloudfront_default_certificate": false,
                "iam_certificate_id": "",
                "minimum_protocol_version": "TLSv1",
                "ssl_support_method": "sni-only"
              }
            ],
            "wait_for_deployment": true,
            "web_acl_id": ""
          },
          "sensitive_attributes": [],
          "private": "eyJzY2hlbWFfdmVyc2lvbiI6IjEifQ==",
          "dependencies": [
            "module.frontend_bucket.aws_cloudfront_origin_access_control.oai",
            "module.frontend_bucket.aws_s3_bucket.s3_bucket",
            "module.frontend_bucket.data.aws_acm_certificate.acm_certificate"
          ]
        }
      ]
    },
    {
      "module": "module.frontend_bucket",
      "mode": "managed",
      "type": "aws_cloudfront_origin_access_control",
      "name": "oai",
      "provider": "provider[\"registry.terraform.io/hashicorp/aws\"]",
      "instances": [
        {
          "schema_version": 0,
          "attributes": {
            "description": "Managed by Terraform",
            "etag": "ETVPDKIKX0DER",
            "id": "E43I1AJTW36K4",
            "name": "poppyland-blog-frontend-oai",
            "origin_access_control_origin_type": "s3",
            "signing_behavior": "always",
            "signing_protocol": "sigv4"
          },
          "sensitive_attributes": [],
          "private": "bnVsbA=="
        }
      ]
    },
    {
      "module": "module.frontend_bucket",
      "mode": "managed",
      "type": "aws_route53_record",
      "name": "route53_record",
      "provider": "provider[\"registry.terraform.io/hashicorp/aws\"]",
      "instances": [
        {
          "schema_version": 2,
          "attributes": {
            "alias": [
              {
                "evaluate_target_health": false,
                "name": "d2aj3aqosc6cbo.cloudfront.net",
                "zone_id": "Z2FDTNDATAQYW2"
              }
            ],
            "allow_overwrite": null,
            "cidr_routing_policy": [],
            "failover_routing_policy": [],
            "fqdn": "blog.poppyland.dev",
            "geolocation_routing_policy": [],
            "health_check_id": "",
            "id": "Z06420282IBWLWB0CK5TG_blog.poppyland.dev_A",
            "latency_routing_policy": [],
            "multivalue_answer_routing_policy": false,
            "name": "blog.poppyland.dev",
            "records": [],
            "set_identifier": "",
            "ttl": 0,
            "type": "A",
            "weighted_routing_policy": [],
            "zone_id": "Z06420282IBWLWB0CK5TG"
          },
          "sensitive_attributes": [],
          "private": "eyJzY2hlbWFfdmVyc2lvbiI6IjIifQ==",
          "dependencies": [
            "module.frontend_bucket.aws_cloudfront_distribution.s3_distribution",
            "module.frontend_bucket.aws_cloudfront_origin_access_control.oai",
            "module.frontend_bucket.aws_s3_bucket.s3_bucket",
            "module.frontend_bucket.data.aws_acm_certificate.acm_certificate",
            "module.frontend_bucket.data.aws_route53_zone.poppyland_route53_zone"
          ]
        }
      ]
    },
    {
      "module": "module.frontend_bucket",
      "mode": "managed",
      "type": "aws_s3_bucket",
      "name": "s3_bucket",
      "provider": "provider[\"registry.terraform.io/hashicorp/aws\"]",
      "instances": [
        {
          "schema_version": 0,
          "attributes": {
            "acceleration_status": "",
            "acl": null,
            "arn": "arn:aws:s3:::poppyland-blog-frontend",
            "bucket": "poppyland-blog-frontend",
            "bucket_domain_name": "poppyland-blog-frontend.s3.amazonaws.com",
            "bucket_prefix": "",
            "bucket_regional_domain_name": "poppyland-blog-frontend.s3.amazonaws.com",
            "cors_rule": [],
            "force_destroy": false,
            "grant": [
              {
                "id": "9845abc581465e96dcd021b749bebc2b53c60a27b1ec36bb96818a1061f066c1",
                "permissions": [
                  "FULL_CONTROL"
                ],
                "type": "CanonicalUser",
                "uri": ""
              }
            ],
            "hosted_zone_id": "Z3AQBSTGFYJSTF",
            "id": "poppyland-blog-frontend",
            "lifecycle_rule": [],
            "logging": [],
            "object_lock_configuration": [],
            "object_lock_enabled": false,
            "policy": "{\"Statement\":[{\"Action\":\"s3:GetObject\",\"Condition\":{\"StringEquals\":{\"AWS:SourceArn\":\"arn:aws:cloudfront::132507767948:distribution/E2U5RN0983NUOG\"}},\"Effect\":\"Allow\",\"Principal\":{\"Service\":\"cloudfront.amazonaws.com\"},\"Resource\":\"arn:aws:s3:::poppyland-blog-frontend/*\",\"Sid\":\"\"}],\"Version\":\"2012-10-17\"}",
            "region": "us-east-1",
            "replication_configuration": [],
            "request_payer": "BucketOwner",
            "server_side_encryption_configuration": [
              {
                "rule": [
                  {
                    "apply_server_side_encryption_by_default": [
                      {
                        "kms_master_key_id": "",
                        "sse_algorithm": "AES256"
                      }
                    ],
                    "bucket_key_enabled": false
                  }
                ]
              }
            ],
            "tags": {
              "Environment": "Production",
              "Name": "PoppylandBlog"
            },
            "tags_all": {
              "Environment": "Production",
              "Name": "PoppylandBlog"
            },
            "timeouts": null,
            "versioning": [
              {
                "enabled": false,
                "mfa_delete": false
              }
            ],
            "website": [],
            "website_domain": null,
            "website_endpoint": null
          },
          "sensitive_attributes": [],
          "private": "eyJlMmJmYjczMC1lY2FhLTExZTYtOGY4OC0zNDM2M2JjN2M0YzAiOnsiY3JlYXRlIjoxMjAwMDAwMDAwMDAwLCJkZWxldGUiOjM2MDAwMDAwMDAwMDAsInJlYWQiOjEyMDAwMDAwMDAwMDAsInVwZGF0ZSI6MTIwMDAwMDAwMDAwMH19"
        }
      ]
    },
    {
      "module": "module.frontend_bucket",
      "mode": "managed",
      "type": "aws_s3_bucket_acl",
      "name": "bucket_acl",
      "provider": "provider[\"registry.terraform.io/hashicorp/aws\"]",
      "instances": [
        {
          "schema_version": 0,
          "attributes": {
            "access_control_policy": [
              {
                "grant": [
                  {
                    "grantee": [
                      {
                        "display_name": "hannah",
                        "email_address": "",
                        "id": "9845abc581465e96dcd021b749bebc2b53c60a27b1ec36bb96818a1061f066c1",
                        "type": "CanonicalUser",
                        "uri": ""
                      }
                    ],
                    "permission": "FULL_CONTROL"
                  }
                ],
                "owner": [
                  {
                    "display_name": "hannah",
                    "id": "9845abc581465e96dcd021b749bebc2b53c60a27b1ec36bb96818a1061f066c1"
                  }
                ]
              }
            ],
            "acl": "private",
            "bucket": "poppyland-blog-frontend",
            "expected_bucket_owner": "",
            "id": "poppyland-blog-frontend,private"
          },
          "sensitive_attributes": [],
          "private": "bnVsbA==",
          "dependencies": [
            "module.frontend_bucket.aws_s3_bucket.s3_bucket",
            "module.frontend_bucket.aws_s3_bucket_ownership_controls.bucket_ownership_controls"
          ]
        }
      ]
    },
    {
      "module": "module.frontend_bucket",
      "mode": "managed",
      "type": "aws_s3_bucket_ownership_controls",
      "name": "bucket_ownership_controls",
      "provider": "provider[\"registry.terraform.io/hashicorp/aws\"]",
      "instances": [
        {
          "schema_version": 0,
          "attributes": {
            "bucket": "poppyland-blog-frontend",
            "id": "poppyland-blog-frontend",
            "rule": [
              {
                "object_ownership": "BucketOwnerPreferred"
              }
            ]
          },
          "sensitive_attributes": [],
          "private": "bnVsbA==",
          "dependencies": [
            "module.frontend_bucket.aws_s3_bucket.s3_bucket"
          ]
        }
      ]
    },
    {
      "module": "module.frontend_bucket",
      "mode": "managed",
      "type": "aws_s3_bucket_policy",
      "name": "s3_bucket_policy",
      "provider": "provider[\"registry.terraform.io/hashicorp/aws\"]",
      "instances": [
        {
          "schema_version": 0,
          "attributes": {
            "bucket": "poppyland-blog-frontend",
            "id": "poppyland-blog-frontend",
            "policy": "{\"Statement\":[{\"Action\":\"s3:GetObject\",\"Condition\":{\"StringEquals\":{\"AWS:SourceArn\":\"arn:aws:cloudfront::132507767948:distribution/E2U5RN0983NUOG\"}},\"Effect\":\"Allow\",\"Principal\":{\"Service\":\"cloudfront.amazonaws.com\"},\"Resource\":\"arn:aws:s3:::poppyland-blog-frontend/*\",\"Sid\":\"\"}],\"Version\":\"2012-10-17\"}"
          },
          "sensitive_attributes": [],
          "private": "bnVsbA==",
          "dependencies": [
            "module.frontend_bucket.aws_cloudfront_distribution.s3_distribution",
            "module.frontend_bucket.aws_cloudfront_origin_access_control.oai",
            "module.frontend_bucket.aws_s3_bucket.s3_bucket",
            "module.frontend_bucket.data.aws_acm_certificate.acm_certificate",
            "module.frontend_bucket.data.aws_iam_policy_document.s3_cloudfront_access"
          ]
        }
      ]
    },
    {
      "module": "module.images_s3_bucket",
      "mode": "data",
      "type": "aws_acm_certificate",
      "name": "acm_certificate",
      "provider": "provider[\"registry.terraform.io/hashicorp/aws\"]",
      "instances": [
        {
          "schema_version": 0,
          "attributes": {
            "arn": "arn:aws:acm:us-east-1:132507767948:certificate/6edda0a3-7cf2-4588-a19a-b80feb554c1a",
            "certificate": "-----BEGIN CERTIFICATE-----\nMIIF1zCCBL+gAwIBAgIQCCTT8B6G5oIbE9FM2epcbTANBgkqhkiG9w0BAQsFADA8\nMQswCQYDVQQGEwJVUzEPMA0GA1UEChMGQW1hem9uMRwwGgYDVQQDExNBbWF6b24g\nUlNBIDIwNDggTTAxMB4XDTIzMDMwNDAwMDAwMFoXDTI0MDQwMTIzNTk1OVowGDEW\nMBQGA1UEAxMNcG9wcHlsYW5kLmRldjCCASIwDQYJKoZIhvcNAQEBBQADggEPADCC\nAQoCggEBAN2/9JxFBRUkdcdJijOoSoAbjcb+5FUlTdJdSBz5a2xLUBKSBN5VB5p5\ncqmz8ICOgy2oUIrMYXJRycAScTLfW0jtW5pWKHFDVLeqp1F1PuvaHG1NBvZN4ksI\nnaA1xHCmorhRz868tMkt4pPlvP4qqz4QyPNDDfTGGt7NgCTIfli76+y0NfQzDxCN\nH2IAlHE3Ce/EWO6VdUcSro0HV7M0KYxd9Phv1wI95zeMWcC7qSmN6Z5x0kVBFWtp\nW0Wa9SsrIthJAkutedJNDP+G303PRm2KIpXrKWkoetP4KBffj6+XWOIyj3QZofMm\nZsYBuNnApacs3IkgpMpPrW1j/kdJtQECAwEAAaOCAvcwggLzMB8GA1UdIwQYMBaA\nFIG4DmOKiRIY5fo7O1CVn+blkBOFMB0GA1UdDgQWBBQM6UvvUosXZ3mYWDlyTnry\nsbYQmDApBgNVHREEIjAggg1wb3BweWxhbmQuZGV2gg8qLnBvcHB5bGFuZC5kZXYw\nDgYDVR0PAQH/BAQDAgWgMB0GA1UdJQQWMBQGCCsGAQUFBwMBBggrBgEFBQcDAjA7\nBgNVHR8ENDAyMDCgLqAshipodHRwOi8vY3JsLnIybTAxLmFtYXpvbnRydXN0LmNv\nbS9yMm0wMS5jcmwwEwYDVR0gBAwwCjAIBgZngQwBAgEwdQYIKwYBBQUHAQEEaTBn\nMC0GCCsGAQUFBzABhiFodHRwOi8vb2NzcC5yMm0wMS5hbWF6b250cnVzdC5jb20w\nNgYIKwYBBQUHMAKGKmh0dHA6Ly9jcnQucjJtMDEuYW1hem9udHJ1c3QuY29tL3Iy\nbTAxLmNlcjAMBgNVHRMBAf8EAjAAMIIBfgYKKwYBBAHWeQIEAgSCAW4EggFqAWgA\ndgB2/4g/Crb7lVHCYcz1h7o0tKTNuyncaEIKn+ZnTFo6dAAAAYaqswnFAAAEAwBH\nMEUCIQDJBre48NsTYX0domRFxwFTf6HWQk7KbOLavcOrT+YMawIgExyFnFzCtH/d\nCdTZa6qSiJdO3ISJWl/F8inIAnMBBqQAdgBz2Z6JG0yWeKAgfUed5rLGHNBRXnEZ\nKoxrgBB6wXdytQAAAYaqswnaAAAEAwBHMEUCIQCrLoFSefCfg18N14f0xCWhe/p0\n3TcambRKQgBMyDrh8QIgaceBHBJD3OsK1MgLxr1w+1/HSGqC/qSmGOSO4paVKnEA\ndgBIsONr2qZHNA/lagL6nTDrHFIBy1bdLIHZu7+rOdiEcwAAAYaqswmdAAAEAwBH\nMEUCIHL+itam3kvPUtvYZMw5nV6ge0G7HR+mSV4uNGiVGG6oAiEA8125MWMt0YeU\nkN41RZnh1PoLf0PRTLKlV/N/c4TBqHwwDQYJKoZIhvcNAQELBQADggEBANrPl5mF\n72eTrixg8XJRyE2oKPa0Kq7CVXA6JOoLgMJdG7O3KHrIg19M34QfEmaKXw+6TAiX\nEhpia7qlnLnt8ScUFqIQqHA5Dloj5sIcpncq7RGtEYgPr5QVnQIH8js0XAV0LbON\nsge8OuG4vcOtKRXVAaTHmFxBj/fL2PZNi8O0tvoyp0oZylKHwuyJJfbpXvCA1LGj\nXk33EwPdohAWcf0KDOzGBonTiQjiA7V1Alwso3PDP6TbeAClmyAm/WcpPL/kOcZj\n6iMgPwSGpQzGGnmUK/2KLZy+7PKfIbjZICJNihIURpxAjCIGNdvh7y8fwp9hQwwz\n6X3uoF89LXYXvRU=\n-----END CERTIFICATE-----\n",
            "certificate_chain": "-----BEGIN CERTIFICATE-----\nMIIEXjCCA0agAwIBAgITB3MSOAudZoijOx7Zv5zNpo4ODzANBgkqhkiG9w0BAQsF\nADA5MQswCQYDVQQGEwJVUzEPMA0GA1UEChMGQW1hem9uMRkwFwYDVQQDExBBbWF6\nb24gUm9vdCBDQSAxMB4XDTIyMDgyMzIyMjEyOFoXDTMwMDgyMzIyMjEyOFowPDEL\nMAkGA1UEBhMCVVMxDzANBgNVBAoTBkFtYXpvbjEcMBoGA1UEAxMTQW1hem9uIFJT\nQSAyMDQ4IE0wMTCCASIwDQYJKoZIhvcNAQEBBQADggEPADCCAQoCggEBAOtxLKnL\nH4gokjIwr4pXD3i3NyWVVYesZ1yX0yLI2qIUZ2t88Gfa4gMqs1YSXca1R/lnCKeT\nepWSGA+0+fkQNpp/L4C2T7oTTsddUx7g3ZYzByDTlrwS5HRQQqEFE3O1T5tEJP4t\nf+28IoXsNiEzl3UGzicYgtzj2cWCB41eJgEmJmcf2T8TzzK6a614ZPyq/w4CPAff\nnAV4coz96nW3AyiE2uhuB4zQUIXvgVSycW7sbWLvj5TDXunEpNCRwC4kkZjK7rol\njtT2cbb7W2s4Bkg3R42G3PLqBvt2N32e/0JOTViCk8/iccJ4sXqrS1uUN4iB5Nmv\nJK74csVl+0u0UecCAwEAAaOCAVowggFWMBIGA1UdEwEB/wQIMAYBAf8CAQAwDgYD\nVR0PAQH/BAQDAgGGMB0GA1UdJQQWMBQGCCsGAQUFBwMBBggrBgEFBQcDAjAdBgNV\nHQ4EFgQUgbgOY4qJEhjl+js7UJWf5uWQE4UwHwYDVR0jBBgwFoAUhBjMhTTsvAyU\nlC4IWZzHshBOCggwewYIKwYBBQUHAQEEbzBtMC8GCCsGAQUFBzABhiNodHRwOi8v\nb2NzcC5yb290Y2ExLmFtYXpvbnRydXN0LmNvbTA6BggrBgEFBQcwAoYuaHR0cDov\nL2NydC5yb290Y2ExLmFtYXpvbnRydXN0LmNvbS9yb290Y2ExLmNlcjA/BgNVHR8E\nODA2MDSgMqAwhi5odHRwOi8vY3JsLnJvb3RjYTEuYW1hem9udHJ1c3QuY29tL3Jv\nb3RjYTEuY3JsMBMGA1UdIAQMMAowCAYGZ4EMAQIBMA0GCSqGSIb3DQEBCwUAA4IB\nAQCtAN4CBSMuBjJitGuxlBbkEUDeK/pZwTXv4KqPK0G50fOHOQAd8j21p0cMBgbG\nkfMHVwLU7b0XwZCav0h1ogdPMN1KakK1DT0VwA/+hFvGPJnMV1Kx2G4S1ZaSk0uU\n5QfoiYIIano01J5k4T2HapKQmmOhS/iPtuo00wW+IMLeBuKMn3OLn005hcrOGTad\nhcmeyfhQP7Z+iKHvyoQGi1C0ClymHETx/chhQGDyYSWqB/THwnN15AwLQo0E5V9E\nSJlbe4mBlqeInUsNYugExNf+tOiybcrswBy8OFsd34XOW3rjSUtsuafd9AWySa3h\nxRRrwszrzX/WWGm6wyB+f7C4\n-----END CERTIFICATE-----\n-----BEGIN CERTIFICATE-----\nMIIEkjCCA3qgAwIBAgITBn+USionzfP6wq4rAfkI7rnExjANBgkqhkiG9w0BAQsF\nADCBmDELMAkGA1UEBhMCVVMxEDAOBgNVBAgTB0FyaXpvbmExEzARBgNVBAcTClNj\nb3R0c2RhbGUxJTAjBgNVBAoTHFN0YXJmaWVsZCBUZWNobm9sb2dpZXMsIEluYy4x\nOzA5BgNVBAMTMlN0YXJmaWVsZCBTZXJ2aWNlcyBSb290IENlcnRpZmljYXRlIEF1\ndGhvcml0eSAtIEcyMB4XDTE1MDUyNTEyMDAwMFoXDTM3MTIzMTAxMDAwMFowOTEL\nMAkGA1UEBhMCVVMxDzANBgNVBAoTBkFtYXpvbjEZMBcGA1UEAxMQQW1hem9uIFJv\nb3QgQ0EgMTCCASIwDQYJKoZIhvcNAQEBBQADggEPADCCAQoCggEBALJ4gHHKeNXj\nca9HgFB0fW7Y14h29Jlo91ghYPl0hAEvrAIthtOgQ3pOsqTQNroBvo3bSMgHFzZM\n9O6II8c+6zf1tRn4SWiw3te5djgdYZ6k/oI2peVKVuRF4fn9tBb6dNqcmzU5L/qw\nIFAGbHrQgLKm+a/sRxmPUDgH3KKHOVj4utWp+UhnMJbulHheb4mjUcAwhmahRWa6\nVOujw5H5SNz/0egwLX0tdHA114gk957EWW67c4cX8jJGKLhD+rcdqsq08p8kDi1L\n93FcXmn/6pUCyziKrlA4b9v7LWIbxcceVOF34GfID5yHI9Y/QCB/IIDEgEw+OyQm\njgSubJrIqg0CAwEAAaOCATEwggEtMA8GA1UdEwEB/wQFMAMBAf8wDgYDVR0PAQH/\nBAQDAgGGMB0GA1UdDgQWBBSEGMyFNOy8DJSULghZnMeyEE4KCDAfBgNVHSMEGDAW\ngBScXwDfqgHXMCs4iKK4bUqc8hGRgzB4BggrBgEFBQcBAQRsMGowLgYIKwYBBQUH\nMAGGImh0dHA6Ly9vY3NwLnJvb3RnMi5hbWF6b250cnVzdC5jb20wOAYIKwYBBQUH\nMAKGLGh0dHA6Ly9jcnQucm9vdGcyLmFtYXpvbnRydXN0LmNvbS9yb290ZzIuY2Vy\nMD0GA1UdHwQ2MDQwMqAwoC6GLGh0dHA6Ly9jcmwucm9vdGcyLmFtYXpvbnRydXN0\nLmNvbS9yb290ZzIuY3JsMBEGA1UdIAQKMAgwBgYEVR0gADANBgkqhkiG9w0BAQsF\nAAOCAQEAYjdCXLwQtT6LLOkMm2xF4gcAevnFWAu5CIw+7bMlPLVvUOTNNWqnkzSW\nMiGpSESrnO09tKpzbeR/FoCJbM8oAxiDR3mjEH4wW6w7sGDgd9QIpuEdfF7Au/ma\neyKdpwAJfqxGF4PcnCZXmTA5YpaP7dreqsXMGz7KQ2hsVxa81Q4gLv7/wmpdLqBK\nbRRYh5TmOTFffHPLkIhqhBGWJ6bt2YFGpn6jcgAKUj6DiAdjd4lpFw85hdKrCEVN\n0FE6/V1dN2RMfjCyVSRCnTawXZwXgWHxyvkQAiSr6w10kY17RSlQOYiypok1JR4U\nakcjMS9cmvqtmg5iUaQqqcT5NJ0hGA==\n-----END CERTIFICATE-----\n-----BEGIN CERTIFICATE-----\nMIIEdTCCA12gAwIBAgIJAKcOSkw0grd/MA0GCSqGSIb3DQEBCwUAMGgxCzAJBgNV\nBAYTAlVTMSUwIwYDVQQKExxTdGFyZmllbGQgVGVjaG5vbG9naWVzLCBJbmMuMTIw\nMAYDVQQLEylTdGFyZmllbGQgQ2xhc3MgMiBDZXJ0aWZpY2F0aW9uIEF1dGhvcml0\neTAeFw0wOTA5MDIwMDAwMDBaFw0zNDA2MjgxNzM5MTZaMIGYMQswCQYDVQQGEwJV\nUzEQMA4GA1UECBMHQXJpem9uYTETMBEGA1UEBxMKU2NvdHRzZGFsZTElMCMGA1UE\nChMcU3RhcmZpZWxkIFRlY2hub2xvZ2llcywgSW5jLjE7MDkGA1UEAxMyU3RhcmZp\nZWxkIFNlcnZpY2VzIFJvb3QgQ2VydGlmaWNhdGUgQXV0aG9yaXR5IC0gRzIwggEi\nMA0GCSqGSIb3DQEBAQUAA4IBDwAwggEKAoIBAQDVDDrEKvlO4vW+GZdfjohTsR8/\ny8+fIBNtKTrID30892t2OGPZNmCom15cAICyL1l/9of5JUOG52kbUpqQ4XHj2C0N\nTm/2yEnZtvMaVq4rtnQU68/7JuMauh2WLmo7WJSJR1b/JaCTcFOD2oR0FMNnngRo\nOt+OQFodSk7PQ5E751bWAHDLUu57fa4657wx+UX2wmDPE1kCK4DMNEffud6QZW0C\nzyyRpqbn3oUYSXxmTqM6bam17jQuug0DuDPfR+uxa40l2ZvOgdFFRjKWcIfeAg5J\nQ4W2bHO7ZOphQazJ1FTfhy/HIrImzJ9ZVGif/L4qL8RVHHVAYBeFAlU5i38FAgMB\nAAGjgfAwge0wDwYDVR0TAQH/BAUwAwEB/zAOBgNVHQ8BAf8EBAMCAYYwHQYDVR0O\nBBYEFJxfAN+qAdcwKziIorhtSpzyEZGDMB8GA1UdIwQYMBaAFL9ft9HO3R+G9FtV\nrNzXEMIOqYjnME8GCCsGAQUFBwEBBEMwQTAcBggrBgEFBQcwAYYQaHR0cDovL28u\nc3MyLnVzLzAhBggrBgEFBQcwAoYVaHR0cDovL3guc3MyLnVzL3guY2VyMCYGA1Ud\nHwQfMB0wG6AZoBeGFWh0dHA6Ly9zLnNzMi51cy9yLmNybDARBgNVHSAECjAIMAYG\nBFUdIAAwDQYJKoZIhvcNAQELBQADggEBACMd44pXyn3pF3lM8R5V/cxTbj5HD9/G\nVfKyBDbtgB9TxF00KGu+x1X8Z+rLP3+QsjPNG1gQggL4+C/1E2DUBc7xgQjB3ad1\nl08YuW3e95ORCLp+QCztweq7dp4zBncdDQh/U90bZKuCJ/Fp1U1ervShw3WnWEQt\n8jxwmKy6abaVd38PMV4s/KCHOkdp8Hlf9BRUpJVeEXgSYCfOn8J3/yNTd126/+pZ\n59vPr5KW7ySaNRB6nJHGDn2Z9j8Z3/VyVOEVqQdZe4O/Ui5GjLIAZHYcSNPYeehu\nVsyuLAOQ1xk4meTKCRlb/weWsKh/NEnfVqn3sF/tM+2MR7cwA130A4w=\n-----END CERTIFICATE-----\n",
            "domain": "poppyland.dev",
            "id": "arn:aws:acm:us-east-1:132507767948:certificate/6edda0a3-7cf2-4588-a19a-b80feb554c1a",
            "key_types": null,
            "most_recent": false,
            "status": "ISSUED",
            "statuses": null,
            "tags": {},
            "types": null
          },
          "sensitive_attributes": []
        }
      ]
    },
    {
      "module": "module.images_s3_bucket",
      "mode": "data",
      "type": "aws_iam_policy_document",
      "name": "s3_cloudfront_access",
      "provider": "provider[\"registry.terraform.io/hashicorp/aws\"]",
      "instances": [
        {
          "schema_version": 0,
          "attributes": {
            "id": "4071605413",
            "json": "{\n  \"Version\": \"2012-10-17\",\n  \"Statement\": [\n    {\n      \"Sid\": \"\",\n      \"Effect\": \"Allow\",\n      \"Action\": \"s3:GetObject\",\n      \"Resource\": \"arn:aws:s3:::poppyland-blog-images/*\",\n      \"Principal\": {\n        \"Service\": \"cloudfront.amazonaws.com\"\n      },\n      \"Condition\": {\n        \"StringEquals\": {\n          \"AWS:SourceArn\": \"arn:aws:cloudfront::132507767948:distribution/ER3735WW6A9FJ\"\n        }\n      }\n    }\n  ]\n}",
            "override_json": null,
            "override_policy_documents": null,
            "policy_id": null,
            "source_json": null,
            "source_policy_documents": null,
            "statement": [
              {
                "actions": [
                  "s3:GetObject"
                ],
                "condition": [
                  {
                    "test": "StringEquals",
                    "values": [
                      "arn:aws:cloudfront::132507767948:distribution/ER3735WW6A9FJ"
                    ],
                    "variable": "AWS:SourceArn"
                  }
                ],
                "effect": "Allow",
                "not_actions": [],
                "not_principals": [],
                "not_resources": [],
                "principals": [
                  {
                    "identifiers": [
                      "cloudfront.amazonaws.com"
                    ],
                    "type": "Service"
                  }
                ],
                "resources": [
                  "arn:aws:s3:::poppyland-blog-images/*"
                ],
                "sid": ""
              }
            ],
            "version": "2012-10-17"
          },
          "sensitive_attributes": []
        }
      ]
    },
    {
      "module": "module.images_s3_bucket",
      "mode": "data",
      "type": "aws_route53_zone",
      "name": "poppyland_route53_zone",
      "provider": "provider[\"registry.terraform.io/hashicorp/aws\"]",
      "instances": [
        {
          "schema_version": 0,
          "attributes": {
            "arn": "arn:aws:route53:::hostedzone/Z06420282IBWLWB0CK5TG",
            "caller_reference": "6759f72e-0bbc-4647-8b8d-98ae3a2a8087",
            "comment": "",
            "id": "Z06420282IBWLWB0CK5TG",
            "linked_service_description": null,
            "linked_service_principal": null,
            "name": "poppyland.dev",
            "name_servers": [
              "ns-974.awsdns-57.net",
              "ns-1846.awsdns-38.co.uk",
              "ns-275.awsdns-34.com",
              "ns-1150.awsdns-15.org"
            ],
            "primary_name_server": "ns-974.awsdns-57.net",
            "private_zone": false,
            "resource_record_set_count": 20,
            "tags": {},
            "vpc_id": null,
            "zone_id": "Z06420282IBWLWB0CK5TG"
          },
          "sensitive_attributes": []
        }
      ]
    },
    {
      "module": "module.images_s3_bucket",
      "mode": "managed",
      "type": "aws_cloudfront_distribution",
      "name": "s3_distribution",
      "provider": "provider[\"registry.terraform.io/hashicorp/aws\"]",
      "instances": [
        {
          "schema_version": 1,
          "attributes": {
            "aliases": [
              "blog-images.poppyland.dev"
            ],
            "arn": "arn:aws:cloudfront::132507767948:distribution/ER3735WW6A9FJ",
            "caller_reference": "terraform-20240129004425550000000001",
            "comment": null,
            "custom_error_response": [],
            "default_cache_behavior": [
              {
                "allowed_methods": [
                  "GET",
                  "HEAD",
                  "OPTIONS"
                ],
                "cache_policy_id": "",
                "cached_methods": [
                  "GET",
                  "HEAD"
                ],
                "compress": false,
                "default_ttl": 3600,
                "field_level_encryption_id": "",
                "forwarded_values": [
                  {
                    "cookies": [
                      {
                        "forward": "none",
                        "whitelisted_names": []
                      }
                    ],
                    "headers": [],
                    "query_string": false,
                    "query_string_cache_keys": []
                  }
                ],
                "function_association": [],
                "lambda_function_association": [],
                "max_ttl": 86400,
                "min_ttl": 0,
                "origin_request_policy_id": "",
                "realtime_log_config_arn": "",
                "response_headers_policy_id": "",
                "smooth_streaming": false,
                "target_origin_id": "poppyland-blog-images-origin",
                "trusted_key_groups": [],
                "trusted_signers": [],
                "viewer_protocol_policy": "redirect-to-https"
              }
            ],
            "default_root_object": "index.html",
            "domain_name": "d2e5fdx6yri3lj.cloudfront.net",
            "enabled": true,
            "etag": "E1E7SXURDGGINJ",
            "hosted_zone_id": "Z2FDTNDATAQYW2",
            "http_version": "http2",
            "id": "ER3735WW6A9FJ",
            "in_progress_validation_batches": 0,
            "is_ipv6_enabled": true,
            "last_modified_time": "2024-01-30 04:44:27.3 +0000 UTC",
            "logging_config": [],
            "ordered_cache_behavior": [],
            "origin": [
              {
                "connection_attempts": 3,
                "connection_timeout": 10,
                "custom_header": [],
                "custom_origin_config": [],
                "domain_name": "poppyland-blog-images.s3.amazonaws.com",
                "origin_access_control_id": "E3C88ALSK31ZB7",
                "origin_id": "poppyland-blog-images-origin",
                "origin_path": "",
                "origin_shield": [],
                "s3_origin_config": []
              }
            ],
            "origin_group": [],
            "price_class": "PriceClass_All",
            "restrictions": [
              {
                "geo_restriction": [
                  {
                    "locations": [],
                    "restriction_type": "none"
                  }
                ]
              }
            ],
            "retain_on_delete": false,
            "status": "Deployed",
            "tags": {
              "Environment": "Production",
              "Name": "PoppylandBlog"
            },
            "tags_all": {
              "Environment": "Production",
              "Name": "PoppylandBlog"
            },
            "trusted_key_groups": [
              {
                "enabled": false,
                "items": []
              }
            ],
            "trusted_signers": [
              {
                "enabled": false,
                "items": []
              }
            ],
            "viewer_certificate": [
              {
                "acm_certificate_arn": "arn:aws:acm:us-east-1:132507767948:certificate/6edda0a3-7cf2-4588-a19a-b80feb554c1a",
                "cloudfront_default_certificate": false,
                "iam_certificate_id": "",
                "minimum_protocol_version": "TLSv1",
                "ssl_support_method": "sni-only"
              }
            ],
            "wait_for_deployment": true,
            "web_acl_id": ""
          },
          "sensitive_attributes": [],
          "private": "eyJzY2hlbWFfdmVyc2lvbiI6IjEifQ==",
          "dependencies": [
            "module.images_s3_bucket.aws_cloudfront_origin_access_control.oai",
            "module.images_s3_bucket.aws_s3_bucket.s3_bucket",
            "module.images_s3_bucket.data.aws_acm_certificate.acm_certificate"
          ]
        }
      ]
    },
    {
      "module": "module.images_s3_bucket",
      "mode": "managed",
      "type": "aws_cloudfront_origin_access_control",
      "name": "oai",
      "provider": "provider[\"registry.terraform.io/hashicorp/aws\"]",
      "instances": [
        {
          "schema_version": 0,
          "attributes": {
            "description": "Managed by Terraform",
            "etag": "ETVPDKIKX0DER",
            "id": "E3C88ALSK31ZB7",
            "name": "poppyland-blog-images-oai",
            "origin_access_control_origin_type": "s3",
            "signing_behavior": "always",
            "signing_protocol": "sigv4"
          },
          "sensitive_attributes": [],
          "private": "bnVsbA=="
        }
      ]
    },
    {
      "module": "module.images_s3_bucket",
      "mode": "managed",
      "type": "aws_route53_record",
      "name": "route53_record",
      "provider": "provider[\"registry.terraform.io/hashicorp/aws\"]",
      "instances": [
        {
          "schema_version": 2,
          "attributes": {
            "alias": [
              {
                "evaluate_target_health": false,
                "name": "d2e5fdx6yri3lj.cloudfront.net",
                "zone_id": "Z2FDTNDATAQYW2"
              }
            ],
            "allow_overwrite": null,
            "cidr_routing_policy": [],
            "failover_routing_policy": [],
            "fqdn": "blog-images.poppyland.dev",
            "geolocation_routing_policy": [],
            "health_check_id": "",
            "id": "Z06420282IBWLWB0CK5TG_blog-images.poppyland.dev_A",
            "latency_routing_policy": [],
            "multivalue_answer_routing_policy": false,
            "name": "blog-images.poppyland.dev",
            "records": [],
            "set_identifier": "",
            "ttl": 0,
            "type": "A",
            "weighted_routing_policy": [],
            "zone_id": "Z06420282IBWLWB0CK5TG"
          },
          "sensitive_attributes": [],
          "private": "eyJzY2hlbWFfdmVyc2lvbiI6IjIifQ==",
          "dependencies": [
            "module.images_s3_bucket.aws_cloudfront_distribution.s3_distribution",
            "module.images_s3_bucket.aws_cloudfront_origin_access_control.oai",
            "module.images_s3_bucket.aws_s3_bucket.s3_bucket",
            "module.images_s3_bucket.data.aws_acm_certificate.acm_certificate",
            "module.images_s3_bucket.data.aws_route53_zone.poppyland_route53_zone"
          ]
        }
      ]
    },
    {
      "module": "module.images_s3_bucket",
      "mode": "managed",
      "type": "aws_s3_bucket",
      "name": "s3_bucket",
      "provider": "provider[\"registry.terraform.io/hashicorp/aws\"]",
      "instances": [
        {
          "schema_version": 0,
          "attributes": {
            "acceleration_status": "",
            "acl": null,
            "arn": "arn:aws:s3:::poppyland-blog-images",
            "bucket": "poppyland-blog-images",
            "bucket_domain_name": "poppyland-blog-images.s3.amazonaws.com",
            "bucket_prefix": "",
            "bucket_regional_domain_name": "poppyland-blog-images.s3.amazonaws.com",
            "cors_rule": [],
            "force_destroy": false,
            "grant": [
              {
                "id": "9845abc581465e96dcd021b749bebc2b53c60a27b1ec36bb96818a1061f066c1",
                "permissions": [
                  "FULL_CONTROL"
                ],
                "type": "CanonicalUser",
                "uri": ""
              }
            ],
            "hosted_zone_id": "Z3AQBSTGFYJSTF",
            "id": "poppyland-blog-images",
            "lifecycle_rule": [],
            "logging": [],
            "object_lock_configuration": [],
            "object_lock_enabled": false,
            "policy": "{\"Statement\":[{\"Action\":\"s3:GetObject\",\"Condition\":{\"StringEquals\":{\"AWS:SourceArn\":\"arn:aws:cloudfront::132507767948:distribution/ER3735WW6A9FJ\"}},\"Effect\":\"Allow\",\"Principal\":{\"Service\":\"cloudfront.amazonaws.com\"},\"Resource\":\"arn:aws:s3:::poppyland-blog-images/*\",\"Sid\":\"\"}],\"Version\":\"2012-10-17\"}",
            "region": "us-east-1",
            "replication_configuration": [],
            "request_payer": "BucketOwner",
            "server_side_encryption_configuration": [
              {
                "rule": [
                  {
                    "apply_server_side_encryption_by_default": [
                      {
                        "kms_master_key_id": "",
                        "sse_algorithm": "AES256"
                      }
                    ],
                    "bucket_key_enabled": false
                  }
                ]
              }
            ],
            "tags": {
              "Environment": "Production",
              "Name": "PoppylandBlog"
            },
            "tags_all": {
              "Environment": "Production",
              "Name": "PoppylandBlog"
            },
            "timeouts": null,
            "versioning": [
              {
                "enabled": false,
                "mfa_delete": false
              }
            ],
            "website": [],
            "website_domain": null,
            "website_endpoint": null
          },
          "sensitive_attributes": [],
          "private": "eyJlMmJmYjczMC1lY2FhLTExZTYtOGY4OC0zNDM2M2JjN2M0YzAiOnsiY3JlYXRlIjoxMjAwMDAwMDAwMDAwLCJkZWxldGUiOjM2MDAwMDAwMDAwMDAsInJlYWQiOjEyMDAwMDAwMDAwMDAsInVwZGF0ZSI6MTIwMDAwMDAwMDAwMH19"
        }
      ]
    },
    {
      "module": "module.images_s3_bucket",
      "mode": "managed",
      "type": "aws_s3_bucket_acl",
      "name": "bucket_acl",
      "provider": "provider[\"registry.terraform.io/hashicorp/aws\"]",
      "instances": [
        {
          "schema_version": 0,
          "attributes": {
            "access_control_policy": [
              {
                "grant": [
                  {
                    "grantee": [
                      {
                        "display_name": "hannah",
                        "email_address": "",
                        "id": "9845abc581465e96dcd021b749bebc2b53c60a27b1ec36bb96818a1061f066c1",
                        "type": "CanonicalUser",
                        "uri": ""
                      }
                    ],
                    "permission": "FULL_CONTROL"
                  }
                ],
                "owner": [
                  {
                    "display_name": "hannah",
                    "id": "9845abc581465e96dcd021b749bebc2b53c60a27b1ec36bb96818a1061f066c1"
                  }
                ]
              }
            ],
            "acl": "private",
            "bucket": "poppyland-blog-images",
            "expected_bucket_owner": "",
            "id": "poppyland-blog-images,private"
          },
          "sensitive_attributes": [],
          "private": "bnVsbA==",
          "dependencies": [
            "module.images_s3_bucket.aws_s3_bucket.s3_bucket",
            "module.images_s3_bucket.aws_s3_bucket_ownership_controls.bucket_ownership_controls"
          ]
        }
      ]
    },
    {
      "module": "module.images_s3_bucket",
      "mode": "managed",
      "type": "aws_s3_bucket_ownership_controls",
      "name": "bucket_ownership_controls",
      "provider": "provider[\"registry.terraform.io/hashicorp/aws\"]",
      "instances": [
        {
          "schema_version": 0,
          "attributes": {
            "bucket": "poppyland-blog-images",
            "id": "poppyland-blog-images",
            "rule": [
              {
                "object_ownership": "BucketOwnerPreferred"
              }
            ]
          },
          "sensitive_attributes": [],
          "private": "bnVsbA==",
          "dependencies": [
            "module.images_s3_bucket.aws_s3_bucket.s3_bucket"
          ]
        }
      ]
    },
    {
      "module": "module.images_s3_bucket",
      "mode": "managed",
      "type": "aws_s3_bucket_policy",
      "name": "s3_bucket_policy",
      "provider": "provider[\"registry.terraform.io/hashicorp/aws\"]",
      "instances": [
        {
          "schema_version": 0,
          "attributes": {
            "bucket": "poppyland-blog-images",
            "id": "poppyland-blog-images",
            "policy": "{\"Statement\":[{\"Action\":\"s3:GetObject\",\"Condition\":{\"StringEquals\":{\"AWS:SourceArn\":\"arn:aws:cloudfront::132507767948:distribution/ER3735WW6A9FJ\"}},\"Effect\":\"Allow\",\"Principal\":{\"Service\":\"cloudfront.amazonaws.com\"},\"Resource\":\"arn:aws:s3:::poppyland-blog-images/*\",\"Sid\":\"\"}],\"Version\":\"2012-10-17\"}"
          },
          "sensitive_attributes": [],
          "private": "bnVsbA==",
          "dependencies": [
            "module.images_s3_bucket.aws_cloudfront_distribution.s3_distribution",
            "module.images_s3_bucket.aws_cloudfront_origin_access_control.oai",
            "module.images_s3_bucket.aws_s3_bucket.s3_bucket",
            "module.images_s3_bucket.data.aws_acm_certificate.acm_certificate",
            "module.images_s3_bucket.data.aws_iam_policy_document.s3_cloudfront_access"
          ]
        }
      ]
    },
    {
      "module": "module.newsletter_list_table",
      "mode": "managed",
      "type": "aws_dynamodb_table",
      "name": "table",
      "provider": "provider[\"registry.terraform.io/hashicorp/aws\"]",
      "instances": [
        {
          "schema_version": 1,
          "attributes": {
            "arn": "arn:aws:dynamodb:us-east-1:132507767948:table/PoppylandBlogNewsletterList",
            "attribute": [
              {
                "name": "CreatedAt",
                "type": "S"
              },
              {
                "name": "Email",
                "type": "S"
              },
              {
                "name": "Subscribed",
                "type": "S"
              }
            ],
            "billing_mode": "PAY_PER_REQUEST",
            "deletion_protection_enabled": false,
            "global_secondary_index": [
              {
                "hash_key": "CreatedAt",
                "name": "CreatedAtIndex",
                "non_key_attributes": [],
                "projection_type": "ALL",
                "range_key": "Subscribed",
                "read_capacity": 0,
                "write_capacity": 0
              }
            ],
            "hash_key": "Email",
            "id": "PoppylandBlogNewsletterList",
            "local_secondary_index": [],
            "name": "PoppylandBlogNewsletterList",
            "point_in_time_recovery": [
              {
                "enabled": false
              }
            ],
            "range_key": "Subscribed",
            "read_capacity": 0,
            "replica": [],
            "restore_date_time": null,
            "restore_source_name": null,
            "restore_to_latest_time": null,
            "server_side_encryption": [],
            "stream_arn": "",
            "stream_enabled": false,
            "stream_label": "",
            "stream_view_type": "",
            "table_class": "STANDARD",
            "tags": {
              "Environment": "Production",
              "Name": "PoppylandBlog"
            },
            "tags_all": {
              "Environment": "Production",
              "Name": "PoppylandBlog"
            },
            "timeouts": null,
            "ttl": [
              {
                "attribute_name": "",
                "enabled": false
              }
            ],
            "write_capacity": 0
          },
          "sensitive_attributes": [],
          "private": "eyJlMmJmYjczMC1lY2FhLTExZTYtOGY4OC0zNDM2M2JjN2M0YzAiOnsiY3JlYXRlIjoxODAwMDAwMDAwMDAwLCJkZWxldGUiOjYwMDAwMDAwMDAwMCwidXBkYXRlIjozNjAwMDAwMDAwMDAwfSwic2NoZW1hX3ZlcnNpb24iOiIxIn0="
        }
      ]
    }
  ],
  "check_results": null
}
